{
  "version": 4,
  "terraform_version": "1.1.9",
  "serial": 550,
  "lineage": "1a70d253-7359-09f6-8c60-7cf6aa36b9b6",
  "outputs": {},
  "resources": [
    {
      "module": "module.ad_users_and_groups",
      "mode": "data",
      "type": "azuread_user",
      "name": "existing_users",
      "provider": "provider[\"registry.terraform.io/hashicorp/azuread\"]",
      "instances": [
        {
          "index_key": "abhi",
          "schema_version": 0,
          "attributes": {
            "account_enabled": true,
            "age_group": "",
            "business_phones": [],
            "city": "",
            "company_name": "",
            "consent_provided_for_minor": "",
            "cost_center": null,
            "country": "",
            "creation_type": "",
            "department": "",
            "display_name": "Abhilash Chinthalapudi",
            "division": null,
            "employee_id": "",
            "employee_type": "",
            "external_user_state": "",
            "fax_number": "",
            "given_name": "Abhilash",
            "id": "173ed7f1-0e13-46f0-afa5-1538defc345d",
            "im_addresses": [],
            "job_title": "",
            "mail": "abhilash.chinthalapudi@zuora.com",
            "mail_nickname": "abhi",
            "manager_id": "",
            "mobile_phone": "",
            "object_id": "173ed7f1-0e13-46f0-afa5-1538defc345d",
            "office_location": "",
            "onpremises_distinguished_name": "CN=Abhilash Chinthalapudi,OU=TechOps,OU=Users,OU=SLV,DC=slv,DC=zuora",
            "onpremises_domain_name": "slv.zuora",
            "onpremises_immutable_id": "0UpAdCt+FEqPNP7GbbR9Kg==",
            "onpremises_sam_account_name": "achinthalapudi",
            "onpremises_security_identifier": "S-1-5-21-3817241737-3308883144-2824690780-1524",
            "onpremises_sync_enabled": true,
            "onpremises_user_principal_name": "achinthalapudi@slv.zuora",
            "other_mails": [],
            "postal_code": "",
            "preferred_language": "",
            "proxy_addresses": [
              "smtp:abhi@zuoracloudeng.onmicrosoft.com",
              "SMTP:abhilash.chinthalapudi@zuora.com"
            ],
            "show_in_address_list": false,
            "state": "",
            "street_address": "",
            "surname": "Chinthalapudi",
            "timeouts": null,
            "usage_location": "",
            "user_principal_name": "abhi@zuoracloudeng.onmicrosoft.com",
            "user_type": "Member"
          },
          "sensitive_attributes": []
        },
        {
          "index_key": "agore",
          "schema_version": 0,
          "attributes": {
            "account_enabled": true,
            "age_group": "",
            "business_phones": [],
            "city": "",
            "company_name": "",
            "consent_provided_for_minor": "",
            "cost_center": null,
            "country": "",
            "creation_type": "",
            "department": "",
            "display_name": "Anamay Gore",
            "division": null,
            "employee_id": "",
            "employee_type": "",
            "external_user_state": "",
            "fax_number": "",
            "given_name": "Anamay",
            "id": "799c9d6d-9af5-46eb-9aaa-6c720010eb2e",
            "im_addresses": [],
            "job_title": "",
            "mail": "agore@zuora.com",
            "mail_nickname": "agore",
            "manager_id": "",
            "mobile_phone": "",
            "object_id": "799c9d6d-9af5-46eb-9aaa-6c720010eb2e",
            "office_location": "",
            "onpremises_distinguished_name": "CN=Anamay Gore,OU=TechOps,OU=Users,OU=SLV,DC=slv,DC=zuora",
            "onpremises_domain_name": "slv.zuora",
            "onpremises_immutable_id": "OVWXULQXfEesavMiT9qiCA==",
            "onpremises_sam_account_name": "agore",
            "onpremises_security_identifier": "S-1-5-21-3817241737-3308883144-2824690780-14791",
            "onpremises_sync_enabled": true,
            "onpremises_user_principal_name": "agore@slv.zuora",
            "other_mails": [],
            "postal_code": "",
            "preferred_language": "",
            "proxy_addresses": [
              "smtp:agore@zuoracloudeng.onmicrosoft.com",
              "SMTP:agore@zuora.com"
            ],
            "show_in_address_list": false,
            "state": "",
            "street_address": "",
            "surname": "Gore",
            "timeouts": null,
            "usage_location": "",
            "user_principal_name": "agore@zuoracloudeng.onmicrosoft.com",
            "user_type": "Member"
          },
          "sensitive_attributes": []
        },
        {
          "index_key": "akotsenko",
          "schema_version": 0,
          "attributes": {
            "account_enabled": true,
            "age_group": "",
            "business_phones": [],
            "city": "",
            "company_name": "",
            "consent_provided_for_minor": "",
            "cost_center": null,
            "country": "",
            "creation_type": "",
            "department": "",
            "display_name": "andrii kotsenko",
            "division": null,
            "employee_id": "",
            "employee_type": "",
            "external_user_state": "",
            "fax_number": "",
            "given_name": "andrii",
            "id": "7b54b05c-44de-4e06-aa5b-659d479e5cf1",
            "im_addresses": [],
            "job_title": "",
            "mail": "akotsenko@zuora.com",
            "mail_nickname": "akotsenko",
            "manager_id": "",
            "mobile_phone": "",
            "object_id": "7b54b05c-44de-4e06-aa5b-659d479e5cf1",
            "office_location": "",
            "onpremises_distinguished_name": "CN=andrii kotsenko,OU=Engineering,OU=Users,OU=SLV,DC=slv,DC=zuora",
            "onpremises_domain_name": "slv.zuora",
            "onpremises_immutable_id": "igpIv2WEj0CdAokYyLb3WQ==",
            "onpremises_sam_account_name": "akotsenko",
            "onpremises_security_identifier": "S-1-5-21-3817241737-3308883144-2824690780-17707",
            "onpremises_sync_enabled": true,
            "onpremises_user_principal_name": "akotsenko@slv.zuora",
            "other_mails": [],
            "postal_code": "",
            "preferred_language": "",
            "proxy_addresses": [
              "smtp:akotsenko@zuoracloudeng.onmicrosoft.com",
              "SMTP:akotsenko@zuora.com"
            ],
            "show_in_address_list": false,
            "state": "",
            "street_address": "",
            "surname": "kotsenko",
            "timeouts": null,
            "usage_location": "",
            "user_principal_name": "akotsenko@zuoracloudeng.onmicrosoft.com",
            "user_type": "Member"
          },
          "sensitive_attributes": []
        },
        {
          "index_key": "amalko",
          "schema_version": 0,
          "attributes": {
            "account_enabled": false,
            "age_group": "",
            "business_phones": [],
            "city": "",
            "company_name": "",
            "consent_provided_for_minor": "",
            "cost_center": null,
            "country": "",
            "creation_type": "",
            "department": "",
            "display_name": "arsenii malko",
            "division": null,
            "employee_id": "",
            "employee_type": "",
            "external_user_state": "",
            "fax_number": "",
            "given_name": "arsenii",
            "id": "cb05bdb4-c18b-4fd7-9820-26aba69f6948",
            "im_addresses": [],
            "job_title": "",
            "mail": "amalko@zuora.com",
            "mail_nickname": "amalko",
            "manager_id": "",
            "mobile_phone": "",
            "object_id": "cb05bdb4-c18b-4fd7-9820-26aba69f6948",
            "office_location": "",
            "onpremises_distinguished_name": "CN=arsenii malko,OU=Engineering,OU=Users,OU=SLV,DC=slv,DC=zuora",
            "onpremises_domain_name": "slv.zuora",
            "onpremises_immutable_id": "U8+/KYEdA0C2qjUotf/GLQ==",
            "onpremises_sam_account_name": "amalko",
            "onpremises_security_identifier": "S-1-5-21-3817241737-3308883144-2824690780-17699",
            "onpremises_sync_enabled": true,
            "onpremises_user_principal_name": "amalko@slv.zuora",
            "other_mails": [],
            "postal_code": "",
            "preferred_language": "",
            "proxy_addresses": [
              "smtp:amalko@zuoracloudeng.onmicrosoft.com",
              "SMTP:amalko@zuora.com"
            ],
            "show_in_address_list": false,
            "state": "",
            "street_address": "",
            "surname": "malko",
            "timeouts": null,
            "usage_location": "",
            "user_principal_name": "amalko@zuoracloudeng.onmicrosoft.com",
            "user_type": "Member"
          },
          "sensitive_attributes": []
        },
        {
          "index_key": "amoguilevski",
          "schema_version": 0,
          "attributes": {
            "account_enabled": false,
            "age_group": "",
            "business_phones": [],
            "city": "",
            "company_name": "",
            "consent_provided_for_minor": "",
            "cost_center": null,
            "country": "",
            "creation_type": "",
            "department": "",
            "display_name": "Alexandre Moguilevski",
            "division": null,
            "employee_id": "",
            "employee_type": "",
            "external_user_state": "",
            "fax_number": "",
            "given_name": "Alexandre",
            "id": "c1341bf8-00e5-4e8d-80f5-4782313c6d47",
            "im_addresses": [],
            "job_title": "",
            "mail": "amoguilevski@zuora.com",
            "mail_nickname": "amoguilevski",
            "manager_id": "",
            "mobile_phone": "",
            "object_id": "c1341bf8-00e5-4e8d-80f5-4782313c6d47",
            "office_location": "",
            "onpremises_distinguished_name": "CN=Alexandre Moguilevski,OU=Engineering,OU=Users,OU=SLV,DC=slv,DC=zuora",
            "onpremises_domain_name": "slv.zuora",
            "onpremises_immutable_id": "3JEDyq72zUGTuF8Xig2sQg==",
            "onpremises_sam_account_name": "amoguilevski",
            "onpremises_security_identifier": "S-1-5-21-3817241737-3308883144-2824690780-14829",
            "onpremises_sync_enabled": true,
            "onpremises_user_principal_name": "amoguilevski@slv.zuora",
            "other_mails": [],
            "postal_code": "",
            "preferred_language": "",
            "proxy_addresses": [
              "smtp:amoguilevski@zuoracloudeng.onmicrosoft.com",
              "SMTP:amoguilevski@zuora.com"
            ],
            "show_in_address_list": false,
            "state": "",
            "street_address": "",
            "surname": "Moguilevski",
            "timeouts": null,
            "usage_location": "US",
            "user_principal_name": "amoguilevski@zuoracloudeng.onmicrosoft.com",
            "user_type": "Member"
          },
          "sensitive_attributes": []
        },
        {
          "index_key": "arkumar",
          "schema_version": 0,
          "attributes": {
            "account_enabled": true,
            "age_group": "",
            "business_phones": [],
            "city": "",
            "company_name": "",
            "consent_provided_for_minor": "",
            "cost_center": null,
            "country": "",
            "creation_type": "",
            "department": "",
            "display_name": "arun kumar",
            "division": null,
            "employee_id": "",
            "employee_type": "",
            "external_user_state": "",
            "fax_number": "",
            "given_name": "arun",
            "id": "58682b36-2743-4c31-870e-0e3770aad582",
            "im_addresses": [],
            "job_title": "",
            "mail": "arkumar@zuora.com",
            "mail_nickname": "arkumar",
            "manager_id": "",
            "mobile_phone": "",
            "object_id": "58682b36-2743-4c31-870e-0e3770aad582",
            "office_location": "",
            "onpremises_distinguished_name": "CN=arun kumar,OU=TechOps,OU=Users,OU=SLV,DC=slv,DC=zuora",
            "onpremises_domain_name": "slv.zuora",
            "onpremises_immutable_id": "fgU/b2qNYU+TmC2l0SLg9w==",
            "onpremises_sam_account_name": "arkumar",
            "onpremises_security_identifier": "S-1-5-21-3817241737-3308883144-2824690780-17875",
            "onpremises_sync_enabled": true,
            "onpremises_user_principal_name": "arkumar@slv.zuora",
            "other_mails": [],
            "postal_code": "",
            "preferred_language": "",
            "proxy_addresses": [
              "smtp:arkumar@zuoracloudeng.onmicrosoft.com",
              "SMTP:arkumar@zuora.com"
            ],
            "show_in_address_list": false,
            "state": "",
            "street_address": "",
            "surname": "kumar",
            "timeouts": null,
            "usage_location": "",
            "user_principal_name": "arkumar@zuoracloudeng.onmicrosoft.com",
            "user_type": "Member"
          },
          "sensitive_attributes": []
        },
        {
          "index_key": "balmeidamaldonado",
          "schema_version": 0,
          "attributes": {
            "account_enabled": true,
            "age_group": "",
            "business_phones": [],
            "city": "",
            "company_name": "",
            "consent_provided_for_minor": "",
            "cost_center": null,
            "country": "",
            "creation_type": "Invitation",
            "department": "",
            "display_name": "boris almeida maldonado",
            "division": null,
            "employee_id": "",
            "employee_type": "",
            "external_user_state": "Accepted",
            "fax_number": "",
            "given_name": "boris",
            "id": "ccd32220-2b82-4b6d-bcb4-f81342a07733",
            "im_addresses": [],
            "job_title": "",
            "mail": "balmeidamaldonado@zuora.com",
            "mail_nickname": "balmeidamaldonado",
            "manager_id": "",
            "mobile_phone": "",
            "object_id": "ccd32220-2b82-4b6d-bcb4-f81342a07733",
            "office_location": "",
            "onpremises_distinguished_name": "CN=boris almeida maldonado,OU=TechOps,OU=Users,OU=SLV,DC=slv,DC=zuora",
            "onpremises_domain_name": "slv.zuora",
            "onpremises_immutable_id": "xO/4KRFHjUy/ulsN19+GQQ==",
            "onpremises_sam_account_name": "balmeidamaldonado",
            "onpremises_security_identifier": "S-1-5-21-3817241737-3308883144-2824690780-17951",
            "onpremises_sync_enabled": true,
            "onpremises_user_principal_name": "balmeidamaldonado@slv.zuora",
            "other_mails": [
              "balmeidamaldonado@zuora.com"
            ],
            "postal_code": "",
            "preferred_language": "",
            "proxy_addresses": [
              "SMTP:balmeidamaldonado@zuora.com"
            ],
            "show_in_address_list": false,
            "state": "",
            "street_address": "",
            "surname": "almeida maldonado",
            "timeouts": null,
            "usage_location": "",
            "user_principal_name": "balmeidamaldonado@zuoracloudeng.onmicrosoft.com",
            "user_type": "Member"
          },
          "sensitive_attributes": []
        },
        {
          "index_key": "chen.qin",
          "schema_version": 0,
          "attributes": {
            "account_enabled": true,
            "age_group": "",
            "business_phones": [],
            "city": "",
            "company_name": "",
            "consent_provided_for_minor": "",
            "cost_center": null,
            "country": "",
            "creation_type": "",
            "department": "",
            "display_name": "Chen Qin",
            "division": null,
            "employee_id": "",
            "employee_type": "",
            "external_user_state": "",
            "fax_number": "",
            "given_name": "Chen",
            "id": "4e62c2a4-8882-47e1-9747-31b0cc1693ea",
            "im_addresses": [],
            "job_title": "",
            "mail": "chen.qin@zuora.com",
            "mail_nickname": "chen.qin",
            "manager_id": "",
            "mobile_phone": "",
            "object_id": "4e62c2a4-8882-47e1-9747-31b0cc1693ea",
            "office_location": "",
            "onpremises_distinguished_name": "CN=Chen Qin,OU=TechOps,OU=Users,OU=SLV,DC=slv,DC=zuora",
            "onpremises_domain_name": "slv.zuora",
            "onpremises_immutable_id": "WP4Q1fbez067sBZeiKf4cg==",
            "onpremises_sam_account_name": "cqin",
            "onpremises_security_identifier": "S-1-5-21-3817241737-3308883144-2824690780-1455",
            "onpremises_sync_enabled": true,
            "onpremises_user_principal_name": "cqin@slv.zuora",
            "other_mails": [],
            "postal_code": "",
            "preferred_language": "",
            "proxy_addresses": [
              "smtp:chen.qin@zuoracloudeng.onmicrosoft.com",
              "SMTP:chen.qin@zuora.com"
            ],
            "show_in_address_list": false,
            "state": "",
            "street_address": "",
            "surname": "Qin",
            "timeouts": null,
            "usage_location": "",
            "user_principal_name": "chen.qin@zuoracloudeng.onmicrosoft.com",
            "user_type": "Member"
          },
          "sensitive_attributes": []
        },
        {
          "index_key": "dahuja",
          "schema_version": 0,
          "attributes": {
            "account_enabled": true,
            "age_group": "",
            "business_phones": [],
            "city": "",
            "company_name": "",
            "consent_provided_for_minor": "",
            "cost_center": null,
            "country": "",
            "creation_type": "",
            "department": "",
            "display_name": "deepak ahuja",
            "division": null,
            "employee_id": "",
            "employee_type": "",
            "external_user_state": "",
            "fax_number": "",
            "given_name": "",
            "id": "d30444bf-e821-498e-9bde-e36cefc6b941",
            "im_addresses": [],
            "job_title": "",
            "mail": "dahuja@zuora.com",
            "mail_nickname": "dahuja",
            "manager_id": "",
            "mobile_phone": "",
            "object_id": "d30444bf-e821-498e-9bde-e36cefc6b941",
            "office_location": "",
            "onpremises_distinguished_name": "CN=deepak ahuja,OU=TechOps,OU=Users,OU=SLV,DC=slv,DC=zuora",
            "onpremises_domain_name": "slv.zuora",
            "onpremises_immutable_id": "RbdO4emWR0uaAm5UDs4mjA==",
            "onpremises_sam_account_name": "dahuja",
            "onpremises_security_identifier": "S-1-5-21-3817241737-3308883144-2824690780-17859",
            "onpremises_sync_enabled": true,
            "onpremises_user_principal_name": "dahuja@slv.zuora",
            "other_mails": [],
            "postal_code": "",
            "preferred_language": "",
            "proxy_addresses": [
              "SMTP:dahuja@zuora.com"
            ],
            "show_in_address_list": false,
            "state": "",
            "street_address": "",
            "surname": "",
            "timeouts": null,
            "usage_location": "",
            "user_principal_name": "dahuja@zuoracloudeng.onmicrosoft.com",
            "user_type": "Member"
          },
          "sensitive_attributes": []
        },
        {
          "index_key": "dalee",
          "schema_version": 0,
          "attributes": {
            "account_enabled": false,
            "age_group": "",
            "business_phones": [],
            "city": "",
            "company_name": "",
            "consent_provided_for_minor": "",
            "cost_center": null,
            "country": "",
            "creation_type": "",
            "department": "",
            "display_name": "Daniel Lee",
            "division": null,
            "employee_id": "",
            "employee_type": "",
            "external_user_state": "",
            "fax_number": "",
            "given_name": "Daniel",
            "id": "c715c157-ae2c-408b-8707-1473b0c0d909",
            "im_addresses": [],
            "job_title": "",
            "mail": "dalee@zuora.com",
            "mail_nickname": "dalee",
            "manager_id": "",
            "mobile_phone": "",
            "object_id": "c715c157-ae2c-408b-8707-1473b0c0d909",
            "office_location": "",
            "onpremises_distinguished_name": "CN=Daniel Lee,OU=TechOps,OU=Users,OU=SLV,DC=slv,DC=zuora",
            "onpremises_domain_name": "slv.zuora",
            "onpremises_immutable_id": "3OZpi9nilUCh+oNxhCQSQA==",
            "onpremises_sam_account_name": "dalee",
            "onpremises_security_identifier": "S-1-5-21-3817241737-3308883144-2824690780-15098",
            "onpremises_sync_enabled": true,
            "onpremises_user_principal_name": "dalee@slv.zuora",
            "other_mails": [],
            "postal_code": "",
            "preferred_language": "",
            "proxy_addresses": [
              "smtp:dalee@zuoracloudeng.onmicrosoft.com",
              "SMTP:dalee@zuora.com"
            ],
            "show_in_address_list": false,
            "state": "",
            "street_address": "",
            "surname": "Lee",
            "timeouts": null,
            "usage_location": "",
            "user_principal_name": "dalee@zuoracloudeng.onmicrosoft.com",
            "user_type": "Member"
          },
          "sensitive_attributes": []
        },
        {
          "index_key": "danguyen",
          "schema_version": 0,
          "attributes": {
            "account_enabled": true,
            "age_group": "",
            "business_phones": [],
            "city": "",
            "company_name": "",
            "consent_provided_for_minor": "",
            "cost_center": null,
            "country": "",
            "creation_type": "",
            "department": "",
            "display_name": "dan nguyen",
            "division": null,
            "employee_id": "",
            "employee_type": "",
            "external_user_state": "",
            "fax_number": "",
            "given_name": "dan",
            "id": "ab3c797a-43d8-474a-805e-be614452b71b",
            "im_addresses": [],
            "job_title": "",
            "mail": "danguyen@zuora.com",
            "mail_nickname": "danguyen",
            "manager_id": "",
            "mobile_phone": "",
            "object_id": "ab3c797a-43d8-474a-805e-be614452b71b",
            "office_location": "",
            "onpremises_distinguished_name": "CN=dan nguyen,OU=Engineering,OU=Users,OU=SLV,DC=slv,DC=zuora",
            "onpremises_domain_name": "slv.zuora",
            "onpremises_immutable_id": "9irQUHNsR0mN7zWiTg9xuQ==",
            "onpremises_sam_account_name": "danguyen",
            "onpremises_security_identifier": "S-1-5-21-3817241737-3308883144-2824690780-17678",
            "onpremises_sync_enabled": true,
            "onpremises_user_principal_name": "danguyen@slv.zuora",
            "other_mails": [],
            "postal_code": "",
            "preferred_language": "",
            "proxy_addresses": [
              "smtp:danguyen@zuoracloudeng.onmicrosoft.com",
              "SMTP:danguyen@zuora.com"
            ],
            "show_in_address_list": false,
            "state": "",
            "street_address": "",
            "surname": "nguyen",
            "timeouts": null,
            "usage_location": "",
            "user_principal_name": "danguyen@zuoracloudeng.onmicrosoft.com",
            "user_type": "Member"
          },
          "sensitive_attributes": []
        },
        {
          "index_key": "darce",
          "schema_version": 0,
          "attributes": {
            "account_enabled": true,
            "age_group": "",
            "business_phones": [],
            "city": "",
            "company_name": "",
            "consent_provided_for_minor": "",
            "cost_center": null,
            "country": "",
            "creation_type": "",
            "department": "",
            "display_name": "diego arce",
            "division": null,
            "employee_id": "",
            "employee_type": "",
            "external_user_state": "",
            "fax_number": "",
            "given_name": "diego",
            "id": "f08c1914-5c54-47f7-9f05-6476dd201014",
            "im_addresses": [],
            "job_title": "",
            "mail": "darce@zuora.com",
            "mail_nickname": "darce",
            "manager_id": "",
            "mobile_phone": "",
            "object_id": "f08c1914-5c54-47f7-9f05-6476dd201014",
            "office_location": "",
            "onpremises_distinguished_name": "CN=diego arce,OU=TechOps,OU=Users,OU=SLV,DC=slv,DC=zuora",
            "onpremises_domain_name": "slv.zuora",
            "onpremises_immutable_id": "IJLfEhlL2ESxkVFEj2unZA==",
            "onpremises_sam_account_name": "darce",
            "onpremises_security_identifier": "S-1-5-21-3817241737-3308883144-2824690780-18000",
            "onpremises_sync_enabled": true,
            "onpremises_user_principal_name": "darce@slv.zuora",
            "other_mails": [],
            "postal_code": "",
            "preferred_language": "",
            "proxy_addresses": [
              "smtp:darce@zuoracloudeng.onmicrosoft.com",
              "SMTP:darce@zuora.com"
            ],
            "show_in_address_list": false,
            "state": "",
            "street_address": "",
            "surname": "arce",
            "timeouts": null,
            "usage_location": "",
            "user_principal_name": "darce@zuoracloudeng.onmicrosoft.com",
            "user_type": "Member"
          },
          "sensitive_attributes": []
        },
        {
          "index_key": "dmunk",
          "schema_version": 0,
          "attributes": {
            "account_enabled": false,
            "age_group": "",
            "business_phones": [],
            "city": "",
            "company_name": "",
            "consent_provided_for_minor": "",
            "cost_center": null,
            "country": "",
            "creation_type": "",
            "department": "",
            "display_name": "david munk",
            "division": null,
            "employee_id": "",
            "employee_type": "",
            "external_user_state": "",
            "fax_number": "",
            "given_name": "",
            "id": "4fdab65d-e155-4b8d-98e3-818104e0b4db",
            "im_addresses": [],
            "job_title": "",
            "mail": "dmunk@zuora.com",
            "mail_nickname": "dmunk",
            "manager_id": "",
            "mobile_phone": "",
            "object_id": "4fdab65d-e155-4b8d-98e3-818104e0b4db",
            "office_location": "",
            "onpremises_distinguished_name": "CN=david munk,OU=Engineering,OU=Users,OU=SLV,DC=slv,DC=zuora",
            "onpremises_domain_name": "slv.zuora",
            "onpremises_immutable_id": "l9LzI39bJkOZTCtFOtyY0g==",
            "onpremises_sam_account_name": "dmunk",
            "onpremises_security_identifier": "S-1-5-21-3817241737-3308883144-2824690780-17955",
            "onpremises_sync_enabled": true,
            "onpremises_user_principal_name": "dmunk@slv.zuora",
            "other_mails": [],
            "postal_code": "",
            "preferred_language": "",
            "proxy_addresses": [
              "SMTP:dmunk@zuora.com"
            ],
            "show_in_address_list": false,
            "state": "",
            "street_address": "",
            "surname": "",
            "timeouts": null,
            "usage_location": "",
            "user_principal_name": "dmunk@zuoracloudeng.onmicrosoft.com",
            "user_type": "Member"
          },
          "sensitive_attributes": []
        },
        {
          "index_key": "egordin",
          "schema_version": 0,
          "attributes": {
            "account_enabled": false,
            "age_group": "",
            "business_phones": [],
            "city": "",
            "company_name": "",
            "consent_provided_for_minor": "",
            "cost_center": null,
            "country": "",
            "creation_type": "",
            "department": "",
            "display_name": "Elena Gordin",
            "division": null,
            "employee_id": "",
            "employee_type": "",
            "external_user_state": "",
            "fax_number": "",
            "given_name": "Elena",
            "id": "6840bdaf-9298-4210-9503-3b96090989a0",
            "im_addresses": [],
            "job_title": "",
            "mail": "egordin@zuora.com",
            "mail_nickname": "egordin",
            "manager_id": "",
            "mobile_phone": "",
            "object_id": "6840bdaf-9298-4210-9503-3b96090989a0",
            "office_location": "",
            "onpremises_distinguished_name": "CN=Elena Gordin,OU=Engineering,OU=Users,OU=SLV,DC=slv,DC=zuora",
            "onpremises_domain_name": "slv.zuora",
            "onpremises_immutable_id": "cr0RkKUuKUCrm5PQa21L+A==",
            "onpremises_sam_account_name": "egordin",
            "onpremises_security_identifier": "S-1-5-21-3817241737-3308883144-2824690780-14794",
            "onpremises_sync_enabled": true,
            "onpremises_user_principal_name": "egordin@slv.zuora",
            "other_mails": [],
            "postal_code": "",
            "preferred_language": "",
            "proxy_addresses": [
              "SMTP:egordin@zuora.com"
            ],
            "show_in_address_list": false,
            "state": "",
            "street_address": "",
            "surname": "Gordin",
            "timeouts": null,
            "usage_location": "",
            "user_principal_name": "egordin@zuoracloudeng.onmicrosoft.com",
            "user_type": "Member"
          },
          "sensitive_attributes": []
        },
        {
          "index_key": "eosman",
          "schema_version": 0,
          "attributes": {
            "account_enabled": true,
            "age_group": "",
            "business_phones": [],
            "city": "",
            "company_name": "",
            "consent_provided_for_minor": "",
            "cost_center": null,
            "country": "",
            "creation_type": "",
            "department": "",
            "display_name": "edrees osman",
            "division": null,
            "employee_id": "",
            "employee_type": "",
            "external_user_state": "",
            "fax_number": "",
            "given_name": "edrees",
            "id": "0259e593-c097-4e5a-bf39-998ddc279a15",
            "im_addresses": [],
            "job_title": "",
            "mail": "eosman@zuora.com",
            "mail_nickname": "eosman",
            "manager_id": "",
            "mobile_phone": "",
            "object_id": "0259e593-c097-4e5a-bf39-998ddc279a15",
            "office_location": "",
            "onpremises_distinguished_name": "CN=edrees osman,OU=Engineering,OU=Users,OU=SLV,DC=slv,DC=zuora",
            "onpremises_domain_name": "slv.zuora",
            "onpremises_immutable_id": "zXLnCRwxikKqjCyo6V428A==",
            "onpremises_sam_account_name": "eosman",
            "onpremises_security_identifier": "S-1-5-21-3817241737-3308883144-2824690780-17958",
            "onpremises_sync_enabled": true,
            "onpremises_user_principal_name": "eosman@slv.zuora",
            "other_mails": [],
            "postal_code": "",
            "preferred_language": "",
            "proxy_addresses": [
              "smtp:eosman@zuoracloudeng.onmicrosoft.com",
              "SMTP:eosman@zuora.com"
            ],
            "show_in_address_list": false,
            "state": "",
            "street_address": "",
            "surname": "osman",
            "timeouts": null,
            "usage_location": "",
            "user_principal_name": "eosman@zuoracloudeng.onmicrosoft.com",
            "user_type": "Member"
          },
          "sensitive_attributes": []
        },
        {
          "index_key": "gparwar",
          "schema_version": 0,
          "attributes": {
            "account_enabled": true,
            "age_group": "",
            "business_phones": [],
            "city": "",
            "company_name": "",
            "consent_provided_for_minor": "",
            "cost_center": null,
            "country": "",
            "creation_type": "",
            "department": "",
            "display_name": "gajanan parwar",
            "division": null,
            "employee_id": "",
            "employee_type": "",
            "external_user_state": "",
            "fax_number": "",
            "given_name": "gajanan",
            "id": "e914d62e-7afb-4ae1-a1e4-55a1c107027d",
            "im_addresses": [],
            "job_title": "",
            "mail": "gparwar@zuora.com",
            "mail_nickname": "gparwar",
            "manager_id": "",
            "mobile_phone": "",
            "object_id": "e914d62e-7afb-4ae1-a1e4-55a1c107027d",
            "office_location": "",
            "onpremises_distinguished_name": "CN=gajanan parwar,OU=TechOps,OU=Users,OU=SLV,DC=slv,DC=zuora",
            "onpremises_domain_name": "slv.zuora",
            "onpremises_immutable_id": "dz0erypYvUSFaE+UhT2sHw==",
            "onpremises_sam_account_name": "gparwar",
            "onpremises_security_identifier": "S-1-5-21-3817241737-3308883144-2824690780-17633",
            "onpremises_sync_enabled": true,
            "onpremises_user_principal_name": "gparwar@slv.zuora",
            "other_mails": [],
            "postal_code": "",
            "preferred_language": "",
            "proxy_addresses": [
              "smtp:gparwar@zuoracloudeng.onmicrosoft.com",
              "SMTP:gparwar@zuora.com"
            ],
            "show_in_address_list": false,
            "state": "",
            "street_address": "",
            "surname": "parwar",
            "timeouts": null,
            "usage_location": "",
            "user_principal_name": "gparwar@zuoracloudeng.onmicrosoft.com",
            "user_type": "Member"
          },
          "sensitive_attributes": []
        },
        {
          "index_key": "hkalashnyk",
          "schema_version": 0,
          "attributes": {
            "account_enabled": false,
            "age_group": "",
            "business_phones": [],
            "city": "",
            "company_name": "",
            "consent_provided_for_minor": "",
            "cost_center": null,
            "country": "",
            "creation_type": "",
            "department": "",
            "display_name": "hryhorii kalashnyk",
            "division": null,
            "employee_id": "",
            "employee_type": "",
            "external_user_state": "",
            "fax_number": "",
            "given_name": "hryhorii",
            "id": "dea17c9c-eaa0-4f6b-8306-47b00a3f4cb6",
            "im_addresses": [],
            "job_title": "",
            "mail": "hkalashnyk@zuora.com",
            "mail_nickname": "hkalashnyk",
            "manager_id": "",
            "mobile_phone": "",
            "object_id": "dea17c9c-eaa0-4f6b-8306-47b00a3f4cb6",
            "office_location": "",
            "onpremises_distinguished_name": "CN=hryhorii kalashnyk,OU=Engineering,OU=Users,OU=SLV,DC=slv,DC=zuora",
            "onpremises_domain_name": "slv.zuora",
            "onpremises_immutable_id": "T/nHL8O+7UG80vwRIJzwFA==",
            "onpremises_sam_account_name": "hkalashnyk",
            "onpremises_security_identifier": "S-1-5-21-3817241737-3308883144-2824690780-17989",
            "onpremises_sync_enabled": true,
            "onpremises_user_principal_name": "hkalashnyk@slv.zuora",
            "other_mails": [],
            "postal_code": "",
            "preferred_language": "",
            "proxy_addresses": [
              "smtp:hkalashnyk@zuoracloudeng.onmicrosoft.com",
              "SMTP:hkalashnyk@zuora.com"
            ],
            "show_in_address_list": false,
            "state": "",
            "street_address": "",
            "surname": "kalashnyk",
            "timeouts": null,
            "usage_location": "",
            "user_principal_name": "hkalashnyk@zuoracloudeng.onmicrosoft.com",
            "user_type": "Member"
          },
          "sensitive_attributes": []
        },
        {
          "index_key": "ishestopalov",
          "schema_version": 0,
          "attributes": {
            "account_enabled": false,
            "age_group": "",
            "business_phones": [],
            "city": "",
            "company_name": "",
            "consent_provided_for_minor": "",
            "cost_center": null,
            "country": "",
            "creation_type": "",
            "department": "",
            "display_name": "illia shestopalov",
            "division": null,
            "employee_id": "",
            "employee_type": "",
            "external_user_state": "",
            "fax_number": "",
            "given_name": "illia",
            "id": "74c9e3f0-f6db-461a-9114-87807a32d738",
            "im_addresses": [],
            "job_title": "",
            "mail": "ishestopalov@zuora.com",
            "mail_nickname": "ishestopalov",
            "manager_id": "",
            "mobile_phone": "",
            "object_id": "74c9e3f0-f6db-461a-9114-87807a32d738",
            "office_location": "",
            "onpremises_distinguished_name": "CN=illia shestopalov,OU=Engineering,OU=Users,OU=SLV,DC=slv,DC=zuora",
            "onpremises_domain_name": "slv.zuora",
            "onpremises_immutable_id": "lzO1R8Ioykmt8sEBDRbkng==",
            "onpremises_sam_account_name": "ishestopalov",
            "onpremises_security_identifier": "S-1-5-21-3817241737-3308883144-2824690780-17961",
            "onpremises_sync_enabled": true,
            "onpremises_user_principal_name": "ishestopalov@slv.zuora",
            "other_mails": [],
            "postal_code": "",
            "preferred_language": "",
            "proxy_addresses": [
              "smtp:ishestopalov@zuoracloudeng.onmicrosoft.com",
              "SMTP:ishestopalov@zuora.com"
            ],
            "show_in_address_list": false,
            "state": "",
            "street_address": "",
            "surname": "shestopalov",
            "timeouts": null,
            "usage_location": "",
            "user_principal_name": "ishestopalov@zuoracloudeng.onmicrosoft.com",
            "user_type": "Member"
          },
          "sensitive_attributes": []
        },
        {
          "index_key": "jiangtao.liu",
          "schema_version": 0,
          "attributes": {
            "account_enabled": true,
            "age_group": "",
            "business_phones": [],
            "city": "",
            "company_name": "",
            "consent_provided_for_minor": "",
            "cost_center": null,
            "country": "",
            "creation_type": "",
            "department": "",
            "display_name": "Jiangtao Liu",
            "division": null,
            "employee_id": "",
            "employee_type": "",
            "external_user_state": "",
            "fax_number": "",
            "given_name": "Jiangtao",
            "id": "927bc3bf-030a-4f3b-8eb3-d403c4614775",
            "im_addresses": [],
            "job_title": "",
            "mail": "jiangtao.liu@zuora.com",
            "mail_nickname": "jiangtao.liu",
            "manager_id": "",
            "mobile_phone": "",
            "object_id": "927bc3bf-030a-4f3b-8eb3-d403c4614775",
            "office_location": "",
            "onpremises_distinguished_name": "CN=Jiangtao Liu,OU=Engineering,OU=Users,OU=SLV,DC=slv,DC=zuora",
            "onpremises_domain_name": "slv.zuora",
            "onpremises_immutable_id": "eNQ3qNCXlUGg4JmkCLk3gg==",
            "onpremises_sam_account_name": "jliu",
            "onpremises_security_identifier": "S-1-5-21-3817241737-3308883144-2824690780-1645",
            "onpremises_sync_enabled": true,
            "onpremises_user_principal_name": "jliu@slv.zuora",
            "other_mails": [],
            "postal_code": "",
            "preferred_language": "",
            "proxy_addresses": [
              "smtp:jiangtao.liu@zuoracloudeng.onmicrosoft.com",
              "SMTP:jiangtao.liu@zuora.com"
            ],
            "show_in_address_list": false,
            "state": "",
            "street_address": "",
            "surname": "Liu",
            "timeouts": null,
            "usage_location": "US",
            "user_principal_name": "jiangtao.liu@zuoracloudeng.onmicrosoft.com",
            "user_type": "Member"
          },
          "sensitive_attributes": []
        },
        {
          "index_key": "jjayaraman",
          "schema_version": 0,
          "attributes": {
            "account_enabled": false,
            "age_group": "",
            "business_phones": [],
            "city": "",
            "company_name": "",
            "consent_provided_for_minor": "",
            "cost_center": null,
            "country": "",
            "creation_type": "",
            "department": "",
            "display_name": "jayaprakash jayaraman",
            "division": null,
            "employee_id": "",
            "employee_type": "",
            "external_user_state": "",
            "fax_number": "",
            "given_name": "jayaprakash",
            "id": "feab5c87-8ae9-479d-9d0c-b43d5d4c92ed",
            "im_addresses": [],
            "job_title": "",
            "mail": "jjayaraman@zuora.com",
            "mail_nickname": "jjayaraman",
            "manager_id": "",
            "mobile_phone": "",
            "object_id": "feab5c87-8ae9-479d-9d0c-b43d5d4c92ed",
            "office_location": "",
            "onpremises_distinguished_name": "CN=jayaprakash jayaraman,OU=TechOps,OU=Users,OU=SLV,DC=slv,DC=zuora",
            "onpremises_domain_name": "slv.zuora",
            "onpremises_immutable_id": "wUB2pw2wb02ILlXxrSkKig==",
            "onpremises_sam_account_name": "jjayaraman",
            "onpremises_security_identifier": "S-1-5-21-3817241737-3308883144-2824690780-15032",
            "onpremises_sync_enabled": true,
            "onpremises_user_principal_name": "jjayaraman@slv.zuora",
            "other_mails": [],
            "postal_code": "",
            "preferred_language": "",
            "proxy_addresses": [
              "smtp:jjayaraman@zuoracloudeng.onmicrosoft.com",
              "SMTP:jjayaraman@zuora.com"
            ],
            "show_in_address_list": false,
            "state": "",
            "street_address": "",
            "surname": "jayaraman",
            "timeouts": null,
            "usage_location": "",
            "user_principal_name": "jjayaraman@zuoracloudeng.onmicrosoft.com",
            "user_type": "Member"
          },
          "sensitive_attributes": []
        },
        {
          "index_key": "justin.smith",
          "schema_version": 0,
          "attributes": {
            "account_enabled": false,
            "age_group": "",
            "business_phones": [],
            "city": "",
            "company_name": "",
            "consent_provided_for_minor": "",
            "cost_center": null,
            "country": "",
            "creation_type": "",
            "department": "",
            "display_name": "Justin Smith",
            "division": null,
            "employee_id": "",
            "employee_type": "",
            "external_user_state": "",
            "fax_number": "",
            "given_name": "Justin",
            "id": "87d2c2a2-5fb3-4cfa-a1c7-491f45d5c76d",
            "im_addresses": [],
            "job_title": "",
            "mail": "justin.smith@zuora.com",
            "mail_nickname": "justin.smith",
            "manager_id": "",
            "mobile_phone": "",
            "object_id": "87d2c2a2-5fb3-4cfa-a1c7-491f45d5c76d",
            "office_location": "",
            "onpremises_distinguished_name": "CN=Justin Smith,OU=TechOps,OU=Users,OU=SLV,DC=slv,DC=zuora",
            "onpremises_domain_name": "slv.zuora",
            "onpremises_immutable_id": "WPa2WJrWEUqEJ5OdWQ9DQA==",
            "onpremises_sam_account_name": "jsmith",
            "onpremises_security_identifier": "S-1-5-21-3817241737-3308883144-2824690780-1496",
            "onpremises_sync_enabled": true,
            "onpremises_user_principal_name": "jsmith@slv.zuora",
            "other_mails": [],
            "postal_code": "",
            "preferred_language": "",
            "proxy_addresses": [
              "SMTP:justin.smith@zuora.com"
            ],
            "show_in_address_list": false,
            "state": "",
            "street_address": "",
            "surname": "Smith",
            "timeouts": null,
            "usage_location": "",
            "user_principal_name": "justin.smith@zuoracloudeng.onmicrosoft.com",
            "user_type": "Member"
          },
          "sensitive_attributes": []
        },
        {
          "index_key": "kduraikannu",
          "schema_version": 0,
          "attributes": {
            "account_enabled": true,
            "age_group": "",
            "business_phones": [],
            "city": "",
            "company_name": "",
            "consent_provided_for_minor": "",
            "cost_center": null,
            "country": "",
            "creation_type": "",
            "department": "",
            "display_name": "karunakaran duraikannu",
            "division": null,
            "employee_id": "",
            "employee_type": "",
            "external_user_state": "",
            "fax_number": "",
            "given_name": "",
            "id": "81774362-bd64-4201-b6f7-2ea51598b94c",
            "im_addresses": [],
            "job_title": "",
            "mail": "kduraikannu@zuora.com",
            "mail_nickname": "kduraikannu",
            "manager_id": "",
            "mobile_phone": "",
            "object_id": "81774362-bd64-4201-b6f7-2ea51598b94c",
            "office_location": "",
            "onpremises_distinguished_name": "CN=karunakaran duraikannu,OU=TechOps,OU=Users,OU=SLV,DC=slv,DC=zuora",
            "onpremises_domain_name": "slv.zuora",
            "onpremises_immutable_id": "NXJe9zJXok6xe70ftpXbNg==",
            "onpremises_sam_account_name": "kduraikannu",
            "onpremises_security_identifier": "S-1-5-21-3817241737-3308883144-2824690780-17906",
            "onpremises_sync_enabled": true,
            "onpremises_user_principal_name": "kduraikannu@slv.zuora",
            "other_mails": [],
            "postal_code": "",
            "preferred_language": "",
            "proxy_addresses": [
              "SMTP:kduraikannu@zuora.com"
            ],
            "show_in_address_list": false,
            "state": "",
            "street_address": "",
            "surname": "",
            "timeouts": null,
            "usage_location": "",
            "user_principal_name": "kduraikannu@zuoracloudeng.onmicrosoft.com",
            "user_type": "Member"
          },
          "sensitive_attributes": []
        },
        {
          "index_key": "kgovindaraj",
          "schema_version": 0,
          "attributes": {
            "account_enabled": true,
            "age_group": "",
            "business_phones": [],
            "city": "",
            "company_name": "",
            "consent_provided_for_minor": "",
            "cost_center": null,
            "country": "",
            "creation_type": "",
            "department": "",
            "display_name": "Kannan Govindaraj",
            "division": null,
            "employee_id": "",
            "employee_type": "",
            "external_user_state": "",
            "fax_number": "",
            "given_name": "Kannan",
            "id": "6e6ab103-294b-4f89-8caf-04807714eebc",
            "im_addresses": [],
            "job_title": "",
            "mail": "kgovindaraj@zuora.com",
            "mail_nickname": "kgovindaraj",
            "manager_id": "",
            "mobile_phone": "",
            "object_id": "6e6ab103-294b-4f89-8caf-04807714eebc",
            "office_location": "",
            "onpremises_distinguished_name": "CN=Kannan Govindaraj,OU=TechOps,OU=Users,OU=SLV,DC=slv,DC=zuora",
            "onpremises_domain_name": "slv.zuora",
            "onpremises_immutable_id": "Po+k8G5nT0mGNLRURQnGSw==",
            "onpremises_sam_account_name": "kgovindaraj",
            "onpremises_security_identifier": "S-1-5-21-3817241737-3308883144-2824690780-14832",
            "onpremises_sync_enabled": true,
            "onpremises_user_principal_name": "kgovindaraj@slv.zuora",
            "other_mails": [],
            "postal_code": "",
            "preferred_language": "",
            "proxy_addresses": [
              "smtp:kgovindaraj@zuoracloudeng.onmicrosoft.com",
              "SMTP:kgovindaraj@zuora.com"
            ],
            "show_in_address_list": false,
            "state": "",
            "street_address": "",
            "surname": "Govindaraj",
            "timeouts": null,
            "usage_location": "US",
            "user_principal_name": "kgovindaraj@zuoracloudeng.onmicrosoft.com",
            "user_type": "Member"
          },
          "sensitive_attributes": []
        },
        {
          "index_key": "kmayeux",
          "schema_version": 0,
          "attributes": {
            "account_enabled": false,
            "age_group": "",
            "business_phones": [],
            "city": "",
            "company_name": "",
            "consent_provided_for_minor": "",
            "cost_center": null,
            "country": "",
            "creation_type": "",
            "department": "",
            "display_name": "Kevin Mayeux",
            "division": null,
            "employee_id": "",
            "employee_type": "",
            "external_user_state": "",
            "fax_number": "",
            "given_name": "Kevin",
            "id": "f50028c3-09f7-4ced-ba70-1e339db20bf4",
            "im_addresses": [],
            "job_title": "",
            "mail": "kmayeux@zuora.com",
            "mail_nickname": "kmayeux",
            "manager_id": "",
            "mobile_phone": "",
            "object_id": "f50028c3-09f7-4ced-ba70-1e339db20bf4",
            "office_location": "",
            "onpremises_distinguished_name": "CN=Kevin Mayeux,OU=TechOps,OU=Users,OU=SLV,DC=slv,DC=zuora",
            "onpremises_domain_name": "slv.zuora",
            "onpremises_immutable_id": "ih6bLv6930e5NLTvdZwxBg==",
            "onpremises_sam_account_name": "kmayeux",
            "onpremises_security_identifier": "S-1-5-21-3817241737-3308883144-2824690780-6645",
            "onpremises_sync_enabled": true,
            "onpremises_user_principal_name": "kmayeux@slv.zuora",
            "other_mails": [],
            "postal_code": "",
            "preferred_language": "",
            "proxy_addresses": [
              "SMTP:kmayeux@zuora.com"
            ],
            "show_in_address_list": false,
            "state": "",
            "street_address": "",
            "surname": "Mayeux",
            "timeouts": null,
            "usage_location": "",
            "user_principal_name": "kmayeux@zuoracloudeng.onmicrosoft.com",
            "user_type": "Member"
          },
          "sensitive_attributes": []
        },
        {
          "index_key": "lborbon",
          "schema_version": 0,
          "attributes": {
            "account_enabled": true,
            "age_group": "",
            "business_phones": [],
            "city": "",
            "company_name": "",
            "consent_provided_for_minor": "",
            "cost_center": null,
            "country": "",
            "creation_type": "",
            "department": "",
            "display_name": "luis borbon",
            "division": null,
            "employee_id": "",
            "employee_type": "",
            "external_user_state": "",
            "fax_number": "",
            "given_name": "luis",
            "id": "97960386-c8d7-463d-8063-c0b3fe7516d1",
            "im_addresses": [],
            "job_title": "",
            "mail": "lborbon@zuora.com",
            "mail_nickname": "lborbon",
            "manager_id": "",
            "mobile_phone": "",
            "object_id": "97960386-c8d7-463d-8063-c0b3fe7516d1",
            "office_location": "",
            "onpremises_distinguished_name": "CN=luis borbon,OU=Engineering,OU=Users,OU=SLV,DC=slv,DC=zuora",
            "onpremises_domain_name": "slv.zuora",
            "onpremises_immutable_id": "tr4hPea570O17B5ziSHmkg==",
            "onpremises_sam_account_name": "lborbon",
            "onpremises_security_identifier": "S-1-5-21-3817241737-3308883144-2824690780-18036",
            "onpremises_sync_enabled": true,
            "onpremises_user_principal_name": "lborbon@slv.zuora",
            "other_mails": [],
            "postal_code": "",
            "preferred_language": "",
            "proxy_addresses": [
              "SMTP:lborbon@zuora.com"
            ],
            "show_in_address_list": false,
            "state": "",
            "street_address": "",
            "surname": "borbon",
            "timeouts": null,
            "usage_location": "",
            "user_principal_name": "lborbon@zuoracloudeng.onmicrosoft.com",
            "user_type": "Member"
          },
          "sensitive_attributes": []
        },
        {
          "index_key": "lisheng.liu",
          "schema_version": 0,
          "attributes": {
            "account_enabled": true,
            "age_group": "",
            "business_phones": [],
            "city": "",
            "company_name": "",
            "consent_provided_for_minor": "",
            "cost_center": null,
            "country": "",
            "creation_type": "",
            "department": "",
            "display_name": "Lisheng Liu",
            "division": null,
            "employee_id": "",
            "employee_type": "",
            "external_user_state": "",
            "fax_number": "",
            "given_name": "Lisheng",
            "id": "fea97b7f-bc65-4148-986f-e6ebad854221",
            "im_addresses": [],
            "job_title": "",
            "mail": "lisheng.liu@zuora.com",
            "mail_nickname": "lisheng.liu",
            "manager_id": "",
            "mobile_phone": "",
            "object_id": "fea97b7f-bc65-4148-986f-e6ebad854221",
            "office_location": "",
            "onpremises_distinguished_name": "CN=Lisheng Liu,OU=TechOps,OU=Users,OU=SLV,DC=slv,DC=zuora",
            "onpremises_domain_name": "slv.zuora",
            "onpremises_immutable_id": "EN+Ppt8avECGwouwpMLOKg==",
            "onpremises_sam_account_name": "lsliu",
            "onpremises_security_identifier": "S-1-5-21-3817241737-3308883144-2824690780-1647",
            "onpremises_sync_enabled": true,
            "onpremises_user_principal_name": "lsliu@slv.zuora",
            "other_mails": [],
            "postal_code": "",
            "preferred_language": "EN",
            "proxy_addresses": [
              "smtp:lisheng.liu@zuoracloudeng.onmicrosoft.com",
              "SMTP:lisheng.liu@zuora.com"
            ],
            "show_in_address_list": false,
            "state": "",
            "street_address": "",
            "surname": "Liu",
            "timeouts": null,
            "usage_location": "",
            "user_principal_name": "lisheng.liu@zuoracloudeng.onmicrosoft.com",
            "user_type": "Member"
          },
          "sensitive_attributes": []
        },
        {
          "index_key": "lprasanna",
          "schema_version": 0,
          "attributes": {
            "account_enabled": true,
            "age_group": "",
            "business_phones": [],
            "city": "",
            "company_name": "",
            "consent_provided_for_minor": "",
            "cost_center": null,
            "country": "",
            "creation_type": "",
            "department": "",
            "display_name": "Lakshmi Prasanna",
            "division": null,
            "employee_id": "",
            "employee_type": "",
            "external_user_state": "",
            "fax_number": "",
            "given_name": "Lakshmi",
            "id": "c1385874-7b75-4e75-a70e-9588c9d5e7a4",
            "im_addresses": [],
            "job_title": "",
            "mail": "lprasanna@zuora.com",
            "mail_nickname": "lprasanna",
            "manager_id": "",
            "mobile_phone": "",
            "object_id": "c1385874-7b75-4e75-a70e-9588c9d5e7a4",
            "office_location": "",
            "onpremises_distinguished_name": "CN=Lakshmi Prasanna,OU=TechOps,OU=Users,OU=SLV,DC=slv,DC=zuora",
            "onpremises_domain_name": "slv.zuora",
            "onpremises_immutable_id": "tq6Qh/CxDUmaWLYxOXHx+A==",
            "onpremises_sam_account_name": "lprasanna",
            "onpremises_security_identifier": "S-1-5-21-3817241737-3308883144-2824690780-7247",
            "onpremises_sync_enabled": true,
            "onpremises_user_principal_name": "lprasanna@slv.zuora",
            "other_mails": [],
            "postal_code": "",
            "preferred_language": "",
            "proxy_addresses": [
              "SMTP:lprasanna@zuora.com"
            ],
            "show_in_address_list": false,
            "state": "",
            "street_address": "",
            "surname": "Prasanna",
            "timeouts": null,
            "usage_location": "",
            "user_principal_name": "lprasanna@zuoracloudeng.onmicrosoft.com",
            "user_type": "Member"
          },
          "sensitive_attributes": []
        },
        {
          "index_key": "mzmushko",
          "schema_version": 0,
          "attributes": {
            "account_enabled": false,
            "age_group": "",
            "business_phones": [],
            "city": "",
            "company_name": "",
            "consent_provided_for_minor": "",
            "cost_center": null,
            "country": "",
            "creation_type": "",
            "department": "",
            "display_name": "Maksym Zmushko",
            "division": null,
            "employee_id": "",
            "employee_type": "",
            "external_user_state": "",
            "fax_number": "",
            "given_name": "Maksym",
            "id": "ead3f983-27a4-4b1f-969f-1aeca96d75b8",
            "im_addresses": [],
            "job_title": "",
            "mail": "mzmushko@zuora",
            "mail_nickname": "mzmushko",
            "manager_id": "",
            "mobile_phone": "",
            "object_id": "ead3f983-27a4-4b1f-969f-1aeca96d75b8",
            "office_location": "",
            "onpremises_distinguished_name": "",
            "onpremises_domain_name": "",
            "onpremises_immutable_id": "",
            "onpremises_sam_account_name": "",
            "onpremises_security_identifier": "",
            "onpremises_sync_enabled": false,
            "onpremises_user_principal_name": "",
            "other_mails": [],
            "postal_code": "",
            "preferred_language": "",
            "proxy_addresses": [
              "smtp:mzmushko@zuoracloudeng.onmicrosoft.com",
              "SMTP:mzmushko@zuora"
            ],
            "show_in_address_list": false,
            "state": "",
            "street_address": "",
            "surname": "Zmushko",
            "timeouts": null,
            "usage_location": "US",
            "user_principal_name": "mzmushko@zuoracloudeng.onmicrosoft.com",
            "user_type": "Member"
          },
          "sensitive_attributes": []
        },
        {
          "index_key": "nbidhuri",
          "schema_version": 0,
          "attributes": {
            "account_enabled": false,
            "age_group": "",
            "business_phones": [],
            "city": "",
            "company_name": "",
            "consent_provided_for_minor": "",
            "cost_center": null,
            "country": "",
            "creation_type": "",
            "department": "",
            "display_name": "Naveen Bidhuri",
            "division": null,
            "employee_id": "",
            "employee_type": "",
            "external_user_state": "",
            "fax_number": "",
            "given_name": "Naveen",
            "id": "bf5e3763-5ecb-46aa-8721-35e31e8246b0",
            "im_addresses": [],
            "job_title": "",
            "mail": "nbidhuri@zuora.com",
            "mail_nickname": "nbidhuri",
            "manager_id": "",
            "mobile_phone": "",
            "object_id": "bf5e3763-5ecb-46aa-8721-35e31e8246b0",
            "office_location": "",
            "onpremises_distinguished_name": "CN=Naveen Bidhuri,OU=TechOps,OU=Users,OU=SLV,DC=slv,DC=zuora",
            "onpremises_domain_name": "slv.zuora",
            "onpremises_immutable_id": "wJ3/ZQ8grk+Y1PS/4suIaQ==",
            "onpremises_sam_account_name": "nbidhuri",
            "onpremises_security_identifier": "S-1-5-21-3817241737-3308883144-2824690780-14685",
            "onpremises_sync_enabled": true,
            "onpremises_user_principal_name": "nbidhuri@slv.zuora",
            "other_mails": [
              "nbidhuri@zuora.com"
            ],
            "postal_code": "",
            "preferred_language": "",
            "proxy_addresses": [
              "SMTP:nbidhuri@zuora.com",
              "smtp:nbidhuri@zuoracloudeng.onmicrosoft.com"
            ],
            "show_in_address_list": false,
            "state": "",
            "street_address": "",
            "surname": "Bidhuri",
            "timeouts": null,
            "usage_location": "US",
            "user_principal_name": "nbidhuri@zuoracloudeng.onmicrosoft.com",
            "user_type": "Member"
          },
          "sensitive_attributes": []
        },
        {
          "index_key": "ngarimaldi.zteam",
          "schema_version": 0,
          "attributes": {
            "account_enabled": false,
            "age_group": "",
            "business_phones": [],
            "city": "",
            "company_name": "",
            "consent_provided_for_minor": "",
            "cost_center": null,
            "country": "",
            "creation_type": "",
            "department": "",
            "display_name": "Nicolas Garimaldi",
            "division": null,
            "employee_id": "",
            "employee_type": "",
            "external_user_state": "",
            "fax_number": "",
            "given_name": "Nicolas",
            "id": "af177568-d7cd-4616-a6de-f82c65caa629",
            "im_addresses": [],
            "job_title": "",
            "mail": "ngarimaldi.zteam@zuora.com",
            "mail_nickname": "ngarimaldi.zteam",
            "manager_id": "",
            "mobile_phone": "",
            "object_id": "af177568-d7cd-4616-a6de-f82c65caa629",
            "office_location": "",
            "onpremises_distinguished_name": "CN=Nicolas Garimaldi,OU=TechOps,OU=Users,OU=SLV,DC=slv,DC=zuora",
            "onpremises_domain_name": "slv.zuora",
            "onpremises_immutable_id": "pWeUPby9ZkSpMhZMMZ2Dxw==",
            "onpremises_sam_account_name": "ngarimaldi",
            "onpremises_security_identifier": "S-1-5-21-3817241737-3308883144-2824690780-7263",
            "onpremises_sync_enabled": true,
            "onpremises_user_principal_name": "ngarimaldi@slv.zuora",
            "other_mails": [],
            "postal_code": "",
            "preferred_language": "",
            "proxy_addresses": [
              "SMTP:ngarimaldi.zteam@zuora.com"
            ],
            "show_in_address_list": false,
            "state": "",
            "street_address": "",
            "surname": "Garimaldi",
            "timeouts": null,
            "usage_location": "",
            "user_principal_name": "ngarimaldi.zteam@zuoracloudeng.onmicrosoft.com",
            "user_type": "Member"
          },
          "sensitive_attributes": []
        },
        {
          "index_key": "oarabadzhy",
          "schema_version": 0,
          "attributes": {
            "account_enabled": true,
            "age_group": "",
            "business_phones": [],
            "city": "",
            "company_name": "",
            "consent_provided_for_minor": "",
            "cost_center": null,
            "country": "",
            "creation_type": "",
            "department": "",
            "display_name": "oleksandr arabadzhy",
            "division": null,
            "employee_id": "",
            "employee_type": "",
            "external_user_state": "",
            "fax_number": "",
            "given_name": "oleksandr",
            "id": "0261ce78-e439-4786-abae-90972c759a2f",
            "im_addresses": [],
            "job_title": "",
            "mail": "oarabadzhy@zuora.com",
            "mail_nickname": "oarabadzhy",
            "manager_id": "",
            "mobile_phone": "",
            "object_id": "0261ce78-e439-4786-abae-90972c759a2f",
            "office_location": "",
            "onpremises_distinguished_name": "CN=oleksandr arabadzhy,OU=Engineering,OU=Users,OU=SLV,DC=slv,DC=zuora",
            "onpremises_domain_name": "slv.zuora",
            "onpremises_immutable_id": "vM+EJT08wk6Sj7sgRAclSA==",
            "onpremises_sam_account_name": "oarabadzhy",
            "onpremises_security_identifier": "S-1-5-21-3817241737-3308883144-2824690780-17816",
            "onpremises_sync_enabled": true,
            "onpremises_user_principal_name": "oarabadzhy@slv.zuora",
            "other_mails": [],
            "postal_code": "",
            "preferred_language": "",
            "proxy_addresses": [
              "smtp:oarabadzhy@zuoracloudeng.onmicrosoft.com",
              "SMTP:oarabadzhy@zuora.com"
            ],
            "show_in_address_list": false,
            "state": "",
            "street_address": "",
            "surname": "arabadzhy",
            "timeouts": null,
            "usage_location": "",
            "user_principal_name": "oarabadzhy@zuoracloudeng.onmicrosoft.com",
            "user_type": "Member"
          },
          "sensitive_attributes": []
        },
        {
          "index_key": "okimenker",
          "schema_version": 0,
          "attributes": {
            "account_enabled": true,
            "age_group": "",
            "business_phones": [],
            "city": "",
            "company_name": "",
            "consent_provided_for_minor": "",
            "cost_center": null,
            "country": "",
            "creation_type": "",
            "department": "",
            "display_name": "Orion Kimenker",
            "division": null,
            "employee_id": "",
            "employee_type": "",
            "external_user_state": "",
            "fax_number": "",
            "given_name": "Orion",
            "id": "f4546d36-b523-4f87-b272-1abf1470eddd",
            "im_addresses": [],
            "job_title": "",
            "mail": "okimenker@zuora.com",
            "mail_nickname": "okimenker",
            "manager_id": "",
            "mobile_phone": "",
            "object_id": "f4546d36-b523-4f87-b272-1abf1470eddd",
            "office_location": "",
            "onpremises_distinguished_name": "CN=Orion Kimenker,OU=Engineering,OU=Users,OU=SLV,DC=slv,DC=zuora",
            "onpremises_domain_name": "slv.zuora",
            "onpremises_immutable_id": "6dvPYT6nAUquVQnY567h1Q==",
            "onpremises_sam_account_name": "okimenker",
            "onpremises_security_identifier": "S-1-5-21-3817241737-3308883144-2824690780-17883",
            "onpremises_sync_enabled": true,
            "onpremises_user_principal_name": "okimenker@slv.zuora",
            "other_mails": [],
            "postal_code": "",
            "preferred_language": "",
            "proxy_addresses": [
              "SMTP:okimenker@zuora.com"
            ],
            "show_in_address_list": false,
            "state": "",
            "street_address": "",
            "surname": "Kimenker",
            "timeouts": null,
            "usage_location": "",
            "user_principal_name": "okimenker@zuoracloudeng.onmicrosoft.com",
            "user_type": "Member"
          },
          "sensitive_attributes": []
        },
        {
          "index_key": "oshyrokov",
          "schema_version": 0,
          "attributes": {
            "account_enabled": false,
            "age_group": "",
            "business_phones": [],
            "city": "",
            "company_name": "",
            "consent_provided_for_minor": "",
            "cost_center": null,
            "country": "",
            "creation_type": "",
            "department": "",
            "display_name": "oleksii shyrokov",
            "division": null,
            "employee_id": "",
            "employee_type": "",
            "external_user_state": "",
            "fax_number": "",
            "given_name": "oleksii",
            "id": "afc797cc-dba7-4fbb-8ca1-0281f2d10496",
            "im_addresses": [],
            "job_title": "",
            "mail": "oshyrokov@zuora.com",
            "mail_nickname": "oshyrokov",
            "manager_id": "",
            "mobile_phone": "",
            "object_id": "afc797cc-dba7-4fbb-8ca1-0281f2d10496",
            "office_location": "",
            "onpremises_distinguished_name": "CN=oleksii shyrokov,OU=Engineering,OU=Users,OU=SLV,DC=slv,DC=zuora",
            "onpremises_domain_name": "slv.zuora",
            "onpremises_immutable_id": "GqtFMCX45kegFCqunYy/Rg==",
            "onpremises_sam_account_name": "oshyrokov",
            "onpremises_security_identifier": "S-1-5-21-3817241737-3308883144-2824690780-18006",
            "onpremises_sync_enabled": true,
            "onpremises_user_principal_name": "oshyrokov@slv.zuora",
            "other_mails": [],
            "postal_code": "",
            "preferred_language": "",
            "proxy_addresses": [
              "smtp:oshyrokov@zuoracloudeng.onmicrosoft.com",
              "SMTP:oshyrokov@zuora.com"
            ],
            "show_in_address_list": false,
            "state": "",
            "street_address": "",
            "surname": "shyrokov",
            "timeouts": null,
            "usage_location": "",
            "user_principal_name": "oshyrokov@zuoracloudeng.onmicrosoft.com",
            "user_type": "Member"
          },
          "sensitive_attributes": []
        },
        {
          "index_key": "ozavorin",
          "schema_version": 0,
          "attributes": {
            "account_enabled": false,
            "age_group": "",
            "business_phones": [],
            "city": "",
            "company_name": "",
            "consent_provided_for_minor": "",
            "cost_center": null,
            "country": "",
            "creation_type": "",
            "department": "",
            "display_name": "oleg zavorin",
            "division": null,
            "employee_id": "",
            "employee_type": "",
            "external_user_state": "",
            "fax_number": "",
            "given_name": "oleg",
            "id": "3521ba97-615b-4534-9c07-0909371af278",
            "im_addresses": [],
            "job_title": "",
            "mail": "ozavorin@zuora.com",
            "mail_nickname": "ozavorin",
            "manager_id": "",
            "mobile_phone": "",
            "object_id": "3521ba97-615b-4534-9c07-0909371af278",
            "office_location": "",
            "onpremises_distinguished_name": "CN=oleg zavorin,OU=Engineering,OU=Users,OU=SLV,DC=slv,DC=zuora",
            "onpremises_domain_name": "slv.zuora",
            "onpremises_immutable_id": "Vz9PRYfr3Ua6wlVzXZMQUg==",
            "onpremises_sam_account_name": "ozavorin",
            "onpremises_security_identifier": "S-1-5-21-3817241737-3308883144-2824690780-17706",
            "onpremises_sync_enabled": true,
            "onpremises_user_principal_name": "ozavorin@slv.zuora",
            "other_mails": [],
            "postal_code": "",
            "preferred_language": "",
            "proxy_addresses": [
              "smtp:ozavorin@zuoracloudeng.onmicrosoft.com",
              "SMTP:ozavorin@zuora.com"
            ],
            "show_in_address_list": false,
            "state": "",
            "street_address": "",
            "surname": "zavorin",
            "timeouts": null,
            "usage_location": "",
            "user_principal_name": "ozavorin@zuoracloudeng.onmicrosoft.com",
            "user_type": "Member"
          },
          "sensitive_attributes": []
        },
        {
          "index_key": "pnikzad",
          "schema_version": 0,
          "attributes": {
            "account_enabled": true,
            "age_group": "",
            "business_phones": [],
            "city": "",
            "company_name": "",
            "consent_provided_for_minor": "",
            "cost_center": null,
            "country": "",
            "creation_type": "",
            "department": "",
            "display_name": "pedraam nikzad",
            "division": null,
            "employee_id": "",
            "employee_type": "",
            "external_user_state": "",
            "fax_number": "",
            "given_name": "",
            "id": "a5319955-6b6b-48bc-be64-142c1a6dddc6",
            "im_addresses": [],
            "job_title": "",
            "mail": "pnikzad@zuoracloudeng.onmicrosoft.com",
            "mail_nickname": "pnikzad",
            "manager_id": "",
            "mobile_phone": "",
            "object_id": "a5319955-6b6b-48bc-be64-142c1a6dddc6",
            "office_location": "",
            "onpremises_distinguished_name": "CN=pedraam nikzad,OU=Engineering,OU=Users,OU=SLV,DC=slv,DC=zuora",
            "onpremises_domain_name": "slv.zuora",
            "onpremises_immutable_id": "QzOgl7GzmkqDYcVxsY+z6Q==",
            "onpremises_sam_account_name": "pnikzad",
            "onpremises_security_identifier": "S-1-5-21-3817241737-3308883144-2824690780-17663",
            "onpremises_sync_enabled": true,
            "onpremises_user_principal_name": "pnikzad@slv.zuora",
            "other_mails": [],
            "postal_code": "",
            "preferred_language": "",
            "proxy_addresses": [
              "SMTP:pnikzad@zuoracloudeng.onmicrosoft.com"
            ],
            "show_in_address_list": false,
            "state": "",
            "street_address": "",
            "surname": "",
            "timeouts": null,
            "usage_location": "",
            "user_principal_name": "pnikzad@zuoracloudeng.onmicrosoft.com",
            "user_type": "Member"
          },
          "sensitive_attributes": []
        },
        {
          "index_key": "pwu",
          "schema_version": 0,
          "attributes": {
            "account_enabled": false,
            "age_group": "",
            "business_phones": [],
            "city": "",
            "company_name": "",
            "consent_provided_for_minor": "",
            "cost_center": null,
            "country": "",
            "creation_type": "",
            "department": "",
            "display_name": "Ping Wu",
            "division": null,
            "employee_id": "",
            "employee_type": "",
            "external_user_state": "",
            "fax_number": "",
            "given_name": "Ping",
            "id": "fd22ac05-79f6-4d89-8c76-d0f0b824b74c",
            "im_addresses": [
              "pwu@zuoracloudeng.onmicrosoft.com"
            ],
            "job_title": "",
            "mail": "pwu@zuora.com",
            "mail_nickname": "pwu",
            "manager_id": "",
            "mobile_phone": "",
            "object_id": "fd22ac05-79f6-4d89-8c76-d0f0b824b74c",
            "office_location": "",
            "onpremises_distinguished_name": "CN=Ping Wu,OU=Engineering,OU=Users,OU=SLV,DC=slv,DC=zuora",
            "onpremises_domain_name": "slv.zuora",
            "onpremises_immutable_id": "JtwPnFvoV0akNN6JyQbY+Q==",
            "onpremises_sam_account_name": "pwu",
            "onpremises_security_identifier": "S-1-5-21-3817241737-3308883144-2824690780-19654",
            "onpremises_sync_enabled": true,
            "onpremises_user_principal_name": "pwu@slv.zuora",
            "other_mails": [],
            "postal_code": "",
            "preferred_language": "",
            "proxy_addresses": [
              "smtp:pwu@zuoracloudeng.onmicrosoft.com",
              "SMTP:pwu@zuora.com"
            ],
            "show_in_address_list": false,
            "state": "",
            "street_address": "",
            "surname": "Wu",
            "timeouts": null,
            "usage_location": "US",
            "user_principal_name": "pwu@zuoracloudeng.onmicrosoft.com",
            "user_type": "Member"
          },
          "sensitive_attributes": []
        },
        {
          "index_key": "rananthula",
          "schema_version": 0,
          "attributes": {
            "account_enabled": false,
            "age_group": "",
            "business_phones": [],
            "city": "",
            "company_name": "",
            "consent_provided_for_minor": "",
            "cost_center": null,
            "country": "",
            "creation_type": "",
            "department": "",
            "display_name": "Ramprasad Ananthula",
            "division": null,
            "employee_id": "",
            "employee_type": "",
            "external_user_state": "",
            "fax_number": "",
            "given_name": "Ramprasad",
            "id": "ba892295-9bbf-4f8d-acf4-9c8329594644",
            "im_addresses": [],
            "job_title": "",
            "mail": "rananthula@zuora.com",
            "mail_nickname": "rananthula",
            "manager_id": "",
            "mobile_phone": "",
            "object_id": "ba892295-9bbf-4f8d-acf4-9c8329594644",
            "office_location": "",
            "onpremises_distinguished_name": "CN=Ramprasad Ananthula,OU=TechOps,OU=Users,OU=SLV,DC=slv,DC=zuora",
            "onpremises_domain_name": "slv.zuora",
            "onpremises_immutable_id": "7EgOyMv5LEiB9HdsnzWj8g==",
            "onpremises_sam_account_name": "rananthula",
            "onpremises_security_identifier": "S-1-5-21-3817241737-3308883144-2824690780-14850",
            "onpremises_sync_enabled": true,
            "onpremises_user_principal_name": "rananthula@slv.zuora",
            "other_mails": [],
            "postal_code": "",
            "preferred_language": "",
            "proxy_addresses": [
              "SMTP:rananthula@zuora.com"
            ],
            "show_in_address_list": false,
            "state": "",
            "street_address": "",
            "surname": "Ananthula",
            "timeouts": null,
            "usage_location": "",
            "user_principal_name": "rananthula@zuoracloudeng.onmicrosoft.com",
            "user_type": "Member"
          },
          "sensitive_attributes": []
        },
        {
          "index_key": "rbarabas",
          "schema_version": 0,
          "attributes": {
            "account_enabled": false,
            "age_group": "",
            "business_phones": [],
            "city": "",
            "company_name": "",
            "consent_provided_for_minor": "",
            "cost_center": null,
            "country": "",
            "creation_type": "",
            "department": "",
            "display_name": "Robert Barabas",
            "division": null,
            "employee_id": "",
            "employee_type": "",
            "external_user_state": "",
            "fax_number": "",
            "given_name": "Robert",
            "id": "5a124a8d-3f1b-492a-8e1b-e672647d3197",
            "im_addresses": [],
            "job_title": "",
            "mail": "rbarabas@zuora.com",
            "mail_nickname": "rbarabas",
            "manager_id": "",
            "mobile_phone": "",
            "object_id": "5a124a8d-3f1b-492a-8e1b-e672647d3197",
            "office_location": "",
            "onpremises_distinguished_name": "CN=Robert Barabas,OU=TechOps,OU=Users,OU=SLV,DC=slv,DC=zuora",
            "onpremises_domain_name": "slv.zuora",
            "onpremises_immutable_id": "yQMP6b1Dj0WghF/NPiT6Bg==",
            "onpremises_sam_account_name": "rbarabas",
            "onpremises_security_identifier": "S-1-5-21-3817241737-3308883144-2824690780-6628",
            "onpremises_sync_enabled": true,
            "onpremises_user_principal_name": "rbarabas@slv.zuora",
            "other_mails": [],
            "postal_code": "",
            "preferred_language": "",
            "proxy_addresses": [
              "SMTP:rbarabas@zuora.com"
            ],
            "show_in_address_list": false,
            "state": "",
            "street_address": "",
            "surname": "Barabas",
            "timeouts": null,
            "usage_location": "",
            "user_principal_name": "rbarabas@zuoracloudeng.onmicrosoft.com",
            "user_type": "Member"
          },
          "sensitive_attributes": []
        },
        {
          "index_key": "schaudhari",
          "schema_version": 0,
          "attributes": {
            "account_enabled": true,
            "age_group": "",
            "business_phones": [],
            "city": "",
            "company_name": "",
            "consent_provided_for_minor": "",
            "cost_center": null,
            "country": "",
            "creation_type": "",
            "department": "",
            "display_name": "Sumeet Chaudhari",
            "division": null,
            "employee_id": "",
            "employee_type": "",
            "external_user_state": "",
            "fax_number": "",
            "given_name": "Sumeet",
            "id": "437d7d06-f046-4cc6-ba5a-a77b0f1b4e49",
            "im_addresses": [],
            "job_title": "",
            "mail": "schaudhari@zuora.com",
            "mail_nickname": "schaudhari",
            "manager_id": "",
            "mobile_phone": "",
            "object_id": "437d7d06-f046-4cc6-ba5a-a77b0f1b4e49",
            "office_location": "",
            "onpremises_distinguished_name": "CN=Sumeet Chaudhari,OU=Engineering,OU=Users,OU=SLV,DC=slv,DC=zuora",
            "onpremises_domain_name": "slv.zuora",
            "onpremises_immutable_id": "yw0fpx8hxkS8dFfriy1n4Q==",
            "onpremises_sam_account_name": "schaudhari",
            "onpremises_security_identifier": "S-1-5-21-3817241737-3308883144-2824690780-7474",
            "onpremises_sync_enabled": true,
            "onpremises_user_principal_name": "schaudhari@slv.zuora",
            "other_mails": [],
            "postal_code": "",
            "preferred_language": "",
            "proxy_addresses": [
              "smtp:schaudhari@zuoracloudeng.onmicrosoft.com",
              "SMTP:schaudhari@zuora.com"
            ],
            "show_in_address_list": false,
            "state": "",
            "street_address": "",
            "surname": "Chaudhari",
            "timeouts": null,
            "usage_location": "US",
            "user_principal_name": "schaudhari@zuoracloudeng.onmicrosoft.com",
            "user_type": "Member"
          },
          "sensitive_attributes": []
        },
        {
          "index_key": "scherednychenko",
          "schema_version": 0,
          "attributes": {
            "account_enabled": false,
            "age_group": "",
            "business_phones": [],
            "city": "",
            "company_name": "",
            "consent_provided_for_minor": "",
            "cost_center": null,
            "country": "",
            "creation_type": "",
            "department": "",
            "display_name": "sofia cherednychenko",
            "division": null,
            "employee_id": "",
            "employee_type": "",
            "external_user_state": "",
            "fax_number": "",
            "given_name": "sofia",
            "id": "673a6485-5479-4afc-8397-8e26e23a8137",
            "im_addresses": [],
            "job_title": "",
            "mail": "scherednychenko@zuora.com",
            "mail_nickname": "scherednychenko",
            "manager_id": "",
            "mobile_phone": "",
            "object_id": "673a6485-5479-4afc-8397-8e26e23a8137",
            "office_location": "",
            "onpremises_distinguished_name": "CN=sofia cherednychenko,OU=Engineering,OU=Users,OU=SLV,DC=slv,DC=zuora",
            "onpremises_domain_name": "slv.zuora",
            "onpremises_immutable_id": "zO6wINChHEaJNfbuodJK3w==",
            "onpremises_sam_account_name": "scherednychenko",
            "onpremises_security_identifier": "S-1-5-21-3817241737-3308883144-2824690780-17978",
            "onpremises_sync_enabled": true,
            "onpremises_user_principal_name": "scherednychenko@slv.zuora",
            "other_mails": [],
            "postal_code": "",
            "preferred_language": "",
            "proxy_addresses": [
              "smtp:scherednychenko@zuoracloudeng.onmicrosoft.com",
              "SMTP:scherednychenko@zuora.com"
            ],
            "show_in_address_list": false,
            "state": "",
            "street_address": "",
            "surname": "cherednychenko",
            "timeouts": null,
            "usage_location": "",
            "user_principal_name": "scherednychenko@zuoracloudeng.onmicrosoft.com",
            "user_type": "Member"
          },
          "sensitive_attributes": []
        },
        {
          "index_key": "scott.blashek",
          "schema_version": 0,
          "attributes": {
            "account_enabled": true,
            "age_group": "",
            "business_phones": [],
            "city": "",
            "company_name": "",
            "consent_provided_for_minor": "",
            "cost_center": null,
            "country": "",
            "creation_type": "",
            "department": "",
            "display_name": "Scott Blashek",
            "division": null,
            "employee_id": "",
            "employee_type": "",
            "external_user_state": "",
            "fax_number": "",
            "given_name": "Scott",
            "id": "eb720c0d-9e7d-4257-b458-b63e6795951d",
            "im_addresses": [],
            "job_title": "",
            "mail": "scott.blashek@zuora.com",
            "mail_nickname": "scott.blashek",
            "manager_id": "",
            "mobile_phone": "",
            "object_id": "eb720c0d-9e7d-4257-b458-b63e6795951d",
            "office_location": "",
            "onpremises_distinguished_name": "CN=Scott Blashek,OU=US,OU=Global Support,OU=Customer Success,OU=Zuora,OU=Users,OU=SLV,DC=slv,DC=zuora",
            "onpremises_domain_name": "slv.zuora",
            "onpremises_immutable_id": "VdjJh6pP3U2g0aON/8jgoA==",
            "onpremises_sam_account_name": "sblashek",
            "onpremises_security_identifier": "S-1-5-21-3817241737-3308883144-2824690780-1361",
            "onpremises_sync_enabled": true,
            "onpremises_user_principal_name": "sblashek@slv.zuora",
            "other_mails": [],
            "postal_code": "",
            "preferred_language": "",
            "proxy_addresses": [
              "SMTP:scott.blashek@zuora.com"
            ],
            "show_in_address_list": false,
            "state": "",
            "street_address": "",
            "surname": "Blashek",
            "timeouts": null,
            "usage_location": "",
            "user_principal_name": "scott.blashek@zuoracloudeng.onmicrosoft.com",
            "user_type": "Member"
          },
          "sensitive_attributes": []
        },
        {
          "index_key": "siverma",
          "schema_version": 0,
          "attributes": {
            "account_enabled": false,
            "age_group": "",
            "business_phones": [],
            "city": "",
            "company_name": "",
            "consent_provided_for_minor": "",
            "cost_center": null,
            "country": "",
            "creation_type": "",
            "department": "",
            "display_name": "Siddarth Verma",
            "division": null,
            "employee_id": "",
            "employee_type": "",
            "external_user_state": "",
            "fax_number": "",
            "given_name": "Siddarth",
            "id": "7dc09ede-245c-4e1c-a762-a17faeab9cf7",
            "im_addresses": [],
            "job_title": "",
            "mail": "siverma@zuora.com",
            "mail_nickname": "siverma",
            "manager_id": "",
            "mobile_phone": "",
            "object_id": "7dc09ede-245c-4e1c-a762-a17faeab9cf7",
            "office_location": "",
            "onpremises_distinguished_name": "CN=Siddarth Verma,OU=TechOps,OU=Users,OU=SLV,DC=slv,DC=zuora",
            "onpremises_domain_name": "slv.zuora",
            "onpremises_immutable_id": "AwgIg9lYL0eWzAslfqYGkw==",
            "onpremises_sam_account_name": "siverma",
            "onpremises_security_identifier": "S-1-5-21-3817241737-3308883144-2824690780-14787",
            "onpremises_sync_enabled": true,
            "onpremises_user_principal_name": "sverma@slv.zuora",
            "other_mails": [],
            "postal_code": "",
            "preferred_language": "",
            "proxy_addresses": [
              "smtp:siverma@zuoracloudeng.onmicrosoft.com",
              "SMTP:siverma@zuora.com"
            ],
            "show_in_address_list": false,
            "state": "",
            "street_address": "",
            "surname": "Verma",
            "timeouts": null,
            "usage_location": "US",
            "user_principal_name": "siverma@zuoracloudeng.onmicrosoft.com",
            "user_type": "Member"
          },
          "sensitive_attributes": []
        },
        {
          "index_key": "skanakaraju",
          "schema_version": 0,
          "attributes": {
            "account_enabled": true,
            "age_group": "",
            "business_phones": [],
            "city": "",
            "company_name": "",
            "consent_provided_for_minor": "",
            "cost_center": null,
            "country": "",
            "creation_type": "",
            "department": "",
            "display_name": "Sathish Kumar Kanakaraju",
            "division": null,
            "employee_id": "",
            "employee_type": "",
            "external_user_state": "",
            "fax_number": "",
            "given_name": "Sathish Kumar",
            "id": "dac1e3eb-4c40-45a0-9181-3a8abada26f1",
            "im_addresses": [],
            "job_title": "",
            "mail": "skanakaraju@zuora.com",
            "mail_nickname": "skanakaraju",
            "manager_id": "",
            "mobile_phone": "",
            "object_id": "dac1e3eb-4c40-45a0-9181-3a8abada26f1",
            "office_location": "",
            "onpremises_distinguished_name": "CN=Sathish Kumar Kanakaraju,OU=TechOps,OU=Users,OU=SLV,DC=slv,DC=zuora",
            "onpremises_domain_name": "slv.zuora",
            "onpremises_immutable_id": "NijG5eiFwkSUyM0dSL6xIg==",
            "onpremises_sam_account_name": "skanakaraju",
            "onpremises_security_identifier": "S-1-5-21-3817241737-3308883144-2824690780-14814",
            "onpremises_sync_enabled": true,
            "onpremises_user_principal_name": "skanakaraju@slv.zuora",
            "other_mails": [],
            "postal_code": "",
            "preferred_language": "",
            "proxy_addresses": [
              "smtp:skanakaraju@zuoracloudeng.onmicrosoft.com",
              "SMTP:skanakaraju@zuora.com"
            ],
            "show_in_address_list": false,
            "state": "",
            "street_address": "",
            "surname": "Kanakaraju",
            "timeouts": null,
            "usage_location": "US",
            "user_principal_name": "skanakaraju@zuoracloudeng.onmicrosoft.com",
            "user_type": "Member"
          },
          "sensitive_attributes": []
        },
        {
          "index_key": "smurillo",
          "schema_version": 0,
          "attributes": {
            "account_enabled": false,
            "age_group": "",
            "business_phones": [],
            "city": "",
            "company_name": "",
            "consent_provided_for_minor": "",
            "cost_center": null,
            "country": "",
            "creation_type": "",
            "department": "",
            "display_name": "Sergio Murillo",
            "division": null,
            "employee_id": "",
            "employee_type": "",
            "external_user_state": "",
            "fax_number": "",
            "given_name": "Sergio",
            "id": "3095de37-bc64-47eb-a2ad-77a937898e68",
            "im_addresses": [],
            "job_title": "",
            "mail": "smurillo@zuora.com",
            "mail_nickname": "smurillo",
            "manager_id": "",
            "mobile_phone": "",
            "object_id": "3095de37-bc64-47eb-a2ad-77a937898e68",
            "office_location": "",
            "onpremises_distinguished_name": "CN=Sergio Murillo,OU=TechOps,OU=Users,OU=SLV,DC=slv,DC=zuora",
            "onpremises_domain_name": "slv.zuora",
            "onpremises_immutable_id": "0ro38VOVN0GXoCxvokDx+A==",
            "onpremises_sam_account_name": "smurillo",
            "onpremises_security_identifier": "S-1-5-21-3817241737-3308883144-2824690780-6614",
            "onpremises_sync_enabled": true,
            "onpremises_user_principal_name": "smurillo@slv.zuora",
            "other_mails": [],
            "postal_code": "",
            "preferred_language": "",
            "proxy_addresses": [
              "SMTP:smurillo@zuora.com"
            ],
            "show_in_address_list": false,
            "state": "",
            "street_address": "",
            "surname": "Murillo",
            "timeouts": null,
            "usage_location": "",
            "user_principal_name": "smurillo@zuoracloudeng.onmicrosoft.com",
            "user_type": "Member"
          },
          "sensitive_attributes": []
        },
        {
          "index_key": "ssrinivasan",
          "schema_version": 0,
          "attributes": {
            "account_enabled": true,
            "age_group": "",
            "business_phones": [],
            "city": "",
            "company_name": "",
            "consent_provided_for_minor": "",
            "cost_center": null,
            "country": "",
            "creation_type": "",
            "department": "",
            "display_name": "Sudakar Srinivasan",
            "division": null,
            "employee_id": "",
            "employee_type": "",
            "external_user_state": "",
            "fax_number": "",
            "given_name": "Sudakar",
            "id": "3b47b77b-d4e5-45c4-9cbb-043eda13bd05",
            "im_addresses": [],
            "job_title": "",
            "mail": "ssrinivasan@zuora.com",
            "mail_nickname": "ssrinivasan",
            "manager_id": "",
            "mobile_phone": "",
            "object_id": "3b47b77b-d4e5-45c4-9cbb-043eda13bd05",
            "office_location": "",
            "onpremises_distinguished_name": "",
            "onpremises_domain_name": "",
            "onpremises_immutable_id": "",
            "onpremises_sam_account_name": "",
            "onpremises_security_identifier": "",
            "onpremises_sync_enabled": false,
            "onpremises_user_principal_name": "",
            "other_mails": [],
            "postal_code": "",
            "preferred_language": "",
            "proxy_addresses": [
              "smtp:ssrinivasan@zuoracloudeng.onmicrosoft.com",
              "SMTP:ssrinivasan@zuora.com"
            ],
            "show_in_address_list": false,
            "state": "",
            "street_address": "",
            "surname": "Srinivasan",
            "timeouts": null,
            "usage_location": "",
            "user_principal_name": "ssrinivasan@zuoracloudeng.onmicrosoft.com",
            "user_type": "Member"
          },
          "sensitive_attributes": []
        },
        {
          "index_key": "ssubbarayalu",
          "schema_version": 0,
          "attributes": {
            "account_enabled": true,
            "age_group": "",
            "business_phones": [],
            "city": "",
            "company_name": "",
            "consent_provided_for_minor": "",
            "cost_center": null,
            "country": "",
            "creation_type": "",
            "department": "",
            "display_name": "Sriram Subbarayalu",
            "division": null,
            "employee_id": "",
            "employee_type": "",
            "external_user_state": "",
            "fax_number": "",
            "given_name": "Sriram",
            "id": "8599d708-ae3a-4729-990d-3a4f25684aff",
            "im_addresses": [],
            "job_title": "",
            "mail": "ssubbarayalu@zuora.com",
            "mail_nickname": "ssubbarayalu",
            "manager_id": "",
            "mobile_phone": "",
            "object_id": "8599d708-ae3a-4729-990d-3a4f25684aff",
            "office_location": "",
            "onpremises_distinguished_name": "CN=Sriram Subbarayalu,OU=TechOps,OU=Users,OU=SLV,DC=slv,DC=zuora",
            "onpremises_domain_name": "slv.zuora",
            "onpremises_immutable_id": "0gyhZDxwhkSDT0IL2ZDZ9w==",
            "onpremises_sam_account_name": "ssubbarayalu",
            "onpremises_security_identifier": "S-1-5-21-3817241737-3308883144-2824690780-14826",
            "onpremises_sync_enabled": true,
            "onpremises_user_principal_name": "ssubbarayalu@slv.zuora",
            "other_mails": [],
            "postal_code": "",
            "preferred_language": "",
            "proxy_addresses": [
              "smtp:ssubbarayalu@zuoracloudeng.onmicrosoft.com",
              "SMTP:ssubbarayalu@zuora.com"
            ],
            "show_in_address_list": false,
            "state": "",
            "street_address": "",
            "surname": "Subbarayalu",
            "timeouts": null,
            "usage_location": "",
            "user_principal_name": "ssubbarayalu@zuoracloudeng.onmicrosoft.com",
            "user_type": "Member"
          },
          "sensitive_attributes": []
        },
        {
          "index_key": "stindell",
          "schema_version": 0,
          "attributes": {
            "account_enabled": true,
            "age_group": "",
            "business_phones": [],
            "city": "",
            "company_name": "",
            "consent_provided_for_minor": "",
            "cost_center": null,
            "country": "",
            "creation_type": "",
            "department": "",
            "display_name": "Sam Tindell",
            "division": null,
            "employee_id": "",
            "employee_type": "",
            "external_user_state": "",
            "fax_number": "",
            "given_name": "Sam",
            "id": "c790d1e3-2613-4f20-958a-66eedd649233",
            "im_addresses": [],
            "job_title": "",
            "mail": "stindell@zuora.com",
            "mail_nickname": "stindell",
            "manager_id": "",
            "mobile_phone": "",
            "object_id": "c790d1e3-2613-4f20-958a-66eedd649233",
            "office_location": "",
            "onpremises_distinguished_name": "CN=Sam Tindell,OU=TechOps,OU=Users,OU=SLV,DC=slv,DC=zuora",
            "onpremises_domain_name": "slv.zuora",
            "onpremises_immutable_id": "jpCyyBQpp0CnuluGOtF8OQ==",
            "onpremises_sam_account_name": "stindell",
            "onpremises_security_identifier": "S-1-5-21-3817241737-3308883144-2824690780-14648",
            "onpremises_sync_enabled": true,
            "onpremises_user_principal_name": "stindell@slv.zuora",
            "other_mails": [],
            "postal_code": "",
            "preferred_language": "",
            "proxy_addresses": [
              "smtp:stindell@zuoracloudeng.onmicrosoft.com",
              "SMTP:stindell@zuora.com"
            ],
            "show_in_address_list": false,
            "state": "",
            "street_address": "",
            "surname": "Tindell",
            "timeouts": null,
            "usage_location": "US",
            "user_principal_name": "stindell@zuoracloudeng.onmicrosoft.com",
            "user_type": "Member"
          },
          "sensitive_attributes": []
        },
        {
          "index_key": "szumbado",
          "schema_version": 0,
          "attributes": {
            "account_enabled": true,
            "age_group": "",
            "business_phones": [],
            "city": "",
            "company_name": "",
            "consent_provided_for_minor": "",
            "cost_center": null,
            "country": "",
            "creation_type": "",
            "department": "",
            "display_name": "sebastian zumbado",
            "division": null,
            "employee_id": "",
            "employee_type": "",
            "external_user_state": "",
            "fax_number": "",
            "given_name": "sebastian",
            "id": "d93df7e3-29da-4b56-9fdc-6b5993d3af3d",
            "im_addresses": [],
            "job_title": "",
            "mail": "szumbado@zuora.com",
            "mail_nickname": "szumbado",
            "manager_id": "",
            "mobile_phone": "",
            "object_id": "d93df7e3-29da-4b56-9fdc-6b5993d3af3d",
            "office_location": "",
            "onpremises_distinguished_name": "CN=sebastian zumbado,OU=TechOps,OU=Users,OU=SLV,DC=slv,DC=zuora",
            "onpremises_domain_name": "slv.zuora",
            "onpremises_immutable_id": "YGn3SYSf8EKx0sc2h01zbA==",
            "onpremises_sam_account_name": "szumbado",
            "onpremises_security_identifier": "S-1-5-21-3817241737-3308883144-2824690780-17975",
            "onpremises_sync_enabled": true,
            "onpremises_user_principal_name": "szumbado@slv.zuora",
            "other_mails": [],
            "postal_code": "",
            "preferred_language": "",
            "proxy_addresses": [
              "smtp:szumbado@zuoracloudeng.onmicrosoft.com",
              "SMTP:szumbado@zuora.com"
            ],
            "show_in_address_list": false,
            "state": "",
            "street_address": "",
            "surname": "zumbado",
            "timeouts": null,
            "usage_location": "US",
            "user_principal_name": "szumbado@zuoracloudeng.onmicrosoft.com",
            "user_type": "Member"
          },
          "sensitive_attributes": []
        },
        {
          "index_key": "tcole.zteam",
          "schema_version": 0,
          "attributes": {
            "account_enabled": false,
            "age_group": "",
            "business_phones": [],
            "city": "",
            "company_name": "",
            "consent_provided_for_minor": "",
            "cost_center": null,
            "country": "",
            "creation_type": "",
            "department": "",
            "display_name": "Tim Cole",
            "division": null,
            "employee_id": "",
            "employee_type": "",
            "external_user_state": "",
            "fax_number": "",
            "given_name": "Tim",
            "id": "623118dc-0711-4ff2-960a-2f4246cc4a88",
            "im_addresses": [],
            "job_title": "",
            "mail": "tcole.zteam@zuora.com",
            "mail_nickname": "tcole.zteam",
            "manager_id": "",
            "mobile_phone": "",
            "object_id": "623118dc-0711-4ff2-960a-2f4246cc4a88",
            "office_location": "",
            "onpremises_distinguished_name": "CN=Tim Cole,OU=TechOps,OU=Users,OU=SLV,DC=slv,DC=zuora",
            "onpremises_domain_name": "slv.zuora",
            "onpremises_immutable_id": "lz5cAjwSqUO0rsg6WX11pQ==",
            "onpremises_sam_account_name": "tcole",
            "onpremises_security_identifier": "S-1-5-21-3817241737-3308883144-2824690780-7500",
            "onpremises_sync_enabled": true,
            "onpremises_user_principal_name": "tcole@slv.zuora",
            "other_mails": [],
            "postal_code": "",
            "preferred_language": "",
            "proxy_addresses": [
              "SMTP:tcole.zteam@zuora.com"
            ],
            "show_in_address_list": false,
            "state": "",
            "street_address": "",
            "surname": "Cole",
            "timeouts": null,
            "usage_location": "",
            "user_principal_name": "tcole.zteam@zuoracloudeng.onmicrosoft.com",
            "user_type": "Member"
          },
          "sensitive_attributes": []
        },
        {
          "index_key": "vfateyev",
          "schema_version": 0,
          "attributes": {
            "account_enabled": false,
            "age_group": "",
            "business_phones": [],
            "city": "",
            "company_name": "",
            "consent_provided_for_minor": "",
            "cost_center": null,
            "country": "",
            "creation_type": "",
            "department": "",
            "display_name": "victor fateyev",
            "division": null,
            "employee_id": "",
            "employee_type": "",
            "external_user_state": "",
            "fax_number": "",
            "given_name": "victor",
            "id": "480a7789-1d04-4dc8-ba50-fb2b5d4449d7",
            "im_addresses": [],
            "job_title": "",
            "mail": "vfateyev@zuora.com",
            "mail_nickname": "vfateyev",
            "manager_id": "",
            "mobile_phone": "",
            "object_id": "480a7789-1d04-4dc8-ba50-fb2b5d4449d7",
            "office_location": "",
            "onpremises_distinguished_name": "CN=victor fateyev,OU=Engineering,OU=Users,OU=SLV,DC=slv,DC=zuora",
            "onpremises_domain_name": "slv.zuora",
            "onpremises_immutable_id": "luC1mr467EK/gPlJOQjMFQ==",
            "onpremises_sam_account_name": "vfateyev",
            "onpremises_security_identifier": "S-1-5-21-3817241737-3308883144-2824690780-17702",
            "onpremises_sync_enabled": true,
            "onpremises_user_principal_name": "vfateyev@slv.zuora",
            "other_mails": [],
            "postal_code": "",
            "preferred_language": "",
            "proxy_addresses": [
              "smtp:vfateyev@zuoracloudeng.onmicrosoft.com",
              "SMTP:vfateyev@zuora.com"
            ],
            "show_in_address_list": false,
            "state": "",
            "street_address": "",
            "surname": "fateyev",
            "timeouts": null,
            "usage_location": "",
            "user_principal_name": "vfateyev@zuoracloudeng.onmicrosoft.com",
            "user_type": "Member"
          },
          "sensitive_attributes": []
        },
        {
          "index_key": "vpattel",
          "schema_version": 0,
          "attributes": {
            "account_enabled": true,
            "age_group": "",
            "business_phones": [],
            "city": "",
            "company_name": "",
            "consent_provided_for_minor": "",
            "cost_center": null,
            "country": "",
            "creation_type": "",
            "department": "",
            "display_name": "Vinod Pattel",
            "division": null,
            "employee_id": "18782",
            "employee_type": "",
            "external_user_state": "",
            "fax_number": "",
            "given_name": "Vinod",
            "id": "fe6bb1f0-8c8d-4477-9a6f-77a00c0c31a1",
            "im_addresses": [
              "vpattel@zuoracloudeng.onmicrosoft.com"
            ],
            "job_title": "",
            "mail": "vpattel@zuora.com",
            "mail_nickname": "vpattel",
            "manager_id": "",
            "mobile_phone": "",
            "object_id": "fe6bb1f0-8c8d-4477-9a6f-77a00c0c31a1",
            "office_location": "/bin/bash",
            "onpremises_distinguished_name": "CN=Vinod Pattel,OU=TechOps,OU=Users,OU=SLV,DC=slv,DC=zuora",
            "onpremises_domain_name": "slv.zuora",
            "onpremises_immutable_id": "yi/5Sy/nBU6m2wBRq2UugA==",
            "onpremises_sam_account_name": "vpattel",
            "onpremises_security_identifier": "S-1-5-21-3817241737-3308883144-2824690780-14917",
            "onpremises_sync_enabled": true,
            "onpremises_user_principal_name": "vpattel@slv.zuora",
            "other_mails": [],
            "postal_code": "",
            "preferred_language": "",
            "proxy_addresses": [
              "smtp:vpattel@zuoracloudeng.onmicrosoft.com",
              "SMTP:vpattel@zuora.com"
            ],
            "show_in_address_list": false,
            "state": "",
            "street_address": "/home/vpattel/",
            "surname": "Pattel",
            "timeouts": null,
            "usage_location": "US",
            "user_principal_name": "vpattel@zuoracloudeng.onmicrosoft.com",
            "user_type": "Member"
          },
          "sensitive_attributes": []
        },
        {
          "index_key": "ykrestyansky",
          "schema_version": 0,
          "attributes": {
            "account_enabled": false,
            "age_group": "",
            "business_phones": [],
            "city": "",
            "company_name": "",
            "consent_provided_for_minor": "",
            "cost_center": null,
            "country": "",
            "creation_type": "",
            "department": "",
            "display_name": "yuri krestyansky",
            "division": null,
            "employee_id": "",
            "employee_type": "",
            "external_user_state": "",
            "fax_number": "",
            "given_name": "yuri",
            "id": "5c068988-b589-48f9-b707-aa62c9c95ff4",
            "im_addresses": [],
            "job_title": "",
            "mail": "ykrestyansky@zuora.com",
            "mail_nickname": "ykrestyansky",
            "manager_id": "",
            "mobile_phone": "",
            "object_id": "5c068988-b589-48f9-b707-aa62c9c95ff4",
            "office_location": "",
            "onpremises_distinguished_name": "CN=yuri krestyansky,OU=Engineering,OU=Users,OU=SLV,DC=slv,DC=zuora",
            "onpremises_domain_name": "slv.zuora",
            "onpremises_immutable_id": "P91ln14A8EaC3YVl2M2weA==",
            "onpremises_sam_account_name": "ykrestyansky",
            "onpremises_security_identifier": "S-1-5-21-3817241737-3308883144-2824690780-17968",
            "onpremises_sync_enabled": true,
            "onpremises_user_principal_name": "ykrestyansky@slv.zuora",
            "other_mails": [],
            "postal_code": "",
            "preferred_language": "",
            "proxy_addresses": [
              "smtp:ykrestyansky@zuoracloudeng.onmicrosoft.com",
              "SMTP:ykrestyansky@zuora.com"
            ],
            "show_in_address_list": false,
            "state": "",
            "street_address": "",
            "surname": "krestyansky",
            "timeouts": null,
            "usage_location": "",
            "user_principal_name": "ykrestyansky@zuoracloudeng.onmicrosoft.com",
            "user_type": "Member"
          },
          "sensitive_attributes": []
        }
      ]
    },
    {
      "module": "module.ad_users_and_groups",
      "mode": "managed",
      "type": "azuread_group",
      "name": "csv_group",
      "provider": "provider[\"registry.terraform.io/hashicorp/azuread\"]",
      "instances": [
        {
          "index_key": "AWS-EKS-Privileged-Administrator-Dev",
          "schema_version": 0,
          "attributes": {
            "assignable_to_role": false,
            "auto_subscribe_new_members": false,
            "behaviors": [],
            "description": "",
            "display_name": "AWS-EKS-Privileged-Administrator-Dev",
            "dynamic_membership": [],
            "external_senders_allowed": false,
            "hide_from_address_lists": false,
            "hide_from_outlook_clients": false,
            "id": "c7a87907-3cc4-4ffe-9b30-6b8655f0cb0d",
            "mail": "",
            "mail_enabled": false,
            "mail_nickname": "69fb0096-d",
            "members": [],
            "object_id": "c7a87907-3cc4-4ffe-9b30-6b8655f0cb0d",
            "onpremises_domain_name": "",
            "onpremises_netbios_name": "",
            "onpremises_sam_account_name": "",
            "onpremises_security_identifier": "",
            "onpremises_sync_enabled": false,
            "owners": [
              "c790d1e3-2613-4f20-958a-66eedd649233"
            ],
            "preferred_language": "",
            "prevent_duplicate_names": false,
            "provisioning_options": [],
            "proxy_addresses": [],
            "security_enabled": true,
            "theme": "",
            "timeouts": null,
            "types": [],
            "visibility": ""
          },
          "sensitive_attributes": [],
          "private": "eyJlMmJmYjczMC1lY2FhLTExZTYtOGY4OC0zNDM2M2JjN2M0YzAiOnsiY3JlYXRlIjoxMjAwMDAwMDAwMDAwLCJkZWxldGUiOjMwMDAwMDAwMDAwMCwicmVhZCI6MzAwMDAwMDAwMDAwLCJ1cGRhdGUiOjEyMDAwMDAwMDAwMDB9fQ=="
        },
        {
          "index_key": "AWS-EKS-Privileged-Administrator-Prod",
          "schema_version": 0,
          "attributes": {
            "assignable_to_role": false,
            "auto_subscribe_new_members": false,
            "behaviors": [],
            "description": "",
            "display_name": "AWS-EKS-Privileged-Administrator-Prod",
            "dynamic_membership": [],
            "external_senders_allowed": false,
            "hide_from_address_lists": false,
            "hide_from_outlook_clients": false,
            "id": "7b8c5cb9-2d5c-4579-98c9-2328b6fd584a",
            "mail": "",
            "mail_enabled": false,
            "mail_nickname": "06fd5475-0",
            "members": [
              "0259e593-c097-4e5a-bf39-998ddc279a15",
              "0261ce78-e439-4786-abae-90972c759a2f",
              "173ed7f1-0e13-46f0-afa5-1538defc345d",
              "3095de37-bc64-47eb-a2ad-77a937898e68",
              "3521ba97-615b-4534-9c07-0909371af278",
              "3b47b77b-d4e5-45c4-9cbb-043eda13bd05",
              "437d7d06-f046-4cc6-ba5a-a77b0f1b4e49",
              "480a7789-1d04-4dc8-ba50-fb2b5d4449d7",
              "4e62c2a4-8882-47e1-9747-31b0cc1693ea",
              "4fdab65d-e155-4b8d-98e3-818104e0b4db",
              "58682b36-2743-4c31-870e-0e3770aad582",
              "5a124a8d-3f1b-492a-8e1b-e672647d3197",
              "5c068988-b589-48f9-b707-aa62c9c95ff4",
              "623118dc-0711-4ff2-960a-2f4246cc4a88",
              "673a6485-5479-4afc-8397-8e26e23a8137",
              "6840bdaf-9298-4210-9503-3b96090989a0",
              "6e6ab103-294b-4f89-8caf-04807714eebc",
              "74c9e3f0-f6db-461a-9114-87807a32d738",
              "799c9d6d-9af5-46eb-9aaa-6c720010eb2e",
              "7b54b05c-44de-4e06-aa5b-659d479e5cf1",
              "7dc09ede-245c-4e1c-a762-a17faeab9cf7",
              "81774362-bd64-4201-b6f7-2ea51598b94c",
              "8599d708-ae3a-4729-990d-3a4f25684aff",
              "87d2c2a2-5fb3-4cfa-a1c7-491f45d5c76d",
              "927bc3bf-030a-4f3b-8eb3-d403c4614775",
              "97960386-c8d7-463d-8063-c0b3fe7516d1",
              "a5319955-6b6b-48bc-be64-142c1a6dddc6",
              "ab3c797a-43d8-474a-805e-be614452b71b",
              "af177568-d7cd-4616-a6de-f82c65caa629",
              "afc797cc-dba7-4fbb-8ca1-0281f2d10496",
              "ba892295-9bbf-4f8d-acf4-9c8329594644",
              "bf5e3763-5ecb-46aa-8721-35e31e8246b0",
              "c1341bf8-00e5-4e8d-80f5-4782313c6d47",
              "c1385874-7b75-4e75-a70e-9588c9d5e7a4",
              "c715c157-ae2c-408b-8707-1473b0c0d909",
              "c790d1e3-2613-4f20-958a-66eedd649233",
              "cb05bdb4-c18b-4fd7-9820-26aba69f6948",
              "ccd32220-2b82-4b6d-bcb4-f81342a07733",
              "d30444bf-e821-498e-9bde-e36cefc6b941",
              "d93df7e3-29da-4b56-9fdc-6b5993d3af3d",
              "dac1e3eb-4c40-45a0-9181-3a8abada26f1",
              "dea17c9c-eaa0-4f6b-8306-47b00a3f4cb6",
              "e914d62e-7afb-4ae1-a1e4-55a1c107027d",
              "ead3f983-27a4-4b1f-969f-1aeca96d75b8",
              "eb720c0d-9e7d-4257-b458-b63e6795951d",
              "f08c1914-5c54-47f7-9f05-6476dd201014",
              "f4546d36-b523-4f87-b272-1abf1470eddd",
              "f50028c3-09f7-4ced-ba70-1e339db20bf4",
              "fd22ac05-79f6-4d89-8c76-d0f0b824b74c",
              "fe6bb1f0-8c8d-4477-9a6f-77a00c0c31a1",
              "fea97b7f-bc65-4148-986f-e6ebad854221",
              "feab5c87-8ae9-479d-9d0c-b43d5d4c92ed"
            ],
            "object_id": "7b8c5cb9-2d5c-4579-98c9-2328b6fd584a",
            "onpremises_domain_name": "",
            "onpremises_netbios_name": "",
            "onpremises_sam_account_name": "",
            "onpremises_security_identifier": "",
            "onpremises_sync_enabled": false,
            "owners": [
              "c790d1e3-2613-4f20-958a-66eedd649233"
            ],
            "preferred_language": "",
            "prevent_duplicate_names": false,
            "provisioning_options": [],
            "proxy_addresses": [],
            "security_enabled": true,
            "theme": "",
            "timeouts": null,
            "types": [],
            "visibility": ""
          },
          "sensitive_attributes": [],
          "private": "eyJlMmJmYjczMC1lY2FhLTExZTYtOGY4OC0zNDM2M2JjN2M0YzAiOnsiY3JlYXRlIjoxMjAwMDAwMDAwMDAwLCJkZWxldGUiOjMwMDAwMDAwMDAwMCwicmVhZCI6MzAwMDAwMDAwMDAwLCJ1cGRhdGUiOjEyMDAwMDAwMDAwMDB9fQ=="
        },
        {
          "index_key": "AWS-EKS-Privileged-ReadOnly",
          "schema_version": 0,
          "attributes": {
            "assignable_to_role": false,
            "auto_subscribe_new_members": false,
            "behaviors": [],
            "description": "",
            "display_name": "AWS-EKS-Privileged-ReadOnly",
            "dynamic_membership": [],
            "external_senders_allowed": false,
            "hide_from_address_lists": false,
            "hide_from_outlook_clients": false,
            "id": "96d75b6c-4fe5-42be-a621-c82dbcb6180e",
            "mail": "",
            "mail_enabled": false,
            "mail_nickname": "63c66785-e",
            "members": [],
            "object_id": "96d75b6c-4fe5-42be-a621-c82dbcb6180e",
            "onpremises_domain_name": "",
            "onpremises_netbios_name": "",
            "onpremises_sam_account_name": "",
            "onpremises_security_identifier": "",
            "onpremises_sync_enabled": false,
            "owners": [
              "c790d1e3-2613-4f20-958a-66eedd649233"
            ],
            "preferred_language": "",
            "prevent_duplicate_names": false,
            "provisioning_options": [],
            "proxy_addresses": [],
            "security_enabled": true,
            "theme": "",
            "timeouts": null,
            "types": [],
            "visibility": ""
          },
          "sensitive_attributes": [],
          "private": "eyJlMmJmYjczMC1lY2FhLTExZTYtOGY4OC0zNDM2M2JjN2M0YzAiOnsiY3JlYXRlIjoxMjAwMDAwMDAwMDAwLCJkZWxldGUiOjMwMDAwMDAwMDAwMCwicmVhZCI6MzAwMDAwMDAwMDAwLCJ1cGRhdGUiOjEyMDAwMDAwMDAwMDB9fQ=="
        }
      ]
    },
    {
      "module": "module.ad_users_and_groups",
      "mode": "managed",
      "type": "azuread_group_member",
      "name": "group_membership",
      "provider": "provider[\"registry.terraform.io/hashicorp/azuread\"]",
      "instances": [
        {
          "index_key": "0259e593-c097-4e5a-bf39-998ddc279a15 0ddece18-3279-456a-bd01-4540793699db",
          "schema_version": 0,
          "attributes": {
            "group_object_id": "0ddece18-3279-456a-bd01-4540793699db",
            "id": "0ddece18-3279-456a-bd01-4540793699db/member/0259e593-c097-4e5a-bf39-998ddc279a15",
            "member_object_id": "0259e593-c097-4e5a-bf39-998ddc279a15",
            "timeouts": null
          },
          "sensitive_attributes": [],
          "private": "eyJlMmJmYjczMC1lY2FhLTExZTYtOGY4OC0zNDM2M2JjN2M0YzAiOnsiY3JlYXRlIjozMDAwMDAwMDAwMDAsImRlbGV0ZSI6MzAwMDAwMDAwMDAwLCJyZWFkIjozMDAwMDAwMDAwMDAsInVwZGF0ZSI6MzAwMDAwMDAwMDAwfX0=",
          "dependencies": [
            "module.ad_users_and_groups.azuread_group.csv_group",
            "module.ad_users_and_groups.data.azuread_user.existing_users"
          ]
        },
        {
          "index_key": "0259e593-c097-4e5a-bf39-998ddc279a15 7152762a-c4a0-47b0-b0a8-162e287be8fb",
          "schema_version": 0,
          "attributes": {
            "group_object_id": "7152762a-c4a0-47b0-b0a8-162e287be8fb",
            "id": "7152762a-c4a0-47b0-b0a8-162e287be8fb/member/0259e593-c097-4e5a-bf39-998ddc279a15",
            "member_object_id": "0259e593-c097-4e5a-bf39-998ddc279a15",
            "timeouts": null
          },
          "sensitive_attributes": [],
          "private": "eyJlMmJmYjczMC1lY2FhLTExZTYtOGY4OC0zNDM2M2JjN2M0YzAiOnsiY3JlYXRlIjozMDAwMDAwMDAwMDAsImRlbGV0ZSI6MzAwMDAwMDAwMDAwLCJyZWFkIjozMDAwMDAwMDAwMDAsInVwZGF0ZSI6MzAwMDAwMDAwMDAwfX0=",
          "dependencies": [
            "module.ad_users_and_groups.azuread_group.csv_group",
            "module.ad_users_and_groups.data.azuread_user.existing_users"
          ]
        },
        {
          "index_key": "0259e593-c097-4e5a-bf39-998ddc279a15 7b8c5cb9-2d5c-4579-98c9-2328b6fd584a",
          "schema_version": 0,
          "attributes": {
            "group_object_id": "7b8c5cb9-2d5c-4579-98c9-2328b6fd584a",
            "id": "7b8c5cb9-2d5c-4579-98c9-2328b6fd584a/member/0259e593-c097-4e5a-bf39-998ddc279a15",
            "member_object_id": "0259e593-c097-4e5a-bf39-998ddc279a15",
            "timeouts": null
          },
          "sensitive_attributes": [],
          "private": "eyJlMmJmYjczMC1lY2FhLTExZTYtOGY4OC0zNDM2M2JjN2M0YzAiOnsiY3JlYXRlIjozMDAwMDAwMDAwMDAsImRlbGV0ZSI6MzAwMDAwMDAwMDAwLCJyZWFkIjozMDAwMDAwMDAwMDAsInVwZGF0ZSI6MzAwMDAwMDAwMDAwfX0=",
          "dependencies": [
            "module.ad_users_and_groups.azuread_group.csv_group",
            "module.ad_users_and_groups.data.azuread_user.existing_users"
          ]
        },
        {
          "index_key": "0259e593-c097-4e5a-bf39-998ddc279a15 9a973982-0b50-4cf4-8343-1e7f04aeb0b7",
          "schema_version": 0,
          "attributes": {
            "group_object_id": "9a973982-0b50-4cf4-8343-1e7f04aeb0b7",
            "id": "9a973982-0b50-4cf4-8343-1e7f04aeb0b7/member/0259e593-c097-4e5a-bf39-998ddc279a15",
            "member_object_id": "0259e593-c097-4e5a-bf39-998ddc279a15",
            "timeouts": null
          },
          "sensitive_attributes": [],
          "private": "eyJlMmJmYjczMC1lY2FhLTExZTYtOGY4OC0zNDM2M2JjN2M0YzAiOnsiY3JlYXRlIjozMDAwMDAwMDAwMDAsImRlbGV0ZSI6MzAwMDAwMDAwMDAwLCJyZWFkIjozMDAwMDAwMDAwMDAsInVwZGF0ZSI6MzAwMDAwMDAwMDAwfX0=",
          "dependencies": [
            "module.ad_users_and_groups.azuread_group.csv_group",
            "module.ad_users_and_groups.data.azuread_user.existing_users"
          ]
        },
        {
          "index_key": "0259e593-c097-4e5a-bf39-998ddc279a15 dc4e6b71-957e-4af0-9d5b-4394e292c9a2",
          "schema_version": 0,
          "attributes": {
            "group_object_id": "dc4e6b71-957e-4af0-9d5b-4394e292c9a2",
            "id": "dc4e6b71-957e-4af0-9d5b-4394e292c9a2/member/0259e593-c097-4e5a-bf39-998ddc279a15",
            "member_object_id": "0259e593-c097-4e5a-bf39-998ddc279a15",
            "timeouts": null
          },
          "sensitive_attributes": [],
          "private": "eyJlMmJmYjczMC1lY2FhLTExZTYtOGY4OC0zNDM2M2JjN2M0YzAiOnsiY3JlYXRlIjozMDAwMDAwMDAwMDAsImRlbGV0ZSI6MzAwMDAwMDAwMDAwLCJyZWFkIjozMDAwMDAwMDAwMDAsInVwZGF0ZSI6MzAwMDAwMDAwMDAwfX0=",
          "dependencies": [
            "module.ad_users_and_groups.azuread_group.csv_group",
            "module.ad_users_and_groups.data.azuread_user.existing_users"
          ]
        },
        {
          "index_key": "0261ce78-e439-4786-abae-90972c759a2f 0ddece18-3279-456a-bd01-4540793699db",
          "schema_version": 0,
          "attributes": {
            "group_object_id": "0ddece18-3279-456a-bd01-4540793699db",
            "id": "0ddece18-3279-456a-bd01-4540793699db/member/0261ce78-e439-4786-abae-90972c759a2f",
            "member_object_id": "0261ce78-e439-4786-abae-90972c759a2f",
            "timeouts": null
          },
          "sensitive_attributes": [],
          "private": "eyJlMmJmYjczMC1lY2FhLTExZTYtOGY4OC0zNDM2M2JjN2M0YzAiOnsiY3JlYXRlIjozMDAwMDAwMDAwMDAsImRlbGV0ZSI6MzAwMDAwMDAwMDAwLCJyZWFkIjozMDAwMDAwMDAwMDAsInVwZGF0ZSI6MzAwMDAwMDAwMDAwfX0=",
          "dependencies": [
            "module.ad_users_and_groups.azuread_group.csv_group",
            "module.ad_users_and_groups.data.azuread_user.existing_users"
          ]
        },
        {
          "index_key": "0261ce78-e439-4786-abae-90972c759a2f 7152762a-c4a0-47b0-b0a8-162e287be8fb",
          "schema_version": 0,
          "attributes": {
            "group_object_id": "7152762a-c4a0-47b0-b0a8-162e287be8fb",
            "id": "7152762a-c4a0-47b0-b0a8-162e287be8fb/member/0261ce78-e439-4786-abae-90972c759a2f",
            "member_object_id": "0261ce78-e439-4786-abae-90972c759a2f",
            "timeouts": null
          },
          "sensitive_attributes": [],
          "private": "eyJlMmJmYjczMC1lY2FhLTExZTYtOGY4OC0zNDM2M2JjN2M0YzAiOnsiY3JlYXRlIjozMDAwMDAwMDAwMDAsImRlbGV0ZSI6MzAwMDAwMDAwMDAwLCJyZWFkIjozMDAwMDAwMDAwMDAsInVwZGF0ZSI6MzAwMDAwMDAwMDAwfX0=",
          "dependencies": [
            "module.ad_users_and_groups.azuread_group.csv_group",
            "module.ad_users_and_groups.data.azuread_user.existing_users"
          ]
        },
        {
          "index_key": "0261ce78-e439-4786-abae-90972c759a2f 7b8c5cb9-2d5c-4579-98c9-2328b6fd584a",
          "schema_version": 0,
          "attributes": {
            "group_object_id": "7b8c5cb9-2d5c-4579-98c9-2328b6fd584a",
            "id": "7b8c5cb9-2d5c-4579-98c9-2328b6fd584a/member/0261ce78-e439-4786-abae-90972c759a2f",
            "member_object_id": "0261ce78-e439-4786-abae-90972c759a2f",
            "timeouts": null
          },
          "sensitive_attributes": [],
          "private": "eyJlMmJmYjczMC1lY2FhLTExZTYtOGY4OC0zNDM2M2JjN2M0YzAiOnsiY3JlYXRlIjozMDAwMDAwMDAwMDAsImRlbGV0ZSI6MzAwMDAwMDAwMDAwLCJyZWFkIjozMDAwMDAwMDAwMDAsInVwZGF0ZSI6MzAwMDAwMDAwMDAwfX0=",
          "dependencies": [
            "module.ad_users_and_groups.azuread_group.csv_group",
            "module.ad_users_and_groups.data.azuread_user.existing_users"
          ]
        },
        {
          "index_key": "0261ce78-e439-4786-abae-90972c759a2f 9a973982-0b50-4cf4-8343-1e7f04aeb0b7",
          "schema_version": 0,
          "attributes": {
            "group_object_id": "9a973982-0b50-4cf4-8343-1e7f04aeb0b7",
            "id": "9a973982-0b50-4cf4-8343-1e7f04aeb0b7/member/0261ce78-e439-4786-abae-90972c759a2f",
            "member_object_id": "0261ce78-e439-4786-abae-90972c759a2f",
            "timeouts": null
          },
          "sensitive_attributes": [],
          "private": "eyJlMmJmYjczMC1lY2FhLTExZTYtOGY4OC0zNDM2M2JjN2M0YzAiOnsiY3JlYXRlIjozMDAwMDAwMDAwMDAsImRlbGV0ZSI6MzAwMDAwMDAwMDAwLCJyZWFkIjozMDAwMDAwMDAwMDAsInVwZGF0ZSI6MzAwMDAwMDAwMDAwfX0=",
          "dependencies": [
            "module.ad_users_and_groups.azuread_group.csv_group",
            "module.ad_users_and_groups.data.azuread_user.existing_users"
          ]
        },
        {
          "index_key": "0261ce78-e439-4786-abae-90972c759a2f dc4e6b71-957e-4af0-9d5b-4394e292c9a2",
          "schema_version": 0,
          "attributes": {
            "group_object_id": "dc4e6b71-957e-4af0-9d5b-4394e292c9a2",
            "id": "dc4e6b71-957e-4af0-9d5b-4394e292c9a2/member/0261ce78-e439-4786-abae-90972c759a2f",
            "member_object_id": "0261ce78-e439-4786-abae-90972c759a2f",
            "timeouts": null
          },
          "sensitive_attributes": [],
          "private": "eyJlMmJmYjczMC1lY2FhLTExZTYtOGY4OC0zNDM2M2JjN2M0YzAiOnsiY3JlYXRlIjozMDAwMDAwMDAwMDAsImRlbGV0ZSI6MzAwMDAwMDAwMDAwLCJyZWFkIjozMDAwMDAwMDAwMDAsInVwZGF0ZSI6MzAwMDAwMDAwMDAwfX0=",
          "dependencies": [
            "module.ad_users_and_groups.azuread_group.csv_group",
            "module.ad_users_and_groups.data.azuread_user.existing_users"
          ]
        },
        {
          "index_key": "173ed7f1-0e13-46f0-afa5-1538defc345d 0ddece18-3279-456a-bd01-4540793699db",
          "schema_version": 0,
          "attributes": {
            "group_object_id": "0ddece18-3279-456a-bd01-4540793699db",
            "id": "0ddece18-3279-456a-bd01-4540793699db/member/173ed7f1-0e13-46f0-afa5-1538defc345d",
            "member_object_id": "173ed7f1-0e13-46f0-afa5-1538defc345d",
            "timeouts": null
          },
          "sensitive_attributes": [],
          "private": "eyJlMmJmYjczMC1lY2FhLTExZTYtOGY4OC0zNDM2M2JjN2M0YzAiOnsiY3JlYXRlIjozMDAwMDAwMDAwMDAsImRlbGV0ZSI6MzAwMDAwMDAwMDAwLCJyZWFkIjozMDAwMDAwMDAwMDAsInVwZGF0ZSI6MzAwMDAwMDAwMDAwfX0=",
          "dependencies": [
            "module.ad_users_and_groups.azuread_group.csv_group",
            "module.ad_users_and_groups.data.azuread_user.existing_users"
          ]
        },
        {
          "index_key": "173ed7f1-0e13-46f0-afa5-1538defc345d 7152762a-c4a0-47b0-b0a8-162e287be8fb",
          "schema_version": 0,
          "attributes": {
            "group_object_id": "7152762a-c4a0-47b0-b0a8-162e287be8fb",
            "id": "7152762a-c4a0-47b0-b0a8-162e287be8fb/member/173ed7f1-0e13-46f0-afa5-1538defc345d",
            "member_object_id": "173ed7f1-0e13-46f0-afa5-1538defc345d",
            "timeouts": null
          },
          "sensitive_attributes": [],
          "private": "eyJlMmJmYjczMC1lY2FhLTExZTYtOGY4OC0zNDM2M2JjN2M0YzAiOnsiY3JlYXRlIjozMDAwMDAwMDAwMDAsImRlbGV0ZSI6MzAwMDAwMDAwMDAwLCJyZWFkIjozMDAwMDAwMDAwMDAsInVwZGF0ZSI6MzAwMDAwMDAwMDAwfX0=",
          "dependencies": [
            "module.ad_users_and_groups.azuread_group.csv_group",
            "module.ad_users_and_groups.data.azuread_user.existing_users"
          ]
        },
        {
          "index_key": "173ed7f1-0e13-46f0-afa5-1538defc345d 7b8c5cb9-2d5c-4579-98c9-2328b6fd584a",
          "schema_version": 0,
          "attributes": {
            "group_object_id": "7b8c5cb9-2d5c-4579-98c9-2328b6fd584a",
            "id": "7b8c5cb9-2d5c-4579-98c9-2328b6fd584a/member/173ed7f1-0e13-46f0-afa5-1538defc345d",
            "member_object_id": "173ed7f1-0e13-46f0-afa5-1538defc345d",
            "timeouts": null
          },
          "sensitive_attributes": [],
          "private": "eyJlMmJmYjczMC1lY2FhLTExZTYtOGY4OC0zNDM2M2JjN2M0YzAiOnsiY3JlYXRlIjozMDAwMDAwMDAwMDAsImRlbGV0ZSI6MzAwMDAwMDAwMDAwLCJyZWFkIjozMDAwMDAwMDAwMDAsInVwZGF0ZSI6MzAwMDAwMDAwMDAwfX0=",
          "dependencies": [
            "module.ad_users_and_groups.azuread_group.csv_group",
            "module.ad_users_and_groups.data.azuread_user.existing_users"
          ]
        },
        {
          "index_key": "173ed7f1-0e13-46f0-afa5-1538defc345d 9a973982-0b50-4cf4-8343-1e7f04aeb0b7",
          "schema_version": 0,
          "attributes": {
            "group_object_id": "9a973982-0b50-4cf4-8343-1e7f04aeb0b7",
            "id": "9a973982-0b50-4cf4-8343-1e7f04aeb0b7/member/173ed7f1-0e13-46f0-afa5-1538defc345d",
            "member_object_id": "173ed7f1-0e13-46f0-afa5-1538defc345d",
            "timeouts": null
          },
          "sensitive_attributes": [],
          "private": "eyJlMmJmYjczMC1lY2FhLTExZTYtOGY4OC0zNDM2M2JjN2M0YzAiOnsiY3JlYXRlIjozMDAwMDAwMDAwMDAsImRlbGV0ZSI6MzAwMDAwMDAwMDAwLCJyZWFkIjozMDAwMDAwMDAwMDAsInVwZGF0ZSI6MzAwMDAwMDAwMDAwfX0=",
          "dependencies": [
            "module.ad_users_and_groups.azuread_group.csv_group",
            "module.ad_users_and_groups.data.azuread_user.existing_users"
          ]
        },
        {
          "index_key": "173ed7f1-0e13-46f0-afa5-1538defc345d dc4e6b71-957e-4af0-9d5b-4394e292c9a2",
          "schema_version": 0,
          "attributes": {
            "group_object_id": "dc4e6b71-957e-4af0-9d5b-4394e292c9a2",
            "id": "dc4e6b71-957e-4af0-9d5b-4394e292c9a2/member/173ed7f1-0e13-46f0-afa5-1538defc345d",
            "member_object_id": "173ed7f1-0e13-46f0-afa5-1538defc345d",
            "timeouts": null
          },
          "sensitive_attributes": [],
          "private": "eyJlMmJmYjczMC1lY2FhLTExZTYtOGY4OC0zNDM2M2JjN2M0YzAiOnsiY3JlYXRlIjozMDAwMDAwMDAwMDAsImRlbGV0ZSI6MzAwMDAwMDAwMDAwLCJyZWFkIjozMDAwMDAwMDAwMDAsInVwZGF0ZSI6MzAwMDAwMDAwMDAwfX0=",
          "dependencies": [
            "module.ad_users_and_groups.azuread_group.csv_group",
            "module.ad_users_and_groups.data.azuread_user.existing_users"
          ]
        },
        {
          "index_key": "3095de37-bc64-47eb-a2ad-77a937898e68 0ddece18-3279-456a-bd01-4540793699db",
          "schema_version": 0,
          "attributes": {
            "group_object_id": "0ddece18-3279-456a-bd01-4540793699db",
            "id": "0ddece18-3279-456a-bd01-4540793699db/member/3095de37-bc64-47eb-a2ad-77a937898e68",
            "member_object_id": "3095de37-bc64-47eb-a2ad-77a937898e68",
            "timeouts": null
          },
          "sensitive_attributes": [],
          "private": "eyJlMmJmYjczMC1lY2FhLTExZTYtOGY4OC0zNDM2M2JjN2M0YzAiOnsiY3JlYXRlIjozMDAwMDAwMDAwMDAsImRlbGV0ZSI6MzAwMDAwMDAwMDAwLCJyZWFkIjozMDAwMDAwMDAwMDAsInVwZGF0ZSI6MzAwMDAwMDAwMDAwfX0=",
          "dependencies": [
            "module.ad_users_and_groups.azuread_group.csv_group",
            "module.ad_users_and_groups.data.azuread_user.existing_users"
          ]
        },
        {
          "index_key": "3095de37-bc64-47eb-a2ad-77a937898e68 7152762a-c4a0-47b0-b0a8-162e287be8fb",
          "schema_version": 0,
          "attributes": {
            "group_object_id": "7152762a-c4a0-47b0-b0a8-162e287be8fb",
            "id": "7152762a-c4a0-47b0-b0a8-162e287be8fb/member/3095de37-bc64-47eb-a2ad-77a937898e68",
            "member_object_id": "3095de37-bc64-47eb-a2ad-77a937898e68",
            "timeouts": null
          },
          "sensitive_attributes": [],
          "private": "eyJlMmJmYjczMC1lY2FhLTExZTYtOGY4OC0zNDM2M2JjN2M0YzAiOnsiY3JlYXRlIjozMDAwMDAwMDAwMDAsImRlbGV0ZSI6MzAwMDAwMDAwMDAwLCJyZWFkIjozMDAwMDAwMDAwMDAsInVwZGF0ZSI6MzAwMDAwMDAwMDAwfX0=",
          "dependencies": [
            "module.ad_users_and_groups.azuread_group.csv_group",
            "module.ad_users_and_groups.data.azuread_user.existing_users"
          ]
        },
        {
          "index_key": "3095de37-bc64-47eb-a2ad-77a937898e68 7b8c5cb9-2d5c-4579-98c9-2328b6fd584a",
          "schema_version": 0,
          "attributes": {
            "group_object_id": "7b8c5cb9-2d5c-4579-98c9-2328b6fd584a",
            "id": "7b8c5cb9-2d5c-4579-98c9-2328b6fd584a/member/3095de37-bc64-47eb-a2ad-77a937898e68",
            "member_object_id": "3095de37-bc64-47eb-a2ad-77a937898e68",
            "timeouts": null
          },
          "sensitive_attributes": [],
          "private": "eyJlMmJmYjczMC1lY2FhLTExZTYtOGY4OC0zNDM2M2JjN2M0YzAiOnsiY3JlYXRlIjozMDAwMDAwMDAwMDAsImRlbGV0ZSI6MzAwMDAwMDAwMDAwLCJyZWFkIjozMDAwMDAwMDAwMDAsInVwZGF0ZSI6MzAwMDAwMDAwMDAwfX0=",
          "dependencies": [
            "module.ad_users_and_groups.azuread_group.csv_group",
            "module.ad_users_and_groups.data.azuread_user.existing_users"
          ]
        },
        {
          "index_key": "3095de37-bc64-47eb-a2ad-77a937898e68 9a973982-0b50-4cf4-8343-1e7f04aeb0b7",
          "schema_version": 0,
          "attributes": {
            "group_object_id": "9a973982-0b50-4cf4-8343-1e7f04aeb0b7",
            "id": "9a973982-0b50-4cf4-8343-1e7f04aeb0b7/member/3095de37-bc64-47eb-a2ad-77a937898e68",
            "member_object_id": "3095de37-bc64-47eb-a2ad-77a937898e68",
            "timeouts": null
          },
          "sensitive_attributes": [],
          "private": "eyJlMmJmYjczMC1lY2FhLTExZTYtOGY4OC0zNDM2M2JjN2M0YzAiOnsiY3JlYXRlIjozMDAwMDAwMDAwMDAsImRlbGV0ZSI6MzAwMDAwMDAwMDAwLCJyZWFkIjozMDAwMDAwMDAwMDAsInVwZGF0ZSI6MzAwMDAwMDAwMDAwfX0=",
          "dependencies": [
            "module.ad_users_and_groups.azuread_group.csv_group",
            "module.ad_users_and_groups.data.azuread_user.existing_users"
          ]
        },
        {
          "index_key": "3095de37-bc64-47eb-a2ad-77a937898e68 dc4e6b71-957e-4af0-9d5b-4394e292c9a2",
          "schema_version": 0,
          "attributes": {
            "group_object_id": "dc4e6b71-957e-4af0-9d5b-4394e292c9a2",
            "id": "dc4e6b71-957e-4af0-9d5b-4394e292c9a2/member/3095de37-bc64-47eb-a2ad-77a937898e68",
            "member_object_id": "3095de37-bc64-47eb-a2ad-77a937898e68",
            "timeouts": null
          },
          "sensitive_attributes": [],
          "private": "eyJlMmJmYjczMC1lY2FhLTExZTYtOGY4OC0zNDM2M2JjN2M0YzAiOnsiY3JlYXRlIjozMDAwMDAwMDAwMDAsImRlbGV0ZSI6MzAwMDAwMDAwMDAwLCJyZWFkIjozMDAwMDAwMDAwMDAsInVwZGF0ZSI6MzAwMDAwMDAwMDAwfX0=",
          "dependencies": [
            "module.ad_users_and_groups.azuread_group.csv_group",
            "module.ad_users_and_groups.data.azuread_user.existing_users"
          ]
        },
        {
          "index_key": "3521ba97-615b-4534-9c07-0909371af278 0ddece18-3279-456a-bd01-4540793699db",
          "schema_version": 0,
          "attributes": {
            "group_object_id": "0ddece18-3279-456a-bd01-4540793699db",
            "id": "0ddece18-3279-456a-bd01-4540793699db/member/3521ba97-615b-4534-9c07-0909371af278",
            "member_object_id": "3521ba97-615b-4534-9c07-0909371af278",
            "timeouts": null
          },
          "sensitive_attributes": [],
          "private": "eyJlMmJmYjczMC1lY2FhLTExZTYtOGY4OC0zNDM2M2JjN2M0YzAiOnsiY3JlYXRlIjozMDAwMDAwMDAwMDAsImRlbGV0ZSI6MzAwMDAwMDAwMDAwLCJyZWFkIjozMDAwMDAwMDAwMDAsInVwZGF0ZSI6MzAwMDAwMDAwMDAwfX0=",
          "dependencies": [
            "module.ad_users_and_groups.azuread_group.csv_group",
            "module.ad_users_and_groups.data.azuread_user.existing_users"
          ]
        },
        {
          "index_key": "3521ba97-615b-4534-9c07-0909371af278 7152762a-c4a0-47b0-b0a8-162e287be8fb",
          "schema_version": 0,
          "attributes": {
            "group_object_id": "7152762a-c4a0-47b0-b0a8-162e287be8fb",
            "id": "7152762a-c4a0-47b0-b0a8-162e287be8fb/member/3521ba97-615b-4534-9c07-0909371af278",
            "member_object_id": "3521ba97-615b-4534-9c07-0909371af278",
            "timeouts": null
          },
          "sensitive_attributes": [],
          "private": "eyJlMmJmYjczMC1lY2FhLTExZTYtOGY4OC0zNDM2M2JjN2M0YzAiOnsiY3JlYXRlIjozMDAwMDAwMDAwMDAsImRlbGV0ZSI6MzAwMDAwMDAwMDAwLCJyZWFkIjozMDAwMDAwMDAwMDAsInVwZGF0ZSI6MzAwMDAwMDAwMDAwfX0=",
          "dependencies": [
            "module.ad_users_and_groups.azuread_group.csv_group",
            "module.ad_users_and_groups.data.azuread_user.existing_users"
          ]
        },
        {
          "index_key": "3521ba97-615b-4534-9c07-0909371af278 7b8c5cb9-2d5c-4579-98c9-2328b6fd584a",
          "schema_version": 0,
          "attributes": {
            "group_object_id": "7b8c5cb9-2d5c-4579-98c9-2328b6fd584a",
            "id": "7b8c5cb9-2d5c-4579-98c9-2328b6fd584a/member/3521ba97-615b-4534-9c07-0909371af278",
            "member_object_id": "3521ba97-615b-4534-9c07-0909371af278",
            "timeouts": null
          },
          "sensitive_attributes": [],
          "private": "eyJlMmJmYjczMC1lY2FhLTExZTYtOGY4OC0zNDM2M2JjN2M0YzAiOnsiY3JlYXRlIjozMDAwMDAwMDAwMDAsImRlbGV0ZSI6MzAwMDAwMDAwMDAwLCJyZWFkIjozMDAwMDAwMDAwMDAsInVwZGF0ZSI6MzAwMDAwMDAwMDAwfX0=",
          "dependencies": [
            "module.ad_users_and_groups.azuread_group.csv_group",
            "module.ad_users_and_groups.data.azuread_user.existing_users"
          ]
        },
        {
          "index_key": "3521ba97-615b-4534-9c07-0909371af278 9a973982-0b50-4cf4-8343-1e7f04aeb0b7",
          "schema_version": 0,
          "attributes": {
            "group_object_id": "9a973982-0b50-4cf4-8343-1e7f04aeb0b7",
            "id": "9a973982-0b50-4cf4-8343-1e7f04aeb0b7/member/3521ba97-615b-4534-9c07-0909371af278",
            "member_object_id": "3521ba97-615b-4534-9c07-0909371af278",
            "timeouts": null
          },
          "sensitive_attributes": [],
          "private": "eyJlMmJmYjczMC1lY2FhLTExZTYtOGY4OC0zNDM2M2JjN2M0YzAiOnsiY3JlYXRlIjozMDAwMDAwMDAwMDAsImRlbGV0ZSI6MzAwMDAwMDAwMDAwLCJyZWFkIjozMDAwMDAwMDAwMDAsInVwZGF0ZSI6MzAwMDAwMDAwMDAwfX0=",
          "dependencies": [
            "module.ad_users_and_groups.azuread_group.csv_group",
            "module.ad_users_and_groups.data.azuread_user.existing_users"
          ]
        },
        {
          "index_key": "3521ba97-615b-4534-9c07-0909371af278 dc4e6b71-957e-4af0-9d5b-4394e292c9a2",
          "schema_version": 0,
          "attributes": {
            "group_object_id": "dc4e6b71-957e-4af0-9d5b-4394e292c9a2",
            "id": "dc4e6b71-957e-4af0-9d5b-4394e292c9a2/member/3521ba97-615b-4534-9c07-0909371af278",
            "member_object_id": "3521ba97-615b-4534-9c07-0909371af278",
            "timeouts": null
          },
          "sensitive_attributes": [],
          "private": "eyJlMmJmYjczMC1lY2FhLTExZTYtOGY4OC0zNDM2M2JjN2M0YzAiOnsiY3JlYXRlIjozMDAwMDAwMDAwMDAsImRlbGV0ZSI6MzAwMDAwMDAwMDAwLCJyZWFkIjozMDAwMDAwMDAwMDAsInVwZGF0ZSI6MzAwMDAwMDAwMDAwfX0=",
          "dependencies": [
            "module.ad_users_and_groups.azuread_group.csv_group",
            "module.ad_users_and_groups.data.azuread_user.existing_users"
          ]
        },
        {
          "index_key": "3b47b77b-d4e5-45c4-9cbb-043eda13bd05 0ddece18-3279-456a-bd01-4540793699db",
          "schema_version": 0,
          "attributes": {
            "group_object_id": "0ddece18-3279-456a-bd01-4540793699db",
            "id": "0ddece18-3279-456a-bd01-4540793699db/member/3b47b77b-d4e5-45c4-9cbb-043eda13bd05",
            "member_object_id": "3b47b77b-d4e5-45c4-9cbb-043eda13bd05",
            "timeouts": null
          },
          "sensitive_attributes": [],
          "private": "eyJlMmJmYjczMC1lY2FhLTExZTYtOGY4OC0zNDM2M2JjN2M0YzAiOnsiY3JlYXRlIjozMDAwMDAwMDAwMDAsImRlbGV0ZSI6MzAwMDAwMDAwMDAwLCJyZWFkIjozMDAwMDAwMDAwMDAsInVwZGF0ZSI6MzAwMDAwMDAwMDAwfX0=",
          "dependencies": [
            "module.ad_users_and_groups.azuread_group.csv_group",
            "module.ad_users_and_groups.data.azuread_user.existing_users"
          ]
        },
        {
          "index_key": "3b47b77b-d4e5-45c4-9cbb-043eda13bd05 7152762a-c4a0-47b0-b0a8-162e287be8fb",
          "schema_version": 0,
          "attributes": {
            "group_object_id": "7152762a-c4a0-47b0-b0a8-162e287be8fb",
            "id": "7152762a-c4a0-47b0-b0a8-162e287be8fb/member/3b47b77b-d4e5-45c4-9cbb-043eda13bd05",
            "member_object_id": "3b47b77b-d4e5-45c4-9cbb-043eda13bd05",
            "timeouts": null
          },
          "sensitive_attributes": [],
          "private": "eyJlMmJmYjczMC1lY2FhLTExZTYtOGY4OC0zNDM2M2JjN2M0YzAiOnsiY3JlYXRlIjozMDAwMDAwMDAwMDAsImRlbGV0ZSI6MzAwMDAwMDAwMDAwLCJyZWFkIjozMDAwMDAwMDAwMDAsInVwZGF0ZSI6MzAwMDAwMDAwMDAwfX0=",
          "dependencies": [
            "module.ad_users_and_groups.azuread_group.csv_group",
            "module.ad_users_and_groups.data.azuread_user.existing_users"
          ]
        },
        {
          "index_key": "3b47b77b-d4e5-45c4-9cbb-043eda13bd05 7b8c5cb9-2d5c-4579-98c9-2328b6fd584a",
          "schema_version": 0,
          "attributes": {
            "group_object_id": "7b8c5cb9-2d5c-4579-98c9-2328b6fd584a",
            "id": "7b8c5cb9-2d5c-4579-98c9-2328b6fd584a/member/3b47b77b-d4e5-45c4-9cbb-043eda13bd05",
            "member_object_id": "3b47b77b-d4e5-45c4-9cbb-043eda13bd05",
            "timeouts": null
          },
          "sensitive_attributes": [],
          "private": "eyJlMmJmYjczMC1lY2FhLTExZTYtOGY4OC0zNDM2M2JjN2M0YzAiOnsiY3JlYXRlIjozMDAwMDAwMDAwMDAsImRlbGV0ZSI6MzAwMDAwMDAwMDAwLCJyZWFkIjozMDAwMDAwMDAwMDAsInVwZGF0ZSI6MzAwMDAwMDAwMDAwfX0=",
          "dependencies": [
            "module.ad_users_and_groups.azuread_group.csv_group",
            "module.ad_users_and_groups.data.azuread_user.existing_users"
          ]
        },
        {
          "index_key": "3b47b77b-d4e5-45c4-9cbb-043eda13bd05 9a973982-0b50-4cf4-8343-1e7f04aeb0b7",
          "schema_version": 0,
          "attributes": {
            "group_object_id": "9a973982-0b50-4cf4-8343-1e7f04aeb0b7",
            "id": "9a973982-0b50-4cf4-8343-1e7f04aeb0b7/member/3b47b77b-d4e5-45c4-9cbb-043eda13bd05",
            "member_object_id": "3b47b77b-d4e5-45c4-9cbb-043eda13bd05",
            "timeouts": null
          },
          "sensitive_attributes": [],
          "private": "eyJlMmJmYjczMC1lY2FhLTExZTYtOGY4OC0zNDM2M2JjN2M0YzAiOnsiY3JlYXRlIjozMDAwMDAwMDAwMDAsImRlbGV0ZSI6MzAwMDAwMDAwMDAwLCJyZWFkIjozMDAwMDAwMDAwMDAsInVwZGF0ZSI6MzAwMDAwMDAwMDAwfX0=",
          "dependencies": [
            "module.ad_users_and_groups.azuread_group.csv_group",
            "module.ad_users_and_groups.data.azuread_user.existing_users"
          ]
        },
        {
          "index_key": "3b47b77b-d4e5-45c4-9cbb-043eda13bd05 dc4e6b71-957e-4af0-9d5b-4394e292c9a2",
          "schema_version": 0,
          "attributes": {
            "group_object_id": "dc4e6b71-957e-4af0-9d5b-4394e292c9a2",
            "id": "dc4e6b71-957e-4af0-9d5b-4394e292c9a2/member/3b47b77b-d4e5-45c4-9cbb-043eda13bd05",
            "member_object_id": "3b47b77b-d4e5-45c4-9cbb-043eda13bd05",
            "timeouts": null
          },
          "sensitive_attributes": [],
          "private": "eyJlMmJmYjczMC1lY2FhLTExZTYtOGY4OC0zNDM2M2JjN2M0YzAiOnsiY3JlYXRlIjozMDAwMDAwMDAwMDAsImRlbGV0ZSI6MzAwMDAwMDAwMDAwLCJyZWFkIjozMDAwMDAwMDAwMDAsInVwZGF0ZSI6MzAwMDAwMDAwMDAwfX0=",
          "dependencies": [
            "module.ad_users_and_groups.azuread_group.csv_group",
            "module.ad_users_and_groups.data.azuread_user.existing_users"
          ]
        },
        {
          "index_key": "437d7d06-f046-4cc6-ba5a-a77b0f1b4e49 0ddece18-3279-456a-bd01-4540793699db",
          "schema_version": 0,
          "attributes": {
            "group_object_id": "0ddece18-3279-456a-bd01-4540793699db",
            "id": "0ddece18-3279-456a-bd01-4540793699db/member/437d7d06-f046-4cc6-ba5a-a77b0f1b4e49",
            "member_object_id": "437d7d06-f046-4cc6-ba5a-a77b0f1b4e49",
            "timeouts": null
          },
          "sensitive_attributes": [],
          "private": "eyJlMmJmYjczMC1lY2FhLTExZTYtOGY4OC0zNDM2M2JjN2M0YzAiOnsiY3JlYXRlIjozMDAwMDAwMDAwMDAsImRlbGV0ZSI6MzAwMDAwMDAwMDAwLCJyZWFkIjozMDAwMDAwMDAwMDAsInVwZGF0ZSI6MzAwMDAwMDAwMDAwfX0=",
          "dependencies": [
            "module.ad_users_and_groups.azuread_group.csv_group",
            "module.ad_users_and_groups.data.azuread_user.existing_users"
          ]
        },
        {
          "index_key": "437d7d06-f046-4cc6-ba5a-a77b0f1b4e49 7152762a-c4a0-47b0-b0a8-162e287be8fb",
          "schema_version": 0,
          "attributes": {
            "group_object_id": "7152762a-c4a0-47b0-b0a8-162e287be8fb",
            "id": "7152762a-c4a0-47b0-b0a8-162e287be8fb/member/437d7d06-f046-4cc6-ba5a-a77b0f1b4e49",
            "member_object_id": "437d7d06-f046-4cc6-ba5a-a77b0f1b4e49",
            "timeouts": null
          },
          "sensitive_attributes": [],
          "private": "eyJlMmJmYjczMC1lY2FhLTExZTYtOGY4OC0zNDM2M2JjN2M0YzAiOnsiY3JlYXRlIjozMDAwMDAwMDAwMDAsImRlbGV0ZSI6MzAwMDAwMDAwMDAwLCJyZWFkIjozMDAwMDAwMDAwMDAsInVwZGF0ZSI6MzAwMDAwMDAwMDAwfX0=",
          "dependencies": [
            "module.ad_users_and_groups.azuread_group.csv_group",
            "module.ad_users_and_groups.data.azuread_user.existing_users"
          ]
        },
        {
          "index_key": "437d7d06-f046-4cc6-ba5a-a77b0f1b4e49 7b8c5cb9-2d5c-4579-98c9-2328b6fd584a",
          "schema_version": 0,
          "attributes": {
            "group_object_id": "7b8c5cb9-2d5c-4579-98c9-2328b6fd584a",
            "id": "7b8c5cb9-2d5c-4579-98c9-2328b6fd584a/member/437d7d06-f046-4cc6-ba5a-a77b0f1b4e49",
            "member_object_id": "437d7d06-f046-4cc6-ba5a-a77b0f1b4e49",
            "timeouts": null
          },
          "sensitive_attributes": [],
          "private": "eyJlMmJmYjczMC1lY2FhLTExZTYtOGY4OC0zNDM2M2JjN2M0YzAiOnsiY3JlYXRlIjozMDAwMDAwMDAwMDAsImRlbGV0ZSI6MzAwMDAwMDAwMDAwLCJyZWFkIjozMDAwMDAwMDAwMDAsInVwZGF0ZSI6MzAwMDAwMDAwMDAwfX0=",
          "dependencies": [
            "module.ad_users_and_groups.azuread_group.csv_group",
            "module.ad_users_and_groups.data.azuread_user.existing_users"
          ]
        },
        {
          "index_key": "437d7d06-f046-4cc6-ba5a-a77b0f1b4e49 9a973982-0b50-4cf4-8343-1e7f04aeb0b7",
          "schema_version": 0,
          "attributes": {
            "group_object_id": "9a973982-0b50-4cf4-8343-1e7f04aeb0b7",
            "id": "9a973982-0b50-4cf4-8343-1e7f04aeb0b7/member/437d7d06-f046-4cc6-ba5a-a77b0f1b4e49",
            "member_object_id": "437d7d06-f046-4cc6-ba5a-a77b0f1b4e49",
            "timeouts": null
          },
          "sensitive_attributes": [],
          "private": "eyJlMmJmYjczMC1lY2FhLTExZTYtOGY4OC0zNDM2M2JjN2M0YzAiOnsiY3JlYXRlIjozMDAwMDAwMDAwMDAsImRlbGV0ZSI6MzAwMDAwMDAwMDAwLCJyZWFkIjozMDAwMDAwMDAwMDAsInVwZGF0ZSI6MzAwMDAwMDAwMDAwfX0=",
          "dependencies": [
            "module.ad_users_and_groups.azuread_group.csv_group",
            "module.ad_users_and_groups.data.azuread_user.existing_users"
          ]
        },
        {
          "index_key": "437d7d06-f046-4cc6-ba5a-a77b0f1b4e49 dc4e6b71-957e-4af0-9d5b-4394e292c9a2",
          "schema_version": 0,
          "attributes": {
            "group_object_id": "dc4e6b71-957e-4af0-9d5b-4394e292c9a2",
            "id": "dc4e6b71-957e-4af0-9d5b-4394e292c9a2/member/437d7d06-f046-4cc6-ba5a-a77b0f1b4e49",
            "member_object_id": "437d7d06-f046-4cc6-ba5a-a77b0f1b4e49",
            "timeouts": null
          },
          "sensitive_attributes": [],
          "private": "eyJlMmJmYjczMC1lY2FhLTExZTYtOGY4OC0zNDM2M2JjN2M0YzAiOnsiY3JlYXRlIjozMDAwMDAwMDAwMDAsImRlbGV0ZSI6MzAwMDAwMDAwMDAwLCJyZWFkIjozMDAwMDAwMDAwMDAsInVwZGF0ZSI6MzAwMDAwMDAwMDAwfX0=",
          "dependencies": [
            "module.ad_users_and_groups.azuread_group.csv_group",
            "module.ad_users_and_groups.data.azuread_user.existing_users"
          ]
        },
        {
          "index_key": "480a7789-1d04-4dc8-ba50-fb2b5d4449d7 0ddece18-3279-456a-bd01-4540793699db",
          "schema_version": 0,
          "attributes": {
            "group_object_id": "0ddece18-3279-456a-bd01-4540793699db",
            "id": "0ddece18-3279-456a-bd01-4540793699db/member/480a7789-1d04-4dc8-ba50-fb2b5d4449d7",
            "member_object_id": "480a7789-1d04-4dc8-ba50-fb2b5d4449d7",
            "timeouts": null
          },
          "sensitive_attributes": [],
          "private": "eyJlMmJmYjczMC1lY2FhLTExZTYtOGY4OC0zNDM2M2JjN2M0YzAiOnsiY3JlYXRlIjozMDAwMDAwMDAwMDAsImRlbGV0ZSI6MzAwMDAwMDAwMDAwLCJyZWFkIjozMDAwMDAwMDAwMDAsInVwZGF0ZSI6MzAwMDAwMDAwMDAwfX0=",
          "dependencies": [
            "module.ad_users_and_groups.azuread_group.csv_group",
            "module.ad_users_and_groups.data.azuread_user.existing_users"
          ]
        },
        {
          "index_key": "480a7789-1d04-4dc8-ba50-fb2b5d4449d7 7152762a-c4a0-47b0-b0a8-162e287be8fb",
          "schema_version": 0,
          "attributes": {
            "group_object_id": "7152762a-c4a0-47b0-b0a8-162e287be8fb",
            "id": "7152762a-c4a0-47b0-b0a8-162e287be8fb/member/480a7789-1d04-4dc8-ba50-fb2b5d4449d7",
            "member_object_id": "480a7789-1d04-4dc8-ba50-fb2b5d4449d7",
            "timeouts": null
          },
          "sensitive_attributes": [],
          "private": "eyJlMmJmYjczMC1lY2FhLTExZTYtOGY4OC0zNDM2M2JjN2M0YzAiOnsiY3JlYXRlIjozMDAwMDAwMDAwMDAsImRlbGV0ZSI6MzAwMDAwMDAwMDAwLCJyZWFkIjozMDAwMDAwMDAwMDAsInVwZGF0ZSI6MzAwMDAwMDAwMDAwfX0=",
          "dependencies": [
            "module.ad_users_and_groups.azuread_group.csv_group",
            "module.ad_users_and_groups.data.azuread_user.existing_users"
          ]
        },
        {
          "index_key": "480a7789-1d04-4dc8-ba50-fb2b5d4449d7 7b8c5cb9-2d5c-4579-98c9-2328b6fd584a",
          "schema_version": 0,
          "attributes": {
            "group_object_id": "7b8c5cb9-2d5c-4579-98c9-2328b6fd584a",
            "id": "7b8c5cb9-2d5c-4579-98c9-2328b6fd584a/member/480a7789-1d04-4dc8-ba50-fb2b5d4449d7",
            "member_object_id": "480a7789-1d04-4dc8-ba50-fb2b5d4449d7",
            "timeouts": null
          },
          "sensitive_attributes": [],
          "private": "eyJlMmJmYjczMC1lY2FhLTExZTYtOGY4OC0zNDM2M2JjN2M0YzAiOnsiY3JlYXRlIjozMDAwMDAwMDAwMDAsImRlbGV0ZSI6MzAwMDAwMDAwMDAwLCJyZWFkIjozMDAwMDAwMDAwMDAsInVwZGF0ZSI6MzAwMDAwMDAwMDAwfX0=",
          "dependencies": [
            "module.ad_users_and_groups.azuread_group.csv_group",
            "module.ad_users_and_groups.data.azuread_user.existing_users"
          ]
        },
        {
          "index_key": "480a7789-1d04-4dc8-ba50-fb2b5d4449d7 9a973982-0b50-4cf4-8343-1e7f04aeb0b7",
          "schema_version": 0,
          "attributes": {
            "group_object_id": "9a973982-0b50-4cf4-8343-1e7f04aeb0b7",
            "id": "9a973982-0b50-4cf4-8343-1e7f04aeb0b7/member/480a7789-1d04-4dc8-ba50-fb2b5d4449d7",
            "member_object_id": "480a7789-1d04-4dc8-ba50-fb2b5d4449d7",
            "timeouts": null
          },
          "sensitive_attributes": [],
          "private": "eyJlMmJmYjczMC1lY2FhLTExZTYtOGY4OC0zNDM2M2JjN2M0YzAiOnsiY3JlYXRlIjozMDAwMDAwMDAwMDAsImRlbGV0ZSI6MzAwMDAwMDAwMDAwLCJyZWFkIjozMDAwMDAwMDAwMDAsInVwZGF0ZSI6MzAwMDAwMDAwMDAwfX0=",
          "dependencies": [
            "module.ad_users_and_groups.azuread_group.csv_group",
            "module.ad_users_and_groups.data.azuread_user.existing_users"
          ]
        },
        {
          "index_key": "480a7789-1d04-4dc8-ba50-fb2b5d4449d7 dc4e6b71-957e-4af0-9d5b-4394e292c9a2",
          "schema_version": 0,
          "attributes": {
            "group_object_id": "dc4e6b71-957e-4af0-9d5b-4394e292c9a2",
            "id": "dc4e6b71-957e-4af0-9d5b-4394e292c9a2/member/480a7789-1d04-4dc8-ba50-fb2b5d4449d7",
            "member_object_id": "480a7789-1d04-4dc8-ba50-fb2b5d4449d7",
            "timeouts": null
          },
          "sensitive_attributes": [],
          "private": "eyJlMmJmYjczMC1lY2FhLTExZTYtOGY4OC0zNDM2M2JjN2M0YzAiOnsiY3JlYXRlIjozMDAwMDAwMDAwMDAsImRlbGV0ZSI6MzAwMDAwMDAwMDAwLCJyZWFkIjozMDAwMDAwMDAwMDAsInVwZGF0ZSI6MzAwMDAwMDAwMDAwfX0=",
          "dependencies": [
            "module.ad_users_and_groups.azuread_group.csv_group",
            "module.ad_users_and_groups.data.azuread_user.existing_users"
          ]
        },
        {
          "index_key": "4e62c2a4-8882-47e1-9747-31b0cc1693ea 0ddece18-3279-456a-bd01-4540793699db",
          "schema_version": 0,
          "attributes": {
            "group_object_id": "0ddece18-3279-456a-bd01-4540793699db",
            "id": "0ddece18-3279-456a-bd01-4540793699db/member/4e62c2a4-8882-47e1-9747-31b0cc1693ea",
            "member_object_id": "4e62c2a4-8882-47e1-9747-31b0cc1693ea",
            "timeouts": null
          },
          "sensitive_attributes": [],
          "private": "eyJlMmJmYjczMC1lY2FhLTExZTYtOGY4OC0zNDM2M2JjN2M0YzAiOnsiY3JlYXRlIjozMDAwMDAwMDAwMDAsImRlbGV0ZSI6MzAwMDAwMDAwMDAwLCJyZWFkIjozMDAwMDAwMDAwMDAsInVwZGF0ZSI6MzAwMDAwMDAwMDAwfX0=",
          "dependencies": [
            "module.ad_users_and_groups.azuread_group.csv_group",
            "module.ad_users_and_groups.data.azuread_user.existing_users"
          ]
        },
        {
          "index_key": "4e62c2a4-8882-47e1-9747-31b0cc1693ea 7152762a-c4a0-47b0-b0a8-162e287be8fb",
          "schema_version": 0,
          "attributes": {
            "group_object_id": "7152762a-c4a0-47b0-b0a8-162e287be8fb",
            "id": "7152762a-c4a0-47b0-b0a8-162e287be8fb/member/4e62c2a4-8882-47e1-9747-31b0cc1693ea",
            "member_object_id": "4e62c2a4-8882-47e1-9747-31b0cc1693ea",
            "timeouts": null
          },
          "sensitive_attributes": [],
          "private": "eyJlMmJmYjczMC1lY2FhLTExZTYtOGY4OC0zNDM2M2JjN2M0YzAiOnsiY3JlYXRlIjozMDAwMDAwMDAwMDAsImRlbGV0ZSI6MzAwMDAwMDAwMDAwLCJyZWFkIjozMDAwMDAwMDAwMDAsInVwZGF0ZSI6MzAwMDAwMDAwMDAwfX0=",
          "dependencies": [
            "module.ad_users_and_groups.azuread_group.csv_group",
            "module.ad_users_and_groups.data.azuread_user.existing_users"
          ]
        },
        {
          "index_key": "4e62c2a4-8882-47e1-9747-31b0cc1693ea 7b8c5cb9-2d5c-4579-98c9-2328b6fd584a",
          "schema_version": 0,
          "attributes": {
            "group_object_id": "7b8c5cb9-2d5c-4579-98c9-2328b6fd584a",
            "id": "7b8c5cb9-2d5c-4579-98c9-2328b6fd584a/member/4e62c2a4-8882-47e1-9747-31b0cc1693ea",
            "member_object_id": "4e62c2a4-8882-47e1-9747-31b0cc1693ea",
            "timeouts": null
          },
          "sensitive_attributes": [],
          "private": "eyJlMmJmYjczMC1lY2FhLTExZTYtOGY4OC0zNDM2M2JjN2M0YzAiOnsiY3JlYXRlIjozMDAwMDAwMDAwMDAsImRlbGV0ZSI6MzAwMDAwMDAwMDAwLCJyZWFkIjozMDAwMDAwMDAwMDAsInVwZGF0ZSI6MzAwMDAwMDAwMDAwfX0=",
          "dependencies": [
            "module.ad_users_and_groups.azuread_group.csv_group",
            "module.ad_users_and_groups.data.azuread_user.existing_users"
          ]
        },
        {
          "index_key": "4e62c2a4-8882-47e1-9747-31b0cc1693ea 9a973982-0b50-4cf4-8343-1e7f04aeb0b7",
          "schema_version": 0,
          "attributes": {
            "group_object_id": "9a973982-0b50-4cf4-8343-1e7f04aeb0b7",
            "id": "9a973982-0b50-4cf4-8343-1e7f04aeb0b7/member/4e62c2a4-8882-47e1-9747-31b0cc1693ea",
            "member_object_id": "4e62c2a4-8882-47e1-9747-31b0cc1693ea",
            "timeouts": null
          },
          "sensitive_attributes": [],
          "private": "eyJlMmJmYjczMC1lY2FhLTExZTYtOGY4OC0zNDM2M2JjN2M0YzAiOnsiY3JlYXRlIjozMDAwMDAwMDAwMDAsImRlbGV0ZSI6MzAwMDAwMDAwMDAwLCJyZWFkIjozMDAwMDAwMDAwMDAsInVwZGF0ZSI6MzAwMDAwMDAwMDAwfX0=",
          "dependencies": [
            "module.ad_users_and_groups.azuread_group.csv_group",
            "module.ad_users_and_groups.data.azuread_user.existing_users"
          ]
        },
        {
          "index_key": "4e62c2a4-8882-47e1-9747-31b0cc1693ea dc4e6b71-957e-4af0-9d5b-4394e292c9a2",
          "schema_version": 0,
          "attributes": {
            "group_object_id": "dc4e6b71-957e-4af0-9d5b-4394e292c9a2",
            "id": "dc4e6b71-957e-4af0-9d5b-4394e292c9a2/member/4e62c2a4-8882-47e1-9747-31b0cc1693ea",
            "member_object_id": "4e62c2a4-8882-47e1-9747-31b0cc1693ea",
            "timeouts": null
          },
          "sensitive_attributes": [],
          "private": "eyJlMmJmYjczMC1lY2FhLTExZTYtOGY4OC0zNDM2M2JjN2M0YzAiOnsiY3JlYXRlIjozMDAwMDAwMDAwMDAsImRlbGV0ZSI6MzAwMDAwMDAwMDAwLCJyZWFkIjozMDAwMDAwMDAwMDAsInVwZGF0ZSI6MzAwMDAwMDAwMDAwfX0=",
          "dependencies": [
            "module.ad_users_and_groups.azuread_group.csv_group",
            "module.ad_users_and_groups.data.azuread_user.existing_users"
          ]
        },
        {
          "index_key": "4fdab65d-e155-4b8d-98e3-818104e0b4db 0ddece18-3279-456a-bd01-4540793699db",
          "schema_version": 0,
          "attributes": {
            "group_object_id": "0ddece18-3279-456a-bd01-4540793699db",
            "id": "0ddece18-3279-456a-bd01-4540793699db/member/4fdab65d-e155-4b8d-98e3-818104e0b4db",
            "member_object_id": "4fdab65d-e155-4b8d-98e3-818104e0b4db",
            "timeouts": null
          },
          "sensitive_attributes": [],
          "private": "eyJlMmJmYjczMC1lY2FhLTExZTYtOGY4OC0zNDM2M2JjN2M0YzAiOnsiY3JlYXRlIjozMDAwMDAwMDAwMDAsImRlbGV0ZSI6MzAwMDAwMDAwMDAwLCJyZWFkIjozMDAwMDAwMDAwMDAsInVwZGF0ZSI6MzAwMDAwMDAwMDAwfX0=",
          "dependencies": [
            "module.ad_users_and_groups.azuread_group.csv_group",
            "module.ad_users_and_groups.data.azuread_user.existing_users"
          ]
        },
        {
          "index_key": "4fdab65d-e155-4b8d-98e3-818104e0b4db 7152762a-c4a0-47b0-b0a8-162e287be8fb",
          "schema_version": 0,
          "attributes": {
            "group_object_id": "7152762a-c4a0-47b0-b0a8-162e287be8fb",
            "id": "7152762a-c4a0-47b0-b0a8-162e287be8fb/member/4fdab65d-e155-4b8d-98e3-818104e0b4db",
            "member_object_id": "4fdab65d-e155-4b8d-98e3-818104e0b4db",
            "timeouts": null
          },
          "sensitive_attributes": [],
          "private": "eyJlMmJmYjczMC1lY2FhLTExZTYtOGY4OC0zNDM2M2JjN2M0YzAiOnsiY3JlYXRlIjozMDAwMDAwMDAwMDAsImRlbGV0ZSI6MzAwMDAwMDAwMDAwLCJyZWFkIjozMDAwMDAwMDAwMDAsInVwZGF0ZSI6MzAwMDAwMDAwMDAwfX0=",
          "dependencies": [
            "module.ad_users_and_groups.azuread_group.csv_group",
            "module.ad_users_and_groups.data.azuread_user.existing_users"
          ]
        },
        {
          "index_key": "4fdab65d-e155-4b8d-98e3-818104e0b4db 7b8c5cb9-2d5c-4579-98c9-2328b6fd584a",
          "schema_version": 0,
          "attributes": {
            "group_object_id": "7b8c5cb9-2d5c-4579-98c9-2328b6fd584a",
            "id": "7b8c5cb9-2d5c-4579-98c9-2328b6fd584a/member/4fdab65d-e155-4b8d-98e3-818104e0b4db",
            "member_object_id": "4fdab65d-e155-4b8d-98e3-818104e0b4db",
            "timeouts": null
          },
          "sensitive_attributes": [],
          "private": "eyJlMmJmYjczMC1lY2FhLTExZTYtOGY4OC0zNDM2M2JjN2M0YzAiOnsiY3JlYXRlIjozMDAwMDAwMDAwMDAsImRlbGV0ZSI6MzAwMDAwMDAwMDAwLCJyZWFkIjozMDAwMDAwMDAwMDAsInVwZGF0ZSI6MzAwMDAwMDAwMDAwfX0=",
          "dependencies": [
            "module.ad_users_and_groups.azuread_group.csv_group",
            "module.ad_users_and_groups.data.azuread_user.existing_users"
          ]
        },
        {
          "index_key": "4fdab65d-e155-4b8d-98e3-818104e0b4db 9a973982-0b50-4cf4-8343-1e7f04aeb0b7",
          "schema_version": 0,
          "attributes": {
            "group_object_id": "9a973982-0b50-4cf4-8343-1e7f04aeb0b7",
            "id": "9a973982-0b50-4cf4-8343-1e7f04aeb0b7/member/4fdab65d-e155-4b8d-98e3-818104e0b4db",
            "member_object_id": "4fdab65d-e155-4b8d-98e3-818104e0b4db",
            "timeouts": null
          },
          "sensitive_attributes": [],
          "private": "eyJlMmJmYjczMC1lY2FhLTExZTYtOGY4OC0zNDM2M2JjN2M0YzAiOnsiY3JlYXRlIjozMDAwMDAwMDAwMDAsImRlbGV0ZSI6MzAwMDAwMDAwMDAwLCJyZWFkIjozMDAwMDAwMDAwMDAsInVwZGF0ZSI6MzAwMDAwMDAwMDAwfX0=",
          "dependencies": [
            "module.ad_users_and_groups.azuread_group.csv_group",
            "module.ad_users_and_groups.data.azuread_user.existing_users"
          ]
        },
        {
          "index_key": "4fdab65d-e155-4b8d-98e3-818104e0b4db dc4e6b71-957e-4af0-9d5b-4394e292c9a2",
          "schema_version": 0,
          "attributes": {
            "group_object_id": "dc4e6b71-957e-4af0-9d5b-4394e292c9a2",
            "id": "dc4e6b71-957e-4af0-9d5b-4394e292c9a2/member/4fdab65d-e155-4b8d-98e3-818104e0b4db",
            "member_object_id": "4fdab65d-e155-4b8d-98e3-818104e0b4db",
            "timeouts": null
          },
          "sensitive_attributes": [],
          "private": "eyJlMmJmYjczMC1lY2FhLTExZTYtOGY4OC0zNDM2M2JjN2M0YzAiOnsiY3JlYXRlIjozMDAwMDAwMDAwMDAsImRlbGV0ZSI6MzAwMDAwMDAwMDAwLCJyZWFkIjozMDAwMDAwMDAwMDAsInVwZGF0ZSI6MzAwMDAwMDAwMDAwfX0=",
          "dependencies": [
            "module.ad_users_and_groups.azuread_group.csv_group",
            "module.ad_users_and_groups.data.azuread_user.existing_users"
          ]
        },
        {
          "index_key": "58682b36-2743-4c31-870e-0e3770aad582 0ddece18-3279-456a-bd01-4540793699db",
          "schema_version": 0,
          "attributes": {
            "group_object_id": "0ddece18-3279-456a-bd01-4540793699db",
            "id": "0ddece18-3279-456a-bd01-4540793699db/member/58682b36-2743-4c31-870e-0e3770aad582",
            "member_object_id": "58682b36-2743-4c31-870e-0e3770aad582",
            "timeouts": null
          },
          "sensitive_attributes": [],
          "private": "eyJlMmJmYjczMC1lY2FhLTExZTYtOGY4OC0zNDM2M2JjN2M0YzAiOnsiY3JlYXRlIjozMDAwMDAwMDAwMDAsImRlbGV0ZSI6MzAwMDAwMDAwMDAwLCJyZWFkIjozMDAwMDAwMDAwMDAsInVwZGF0ZSI6MzAwMDAwMDAwMDAwfX0=",
          "dependencies": [
            "module.ad_users_and_groups.azuread_group.csv_group",
            "module.ad_users_and_groups.data.azuread_user.existing_users"
          ]
        },
        {
          "index_key": "58682b36-2743-4c31-870e-0e3770aad582 7152762a-c4a0-47b0-b0a8-162e287be8fb",
          "schema_version": 0,
          "attributes": {
            "group_object_id": "7152762a-c4a0-47b0-b0a8-162e287be8fb",
            "id": "7152762a-c4a0-47b0-b0a8-162e287be8fb/member/58682b36-2743-4c31-870e-0e3770aad582",
            "member_object_id": "58682b36-2743-4c31-870e-0e3770aad582",
            "timeouts": null
          },
          "sensitive_attributes": [],
          "private": "eyJlMmJmYjczMC1lY2FhLTExZTYtOGY4OC0zNDM2M2JjN2M0YzAiOnsiY3JlYXRlIjozMDAwMDAwMDAwMDAsImRlbGV0ZSI6MzAwMDAwMDAwMDAwLCJyZWFkIjozMDAwMDAwMDAwMDAsInVwZGF0ZSI6MzAwMDAwMDAwMDAwfX0=",
          "dependencies": [
            "module.ad_users_and_groups.azuread_group.csv_group",
            "module.ad_users_and_groups.data.azuread_user.existing_users"
          ]
        },
        {
          "index_key": "58682b36-2743-4c31-870e-0e3770aad582 7b8c5cb9-2d5c-4579-98c9-2328b6fd584a",
          "schema_version": 0,
          "attributes": {
            "group_object_id": "7b8c5cb9-2d5c-4579-98c9-2328b6fd584a",
            "id": "7b8c5cb9-2d5c-4579-98c9-2328b6fd584a/member/58682b36-2743-4c31-870e-0e3770aad582",
            "member_object_id": "58682b36-2743-4c31-870e-0e3770aad582",
            "timeouts": null
          },
          "sensitive_attributes": [],
          "private": "eyJlMmJmYjczMC1lY2FhLTExZTYtOGY4OC0zNDM2M2JjN2M0YzAiOnsiY3JlYXRlIjozMDAwMDAwMDAwMDAsImRlbGV0ZSI6MzAwMDAwMDAwMDAwLCJyZWFkIjozMDAwMDAwMDAwMDAsInVwZGF0ZSI6MzAwMDAwMDAwMDAwfX0=",
          "dependencies": [
            "module.ad_users_and_groups.azuread_group.csv_group",
            "module.ad_users_and_groups.data.azuread_user.existing_users"
          ]
        },
        {
          "index_key": "58682b36-2743-4c31-870e-0e3770aad582 9a973982-0b50-4cf4-8343-1e7f04aeb0b7",
          "schema_version": 0,
          "attributes": {
            "group_object_id": "9a973982-0b50-4cf4-8343-1e7f04aeb0b7",
            "id": "9a973982-0b50-4cf4-8343-1e7f04aeb0b7/member/58682b36-2743-4c31-870e-0e3770aad582",
            "member_object_id": "58682b36-2743-4c31-870e-0e3770aad582",
            "timeouts": null
          },
          "sensitive_attributes": [],
          "private": "eyJlMmJmYjczMC1lY2FhLTExZTYtOGY4OC0zNDM2M2JjN2M0YzAiOnsiY3JlYXRlIjozMDAwMDAwMDAwMDAsImRlbGV0ZSI6MzAwMDAwMDAwMDAwLCJyZWFkIjozMDAwMDAwMDAwMDAsInVwZGF0ZSI6MzAwMDAwMDAwMDAwfX0=",
          "dependencies": [
            "module.ad_users_and_groups.azuread_group.csv_group",
            "module.ad_users_and_groups.data.azuread_user.existing_users"
          ]
        },
        {
          "index_key": "58682b36-2743-4c31-870e-0e3770aad582 dc4e6b71-957e-4af0-9d5b-4394e292c9a2",
          "schema_version": 0,
          "attributes": {
            "group_object_id": "dc4e6b71-957e-4af0-9d5b-4394e292c9a2",
            "id": "dc4e6b71-957e-4af0-9d5b-4394e292c9a2/member/58682b36-2743-4c31-870e-0e3770aad582",
            "member_object_id": "58682b36-2743-4c31-870e-0e3770aad582",
            "timeouts": null
          },
          "sensitive_attributes": [],
          "private": "eyJlMmJmYjczMC1lY2FhLTExZTYtOGY4OC0zNDM2M2JjN2M0YzAiOnsiY3JlYXRlIjozMDAwMDAwMDAwMDAsImRlbGV0ZSI6MzAwMDAwMDAwMDAwLCJyZWFkIjozMDAwMDAwMDAwMDAsInVwZGF0ZSI6MzAwMDAwMDAwMDAwfX0=",
          "dependencies": [
            "module.ad_users_and_groups.azuread_group.csv_group",
            "module.ad_users_and_groups.data.azuread_user.existing_users"
          ]
        },
        {
          "index_key": "5a124a8d-3f1b-492a-8e1b-e672647d3197 0ddece18-3279-456a-bd01-4540793699db",
          "schema_version": 0,
          "attributes": {
            "group_object_id": "0ddece18-3279-456a-bd01-4540793699db",
            "id": "0ddece18-3279-456a-bd01-4540793699db/member/5a124a8d-3f1b-492a-8e1b-e672647d3197",
            "member_object_id": "5a124a8d-3f1b-492a-8e1b-e672647d3197",
            "timeouts": null
          },
          "sensitive_attributes": [],
          "private": "eyJlMmJmYjczMC1lY2FhLTExZTYtOGY4OC0zNDM2M2JjN2M0YzAiOnsiY3JlYXRlIjozMDAwMDAwMDAwMDAsImRlbGV0ZSI6MzAwMDAwMDAwMDAwLCJyZWFkIjozMDAwMDAwMDAwMDAsInVwZGF0ZSI6MzAwMDAwMDAwMDAwfX0=",
          "dependencies": [
            "module.ad_users_and_groups.azuread_group.csv_group",
            "module.ad_users_and_groups.data.azuread_user.existing_users"
          ]
        },
        {
          "index_key": "5a124a8d-3f1b-492a-8e1b-e672647d3197 7152762a-c4a0-47b0-b0a8-162e287be8fb",
          "schema_version": 0,
          "attributes": {
            "group_object_id": "7152762a-c4a0-47b0-b0a8-162e287be8fb",
            "id": "7152762a-c4a0-47b0-b0a8-162e287be8fb/member/5a124a8d-3f1b-492a-8e1b-e672647d3197",
            "member_object_id": "5a124a8d-3f1b-492a-8e1b-e672647d3197",
            "timeouts": null
          },
          "sensitive_attributes": [],
          "private": "eyJlMmJmYjczMC1lY2FhLTExZTYtOGY4OC0zNDM2M2JjN2M0YzAiOnsiY3JlYXRlIjozMDAwMDAwMDAwMDAsImRlbGV0ZSI6MzAwMDAwMDAwMDAwLCJyZWFkIjozMDAwMDAwMDAwMDAsInVwZGF0ZSI6MzAwMDAwMDAwMDAwfX0=",
          "dependencies": [
            "module.ad_users_and_groups.azuread_group.csv_group",
            "module.ad_users_and_groups.data.azuread_user.existing_users"
          ]
        },
        {
          "index_key": "5a124a8d-3f1b-492a-8e1b-e672647d3197 7b8c5cb9-2d5c-4579-98c9-2328b6fd584a",
          "schema_version": 0,
          "attributes": {
            "group_object_id": "7b8c5cb9-2d5c-4579-98c9-2328b6fd584a",
            "id": "7b8c5cb9-2d5c-4579-98c9-2328b6fd584a/member/5a124a8d-3f1b-492a-8e1b-e672647d3197",
            "member_object_id": "5a124a8d-3f1b-492a-8e1b-e672647d3197",
            "timeouts": null
          },
          "sensitive_attributes": [],
          "private": "eyJlMmJmYjczMC1lY2FhLTExZTYtOGY4OC0zNDM2M2JjN2M0YzAiOnsiY3JlYXRlIjozMDAwMDAwMDAwMDAsImRlbGV0ZSI6MzAwMDAwMDAwMDAwLCJyZWFkIjozMDAwMDAwMDAwMDAsInVwZGF0ZSI6MzAwMDAwMDAwMDAwfX0=",
          "dependencies": [
            "module.ad_users_and_groups.azuread_group.csv_group",
            "module.ad_users_and_groups.data.azuread_user.existing_users"
          ]
        },
        {
          "index_key": "5a124a8d-3f1b-492a-8e1b-e672647d3197 9a973982-0b50-4cf4-8343-1e7f04aeb0b7",
          "schema_version": 0,
          "attributes": {
            "group_object_id": "9a973982-0b50-4cf4-8343-1e7f04aeb0b7",
            "id": "9a973982-0b50-4cf4-8343-1e7f04aeb0b7/member/5a124a8d-3f1b-492a-8e1b-e672647d3197",
            "member_object_id": "5a124a8d-3f1b-492a-8e1b-e672647d3197",
            "timeouts": null
          },
          "sensitive_attributes": [],
          "private": "eyJlMmJmYjczMC1lY2FhLTExZTYtOGY4OC0zNDM2M2JjN2M0YzAiOnsiY3JlYXRlIjozMDAwMDAwMDAwMDAsImRlbGV0ZSI6MzAwMDAwMDAwMDAwLCJyZWFkIjozMDAwMDAwMDAwMDAsInVwZGF0ZSI6MzAwMDAwMDAwMDAwfX0=",
          "dependencies": [
            "module.ad_users_and_groups.azuread_group.csv_group",
            "module.ad_users_and_groups.data.azuread_user.existing_users"
          ]
        },
        {
          "index_key": "5a124a8d-3f1b-492a-8e1b-e672647d3197 dc4e6b71-957e-4af0-9d5b-4394e292c9a2",
          "schema_version": 0,
          "attributes": {
            "group_object_id": "dc4e6b71-957e-4af0-9d5b-4394e292c9a2",
            "id": "dc4e6b71-957e-4af0-9d5b-4394e292c9a2/member/5a124a8d-3f1b-492a-8e1b-e672647d3197",
            "member_object_id": "5a124a8d-3f1b-492a-8e1b-e672647d3197",
            "timeouts": null
          },
          "sensitive_attributes": [],
          "private": "eyJlMmJmYjczMC1lY2FhLTExZTYtOGY4OC0zNDM2M2JjN2M0YzAiOnsiY3JlYXRlIjozMDAwMDAwMDAwMDAsImRlbGV0ZSI6MzAwMDAwMDAwMDAwLCJyZWFkIjozMDAwMDAwMDAwMDAsInVwZGF0ZSI6MzAwMDAwMDAwMDAwfX0=",
          "dependencies": [
            "module.ad_users_and_groups.azuread_group.csv_group",
            "module.ad_users_and_groups.data.azuread_user.existing_users"
          ]
        },
        {
          "index_key": "5c068988-b589-48f9-b707-aa62c9c95ff4 0ddece18-3279-456a-bd01-4540793699db",
          "schema_version": 0,
          "attributes": {
            "group_object_id": "0ddece18-3279-456a-bd01-4540793699db",
            "id": "0ddece18-3279-456a-bd01-4540793699db/member/5c068988-b589-48f9-b707-aa62c9c95ff4",
            "member_object_id": "5c068988-b589-48f9-b707-aa62c9c95ff4",
            "timeouts": null
          },
          "sensitive_attributes": [],
          "private": "eyJlMmJmYjczMC1lY2FhLTExZTYtOGY4OC0zNDM2M2JjN2M0YzAiOnsiY3JlYXRlIjozMDAwMDAwMDAwMDAsImRlbGV0ZSI6MzAwMDAwMDAwMDAwLCJyZWFkIjozMDAwMDAwMDAwMDAsInVwZGF0ZSI6MzAwMDAwMDAwMDAwfX0=",
          "dependencies": [
            "module.ad_users_and_groups.azuread_group.csv_group",
            "module.ad_users_and_groups.data.azuread_user.existing_users"
          ]
        },
        {
          "index_key": "5c068988-b589-48f9-b707-aa62c9c95ff4 7152762a-c4a0-47b0-b0a8-162e287be8fb",
          "schema_version": 0,
          "attributes": {
            "group_object_id": "7152762a-c4a0-47b0-b0a8-162e287be8fb",
            "id": "7152762a-c4a0-47b0-b0a8-162e287be8fb/member/5c068988-b589-48f9-b707-aa62c9c95ff4",
            "member_object_id": "5c068988-b589-48f9-b707-aa62c9c95ff4",
            "timeouts": null
          },
          "sensitive_attributes": [],
          "private": "eyJlMmJmYjczMC1lY2FhLTExZTYtOGY4OC0zNDM2M2JjN2M0YzAiOnsiY3JlYXRlIjozMDAwMDAwMDAwMDAsImRlbGV0ZSI6MzAwMDAwMDAwMDAwLCJyZWFkIjozMDAwMDAwMDAwMDAsInVwZGF0ZSI6MzAwMDAwMDAwMDAwfX0=",
          "dependencies": [
            "module.ad_users_and_groups.azuread_group.csv_group",
            "module.ad_users_and_groups.data.azuread_user.existing_users"
          ]
        },
        {
          "index_key": "5c068988-b589-48f9-b707-aa62c9c95ff4 7b8c5cb9-2d5c-4579-98c9-2328b6fd584a",
          "schema_version": 0,
          "attributes": {
            "group_object_id": "7b8c5cb9-2d5c-4579-98c9-2328b6fd584a",
            "id": "7b8c5cb9-2d5c-4579-98c9-2328b6fd584a/member/5c068988-b589-48f9-b707-aa62c9c95ff4",
            "member_object_id": "5c068988-b589-48f9-b707-aa62c9c95ff4",
            "timeouts": null
          },
          "sensitive_attributes": [],
          "private": "eyJlMmJmYjczMC1lY2FhLTExZTYtOGY4OC0zNDM2M2JjN2M0YzAiOnsiY3JlYXRlIjozMDAwMDAwMDAwMDAsImRlbGV0ZSI6MzAwMDAwMDAwMDAwLCJyZWFkIjozMDAwMDAwMDAwMDAsInVwZGF0ZSI6MzAwMDAwMDAwMDAwfX0=",
          "dependencies": [
            "module.ad_users_and_groups.azuread_group.csv_group",
            "module.ad_users_and_groups.data.azuread_user.existing_users"
          ]
        },
        {
          "index_key": "5c068988-b589-48f9-b707-aa62c9c95ff4 9a973982-0b50-4cf4-8343-1e7f04aeb0b7",
          "schema_version": 0,
          "attributes": {
            "group_object_id": "9a973982-0b50-4cf4-8343-1e7f04aeb0b7",
            "id": "9a973982-0b50-4cf4-8343-1e7f04aeb0b7/member/5c068988-b589-48f9-b707-aa62c9c95ff4",
            "member_object_id": "5c068988-b589-48f9-b707-aa62c9c95ff4",
            "timeouts": null
          },
          "sensitive_attributes": [],
          "private": "eyJlMmJmYjczMC1lY2FhLTExZTYtOGY4OC0zNDM2M2JjN2M0YzAiOnsiY3JlYXRlIjozMDAwMDAwMDAwMDAsImRlbGV0ZSI6MzAwMDAwMDAwMDAwLCJyZWFkIjozMDAwMDAwMDAwMDAsInVwZGF0ZSI6MzAwMDAwMDAwMDAwfX0=",
          "dependencies": [
            "module.ad_users_and_groups.azuread_group.csv_group",
            "module.ad_users_and_groups.data.azuread_user.existing_users"
          ]
        },
        {
          "index_key": "5c068988-b589-48f9-b707-aa62c9c95ff4 dc4e6b71-957e-4af0-9d5b-4394e292c9a2",
          "schema_version": 0,
          "attributes": {
            "group_object_id": "dc4e6b71-957e-4af0-9d5b-4394e292c9a2",
            "id": "dc4e6b71-957e-4af0-9d5b-4394e292c9a2/member/5c068988-b589-48f9-b707-aa62c9c95ff4",
            "member_object_id": "5c068988-b589-48f9-b707-aa62c9c95ff4",
            "timeouts": null
          },
          "sensitive_attributes": [],
          "private": "eyJlMmJmYjczMC1lY2FhLTExZTYtOGY4OC0zNDM2M2JjN2M0YzAiOnsiY3JlYXRlIjozMDAwMDAwMDAwMDAsImRlbGV0ZSI6MzAwMDAwMDAwMDAwLCJyZWFkIjozMDAwMDAwMDAwMDAsInVwZGF0ZSI6MzAwMDAwMDAwMDAwfX0=",
          "dependencies": [
            "module.ad_users_and_groups.azuread_group.csv_group",
            "module.ad_users_and_groups.data.azuread_user.existing_users"
          ]
        },
        {
          "index_key": "623118dc-0711-4ff2-960a-2f4246cc4a88 0ddece18-3279-456a-bd01-4540793699db",
          "schema_version": 0,
          "attributes": {
            "group_object_id": "0ddece18-3279-456a-bd01-4540793699db",
            "id": "0ddece18-3279-456a-bd01-4540793699db/member/623118dc-0711-4ff2-960a-2f4246cc4a88",
            "member_object_id": "623118dc-0711-4ff2-960a-2f4246cc4a88",
            "timeouts": null
          },
          "sensitive_attributes": [],
          "private": "eyJlMmJmYjczMC1lY2FhLTExZTYtOGY4OC0zNDM2M2JjN2M0YzAiOnsiY3JlYXRlIjozMDAwMDAwMDAwMDAsImRlbGV0ZSI6MzAwMDAwMDAwMDAwLCJyZWFkIjozMDAwMDAwMDAwMDAsInVwZGF0ZSI6MzAwMDAwMDAwMDAwfX0=",
          "dependencies": [
            "module.ad_users_and_groups.azuread_group.csv_group",
            "module.ad_users_and_groups.data.azuread_user.existing_users"
          ]
        },
        {
          "index_key": "623118dc-0711-4ff2-960a-2f4246cc4a88 7152762a-c4a0-47b0-b0a8-162e287be8fb",
          "schema_version": 0,
          "attributes": {
            "group_object_id": "7152762a-c4a0-47b0-b0a8-162e287be8fb",
            "id": "7152762a-c4a0-47b0-b0a8-162e287be8fb/member/623118dc-0711-4ff2-960a-2f4246cc4a88",
            "member_object_id": "623118dc-0711-4ff2-960a-2f4246cc4a88",
            "timeouts": null
          },
          "sensitive_attributes": [],
          "private": "eyJlMmJmYjczMC1lY2FhLTExZTYtOGY4OC0zNDM2M2JjN2M0YzAiOnsiY3JlYXRlIjozMDAwMDAwMDAwMDAsImRlbGV0ZSI6MzAwMDAwMDAwMDAwLCJyZWFkIjozMDAwMDAwMDAwMDAsInVwZGF0ZSI6MzAwMDAwMDAwMDAwfX0=",
          "dependencies": [
            "module.ad_users_and_groups.azuread_group.csv_group",
            "module.ad_users_and_groups.data.azuread_user.existing_users"
          ]
        },
        {
          "index_key": "623118dc-0711-4ff2-960a-2f4246cc4a88 7b8c5cb9-2d5c-4579-98c9-2328b6fd584a",
          "schema_version": 0,
          "attributes": {
            "group_object_id": "7b8c5cb9-2d5c-4579-98c9-2328b6fd584a",
            "id": "7b8c5cb9-2d5c-4579-98c9-2328b6fd584a/member/623118dc-0711-4ff2-960a-2f4246cc4a88",
            "member_object_id": "623118dc-0711-4ff2-960a-2f4246cc4a88",
            "timeouts": null
          },
          "sensitive_attributes": [],
          "private": "eyJlMmJmYjczMC1lY2FhLTExZTYtOGY4OC0zNDM2M2JjN2M0YzAiOnsiY3JlYXRlIjozMDAwMDAwMDAwMDAsImRlbGV0ZSI6MzAwMDAwMDAwMDAwLCJyZWFkIjozMDAwMDAwMDAwMDAsInVwZGF0ZSI6MzAwMDAwMDAwMDAwfX0=",
          "dependencies": [
            "module.ad_users_and_groups.azuread_group.csv_group",
            "module.ad_users_and_groups.data.azuread_user.existing_users"
          ]
        },
        {
          "index_key": "623118dc-0711-4ff2-960a-2f4246cc4a88 9a973982-0b50-4cf4-8343-1e7f04aeb0b7",
          "schema_version": 0,
          "attributes": {
            "group_object_id": "9a973982-0b50-4cf4-8343-1e7f04aeb0b7",
            "id": "9a973982-0b50-4cf4-8343-1e7f04aeb0b7/member/623118dc-0711-4ff2-960a-2f4246cc4a88",
            "member_object_id": "623118dc-0711-4ff2-960a-2f4246cc4a88",
            "timeouts": null
          },
          "sensitive_attributes": [],
          "private": "eyJlMmJmYjczMC1lY2FhLTExZTYtOGY4OC0zNDM2M2JjN2M0YzAiOnsiY3JlYXRlIjozMDAwMDAwMDAwMDAsImRlbGV0ZSI6MzAwMDAwMDAwMDAwLCJyZWFkIjozMDAwMDAwMDAwMDAsInVwZGF0ZSI6MzAwMDAwMDAwMDAwfX0=",
          "dependencies": [
            "module.ad_users_and_groups.azuread_group.csv_group",
            "module.ad_users_and_groups.data.azuread_user.existing_users"
          ]
        },
        {
          "index_key": "623118dc-0711-4ff2-960a-2f4246cc4a88 dc4e6b71-957e-4af0-9d5b-4394e292c9a2",
          "schema_version": 0,
          "attributes": {
            "group_object_id": "dc4e6b71-957e-4af0-9d5b-4394e292c9a2",
            "id": "dc4e6b71-957e-4af0-9d5b-4394e292c9a2/member/623118dc-0711-4ff2-960a-2f4246cc4a88",
            "member_object_id": "623118dc-0711-4ff2-960a-2f4246cc4a88",
            "timeouts": null
          },
          "sensitive_attributes": [],
          "private": "eyJlMmJmYjczMC1lY2FhLTExZTYtOGY4OC0zNDM2M2JjN2M0YzAiOnsiY3JlYXRlIjozMDAwMDAwMDAwMDAsImRlbGV0ZSI6MzAwMDAwMDAwMDAwLCJyZWFkIjozMDAwMDAwMDAwMDAsInVwZGF0ZSI6MzAwMDAwMDAwMDAwfX0=",
          "dependencies": [
            "module.ad_users_and_groups.azuread_group.csv_group",
            "module.ad_users_and_groups.data.azuread_user.existing_users"
          ]
        },
        {
          "index_key": "673a6485-5479-4afc-8397-8e26e23a8137 0ddece18-3279-456a-bd01-4540793699db",
          "schema_version": 0,
          "attributes": {
            "group_object_id": "0ddece18-3279-456a-bd01-4540793699db",
            "id": "0ddece18-3279-456a-bd01-4540793699db/member/673a6485-5479-4afc-8397-8e26e23a8137",
            "member_object_id": "673a6485-5479-4afc-8397-8e26e23a8137",
            "timeouts": null
          },
          "sensitive_attributes": [],
          "private": "eyJlMmJmYjczMC1lY2FhLTExZTYtOGY4OC0zNDM2M2JjN2M0YzAiOnsiY3JlYXRlIjozMDAwMDAwMDAwMDAsImRlbGV0ZSI6MzAwMDAwMDAwMDAwLCJyZWFkIjozMDAwMDAwMDAwMDAsInVwZGF0ZSI6MzAwMDAwMDAwMDAwfX0=",
          "dependencies": [
            "module.ad_users_and_groups.azuread_group.csv_group",
            "module.ad_users_and_groups.data.azuread_user.existing_users"
          ]
        },
        {
          "index_key": "673a6485-5479-4afc-8397-8e26e23a8137 7152762a-c4a0-47b0-b0a8-162e287be8fb",
          "schema_version": 0,
          "attributes": {
            "group_object_id": "7152762a-c4a0-47b0-b0a8-162e287be8fb",
            "id": "7152762a-c4a0-47b0-b0a8-162e287be8fb/member/673a6485-5479-4afc-8397-8e26e23a8137",
            "member_object_id": "673a6485-5479-4afc-8397-8e26e23a8137",
            "timeouts": null
          },
          "sensitive_attributes": [],
          "private": "eyJlMmJmYjczMC1lY2FhLTExZTYtOGY4OC0zNDM2M2JjN2M0YzAiOnsiY3JlYXRlIjozMDAwMDAwMDAwMDAsImRlbGV0ZSI6MzAwMDAwMDAwMDAwLCJyZWFkIjozMDAwMDAwMDAwMDAsInVwZGF0ZSI6MzAwMDAwMDAwMDAwfX0=",
          "dependencies": [
            "module.ad_users_and_groups.azuread_group.csv_group",
            "module.ad_users_and_groups.data.azuread_user.existing_users"
          ]
        },
        {
          "index_key": "673a6485-5479-4afc-8397-8e26e23a8137 7b8c5cb9-2d5c-4579-98c9-2328b6fd584a",
          "schema_version": 0,
          "attributes": {
            "group_object_id": "7b8c5cb9-2d5c-4579-98c9-2328b6fd584a",
            "id": "7b8c5cb9-2d5c-4579-98c9-2328b6fd584a/member/673a6485-5479-4afc-8397-8e26e23a8137",
            "member_object_id": "673a6485-5479-4afc-8397-8e26e23a8137",
            "timeouts": null
          },
          "sensitive_attributes": [],
          "private": "eyJlMmJmYjczMC1lY2FhLTExZTYtOGY4OC0zNDM2M2JjN2M0YzAiOnsiY3JlYXRlIjozMDAwMDAwMDAwMDAsImRlbGV0ZSI6MzAwMDAwMDAwMDAwLCJyZWFkIjozMDAwMDAwMDAwMDAsInVwZGF0ZSI6MzAwMDAwMDAwMDAwfX0=",
          "dependencies": [
            "module.ad_users_and_groups.azuread_group.csv_group",
            "module.ad_users_and_groups.data.azuread_user.existing_users"
          ]
        },
        {
          "index_key": "673a6485-5479-4afc-8397-8e26e23a8137 9a973982-0b50-4cf4-8343-1e7f04aeb0b7",
          "schema_version": 0,
          "attributes": {
            "group_object_id": "9a973982-0b50-4cf4-8343-1e7f04aeb0b7",
            "id": "9a973982-0b50-4cf4-8343-1e7f04aeb0b7/member/673a6485-5479-4afc-8397-8e26e23a8137",
            "member_object_id": "673a6485-5479-4afc-8397-8e26e23a8137",
            "timeouts": null
          },
          "sensitive_attributes": [],
          "private": "eyJlMmJmYjczMC1lY2FhLTExZTYtOGY4OC0zNDM2M2JjN2M0YzAiOnsiY3JlYXRlIjozMDAwMDAwMDAwMDAsImRlbGV0ZSI6MzAwMDAwMDAwMDAwLCJyZWFkIjozMDAwMDAwMDAwMDAsInVwZGF0ZSI6MzAwMDAwMDAwMDAwfX0=",
          "dependencies": [
            "module.ad_users_and_groups.azuread_group.csv_group",
            "module.ad_users_and_groups.data.azuread_user.existing_users"
          ]
        },
        {
          "index_key": "673a6485-5479-4afc-8397-8e26e23a8137 dc4e6b71-957e-4af0-9d5b-4394e292c9a2",
          "schema_version": 0,
          "attributes": {
            "group_object_id": "dc4e6b71-957e-4af0-9d5b-4394e292c9a2",
            "id": "dc4e6b71-957e-4af0-9d5b-4394e292c9a2/member/673a6485-5479-4afc-8397-8e26e23a8137",
            "member_object_id": "673a6485-5479-4afc-8397-8e26e23a8137",
            "timeouts": null
          },
          "sensitive_attributes": [],
          "private": "eyJlMmJmYjczMC1lY2FhLTExZTYtOGY4OC0zNDM2M2JjN2M0YzAiOnsiY3JlYXRlIjozMDAwMDAwMDAwMDAsImRlbGV0ZSI6MzAwMDAwMDAwMDAwLCJyZWFkIjozMDAwMDAwMDAwMDAsInVwZGF0ZSI6MzAwMDAwMDAwMDAwfX0=",
          "dependencies": [
            "module.ad_users_and_groups.azuread_group.csv_group",
            "module.ad_users_and_groups.data.azuread_user.existing_users"
          ]
        },
        {
          "index_key": "6840bdaf-9298-4210-9503-3b96090989a0 0ddece18-3279-456a-bd01-4540793699db",
          "schema_version": 0,
          "attributes": {
            "group_object_id": "0ddece18-3279-456a-bd01-4540793699db",
            "id": "0ddece18-3279-456a-bd01-4540793699db/member/6840bdaf-9298-4210-9503-3b96090989a0",
            "member_object_id": "6840bdaf-9298-4210-9503-3b96090989a0",
            "timeouts": null
          },
          "sensitive_attributes": [],
          "private": "eyJlMmJmYjczMC1lY2FhLTExZTYtOGY4OC0zNDM2M2JjN2M0YzAiOnsiY3JlYXRlIjozMDAwMDAwMDAwMDAsImRlbGV0ZSI6MzAwMDAwMDAwMDAwLCJyZWFkIjozMDAwMDAwMDAwMDAsInVwZGF0ZSI6MzAwMDAwMDAwMDAwfX0=",
          "dependencies": [
            "module.ad_users_and_groups.azuread_group.csv_group",
            "module.ad_users_and_groups.data.azuread_user.existing_users"
          ]
        },
        {
          "index_key": "6840bdaf-9298-4210-9503-3b96090989a0 7152762a-c4a0-47b0-b0a8-162e287be8fb",
          "schema_version": 0,
          "attributes": {
            "group_object_id": "7152762a-c4a0-47b0-b0a8-162e287be8fb",
            "id": "7152762a-c4a0-47b0-b0a8-162e287be8fb/member/6840bdaf-9298-4210-9503-3b96090989a0",
            "member_object_id": "6840bdaf-9298-4210-9503-3b96090989a0",
            "timeouts": null
          },
          "sensitive_attributes": [],
          "private": "eyJlMmJmYjczMC1lY2FhLTExZTYtOGY4OC0zNDM2M2JjN2M0YzAiOnsiY3JlYXRlIjozMDAwMDAwMDAwMDAsImRlbGV0ZSI6MzAwMDAwMDAwMDAwLCJyZWFkIjozMDAwMDAwMDAwMDAsInVwZGF0ZSI6MzAwMDAwMDAwMDAwfX0=",
          "dependencies": [
            "module.ad_users_and_groups.azuread_group.csv_group",
            "module.ad_users_and_groups.data.azuread_user.existing_users"
          ]
        },
        {
          "index_key": "6840bdaf-9298-4210-9503-3b96090989a0 7b8c5cb9-2d5c-4579-98c9-2328b6fd584a",
          "schema_version": 0,
          "attributes": {
            "group_object_id": "7b8c5cb9-2d5c-4579-98c9-2328b6fd584a",
            "id": "7b8c5cb9-2d5c-4579-98c9-2328b6fd584a/member/6840bdaf-9298-4210-9503-3b96090989a0",
            "member_object_id": "6840bdaf-9298-4210-9503-3b96090989a0",
            "timeouts": null
          },
          "sensitive_attributes": [],
          "private": "eyJlMmJmYjczMC1lY2FhLTExZTYtOGY4OC0zNDM2M2JjN2M0YzAiOnsiY3JlYXRlIjozMDAwMDAwMDAwMDAsImRlbGV0ZSI6MzAwMDAwMDAwMDAwLCJyZWFkIjozMDAwMDAwMDAwMDAsInVwZGF0ZSI6MzAwMDAwMDAwMDAwfX0=",
          "dependencies": [
            "module.ad_users_and_groups.azuread_group.csv_group",
            "module.ad_users_and_groups.data.azuread_user.existing_users"
          ]
        },
        {
          "index_key": "6840bdaf-9298-4210-9503-3b96090989a0 9a973982-0b50-4cf4-8343-1e7f04aeb0b7",
          "schema_version": 0,
          "attributes": {
            "group_object_id": "9a973982-0b50-4cf4-8343-1e7f04aeb0b7",
            "id": "9a973982-0b50-4cf4-8343-1e7f04aeb0b7/member/6840bdaf-9298-4210-9503-3b96090989a0",
            "member_object_id": "6840bdaf-9298-4210-9503-3b96090989a0",
            "timeouts": null
          },
          "sensitive_attributes": [],
          "private": "eyJlMmJmYjczMC1lY2FhLTExZTYtOGY4OC0zNDM2M2JjN2M0YzAiOnsiY3JlYXRlIjozMDAwMDAwMDAwMDAsImRlbGV0ZSI6MzAwMDAwMDAwMDAwLCJyZWFkIjozMDAwMDAwMDAwMDAsInVwZGF0ZSI6MzAwMDAwMDAwMDAwfX0=",
          "dependencies": [
            "module.ad_users_and_groups.azuread_group.csv_group",
            "module.ad_users_and_groups.data.azuread_user.existing_users"
          ]
        },
        {
          "index_key": "6840bdaf-9298-4210-9503-3b96090989a0 dc4e6b71-957e-4af0-9d5b-4394e292c9a2",
          "schema_version": 0,
          "attributes": {
            "group_object_id": "dc4e6b71-957e-4af0-9d5b-4394e292c9a2",
            "id": "dc4e6b71-957e-4af0-9d5b-4394e292c9a2/member/6840bdaf-9298-4210-9503-3b96090989a0",
            "member_object_id": "6840bdaf-9298-4210-9503-3b96090989a0",
            "timeouts": null
          },
          "sensitive_attributes": [],
          "private": "eyJlMmJmYjczMC1lY2FhLTExZTYtOGY4OC0zNDM2M2JjN2M0YzAiOnsiY3JlYXRlIjozMDAwMDAwMDAwMDAsImRlbGV0ZSI6MzAwMDAwMDAwMDAwLCJyZWFkIjozMDAwMDAwMDAwMDAsInVwZGF0ZSI6MzAwMDAwMDAwMDAwfX0=",
          "dependencies": [
            "module.ad_users_and_groups.azuread_group.csv_group",
            "module.ad_users_and_groups.data.azuread_user.existing_users"
          ]
        },
        {
          "index_key": "6e6ab103-294b-4f89-8caf-04807714eebc 0ddece18-3279-456a-bd01-4540793699db",
          "schema_version": 0,
          "attributes": {
            "group_object_id": "0ddece18-3279-456a-bd01-4540793699db",
            "id": "0ddece18-3279-456a-bd01-4540793699db/member/6e6ab103-294b-4f89-8caf-04807714eebc",
            "member_object_id": "6e6ab103-294b-4f89-8caf-04807714eebc",
            "timeouts": null
          },
          "sensitive_attributes": [],
          "private": "eyJlMmJmYjczMC1lY2FhLTExZTYtOGY4OC0zNDM2M2JjN2M0YzAiOnsiY3JlYXRlIjozMDAwMDAwMDAwMDAsImRlbGV0ZSI6MzAwMDAwMDAwMDAwLCJyZWFkIjozMDAwMDAwMDAwMDAsInVwZGF0ZSI6MzAwMDAwMDAwMDAwfX0=",
          "dependencies": [
            "module.ad_users_and_groups.azuread_group.csv_group",
            "module.ad_users_and_groups.data.azuread_user.existing_users"
          ]
        },
        {
          "index_key": "6e6ab103-294b-4f89-8caf-04807714eebc 7152762a-c4a0-47b0-b0a8-162e287be8fb",
          "schema_version": 0,
          "attributes": {
            "group_object_id": "7152762a-c4a0-47b0-b0a8-162e287be8fb",
            "id": "7152762a-c4a0-47b0-b0a8-162e287be8fb/member/6e6ab103-294b-4f89-8caf-04807714eebc",
            "member_object_id": "6e6ab103-294b-4f89-8caf-04807714eebc",
            "timeouts": null
          },
          "sensitive_attributes": [],
          "private": "eyJlMmJmYjczMC1lY2FhLTExZTYtOGY4OC0zNDM2M2JjN2M0YzAiOnsiY3JlYXRlIjozMDAwMDAwMDAwMDAsImRlbGV0ZSI6MzAwMDAwMDAwMDAwLCJyZWFkIjozMDAwMDAwMDAwMDAsInVwZGF0ZSI6MzAwMDAwMDAwMDAwfX0=",
          "dependencies": [
            "module.ad_users_and_groups.azuread_group.csv_group",
            "module.ad_users_and_groups.data.azuread_user.existing_users"
          ]
        },
        {
          "index_key": "6e6ab103-294b-4f89-8caf-04807714eebc 7b8c5cb9-2d5c-4579-98c9-2328b6fd584a",
          "schema_version": 0,
          "attributes": {
            "group_object_id": "7b8c5cb9-2d5c-4579-98c9-2328b6fd584a",
            "id": "7b8c5cb9-2d5c-4579-98c9-2328b6fd584a/member/6e6ab103-294b-4f89-8caf-04807714eebc",
            "member_object_id": "6e6ab103-294b-4f89-8caf-04807714eebc",
            "timeouts": null
          },
          "sensitive_attributes": [],
          "private": "eyJlMmJmYjczMC1lY2FhLTExZTYtOGY4OC0zNDM2M2JjN2M0YzAiOnsiY3JlYXRlIjozMDAwMDAwMDAwMDAsImRlbGV0ZSI6MzAwMDAwMDAwMDAwLCJyZWFkIjozMDAwMDAwMDAwMDAsInVwZGF0ZSI6MzAwMDAwMDAwMDAwfX0=",
          "dependencies": [
            "module.ad_users_and_groups.azuread_group.csv_group",
            "module.ad_users_and_groups.data.azuread_user.existing_users"
          ]
        },
        {
          "index_key": "6e6ab103-294b-4f89-8caf-04807714eebc 9a973982-0b50-4cf4-8343-1e7f04aeb0b7",
          "schema_version": 0,
          "attributes": {
            "group_object_id": "9a973982-0b50-4cf4-8343-1e7f04aeb0b7",
            "id": "9a973982-0b50-4cf4-8343-1e7f04aeb0b7/member/6e6ab103-294b-4f89-8caf-04807714eebc",
            "member_object_id": "6e6ab103-294b-4f89-8caf-04807714eebc",
            "timeouts": null
          },
          "sensitive_attributes": [],
          "private": "eyJlMmJmYjczMC1lY2FhLTExZTYtOGY4OC0zNDM2M2JjN2M0YzAiOnsiY3JlYXRlIjozMDAwMDAwMDAwMDAsImRlbGV0ZSI6MzAwMDAwMDAwMDAwLCJyZWFkIjozMDAwMDAwMDAwMDAsInVwZGF0ZSI6MzAwMDAwMDAwMDAwfX0=",
          "dependencies": [
            "module.ad_users_and_groups.azuread_group.csv_group",
            "module.ad_users_and_groups.data.azuread_user.existing_users"
          ]
        },
        {
          "index_key": "6e6ab103-294b-4f89-8caf-04807714eebc dc4e6b71-957e-4af0-9d5b-4394e292c9a2",
          "schema_version": 0,
          "attributes": {
            "group_object_id": "dc4e6b71-957e-4af0-9d5b-4394e292c9a2",
            "id": "dc4e6b71-957e-4af0-9d5b-4394e292c9a2/member/6e6ab103-294b-4f89-8caf-04807714eebc",
            "member_object_id": "6e6ab103-294b-4f89-8caf-04807714eebc",
            "timeouts": null
          },
          "sensitive_attributes": [],
          "private": "eyJlMmJmYjczMC1lY2FhLTExZTYtOGY4OC0zNDM2M2JjN2M0YzAiOnsiY3JlYXRlIjozMDAwMDAwMDAwMDAsImRlbGV0ZSI6MzAwMDAwMDAwMDAwLCJyZWFkIjozMDAwMDAwMDAwMDAsInVwZGF0ZSI6MzAwMDAwMDAwMDAwfX0=",
          "dependencies": [
            "module.ad_users_and_groups.azuread_group.csv_group",
            "module.ad_users_and_groups.data.azuread_user.existing_users"
          ]
        },
        {
          "index_key": "74c9e3f0-f6db-461a-9114-87807a32d738 0ddece18-3279-456a-bd01-4540793699db",
          "schema_version": 0,
          "attributes": {
            "group_object_id": "0ddece18-3279-456a-bd01-4540793699db",
            "id": "0ddece18-3279-456a-bd01-4540793699db/member/74c9e3f0-f6db-461a-9114-87807a32d738",
            "member_object_id": "74c9e3f0-f6db-461a-9114-87807a32d738",
            "timeouts": null
          },
          "sensitive_attributes": [],
          "private": "eyJlMmJmYjczMC1lY2FhLTExZTYtOGY4OC0zNDM2M2JjN2M0YzAiOnsiY3JlYXRlIjozMDAwMDAwMDAwMDAsImRlbGV0ZSI6MzAwMDAwMDAwMDAwLCJyZWFkIjozMDAwMDAwMDAwMDAsInVwZGF0ZSI6MzAwMDAwMDAwMDAwfX0=",
          "dependencies": [
            "module.ad_users_and_groups.azuread_group.csv_group",
            "module.ad_users_and_groups.data.azuread_user.existing_users"
          ]
        },
        {
          "index_key": "74c9e3f0-f6db-461a-9114-87807a32d738 7152762a-c4a0-47b0-b0a8-162e287be8fb",
          "schema_version": 0,
          "attributes": {
            "group_object_id": "7152762a-c4a0-47b0-b0a8-162e287be8fb",
            "id": "7152762a-c4a0-47b0-b0a8-162e287be8fb/member/74c9e3f0-f6db-461a-9114-87807a32d738",
            "member_object_id": "74c9e3f0-f6db-461a-9114-87807a32d738",
            "timeouts": null
          },
          "sensitive_attributes": [],
          "private": "eyJlMmJmYjczMC1lY2FhLTExZTYtOGY4OC0zNDM2M2JjN2M0YzAiOnsiY3JlYXRlIjozMDAwMDAwMDAwMDAsImRlbGV0ZSI6MzAwMDAwMDAwMDAwLCJyZWFkIjozMDAwMDAwMDAwMDAsInVwZGF0ZSI6MzAwMDAwMDAwMDAwfX0=",
          "dependencies": [
            "module.ad_users_and_groups.azuread_group.csv_group",
            "module.ad_users_and_groups.data.azuread_user.existing_users"
          ]
        },
        {
          "index_key": "74c9e3f0-f6db-461a-9114-87807a32d738 7b8c5cb9-2d5c-4579-98c9-2328b6fd584a",
          "schema_version": 0,
          "attributes": {
            "group_object_id": "7b8c5cb9-2d5c-4579-98c9-2328b6fd584a",
            "id": "7b8c5cb9-2d5c-4579-98c9-2328b6fd584a/member/74c9e3f0-f6db-461a-9114-87807a32d738",
            "member_object_id": "74c9e3f0-f6db-461a-9114-87807a32d738",
            "timeouts": null
          },
          "sensitive_attributes": [],
          "private": "eyJlMmJmYjczMC1lY2FhLTExZTYtOGY4OC0zNDM2M2JjN2M0YzAiOnsiY3JlYXRlIjozMDAwMDAwMDAwMDAsImRlbGV0ZSI6MzAwMDAwMDAwMDAwLCJyZWFkIjozMDAwMDAwMDAwMDAsInVwZGF0ZSI6MzAwMDAwMDAwMDAwfX0=",
          "dependencies": [
            "module.ad_users_and_groups.azuread_group.csv_group",
            "module.ad_users_and_groups.data.azuread_user.existing_users"
          ]
        },
        {
          "index_key": "74c9e3f0-f6db-461a-9114-87807a32d738 9a973982-0b50-4cf4-8343-1e7f04aeb0b7",
          "schema_version": 0,
          "attributes": {
            "group_object_id": "9a973982-0b50-4cf4-8343-1e7f04aeb0b7",
            "id": "9a973982-0b50-4cf4-8343-1e7f04aeb0b7/member/74c9e3f0-f6db-461a-9114-87807a32d738",
            "member_object_id": "74c9e3f0-f6db-461a-9114-87807a32d738",
            "timeouts": null
          },
          "sensitive_attributes": [],
          "private": "eyJlMmJmYjczMC1lY2FhLTExZTYtOGY4OC0zNDM2M2JjN2M0YzAiOnsiY3JlYXRlIjozMDAwMDAwMDAwMDAsImRlbGV0ZSI6MzAwMDAwMDAwMDAwLCJyZWFkIjozMDAwMDAwMDAwMDAsInVwZGF0ZSI6MzAwMDAwMDAwMDAwfX0=",
          "dependencies": [
            "module.ad_users_and_groups.azuread_group.csv_group",
            "module.ad_users_and_groups.data.azuread_user.existing_users"
          ]
        },
        {
          "index_key": "74c9e3f0-f6db-461a-9114-87807a32d738 dc4e6b71-957e-4af0-9d5b-4394e292c9a2",
          "schema_version": 0,
          "attributes": {
            "group_object_id": "dc4e6b71-957e-4af0-9d5b-4394e292c9a2",
            "id": "dc4e6b71-957e-4af0-9d5b-4394e292c9a2/member/74c9e3f0-f6db-461a-9114-87807a32d738",
            "member_object_id": "74c9e3f0-f6db-461a-9114-87807a32d738",
            "timeouts": null
          },
          "sensitive_attributes": [],
          "private": "eyJlMmJmYjczMC1lY2FhLTExZTYtOGY4OC0zNDM2M2JjN2M0YzAiOnsiY3JlYXRlIjozMDAwMDAwMDAwMDAsImRlbGV0ZSI6MzAwMDAwMDAwMDAwLCJyZWFkIjozMDAwMDAwMDAwMDAsInVwZGF0ZSI6MzAwMDAwMDAwMDAwfX0=",
          "dependencies": [
            "module.ad_users_and_groups.azuread_group.csv_group",
            "module.ad_users_and_groups.data.azuread_user.existing_users"
          ]
        },
        {
          "index_key": "799c9d6d-9af5-46eb-9aaa-6c720010eb2e 0ddece18-3279-456a-bd01-4540793699db",
          "schema_version": 0,
          "attributes": {
            "group_object_id": "0ddece18-3279-456a-bd01-4540793699db",
            "id": "0ddece18-3279-456a-bd01-4540793699db/member/799c9d6d-9af5-46eb-9aaa-6c720010eb2e",
            "member_object_id": "799c9d6d-9af5-46eb-9aaa-6c720010eb2e",
            "timeouts": null
          },
          "sensitive_attributes": [],
          "private": "eyJlMmJmYjczMC1lY2FhLTExZTYtOGY4OC0zNDM2M2JjN2M0YzAiOnsiY3JlYXRlIjozMDAwMDAwMDAwMDAsImRlbGV0ZSI6MzAwMDAwMDAwMDAwLCJyZWFkIjozMDAwMDAwMDAwMDAsInVwZGF0ZSI6MzAwMDAwMDAwMDAwfX0=",
          "dependencies": [
            "module.ad_users_and_groups.azuread_group.csv_group",
            "module.ad_users_and_groups.data.azuread_user.existing_users"
          ]
        },
        {
          "index_key": "799c9d6d-9af5-46eb-9aaa-6c720010eb2e 7152762a-c4a0-47b0-b0a8-162e287be8fb",
          "schema_version": 0,
          "attributes": {
            "group_object_id": "7152762a-c4a0-47b0-b0a8-162e287be8fb",
            "id": "7152762a-c4a0-47b0-b0a8-162e287be8fb/member/799c9d6d-9af5-46eb-9aaa-6c720010eb2e",
            "member_object_id": "799c9d6d-9af5-46eb-9aaa-6c720010eb2e",
            "timeouts": null
          },
          "sensitive_attributes": [],
          "private": "eyJlMmJmYjczMC1lY2FhLTExZTYtOGY4OC0zNDM2M2JjN2M0YzAiOnsiY3JlYXRlIjozMDAwMDAwMDAwMDAsImRlbGV0ZSI6MzAwMDAwMDAwMDAwLCJyZWFkIjozMDAwMDAwMDAwMDAsInVwZGF0ZSI6MzAwMDAwMDAwMDAwfX0=",
          "dependencies": [
            "module.ad_users_and_groups.azuread_group.csv_group",
            "module.ad_users_and_groups.data.azuread_user.existing_users"
          ]
        },
        {
          "index_key": "799c9d6d-9af5-46eb-9aaa-6c720010eb2e 7b8c5cb9-2d5c-4579-98c9-2328b6fd584a",
          "schema_version": 0,
          "attributes": {
            "group_object_id": "7b8c5cb9-2d5c-4579-98c9-2328b6fd584a",
            "id": "7b8c5cb9-2d5c-4579-98c9-2328b6fd584a/member/799c9d6d-9af5-46eb-9aaa-6c720010eb2e",
            "member_object_id": "799c9d6d-9af5-46eb-9aaa-6c720010eb2e",
            "timeouts": null
          },
          "sensitive_attributes": [],
          "private": "eyJlMmJmYjczMC1lY2FhLTExZTYtOGY4OC0zNDM2M2JjN2M0YzAiOnsiY3JlYXRlIjozMDAwMDAwMDAwMDAsImRlbGV0ZSI6MzAwMDAwMDAwMDAwLCJyZWFkIjozMDAwMDAwMDAwMDAsInVwZGF0ZSI6MzAwMDAwMDAwMDAwfX0=",
          "dependencies": [
            "module.ad_users_and_groups.azuread_group.csv_group",
            "module.ad_users_and_groups.data.azuread_user.existing_users"
          ]
        },
        {
          "index_key": "799c9d6d-9af5-46eb-9aaa-6c720010eb2e 9a973982-0b50-4cf4-8343-1e7f04aeb0b7",
          "schema_version": 0,
          "attributes": {
            "group_object_id": "9a973982-0b50-4cf4-8343-1e7f04aeb0b7",
            "id": "9a973982-0b50-4cf4-8343-1e7f04aeb0b7/member/799c9d6d-9af5-46eb-9aaa-6c720010eb2e",
            "member_object_id": "799c9d6d-9af5-46eb-9aaa-6c720010eb2e",
            "timeouts": null
          },
          "sensitive_attributes": [],
          "private": "eyJlMmJmYjczMC1lY2FhLTExZTYtOGY4OC0zNDM2M2JjN2M0YzAiOnsiY3JlYXRlIjozMDAwMDAwMDAwMDAsImRlbGV0ZSI6MzAwMDAwMDAwMDAwLCJyZWFkIjozMDAwMDAwMDAwMDAsInVwZGF0ZSI6MzAwMDAwMDAwMDAwfX0=",
          "dependencies": [
            "module.ad_users_and_groups.azuread_group.csv_group",
            "module.ad_users_and_groups.data.azuread_user.existing_users"
          ]
        },
        {
          "index_key": "799c9d6d-9af5-46eb-9aaa-6c720010eb2e dc4e6b71-957e-4af0-9d5b-4394e292c9a2",
          "schema_version": 0,
          "attributes": {
            "group_object_id": "dc4e6b71-957e-4af0-9d5b-4394e292c9a2",
            "id": "dc4e6b71-957e-4af0-9d5b-4394e292c9a2/member/799c9d6d-9af5-46eb-9aaa-6c720010eb2e",
            "member_object_id": "799c9d6d-9af5-46eb-9aaa-6c720010eb2e",
            "timeouts": null
          },
          "sensitive_attributes": [],
          "private": "eyJlMmJmYjczMC1lY2FhLTExZTYtOGY4OC0zNDM2M2JjN2M0YzAiOnsiY3JlYXRlIjozMDAwMDAwMDAwMDAsImRlbGV0ZSI6MzAwMDAwMDAwMDAwLCJyZWFkIjozMDAwMDAwMDAwMDAsInVwZGF0ZSI6MzAwMDAwMDAwMDAwfX0=",
          "dependencies": [
            "module.ad_users_and_groups.azuread_group.csv_group",
            "module.ad_users_and_groups.data.azuread_user.existing_users"
          ]
        },
        {
          "index_key": "7b54b05c-44de-4e06-aa5b-659d479e5cf1 0ddece18-3279-456a-bd01-4540793699db",
          "schema_version": 0,
          "attributes": {
            "group_object_id": "0ddece18-3279-456a-bd01-4540793699db",
            "id": "0ddece18-3279-456a-bd01-4540793699db/member/7b54b05c-44de-4e06-aa5b-659d479e5cf1",
            "member_object_id": "7b54b05c-44de-4e06-aa5b-659d479e5cf1",
            "timeouts": null
          },
          "sensitive_attributes": [],
          "private": "eyJlMmJmYjczMC1lY2FhLTExZTYtOGY4OC0zNDM2M2JjN2M0YzAiOnsiY3JlYXRlIjozMDAwMDAwMDAwMDAsImRlbGV0ZSI6MzAwMDAwMDAwMDAwLCJyZWFkIjozMDAwMDAwMDAwMDAsInVwZGF0ZSI6MzAwMDAwMDAwMDAwfX0=",
          "dependencies": [
            "module.ad_users_and_groups.azuread_group.csv_group",
            "module.ad_users_and_groups.data.azuread_user.existing_users"
          ]
        },
        {
          "index_key": "7b54b05c-44de-4e06-aa5b-659d479e5cf1 7152762a-c4a0-47b0-b0a8-162e287be8fb",
          "schema_version": 0,
          "attributes": {
            "group_object_id": "7152762a-c4a0-47b0-b0a8-162e287be8fb",
            "id": "7152762a-c4a0-47b0-b0a8-162e287be8fb/member/7b54b05c-44de-4e06-aa5b-659d479e5cf1",
            "member_object_id": "7b54b05c-44de-4e06-aa5b-659d479e5cf1",
            "timeouts": null
          },
          "sensitive_attributes": [],
          "private": "eyJlMmJmYjczMC1lY2FhLTExZTYtOGY4OC0zNDM2M2JjN2M0YzAiOnsiY3JlYXRlIjozMDAwMDAwMDAwMDAsImRlbGV0ZSI6MzAwMDAwMDAwMDAwLCJyZWFkIjozMDAwMDAwMDAwMDAsInVwZGF0ZSI6MzAwMDAwMDAwMDAwfX0=",
          "dependencies": [
            "module.ad_users_and_groups.azuread_group.csv_group",
            "module.ad_users_and_groups.data.azuread_user.existing_users"
          ]
        },
        {
          "index_key": "7b54b05c-44de-4e06-aa5b-659d479e5cf1 7b8c5cb9-2d5c-4579-98c9-2328b6fd584a",
          "schema_version": 0,
          "attributes": {
            "group_object_id": "7b8c5cb9-2d5c-4579-98c9-2328b6fd584a",
            "id": "7b8c5cb9-2d5c-4579-98c9-2328b6fd584a/member/7b54b05c-44de-4e06-aa5b-659d479e5cf1",
            "member_object_id": "7b54b05c-44de-4e06-aa5b-659d479e5cf1",
            "timeouts": null
          },
          "sensitive_attributes": [],
          "private": "eyJlMmJmYjczMC1lY2FhLTExZTYtOGY4OC0zNDM2M2JjN2M0YzAiOnsiY3JlYXRlIjozMDAwMDAwMDAwMDAsImRlbGV0ZSI6MzAwMDAwMDAwMDAwLCJyZWFkIjozMDAwMDAwMDAwMDAsInVwZGF0ZSI6MzAwMDAwMDAwMDAwfX0=",
          "dependencies": [
            "module.ad_users_and_groups.azuread_group.csv_group",
            "module.ad_users_and_groups.data.azuread_user.existing_users"
          ]
        },
        {
          "index_key": "7b54b05c-44de-4e06-aa5b-659d479e5cf1 9a973982-0b50-4cf4-8343-1e7f04aeb0b7",
          "schema_version": 0,
          "attributes": {
            "group_object_id": "9a973982-0b50-4cf4-8343-1e7f04aeb0b7",
            "id": "9a973982-0b50-4cf4-8343-1e7f04aeb0b7/member/7b54b05c-44de-4e06-aa5b-659d479e5cf1",
            "member_object_id": "7b54b05c-44de-4e06-aa5b-659d479e5cf1",
            "timeouts": null
          },
          "sensitive_attributes": [],
          "private": "eyJlMmJmYjczMC1lY2FhLTExZTYtOGY4OC0zNDM2M2JjN2M0YzAiOnsiY3JlYXRlIjozMDAwMDAwMDAwMDAsImRlbGV0ZSI6MzAwMDAwMDAwMDAwLCJyZWFkIjozMDAwMDAwMDAwMDAsInVwZGF0ZSI6MzAwMDAwMDAwMDAwfX0=",
          "dependencies": [
            "module.ad_users_and_groups.azuread_group.csv_group",
            "module.ad_users_and_groups.data.azuread_user.existing_users"
          ]
        },
        {
          "index_key": "7b54b05c-44de-4e06-aa5b-659d479e5cf1 dc4e6b71-957e-4af0-9d5b-4394e292c9a2",
          "schema_version": 0,
          "attributes": {
            "group_object_id": "dc4e6b71-957e-4af0-9d5b-4394e292c9a2",
            "id": "dc4e6b71-957e-4af0-9d5b-4394e292c9a2/member/7b54b05c-44de-4e06-aa5b-659d479e5cf1",
            "member_object_id": "7b54b05c-44de-4e06-aa5b-659d479e5cf1",
            "timeouts": null
          },
          "sensitive_attributes": [],
          "private": "eyJlMmJmYjczMC1lY2FhLTExZTYtOGY4OC0zNDM2M2JjN2M0YzAiOnsiY3JlYXRlIjozMDAwMDAwMDAwMDAsImRlbGV0ZSI6MzAwMDAwMDAwMDAwLCJyZWFkIjozMDAwMDAwMDAwMDAsInVwZGF0ZSI6MzAwMDAwMDAwMDAwfX0=",
          "dependencies": [
            "module.ad_users_and_groups.azuread_group.csv_group",
            "module.ad_users_and_groups.data.azuread_user.existing_users"
          ]
        },
        {
          "index_key": "7dc09ede-245c-4e1c-a762-a17faeab9cf7 0ddece18-3279-456a-bd01-4540793699db",
          "schema_version": 0,
          "attributes": {
            "group_object_id": "0ddece18-3279-456a-bd01-4540793699db",
            "id": "0ddece18-3279-456a-bd01-4540793699db/member/7dc09ede-245c-4e1c-a762-a17faeab9cf7",
            "member_object_id": "7dc09ede-245c-4e1c-a762-a17faeab9cf7",
            "timeouts": null
          },
          "sensitive_attributes": [],
          "private": "eyJlMmJmYjczMC1lY2FhLTExZTYtOGY4OC0zNDM2M2JjN2M0YzAiOnsiY3JlYXRlIjozMDAwMDAwMDAwMDAsImRlbGV0ZSI6MzAwMDAwMDAwMDAwLCJyZWFkIjozMDAwMDAwMDAwMDAsInVwZGF0ZSI6MzAwMDAwMDAwMDAwfX0=",
          "dependencies": [
            "module.ad_users_and_groups.azuread_group.csv_group",
            "module.ad_users_and_groups.data.azuread_user.existing_users"
          ]
        },
        {
          "index_key": "7dc09ede-245c-4e1c-a762-a17faeab9cf7 7152762a-c4a0-47b0-b0a8-162e287be8fb",
          "schema_version": 0,
          "attributes": {
            "group_object_id": "7152762a-c4a0-47b0-b0a8-162e287be8fb",
            "id": "7152762a-c4a0-47b0-b0a8-162e287be8fb/member/7dc09ede-245c-4e1c-a762-a17faeab9cf7",
            "member_object_id": "7dc09ede-245c-4e1c-a762-a17faeab9cf7",
            "timeouts": null
          },
          "sensitive_attributes": [],
          "private": "eyJlMmJmYjczMC1lY2FhLTExZTYtOGY4OC0zNDM2M2JjN2M0YzAiOnsiY3JlYXRlIjozMDAwMDAwMDAwMDAsImRlbGV0ZSI6MzAwMDAwMDAwMDAwLCJyZWFkIjozMDAwMDAwMDAwMDAsInVwZGF0ZSI6MzAwMDAwMDAwMDAwfX0=",
          "dependencies": [
            "module.ad_users_and_groups.azuread_group.csv_group",
            "module.ad_users_and_groups.data.azuread_user.existing_users"
          ]
        },
        {
          "index_key": "7dc09ede-245c-4e1c-a762-a17faeab9cf7 7b8c5cb9-2d5c-4579-98c9-2328b6fd584a",
          "schema_version": 0,
          "attributes": {
            "group_object_id": "7b8c5cb9-2d5c-4579-98c9-2328b6fd584a",
            "id": "7b8c5cb9-2d5c-4579-98c9-2328b6fd584a/member/7dc09ede-245c-4e1c-a762-a17faeab9cf7",
            "member_object_id": "7dc09ede-245c-4e1c-a762-a17faeab9cf7",
            "timeouts": null
          },
          "sensitive_attributes": [],
          "private": "eyJlMmJmYjczMC1lY2FhLTExZTYtOGY4OC0zNDM2M2JjN2M0YzAiOnsiY3JlYXRlIjozMDAwMDAwMDAwMDAsImRlbGV0ZSI6MzAwMDAwMDAwMDAwLCJyZWFkIjozMDAwMDAwMDAwMDAsInVwZGF0ZSI6MzAwMDAwMDAwMDAwfX0=",
          "dependencies": [
            "module.ad_users_and_groups.azuread_group.csv_group",
            "module.ad_users_and_groups.data.azuread_user.existing_users"
          ]
        },
        {
          "index_key": "7dc09ede-245c-4e1c-a762-a17faeab9cf7 9a973982-0b50-4cf4-8343-1e7f04aeb0b7",
          "schema_version": 0,
          "attributes": {
            "group_object_id": "9a973982-0b50-4cf4-8343-1e7f04aeb0b7",
            "id": "9a973982-0b50-4cf4-8343-1e7f04aeb0b7/member/7dc09ede-245c-4e1c-a762-a17faeab9cf7",
            "member_object_id": "7dc09ede-245c-4e1c-a762-a17faeab9cf7",
            "timeouts": null
          },
          "sensitive_attributes": [],
          "private": "eyJlMmJmYjczMC1lY2FhLTExZTYtOGY4OC0zNDM2M2JjN2M0YzAiOnsiY3JlYXRlIjozMDAwMDAwMDAwMDAsImRlbGV0ZSI6MzAwMDAwMDAwMDAwLCJyZWFkIjozMDAwMDAwMDAwMDAsInVwZGF0ZSI6MzAwMDAwMDAwMDAwfX0=",
          "dependencies": [
            "module.ad_users_and_groups.azuread_group.csv_group",
            "module.ad_users_and_groups.data.azuread_user.existing_users"
          ]
        },
        {
          "index_key": "7dc09ede-245c-4e1c-a762-a17faeab9cf7 dc4e6b71-957e-4af0-9d5b-4394e292c9a2",
          "schema_version": 0,
          "attributes": {
            "group_object_id": "dc4e6b71-957e-4af0-9d5b-4394e292c9a2",
            "id": "dc4e6b71-957e-4af0-9d5b-4394e292c9a2/member/7dc09ede-245c-4e1c-a762-a17faeab9cf7",
            "member_object_id": "7dc09ede-245c-4e1c-a762-a17faeab9cf7",
            "timeouts": null
          },
          "sensitive_attributes": [],
          "private": "eyJlMmJmYjczMC1lY2FhLTExZTYtOGY4OC0zNDM2M2JjN2M0YzAiOnsiY3JlYXRlIjozMDAwMDAwMDAwMDAsImRlbGV0ZSI6MzAwMDAwMDAwMDAwLCJyZWFkIjozMDAwMDAwMDAwMDAsInVwZGF0ZSI6MzAwMDAwMDAwMDAwfX0=",
          "dependencies": [
            "module.ad_users_and_groups.azuread_group.csv_group",
            "module.ad_users_and_groups.data.azuread_user.existing_users"
          ]
        },
        {
          "index_key": "81774362-bd64-4201-b6f7-2ea51598b94c 0ddece18-3279-456a-bd01-4540793699db",
          "schema_version": 0,
          "attributes": {
            "group_object_id": "0ddece18-3279-456a-bd01-4540793699db",
            "id": "0ddece18-3279-456a-bd01-4540793699db/member/81774362-bd64-4201-b6f7-2ea51598b94c",
            "member_object_id": "81774362-bd64-4201-b6f7-2ea51598b94c",
            "timeouts": null
          },
          "sensitive_attributes": [],
          "private": "eyJlMmJmYjczMC1lY2FhLTExZTYtOGY4OC0zNDM2M2JjN2M0YzAiOnsiY3JlYXRlIjozMDAwMDAwMDAwMDAsImRlbGV0ZSI6MzAwMDAwMDAwMDAwLCJyZWFkIjozMDAwMDAwMDAwMDAsInVwZGF0ZSI6MzAwMDAwMDAwMDAwfX0=",
          "dependencies": [
            "module.ad_users_and_groups.azuread_group.csv_group",
            "module.ad_users_and_groups.data.azuread_user.existing_users"
          ]
        },
        {
          "index_key": "81774362-bd64-4201-b6f7-2ea51598b94c 7152762a-c4a0-47b0-b0a8-162e287be8fb",
          "schema_version": 0,
          "attributes": {
            "group_object_id": "7152762a-c4a0-47b0-b0a8-162e287be8fb",
            "id": "7152762a-c4a0-47b0-b0a8-162e287be8fb/member/81774362-bd64-4201-b6f7-2ea51598b94c",
            "member_object_id": "81774362-bd64-4201-b6f7-2ea51598b94c",
            "timeouts": null
          },
          "sensitive_attributes": [],
          "private": "eyJlMmJmYjczMC1lY2FhLTExZTYtOGY4OC0zNDM2M2JjN2M0YzAiOnsiY3JlYXRlIjozMDAwMDAwMDAwMDAsImRlbGV0ZSI6MzAwMDAwMDAwMDAwLCJyZWFkIjozMDAwMDAwMDAwMDAsInVwZGF0ZSI6MzAwMDAwMDAwMDAwfX0=",
          "dependencies": [
            "module.ad_users_and_groups.azuread_group.csv_group",
            "module.ad_users_and_groups.data.azuread_user.existing_users"
          ]
        },
        {
          "index_key": "81774362-bd64-4201-b6f7-2ea51598b94c 7b8c5cb9-2d5c-4579-98c9-2328b6fd584a",
          "schema_version": 0,
          "attributes": {
            "group_object_id": "7b8c5cb9-2d5c-4579-98c9-2328b6fd584a",
            "id": "7b8c5cb9-2d5c-4579-98c9-2328b6fd584a/member/81774362-bd64-4201-b6f7-2ea51598b94c",
            "member_object_id": "81774362-bd64-4201-b6f7-2ea51598b94c",
            "timeouts": null
          },
          "sensitive_attributes": [],
          "private": "eyJlMmJmYjczMC1lY2FhLTExZTYtOGY4OC0zNDM2M2JjN2M0YzAiOnsiY3JlYXRlIjozMDAwMDAwMDAwMDAsImRlbGV0ZSI6MzAwMDAwMDAwMDAwLCJyZWFkIjozMDAwMDAwMDAwMDAsInVwZGF0ZSI6MzAwMDAwMDAwMDAwfX0=",
          "dependencies": [
            "module.ad_users_and_groups.azuread_group.csv_group",
            "module.ad_users_and_groups.data.azuread_user.existing_users"
          ]
        },
        {
          "index_key": "81774362-bd64-4201-b6f7-2ea51598b94c 9a973982-0b50-4cf4-8343-1e7f04aeb0b7",
          "schema_version": 0,
          "attributes": {
            "group_object_id": "9a973982-0b50-4cf4-8343-1e7f04aeb0b7",
            "id": "9a973982-0b50-4cf4-8343-1e7f04aeb0b7/member/81774362-bd64-4201-b6f7-2ea51598b94c",
            "member_object_id": "81774362-bd64-4201-b6f7-2ea51598b94c",
            "timeouts": null
          },
          "sensitive_attributes": [],
          "private": "eyJlMmJmYjczMC1lY2FhLTExZTYtOGY4OC0zNDM2M2JjN2M0YzAiOnsiY3JlYXRlIjozMDAwMDAwMDAwMDAsImRlbGV0ZSI6MzAwMDAwMDAwMDAwLCJyZWFkIjozMDAwMDAwMDAwMDAsInVwZGF0ZSI6MzAwMDAwMDAwMDAwfX0=",
          "dependencies": [
            "module.ad_users_and_groups.azuread_group.csv_group",
            "module.ad_users_and_groups.data.azuread_user.existing_users"
          ]
        },
        {
          "index_key": "81774362-bd64-4201-b6f7-2ea51598b94c dc4e6b71-957e-4af0-9d5b-4394e292c9a2",
          "schema_version": 0,
          "attributes": {
            "group_object_id": "dc4e6b71-957e-4af0-9d5b-4394e292c9a2",
            "id": "dc4e6b71-957e-4af0-9d5b-4394e292c9a2/member/81774362-bd64-4201-b6f7-2ea51598b94c",
            "member_object_id": "81774362-bd64-4201-b6f7-2ea51598b94c",
            "timeouts": null
          },
          "sensitive_attributes": [],
          "private": "eyJlMmJmYjczMC1lY2FhLTExZTYtOGY4OC0zNDM2M2JjN2M0YzAiOnsiY3JlYXRlIjozMDAwMDAwMDAwMDAsImRlbGV0ZSI6MzAwMDAwMDAwMDAwLCJyZWFkIjozMDAwMDAwMDAwMDAsInVwZGF0ZSI6MzAwMDAwMDAwMDAwfX0=",
          "dependencies": [
            "module.ad_users_and_groups.azuread_group.csv_group",
            "module.ad_users_and_groups.data.azuread_user.existing_users"
          ]
        },
        {
          "index_key": "8599d708-ae3a-4729-990d-3a4f25684aff 0ddece18-3279-456a-bd01-4540793699db",
          "schema_version": 0,
          "attributes": {
            "group_object_id": "0ddece18-3279-456a-bd01-4540793699db",
            "id": "0ddece18-3279-456a-bd01-4540793699db/member/8599d708-ae3a-4729-990d-3a4f25684aff",
            "member_object_id": "8599d708-ae3a-4729-990d-3a4f25684aff",
            "timeouts": null
          },
          "sensitive_attributes": [],
          "private": "eyJlMmJmYjczMC1lY2FhLTExZTYtOGY4OC0zNDM2M2JjN2M0YzAiOnsiY3JlYXRlIjozMDAwMDAwMDAwMDAsImRlbGV0ZSI6MzAwMDAwMDAwMDAwLCJyZWFkIjozMDAwMDAwMDAwMDAsInVwZGF0ZSI6MzAwMDAwMDAwMDAwfX0=",
          "dependencies": [
            "module.ad_users_and_groups.azuread_group.csv_group",
            "module.ad_users_and_groups.data.azuread_user.existing_users"
          ]
        },
        {
          "index_key": "8599d708-ae3a-4729-990d-3a4f25684aff 7152762a-c4a0-47b0-b0a8-162e287be8fb",
          "schema_version": 0,
          "attributes": {
            "group_object_id": "7152762a-c4a0-47b0-b0a8-162e287be8fb",
            "id": "7152762a-c4a0-47b0-b0a8-162e287be8fb/member/8599d708-ae3a-4729-990d-3a4f25684aff",
            "member_object_id": "8599d708-ae3a-4729-990d-3a4f25684aff",
            "timeouts": null
          },
          "sensitive_attributes": [],
          "private": "eyJlMmJmYjczMC1lY2FhLTExZTYtOGY4OC0zNDM2M2JjN2M0YzAiOnsiY3JlYXRlIjozMDAwMDAwMDAwMDAsImRlbGV0ZSI6MzAwMDAwMDAwMDAwLCJyZWFkIjozMDAwMDAwMDAwMDAsInVwZGF0ZSI6MzAwMDAwMDAwMDAwfX0=",
          "dependencies": [
            "module.ad_users_and_groups.azuread_group.csv_group",
            "module.ad_users_and_groups.data.azuread_user.existing_users"
          ]
        },
        {
          "index_key": "8599d708-ae3a-4729-990d-3a4f25684aff 7b8c5cb9-2d5c-4579-98c9-2328b6fd584a",
          "schema_version": 0,
          "attributes": {
            "group_object_id": "7b8c5cb9-2d5c-4579-98c9-2328b6fd584a",
            "id": "7b8c5cb9-2d5c-4579-98c9-2328b6fd584a/member/8599d708-ae3a-4729-990d-3a4f25684aff",
            "member_object_id": "8599d708-ae3a-4729-990d-3a4f25684aff",
            "timeouts": null
          },
          "sensitive_attributes": [],
          "private": "eyJlMmJmYjczMC1lY2FhLTExZTYtOGY4OC0zNDM2M2JjN2M0YzAiOnsiY3JlYXRlIjozMDAwMDAwMDAwMDAsImRlbGV0ZSI6MzAwMDAwMDAwMDAwLCJyZWFkIjozMDAwMDAwMDAwMDAsInVwZGF0ZSI6MzAwMDAwMDAwMDAwfX0=",
          "dependencies": [
            "module.ad_users_and_groups.azuread_group.csv_group",
            "module.ad_users_and_groups.data.azuread_user.existing_users"
          ]
        },
        {
          "index_key": "8599d708-ae3a-4729-990d-3a4f25684aff 9a973982-0b50-4cf4-8343-1e7f04aeb0b7",
          "schema_version": 0,
          "attributes": {
            "group_object_id": "9a973982-0b50-4cf4-8343-1e7f04aeb0b7",
            "id": "9a973982-0b50-4cf4-8343-1e7f04aeb0b7/member/8599d708-ae3a-4729-990d-3a4f25684aff",
            "member_object_id": "8599d708-ae3a-4729-990d-3a4f25684aff",
            "timeouts": null
          },
          "sensitive_attributes": [],
          "private": "eyJlMmJmYjczMC1lY2FhLTExZTYtOGY4OC0zNDM2M2JjN2M0YzAiOnsiY3JlYXRlIjozMDAwMDAwMDAwMDAsImRlbGV0ZSI6MzAwMDAwMDAwMDAwLCJyZWFkIjozMDAwMDAwMDAwMDAsInVwZGF0ZSI6MzAwMDAwMDAwMDAwfX0=",
          "dependencies": [
            "module.ad_users_and_groups.azuread_group.csv_group",
            "module.ad_users_and_groups.data.azuread_user.existing_users"
          ]
        },
        {
          "index_key": "8599d708-ae3a-4729-990d-3a4f25684aff dc4e6b71-957e-4af0-9d5b-4394e292c9a2",
          "schema_version": 0,
          "attributes": {
            "group_object_id": "dc4e6b71-957e-4af0-9d5b-4394e292c9a2",
            "id": "dc4e6b71-957e-4af0-9d5b-4394e292c9a2/member/8599d708-ae3a-4729-990d-3a4f25684aff",
            "member_object_id": "8599d708-ae3a-4729-990d-3a4f25684aff",
            "timeouts": null
          },
          "sensitive_attributes": [],
          "private": "eyJlMmJmYjczMC1lY2FhLTExZTYtOGY4OC0zNDM2M2JjN2M0YzAiOnsiY3JlYXRlIjozMDAwMDAwMDAwMDAsImRlbGV0ZSI6MzAwMDAwMDAwMDAwLCJyZWFkIjozMDAwMDAwMDAwMDAsInVwZGF0ZSI6MzAwMDAwMDAwMDAwfX0=",
          "dependencies": [
            "module.ad_users_and_groups.azuread_group.csv_group",
            "module.ad_users_and_groups.data.azuread_user.existing_users"
          ]
        },
        {
          "index_key": "87d2c2a2-5fb3-4cfa-a1c7-491f45d5c76d 0ddece18-3279-456a-bd01-4540793699db",
          "schema_version": 0,
          "attributes": {
            "group_object_id": "0ddece18-3279-456a-bd01-4540793699db",
            "id": "0ddece18-3279-456a-bd01-4540793699db/member/87d2c2a2-5fb3-4cfa-a1c7-491f45d5c76d",
            "member_object_id": "87d2c2a2-5fb3-4cfa-a1c7-491f45d5c76d",
            "timeouts": null
          },
          "sensitive_attributes": [],
          "private": "eyJlMmJmYjczMC1lY2FhLTExZTYtOGY4OC0zNDM2M2JjN2M0YzAiOnsiY3JlYXRlIjozMDAwMDAwMDAwMDAsImRlbGV0ZSI6MzAwMDAwMDAwMDAwLCJyZWFkIjozMDAwMDAwMDAwMDAsInVwZGF0ZSI6MzAwMDAwMDAwMDAwfX0=",
          "dependencies": [
            "module.ad_users_and_groups.azuread_group.csv_group",
            "module.ad_users_and_groups.data.azuread_user.existing_users"
          ]
        },
        {
          "index_key": "87d2c2a2-5fb3-4cfa-a1c7-491f45d5c76d 7152762a-c4a0-47b0-b0a8-162e287be8fb",
          "schema_version": 0,
          "attributes": {
            "group_object_id": "7152762a-c4a0-47b0-b0a8-162e287be8fb",
            "id": "7152762a-c4a0-47b0-b0a8-162e287be8fb/member/87d2c2a2-5fb3-4cfa-a1c7-491f45d5c76d",
            "member_object_id": "87d2c2a2-5fb3-4cfa-a1c7-491f45d5c76d",
            "timeouts": null
          },
          "sensitive_attributes": [],
          "private": "eyJlMmJmYjczMC1lY2FhLTExZTYtOGY4OC0zNDM2M2JjN2M0YzAiOnsiY3JlYXRlIjozMDAwMDAwMDAwMDAsImRlbGV0ZSI6MzAwMDAwMDAwMDAwLCJyZWFkIjozMDAwMDAwMDAwMDAsInVwZGF0ZSI6MzAwMDAwMDAwMDAwfX0=",
          "dependencies": [
            "module.ad_users_and_groups.azuread_group.csv_group",
            "module.ad_users_and_groups.data.azuread_user.existing_users"
          ]
        },
        {
          "index_key": "87d2c2a2-5fb3-4cfa-a1c7-491f45d5c76d 7b8c5cb9-2d5c-4579-98c9-2328b6fd584a",
          "schema_version": 0,
          "attributes": {
            "group_object_id": "7b8c5cb9-2d5c-4579-98c9-2328b6fd584a",
            "id": "7b8c5cb9-2d5c-4579-98c9-2328b6fd584a/member/87d2c2a2-5fb3-4cfa-a1c7-491f45d5c76d",
            "member_object_id": "87d2c2a2-5fb3-4cfa-a1c7-491f45d5c76d",
            "timeouts": null
          },
          "sensitive_attributes": [],
          "private": "eyJlMmJmYjczMC1lY2FhLTExZTYtOGY4OC0zNDM2M2JjN2M0YzAiOnsiY3JlYXRlIjozMDAwMDAwMDAwMDAsImRlbGV0ZSI6MzAwMDAwMDAwMDAwLCJyZWFkIjozMDAwMDAwMDAwMDAsInVwZGF0ZSI6MzAwMDAwMDAwMDAwfX0=",
          "dependencies": [
            "module.ad_users_and_groups.azuread_group.csv_group",
            "module.ad_users_and_groups.data.azuread_user.existing_users"
          ]
        },
        {
          "index_key": "87d2c2a2-5fb3-4cfa-a1c7-491f45d5c76d 9a973982-0b50-4cf4-8343-1e7f04aeb0b7",
          "schema_version": 0,
          "attributes": {
            "group_object_id": "9a973982-0b50-4cf4-8343-1e7f04aeb0b7",
            "id": "9a973982-0b50-4cf4-8343-1e7f04aeb0b7/member/87d2c2a2-5fb3-4cfa-a1c7-491f45d5c76d",
            "member_object_id": "87d2c2a2-5fb3-4cfa-a1c7-491f45d5c76d",
            "timeouts": null
          },
          "sensitive_attributes": [],
          "private": "eyJlMmJmYjczMC1lY2FhLTExZTYtOGY4OC0zNDM2M2JjN2M0YzAiOnsiY3JlYXRlIjozMDAwMDAwMDAwMDAsImRlbGV0ZSI6MzAwMDAwMDAwMDAwLCJyZWFkIjozMDAwMDAwMDAwMDAsInVwZGF0ZSI6MzAwMDAwMDAwMDAwfX0=",
          "dependencies": [
            "module.ad_users_and_groups.azuread_group.csv_group",
            "module.ad_users_and_groups.data.azuread_user.existing_users"
          ]
        },
        {
          "index_key": "87d2c2a2-5fb3-4cfa-a1c7-491f45d5c76d dc4e6b71-957e-4af0-9d5b-4394e292c9a2",
          "schema_version": 0,
          "attributes": {
            "group_object_id": "dc4e6b71-957e-4af0-9d5b-4394e292c9a2",
            "id": "dc4e6b71-957e-4af0-9d5b-4394e292c9a2/member/87d2c2a2-5fb3-4cfa-a1c7-491f45d5c76d",
            "member_object_id": "87d2c2a2-5fb3-4cfa-a1c7-491f45d5c76d",
            "timeouts": null
          },
          "sensitive_attributes": [],
          "private": "eyJlMmJmYjczMC1lY2FhLTExZTYtOGY4OC0zNDM2M2JjN2M0YzAiOnsiY3JlYXRlIjozMDAwMDAwMDAwMDAsImRlbGV0ZSI6MzAwMDAwMDAwMDAwLCJyZWFkIjozMDAwMDAwMDAwMDAsInVwZGF0ZSI6MzAwMDAwMDAwMDAwfX0=",
          "dependencies": [
            "module.ad_users_and_groups.azuread_group.csv_group",
            "module.ad_users_and_groups.data.azuread_user.existing_users"
          ]
        },
        {
          "index_key": "927bc3bf-030a-4f3b-8eb3-d403c4614775 0ddece18-3279-456a-bd01-4540793699db",
          "schema_version": 0,
          "attributes": {
            "group_object_id": "0ddece18-3279-456a-bd01-4540793699db",
            "id": "0ddece18-3279-456a-bd01-4540793699db/member/927bc3bf-030a-4f3b-8eb3-d403c4614775",
            "member_object_id": "927bc3bf-030a-4f3b-8eb3-d403c4614775",
            "timeouts": null
          },
          "sensitive_attributes": [],
          "private": "eyJlMmJmYjczMC1lY2FhLTExZTYtOGY4OC0zNDM2M2JjN2M0YzAiOnsiY3JlYXRlIjozMDAwMDAwMDAwMDAsImRlbGV0ZSI6MzAwMDAwMDAwMDAwLCJyZWFkIjozMDAwMDAwMDAwMDAsInVwZGF0ZSI6MzAwMDAwMDAwMDAwfX0=",
          "dependencies": [
            "module.ad_users_and_groups.azuread_group.csv_group",
            "module.ad_users_and_groups.data.azuread_user.existing_users"
          ]
        },
        {
          "index_key": "927bc3bf-030a-4f3b-8eb3-d403c4614775 7152762a-c4a0-47b0-b0a8-162e287be8fb",
          "schema_version": 0,
          "attributes": {
            "group_object_id": "7152762a-c4a0-47b0-b0a8-162e287be8fb",
            "id": "7152762a-c4a0-47b0-b0a8-162e287be8fb/member/927bc3bf-030a-4f3b-8eb3-d403c4614775",
            "member_object_id": "927bc3bf-030a-4f3b-8eb3-d403c4614775",
            "timeouts": null
          },
          "sensitive_attributes": [],
          "private": "eyJlMmJmYjczMC1lY2FhLTExZTYtOGY4OC0zNDM2M2JjN2M0YzAiOnsiY3JlYXRlIjozMDAwMDAwMDAwMDAsImRlbGV0ZSI6MzAwMDAwMDAwMDAwLCJyZWFkIjozMDAwMDAwMDAwMDAsInVwZGF0ZSI6MzAwMDAwMDAwMDAwfX0=",
          "dependencies": [
            "module.ad_users_and_groups.azuread_group.csv_group",
            "module.ad_users_and_groups.data.azuread_user.existing_users"
          ]
        },
        {
          "index_key": "927bc3bf-030a-4f3b-8eb3-d403c4614775 7b8c5cb9-2d5c-4579-98c9-2328b6fd584a",
          "schema_version": 0,
          "attributes": {
            "group_object_id": "7b8c5cb9-2d5c-4579-98c9-2328b6fd584a",
            "id": "7b8c5cb9-2d5c-4579-98c9-2328b6fd584a/member/927bc3bf-030a-4f3b-8eb3-d403c4614775",
            "member_object_id": "927bc3bf-030a-4f3b-8eb3-d403c4614775",
            "timeouts": null
          },
          "sensitive_attributes": [],
          "private": "eyJlMmJmYjczMC1lY2FhLTExZTYtOGY4OC0zNDM2M2JjN2M0YzAiOnsiY3JlYXRlIjozMDAwMDAwMDAwMDAsImRlbGV0ZSI6MzAwMDAwMDAwMDAwLCJyZWFkIjozMDAwMDAwMDAwMDAsInVwZGF0ZSI6MzAwMDAwMDAwMDAwfX0=",
          "dependencies": [
            "module.ad_users_and_groups.azuread_group.csv_group",
            "module.ad_users_and_groups.data.azuread_user.existing_users"
          ]
        },
        {
          "index_key": "927bc3bf-030a-4f3b-8eb3-d403c4614775 9a973982-0b50-4cf4-8343-1e7f04aeb0b7",
          "schema_version": 0,
          "attributes": {
            "group_object_id": "9a973982-0b50-4cf4-8343-1e7f04aeb0b7",
            "id": "9a973982-0b50-4cf4-8343-1e7f04aeb0b7/member/927bc3bf-030a-4f3b-8eb3-d403c4614775",
            "member_object_id": "927bc3bf-030a-4f3b-8eb3-d403c4614775",
            "timeouts": null
          },
          "sensitive_attributes": [],
          "private": "eyJlMmJmYjczMC1lY2FhLTExZTYtOGY4OC0zNDM2M2JjN2M0YzAiOnsiY3JlYXRlIjozMDAwMDAwMDAwMDAsImRlbGV0ZSI6MzAwMDAwMDAwMDAwLCJyZWFkIjozMDAwMDAwMDAwMDAsInVwZGF0ZSI6MzAwMDAwMDAwMDAwfX0=",
          "dependencies": [
            "module.ad_users_and_groups.azuread_group.csv_group",
            "module.ad_users_and_groups.data.azuread_user.existing_users"
          ]
        },
        {
          "index_key": "927bc3bf-030a-4f3b-8eb3-d403c4614775 dc4e6b71-957e-4af0-9d5b-4394e292c9a2",
          "schema_version": 0,
          "attributes": {
            "group_object_id": "dc4e6b71-957e-4af0-9d5b-4394e292c9a2",
            "id": "dc4e6b71-957e-4af0-9d5b-4394e292c9a2/member/927bc3bf-030a-4f3b-8eb3-d403c4614775",
            "member_object_id": "927bc3bf-030a-4f3b-8eb3-d403c4614775",
            "timeouts": null
          },
          "sensitive_attributes": [],
          "private": "eyJlMmJmYjczMC1lY2FhLTExZTYtOGY4OC0zNDM2M2JjN2M0YzAiOnsiY3JlYXRlIjozMDAwMDAwMDAwMDAsImRlbGV0ZSI6MzAwMDAwMDAwMDAwLCJyZWFkIjozMDAwMDAwMDAwMDAsInVwZGF0ZSI6MzAwMDAwMDAwMDAwfX0=",
          "dependencies": [
            "module.ad_users_and_groups.azuread_group.csv_group",
            "module.ad_users_and_groups.data.azuread_user.existing_users"
          ]
        },
        {
          "index_key": "97960386-c8d7-463d-8063-c0b3fe7516d1 0ddece18-3279-456a-bd01-4540793699db",
          "schema_version": 0,
          "attributes": {
            "group_object_id": "0ddece18-3279-456a-bd01-4540793699db",
            "id": "0ddece18-3279-456a-bd01-4540793699db/member/97960386-c8d7-463d-8063-c0b3fe7516d1",
            "member_object_id": "97960386-c8d7-463d-8063-c0b3fe7516d1",
            "timeouts": null
          },
          "sensitive_attributes": [],
          "private": "eyJlMmJmYjczMC1lY2FhLTExZTYtOGY4OC0zNDM2M2JjN2M0YzAiOnsiY3JlYXRlIjozMDAwMDAwMDAwMDAsImRlbGV0ZSI6MzAwMDAwMDAwMDAwLCJyZWFkIjozMDAwMDAwMDAwMDAsInVwZGF0ZSI6MzAwMDAwMDAwMDAwfX0=",
          "dependencies": [
            "module.ad_users_and_groups.azuread_group.csv_group",
            "module.ad_users_and_groups.data.azuread_user.existing_users"
          ]
        },
        {
          "index_key": "97960386-c8d7-463d-8063-c0b3fe7516d1 7152762a-c4a0-47b0-b0a8-162e287be8fb",
          "schema_version": 0,
          "attributes": {
            "group_object_id": "7152762a-c4a0-47b0-b0a8-162e287be8fb",
            "id": "7152762a-c4a0-47b0-b0a8-162e287be8fb/member/97960386-c8d7-463d-8063-c0b3fe7516d1",
            "member_object_id": "97960386-c8d7-463d-8063-c0b3fe7516d1",
            "timeouts": null
          },
          "sensitive_attributes": [],
          "private": "eyJlMmJmYjczMC1lY2FhLTExZTYtOGY4OC0zNDM2M2JjN2M0YzAiOnsiY3JlYXRlIjozMDAwMDAwMDAwMDAsImRlbGV0ZSI6MzAwMDAwMDAwMDAwLCJyZWFkIjozMDAwMDAwMDAwMDAsInVwZGF0ZSI6MzAwMDAwMDAwMDAwfX0=",
          "dependencies": [
            "module.ad_users_and_groups.azuread_group.csv_group",
            "module.ad_users_and_groups.data.azuread_user.existing_users"
          ]
        },
        {
          "index_key": "97960386-c8d7-463d-8063-c0b3fe7516d1 7b8c5cb9-2d5c-4579-98c9-2328b6fd584a",
          "schema_version": 0,
          "attributes": {
            "group_object_id": "7b8c5cb9-2d5c-4579-98c9-2328b6fd584a",
            "id": "7b8c5cb9-2d5c-4579-98c9-2328b6fd584a/member/97960386-c8d7-463d-8063-c0b3fe7516d1",
            "member_object_id": "97960386-c8d7-463d-8063-c0b3fe7516d1",
            "timeouts": null
          },
          "sensitive_attributes": [],
          "private": "eyJlMmJmYjczMC1lY2FhLTExZTYtOGY4OC0zNDM2M2JjN2M0YzAiOnsiY3JlYXRlIjozMDAwMDAwMDAwMDAsImRlbGV0ZSI6MzAwMDAwMDAwMDAwLCJyZWFkIjozMDAwMDAwMDAwMDAsInVwZGF0ZSI6MzAwMDAwMDAwMDAwfX0=",
          "dependencies": [
            "module.ad_users_and_groups.azuread_group.csv_group",
            "module.ad_users_and_groups.data.azuread_user.existing_users"
          ]
        },
        {
          "index_key": "97960386-c8d7-463d-8063-c0b3fe7516d1 9a973982-0b50-4cf4-8343-1e7f04aeb0b7",
          "schema_version": 0,
          "attributes": {
            "group_object_id": "9a973982-0b50-4cf4-8343-1e7f04aeb0b7",
            "id": "9a973982-0b50-4cf4-8343-1e7f04aeb0b7/member/97960386-c8d7-463d-8063-c0b3fe7516d1",
            "member_object_id": "97960386-c8d7-463d-8063-c0b3fe7516d1",
            "timeouts": null
          },
          "sensitive_attributes": [],
          "private": "eyJlMmJmYjczMC1lY2FhLTExZTYtOGY4OC0zNDM2M2JjN2M0YzAiOnsiY3JlYXRlIjozMDAwMDAwMDAwMDAsImRlbGV0ZSI6MzAwMDAwMDAwMDAwLCJyZWFkIjozMDAwMDAwMDAwMDAsInVwZGF0ZSI6MzAwMDAwMDAwMDAwfX0=",
          "dependencies": [
            "module.ad_users_and_groups.azuread_group.csv_group",
            "module.ad_users_and_groups.data.azuread_user.existing_users"
          ]
        },
        {
          "index_key": "97960386-c8d7-463d-8063-c0b3fe7516d1 dc4e6b71-957e-4af0-9d5b-4394e292c9a2",
          "schema_version": 0,
          "attributes": {
            "group_object_id": "dc4e6b71-957e-4af0-9d5b-4394e292c9a2",
            "id": "dc4e6b71-957e-4af0-9d5b-4394e292c9a2/member/97960386-c8d7-463d-8063-c0b3fe7516d1",
            "member_object_id": "97960386-c8d7-463d-8063-c0b3fe7516d1",
            "timeouts": null
          },
          "sensitive_attributes": [],
          "private": "eyJlMmJmYjczMC1lY2FhLTExZTYtOGY4OC0zNDM2M2JjN2M0YzAiOnsiY3JlYXRlIjozMDAwMDAwMDAwMDAsImRlbGV0ZSI6MzAwMDAwMDAwMDAwLCJyZWFkIjozMDAwMDAwMDAwMDAsInVwZGF0ZSI6MzAwMDAwMDAwMDAwfX0=",
          "dependencies": [
            "module.ad_users_and_groups.azuread_group.csv_group",
            "module.ad_users_and_groups.data.azuread_user.existing_users"
          ]
        },
        {
          "index_key": "a5319955-6b6b-48bc-be64-142c1a6dddc6 0ddece18-3279-456a-bd01-4540793699db",
          "schema_version": 0,
          "attributes": {
            "group_object_id": "0ddece18-3279-456a-bd01-4540793699db",
            "id": "0ddece18-3279-456a-bd01-4540793699db/member/a5319955-6b6b-48bc-be64-142c1a6dddc6",
            "member_object_id": "a5319955-6b6b-48bc-be64-142c1a6dddc6",
            "timeouts": null
          },
          "sensitive_attributes": [],
          "private": "eyJlMmJmYjczMC1lY2FhLTExZTYtOGY4OC0zNDM2M2JjN2M0YzAiOnsiY3JlYXRlIjozMDAwMDAwMDAwMDAsImRlbGV0ZSI6MzAwMDAwMDAwMDAwLCJyZWFkIjozMDAwMDAwMDAwMDAsInVwZGF0ZSI6MzAwMDAwMDAwMDAwfX0=",
          "dependencies": [
            "module.ad_users_and_groups.azuread_group.csv_group",
            "module.ad_users_and_groups.data.azuread_user.existing_users"
          ]
        },
        {
          "index_key": "a5319955-6b6b-48bc-be64-142c1a6dddc6 7152762a-c4a0-47b0-b0a8-162e287be8fb",
          "schema_version": 0,
          "attributes": {
            "group_object_id": "7152762a-c4a0-47b0-b0a8-162e287be8fb",
            "id": "7152762a-c4a0-47b0-b0a8-162e287be8fb/member/a5319955-6b6b-48bc-be64-142c1a6dddc6",
            "member_object_id": "a5319955-6b6b-48bc-be64-142c1a6dddc6",
            "timeouts": null
          },
          "sensitive_attributes": [],
          "private": "eyJlMmJmYjczMC1lY2FhLTExZTYtOGY4OC0zNDM2M2JjN2M0YzAiOnsiY3JlYXRlIjozMDAwMDAwMDAwMDAsImRlbGV0ZSI6MzAwMDAwMDAwMDAwLCJyZWFkIjozMDAwMDAwMDAwMDAsInVwZGF0ZSI6MzAwMDAwMDAwMDAwfX0=",
          "dependencies": [
            "module.ad_users_and_groups.azuread_group.csv_group",
            "module.ad_users_and_groups.data.azuread_user.existing_users"
          ]
        },
        {
          "index_key": "a5319955-6b6b-48bc-be64-142c1a6dddc6 7b8c5cb9-2d5c-4579-98c9-2328b6fd584a",
          "schema_version": 0,
          "attributes": {
            "group_object_id": "7b8c5cb9-2d5c-4579-98c9-2328b6fd584a",
            "id": "7b8c5cb9-2d5c-4579-98c9-2328b6fd584a/member/a5319955-6b6b-48bc-be64-142c1a6dddc6",
            "member_object_id": "a5319955-6b6b-48bc-be64-142c1a6dddc6",
            "timeouts": null
          },
          "sensitive_attributes": [],
          "private": "eyJlMmJmYjczMC1lY2FhLTExZTYtOGY4OC0zNDM2M2JjN2M0YzAiOnsiY3JlYXRlIjozMDAwMDAwMDAwMDAsImRlbGV0ZSI6MzAwMDAwMDAwMDAwLCJyZWFkIjozMDAwMDAwMDAwMDAsInVwZGF0ZSI6MzAwMDAwMDAwMDAwfX0=",
          "dependencies": [
            "module.ad_users_and_groups.azuread_group.csv_group",
            "module.ad_users_and_groups.data.azuread_user.existing_users"
          ]
        },
        {
          "index_key": "a5319955-6b6b-48bc-be64-142c1a6dddc6 9a973982-0b50-4cf4-8343-1e7f04aeb0b7",
          "schema_version": 0,
          "attributes": {
            "group_object_id": "9a973982-0b50-4cf4-8343-1e7f04aeb0b7",
            "id": "9a973982-0b50-4cf4-8343-1e7f04aeb0b7/member/a5319955-6b6b-48bc-be64-142c1a6dddc6",
            "member_object_id": "a5319955-6b6b-48bc-be64-142c1a6dddc6",
            "timeouts": null
          },
          "sensitive_attributes": [],
          "private": "eyJlMmJmYjczMC1lY2FhLTExZTYtOGY4OC0zNDM2M2JjN2M0YzAiOnsiY3JlYXRlIjozMDAwMDAwMDAwMDAsImRlbGV0ZSI6MzAwMDAwMDAwMDAwLCJyZWFkIjozMDAwMDAwMDAwMDAsInVwZGF0ZSI6MzAwMDAwMDAwMDAwfX0=",
          "dependencies": [
            "module.ad_users_and_groups.azuread_group.csv_group",
            "module.ad_users_and_groups.data.azuread_user.existing_users"
          ]
        },
        {
          "index_key": "a5319955-6b6b-48bc-be64-142c1a6dddc6 dc4e6b71-957e-4af0-9d5b-4394e292c9a2",
          "schema_version": 0,
          "attributes": {
            "group_object_id": "dc4e6b71-957e-4af0-9d5b-4394e292c9a2",
            "id": "dc4e6b71-957e-4af0-9d5b-4394e292c9a2/member/a5319955-6b6b-48bc-be64-142c1a6dddc6",
            "member_object_id": "a5319955-6b6b-48bc-be64-142c1a6dddc6",
            "timeouts": null
          },
          "sensitive_attributes": [],
          "private": "eyJlMmJmYjczMC1lY2FhLTExZTYtOGY4OC0zNDM2M2JjN2M0YzAiOnsiY3JlYXRlIjozMDAwMDAwMDAwMDAsImRlbGV0ZSI6MzAwMDAwMDAwMDAwLCJyZWFkIjozMDAwMDAwMDAwMDAsInVwZGF0ZSI6MzAwMDAwMDAwMDAwfX0=",
          "dependencies": [
            "module.ad_users_and_groups.azuread_group.csv_group",
            "module.ad_users_and_groups.data.azuread_user.existing_users"
          ]
        },
        {
          "index_key": "ab3c797a-43d8-474a-805e-be614452b71b 0ddece18-3279-456a-bd01-4540793699db",
          "schema_version": 0,
          "attributes": {
            "group_object_id": "0ddece18-3279-456a-bd01-4540793699db",
            "id": "0ddece18-3279-456a-bd01-4540793699db/member/ab3c797a-43d8-474a-805e-be614452b71b",
            "member_object_id": "ab3c797a-43d8-474a-805e-be614452b71b",
            "timeouts": null
          },
          "sensitive_attributes": [],
          "private": "eyJlMmJmYjczMC1lY2FhLTExZTYtOGY4OC0zNDM2M2JjN2M0YzAiOnsiY3JlYXRlIjozMDAwMDAwMDAwMDAsImRlbGV0ZSI6MzAwMDAwMDAwMDAwLCJyZWFkIjozMDAwMDAwMDAwMDAsInVwZGF0ZSI6MzAwMDAwMDAwMDAwfX0=",
          "dependencies": [
            "module.ad_users_and_groups.azuread_group.csv_group",
            "module.ad_users_and_groups.data.azuread_user.existing_users"
          ]
        },
        {
          "index_key": "ab3c797a-43d8-474a-805e-be614452b71b 7152762a-c4a0-47b0-b0a8-162e287be8fb",
          "schema_version": 0,
          "attributes": {
            "group_object_id": "7152762a-c4a0-47b0-b0a8-162e287be8fb",
            "id": "7152762a-c4a0-47b0-b0a8-162e287be8fb/member/ab3c797a-43d8-474a-805e-be614452b71b",
            "member_object_id": "ab3c797a-43d8-474a-805e-be614452b71b",
            "timeouts": null
          },
          "sensitive_attributes": [],
          "private": "eyJlMmJmYjczMC1lY2FhLTExZTYtOGY4OC0zNDM2M2JjN2M0YzAiOnsiY3JlYXRlIjozMDAwMDAwMDAwMDAsImRlbGV0ZSI6MzAwMDAwMDAwMDAwLCJyZWFkIjozMDAwMDAwMDAwMDAsInVwZGF0ZSI6MzAwMDAwMDAwMDAwfX0=",
          "dependencies": [
            "module.ad_users_and_groups.azuread_group.csv_group",
            "module.ad_users_and_groups.data.azuread_user.existing_users"
          ]
        },
        {
          "index_key": "ab3c797a-43d8-474a-805e-be614452b71b 7b8c5cb9-2d5c-4579-98c9-2328b6fd584a",
          "schema_version": 0,
          "attributes": {
            "group_object_id": "7b8c5cb9-2d5c-4579-98c9-2328b6fd584a",
            "id": "7b8c5cb9-2d5c-4579-98c9-2328b6fd584a/member/ab3c797a-43d8-474a-805e-be614452b71b",
            "member_object_id": "ab3c797a-43d8-474a-805e-be614452b71b",
            "timeouts": null
          },
          "sensitive_attributes": [],
          "private": "eyJlMmJmYjczMC1lY2FhLTExZTYtOGY4OC0zNDM2M2JjN2M0YzAiOnsiY3JlYXRlIjozMDAwMDAwMDAwMDAsImRlbGV0ZSI6MzAwMDAwMDAwMDAwLCJyZWFkIjozMDAwMDAwMDAwMDAsInVwZGF0ZSI6MzAwMDAwMDAwMDAwfX0=",
          "dependencies": [
            "module.ad_users_and_groups.azuread_group.csv_group",
            "module.ad_users_and_groups.data.azuread_user.existing_users"
          ]
        },
        {
          "index_key": "ab3c797a-43d8-474a-805e-be614452b71b 9a973982-0b50-4cf4-8343-1e7f04aeb0b7",
          "schema_version": 0,
          "attributes": {
            "group_object_id": "9a973982-0b50-4cf4-8343-1e7f04aeb0b7",
            "id": "9a973982-0b50-4cf4-8343-1e7f04aeb0b7/member/ab3c797a-43d8-474a-805e-be614452b71b",
            "member_object_id": "ab3c797a-43d8-474a-805e-be614452b71b",
            "timeouts": null
          },
          "sensitive_attributes": [],
          "private": "eyJlMmJmYjczMC1lY2FhLTExZTYtOGY4OC0zNDM2M2JjN2M0YzAiOnsiY3JlYXRlIjozMDAwMDAwMDAwMDAsImRlbGV0ZSI6MzAwMDAwMDAwMDAwLCJyZWFkIjozMDAwMDAwMDAwMDAsInVwZGF0ZSI6MzAwMDAwMDAwMDAwfX0=",
          "dependencies": [
            "module.ad_users_and_groups.azuread_group.csv_group",
            "module.ad_users_and_groups.data.azuread_user.existing_users"
          ]
        },
        {
          "index_key": "ab3c797a-43d8-474a-805e-be614452b71b dc4e6b71-957e-4af0-9d5b-4394e292c9a2",
          "schema_version": 0,
          "attributes": {
            "group_object_id": "dc4e6b71-957e-4af0-9d5b-4394e292c9a2",
            "id": "dc4e6b71-957e-4af0-9d5b-4394e292c9a2/member/ab3c797a-43d8-474a-805e-be614452b71b",
            "member_object_id": "ab3c797a-43d8-474a-805e-be614452b71b",
            "timeouts": null
          },
          "sensitive_attributes": [],
          "private": "eyJlMmJmYjczMC1lY2FhLTExZTYtOGY4OC0zNDM2M2JjN2M0YzAiOnsiY3JlYXRlIjozMDAwMDAwMDAwMDAsImRlbGV0ZSI6MzAwMDAwMDAwMDAwLCJyZWFkIjozMDAwMDAwMDAwMDAsInVwZGF0ZSI6MzAwMDAwMDAwMDAwfX0=",
          "dependencies": [
            "module.ad_users_and_groups.azuread_group.csv_group",
            "module.ad_users_and_groups.data.azuread_user.existing_users"
          ]
        },
        {
          "index_key": "af177568-d7cd-4616-a6de-f82c65caa629 0ddece18-3279-456a-bd01-4540793699db",
          "schema_version": 0,
          "attributes": {
            "group_object_id": "0ddece18-3279-456a-bd01-4540793699db",
            "id": "0ddece18-3279-456a-bd01-4540793699db/member/af177568-d7cd-4616-a6de-f82c65caa629",
            "member_object_id": "af177568-d7cd-4616-a6de-f82c65caa629",
            "timeouts": null
          },
          "sensitive_attributes": [],
          "private": "eyJlMmJmYjczMC1lY2FhLTExZTYtOGY4OC0zNDM2M2JjN2M0YzAiOnsiY3JlYXRlIjozMDAwMDAwMDAwMDAsImRlbGV0ZSI6MzAwMDAwMDAwMDAwLCJyZWFkIjozMDAwMDAwMDAwMDAsInVwZGF0ZSI6MzAwMDAwMDAwMDAwfX0=",
          "dependencies": [
            "module.ad_users_and_groups.azuread_group.csv_group",
            "module.ad_users_and_groups.data.azuread_user.existing_users"
          ]
        },
        {
          "index_key": "af177568-d7cd-4616-a6de-f82c65caa629 7152762a-c4a0-47b0-b0a8-162e287be8fb",
          "schema_version": 0,
          "attributes": {
            "group_object_id": "7152762a-c4a0-47b0-b0a8-162e287be8fb",
            "id": "7152762a-c4a0-47b0-b0a8-162e287be8fb/member/af177568-d7cd-4616-a6de-f82c65caa629",
            "member_object_id": "af177568-d7cd-4616-a6de-f82c65caa629",
            "timeouts": null
          },
          "sensitive_attributes": [],
          "private": "eyJlMmJmYjczMC1lY2FhLTExZTYtOGY4OC0zNDM2M2JjN2M0YzAiOnsiY3JlYXRlIjozMDAwMDAwMDAwMDAsImRlbGV0ZSI6MzAwMDAwMDAwMDAwLCJyZWFkIjozMDAwMDAwMDAwMDAsInVwZGF0ZSI6MzAwMDAwMDAwMDAwfX0=",
          "dependencies": [
            "module.ad_users_and_groups.azuread_group.csv_group",
            "module.ad_users_and_groups.data.azuread_user.existing_users"
          ]
        },
        {
          "index_key": "af177568-d7cd-4616-a6de-f82c65caa629 7b8c5cb9-2d5c-4579-98c9-2328b6fd584a",
          "schema_version": 0,
          "attributes": {
            "group_object_id": "7b8c5cb9-2d5c-4579-98c9-2328b6fd584a",
            "id": "7b8c5cb9-2d5c-4579-98c9-2328b6fd584a/member/af177568-d7cd-4616-a6de-f82c65caa629",
            "member_object_id": "af177568-d7cd-4616-a6de-f82c65caa629",
            "timeouts": null
          },
          "sensitive_attributes": [],
          "private": "eyJlMmJmYjczMC1lY2FhLTExZTYtOGY4OC0zNDM2M2JjN2M0YzAiOnsiY3JlYXRlIjozMDAwMDAwMDAwMDAsImRlbGV0ZSI6MzAwMDAwMDAwMDAwLCJyZWFkIjozMDAwMDAwMDAwMDAsInVwZGF0ZSI6MzAwMDAwMDAwMDAwfX0=",
          "dependencies": [
            "module.ad_users_and_groups.azuread_group.csv_group",
            "module.ad_users_and_groups.data.azuread_user.existing_users"
          ]
        },
        {
          "index_key": "af177568-d7cd-4616-a6de-f82c65caa629 9a973982-0b50-4cf4-8343-1e7f04aeb0b7",
          "schema_version": 0,
          "attributes": {
            "group_object_id": "9a973982-0b50-4cf4-8343-1e7f04aeb0b7",
            "id": "9a973982-0b50-4cf4-8343-1e7f04aeb0b7/member/af177568-d7cd-4616-a6de-f82c65caa629",
            "member_object_id": "af177568-d7cd-4616-a6de-f82c65caa629",
            "timeouts": null
          },
          "sensitive_attributes": [],
          "private": "eyJlMmJmYjczMC1lY2FhLTExZTYtOGY4OC0zNDM2M2JjN2M0YzAiOnsiY3JlYXRlIjozMDAwMDAwMDAwMDAsImRlbGV0ZSI6MzAwMDAwMDAwMDAwLCJyZWFkIjozMDAwMDAwMDAwMDAsInVwZGF0ZSI6MzAwMDAwMDAwMDAwfX0=",
          "dependencies": [
            "module.ad_users_and_groups.azuread_group.csv_group",
            "module.ad_users_and_groups.data.azuread_user.existing_users"
          ]
        },
        {
          "index_key": "af177568-d7cd-4616-a6de-f82c65caa629 dc4e6b71-957e-4af0-9d5b-4394e292c9a2",
          "schema_version": 0,
          "attributes": {
            "group_object_id": "dc4e6b71-957e-4af0-9d5b-4394e292c9a2",
            "id": "dc4e6b71-957e-4af0-9d5b-4394e292c9a2/member/af177568-d7cd-4616-a6de-f82c65caa629",
            "member_object_id": "af177568-d7cd-4616-a6de-f82c65caa629",
            "timeouts": null
          },
          "sensitive_attributes": [],
          "private": "eyJlMmJmYjczMC1lY2FhLTExZTYtOGY4OC0zNDM2M2JjN2M0YzAiOnsiY3JlYXRlIjozMDAwMDAwMDAwMDAsImRlbGV0ZSI6MzAwMDAwMDAwMDAwLCJyZWFkIjozMDAwMDAwMDAwMDAsInVwZGF0ZSI6MzAwMDAwMDAwMDAwfX0=",
          "dependencies": [
            "module.ad_users_and_groups.azuread_group.csv_group",
            "module.ad_users_and_groups.data.azuread_user.existing_users"
          ]
        },
        {
          "index_key": "afc797cc-dba7-4fbb-8ca1-0281f2d10496 0ddece18-3279-456a-bd01-4540793699db",
          "schema_version": 0,
          "attributes": {
            "group_object_id": "0ddece18-3279-456a-bd01-4540793699db",
            "id": "0ddece18-3279-456a-bd01-4540793699db/member/afc797cc-dba7-4fbb-8ca1-0281f2d10496",
            "member_object_id": "afc797cc-dba7-4fbb-8ca1-0281f2d10496",
            "timeouts": null
          },
          "sensitive_attributes": [],
          "private": "eyJlMmJmYjczMC1lY2FhLTExZTYtOGY4OC0zNDM2M2JjN2M0YzAiOnsiY3JlYXRlIjozMDAwMDAwMDAwMDAsImRlbGV0ZSI6MzAwMDAwMDAwMDAwLCJyZWFkIjozMDAwMDAwMDAwMDAsInVwZGF0ZSI6MzAwMDAwMDAwMDAwfX0=",
          "dependencies": [
            "module.ad_users_and_groups.azuread_group.csv_group",
            "module.ad_users_and_groups.data.azuread_user.existing_users"
          ]
        },
        {
          "index_key": "afc797cc-dba7-4fbb-8ca1-0281f2d10496 7152762a-c4a0-47b0-b0a8-162e287be8fb",
          "schema_version": 0,
          "attributes": {
            "group_object_id": "7152762a-c4a0-47b0-b0a8-162e287be8fb",
            "id": "7152762a-c4a0-47b0-b0a8-162e287be8fb/member/afc797cc-dba7-4fbb-8ca1-0281f2d10496",
            "member_object_id": "afc797cc-dba7-4fbb-8ca1-0281f2d10496",
            "timeouts": null
          },
          "sensitive_attributes": [],
          "private": "eyJlMmJmYjczMC1lY2FhLTExZTYtOGY4OC0zNDM2M2JjN2M0YzAiOnsiY3JlYXRlIjozMDAwMDAwMDAwMDAsImRlbGV0ZSI6MzAwMDAwMDAwMDAwLCJyZWFkIjozMDAwMDAwMDAwMDAsInVwZGF0ZSI6MzAwMDAwMDAwMDAwfX0=",
          "dependencies": [
            "module.ad_users_and_groups.azuread_group.csv_group",
            "module.ad_users_and_groups.data.azuread_user.existing_users"
          ]
        },
        {
          "index_key": "afc797cc-dba7-4fbb-8ca1-0281f2d10496 7b8c5cb9-2d5c-4579-98c9-2328b6fd584a",
          "schema_version": 0,
          "attributes": {
            "group_object_id": "7b8c5cb9-2d5c-4579-98c9-2328b6fd584a",
            "id": "7b8c5cb9-2d5c-4579-98c9-2328b6fd584a/member/afc797cc-dba7-4fbb-8ca1-0281f2d10496",
            "member_object_id": "afc797cc-dba7-4fbb-8ca1-0281f2d10496",
            "timeouts": null
          },
          "sensitive_attributes": [],
          "private": "eyJlMmJmYjczMC1lY2FhLTExZTYtOGY4OC0zNDM2M2JjN2M0YzAiOnsiY3JlYXRlIjozMDAwMDAwMDAwMDAsImRlbGV0ZSI6MzAwMDAwMDAwMDAwLCJyZWFkIjozMDAwMDAwMDAwMDAsInVwZGF0ZSI6MzAwMDAwMDAwMDAwfX0=",
          "dependencies": [
            "module.ad_users_and_groups.azuread_group.csv_group",
            "module.ad_users_and_groups.data.azuread_user.existing_users"
          ]
        },
        {
          "index_key": "afc797cc-dba7-4fbb-8ca1-0281f2d10496 9a973982-0b50-4cf4-8343-1e7f04aeb0b7",
          "schema_version": 0,
          "attributes": {
            "group_object_id": "9a973982-0b50-4cf4-8343-1e7f04aeb0b7",
            "id": "9a973982-0b50-4cf4-8343-1e7f04aeb0b7/member/afc797cc-dba7-4fbb-8ca1-0281f2d10496",
            "member_object_id": "afc797cc-dba7-4fbb-8ca1-0281f2d10496",
            "timeouts": null
          },
          "sensitive_attributes": [],
          "private": "eyJlMmJmYjczMC1lY2FhLTExZTYtOGY4OC0zNDM2M2JjN2M0YzAiOnsiY3JlYXRlIjozMDAwMDAwMDAwMDAsImRlbGV0ZSI6MzAwMDAwMDAwMDAwLCJyZWFkIjozMDAwMDAwMDAwMDAsInVwZGF0ZSI6MzAwMDAwMDAwMDAwfX0=",
          "dependencies": [
            "module.ad_users_and_groups.azuread_group.csv_group",
            "module.ad_users_and_groups.data.azuread_user.existing_users"
          ]
        },
        {
          "index_key": "afc797cc-dba7-4fbb-8ca1-0281f2d10496 dc4e6b71-957e-4af0-9d5b-4394e292c9a2",
          "schema_version": 0,
          "attributes": {
            "group_object_id": "dc4e6b71-957e-4af0-9d5b-4394e292c9a2",
            "id": "dc4e6b71-957e-4af0-9d5b-4394e292c9a2/member/afc797cc-dba7-4fbb-8ca1-0281f2d10496",
            "member_object_id": "afc797cc-dba7-4fbb-8ca1-0281f2d10496",
            "timeouts": null
          },
          "sensitive_attributes": [],
          "private": "eyJlMmJmYjczMC1lY2FhLTExZTYtOGY4OC0zNDM2M2JjN2M0YzAiOnsiY3JlYXRlIjozMDAwMDAwMDAwMDAsImRlbGV0ZSI6MzAwMDAwMDAwMDAwLCJyZWFkIjozMDAwMDAwMDAwMDAsInVwZGF0ZSI6MzAwMDAwMDAwMDAwfX0=",
          "dependencies": [
            "module.ad_users_and_groups.azuread_group.csv_group",
            "module.ad_users_and_groups.data.azuread_user.existing_users"
          ]
        },
        {
          "index_key": "ba892295-9bbf-4f8d-acf4-9c8329594644 0ddece18-3279-456a-bd01-4540793699db",
          "schema_version": 0,
          "attributes": {
            "group_object_id": "0ddece18-3279-456a-bd01-4540793699db",
            "id": "0ddece18-3279-456a-bd01-4540793699db/member/ba892295-9bbf-4f8d-acf4-9c8329594644",
            "member_object_id": "ba892295-9bbf-4f8d-acf4-9c8329594644",
            "timeouts": null
          },
          "sensitive_attributes": [],
          "private": "eyJlMmJmYjczMC1lY2FhLTExZTYtOGY4OC0zNDM2M2JjN2M0YzAiOnsiY3JlYXRlIjozMDAwMDAwMDAwMDAsImRlbGV0ZSI6MzAwMDAwMDAwMDAwLCJyZWFkIjozMDAwMDAwMDAwMDAsInVwZGF0ZSI6MzAwMDAwMDAwMDAwfX0=",
          "dependencies": [
            "module.ad_users_and_groups.azuread_group.csv_group",
            "module.ad_users_and_groups.data.azuread_user.existing_users"
          ]
        },
        {
          "index_key": "ba892295-9bbf-4f8d-acf4-9c8329594644 7152762a-c4a0-47b0-b0a8-162e287be8fb",
          "schema_version": 0,
          "attributes": {
            "group_object_id": "7152762a-c4a0-47b0-b0a8-162e287be8fb",
            "id": "7152762a-c4a0-47b0-b0a8-162e287be8fb/member/ba892295-9bbf-4f8d-acf4-9c8329594644",
            "member_object_id": "ba892295-9bbf-4f8d-acf4-9c8329594644",
            "timeouts": null
          },
          "sensitive_attributes": [],
          "private": "eyJlMmJmYjczMC1lY2FhLTExZTYtOGY4OC0zNDM2M2JjN2M0YzAiOnsiY3JlYXRlIjozMDAwMDAwMDAwMDAsImRlbGV0ZSI6MzAwMDAwMDAwMDAwLCJyZWFkIjozMDAwMDAwMDAwMDAsInVwZGF0ZSI6MzAwMDAwMDAwMDAwfX0=",
          "dependencies": [
            "module.ad_users_and_groups.azuread_group.csv_group",
            "module.ad_users_and_groups.data.azuread_user.existing_users"
          ]
        },
        {
          "index_key": "ba892295-9bbf-4f8d-acf4-9c8329594644 7b8c5cb9-2d5c-4579-98c9-2328b6fd584a",
          "schema_version": 0,
          "attributes": {
            "group_object_id": "7b8c5cb9-2d5c-4579-98c9-2328b6fd584a",
            "id": "7b8c5cb9-2d5c-4579-98c9-2328b6fd584a/member/ba892295-9bbf-4f8d-acf4-9c8329594644",
            "member_object_id": "ba892295-9bbf-4f8d-acf4-9c8329594644",
            "timeouts": null
          },
          "sensitive_attributes": [],
          "private": "eyJlMmJmYjczMC1lY2FhLTExZTYtOGY4OC0zNDM2M2JjN2M0YzAiOnsiY3JlYXRlIjozMDAwMDAwMDAwMDAsImRlbGV0ZSI6MzAwMDAwMDAwMDAwLCJyZWFkIjozMDAwMDAwMDAwMDAsInVwZGF0ZSI6MzAwMDAwMDAwMDAwfX0=",
          "dependencies": [
            "module.ad_users_and_groups.azuread_group.csv_group",
            "module.ad_users_and_groups.data.azuread_user.existing_users"
          ]
        },
        {
          "index_key": "ba892295-9bbf-4f8d-acf4-9c8329594644 9a973982-0b50-4cf4-8343-1e7f04aeb0b7",
          "schema_version": 0,
          "attributes": {
            "group_object_id": "9a973982-0b50-4cf4-8343-1e7f04aeb0b7",
            "id": "9a973982-0b50-4cf4-8343-1e7f04aeb0b7/member/ba892295-9bbf-4f8d-acf4-9c8329594644",
            "member_object_id": "ba892295-9bbf-4f8d-acf4-9c8329594644",
            "timeouts": null
          },
          "sensitive_attributes": [],
          "private": "eyJlMmJmYjczMC1lY2FhLTExZTYtOGY4OC0zNDM2M2JjN2M0YzAiOnsiY3JlYXRlIjozMDAwMDAwMDAwMDAsImRlbGV0ZSI6MzAwMDAwMDAwMDAwLCJyZWFkIjozMDAwMDAwMDAwMDAsInVwZGF0ZSI6MzAwMDAwMDAwMDAwfX0=",
          "dependencies": [
            "module.ad_users_and_groups.azuread_group.csv_group",
            "module.ad_users_and_groups.data.azuread_user.existing_users"
          ]
        },
        {
          "index_key": "ba892295-9bbf-4f8d-acf4-9c8329594644 dc4e6b71-957e-4af0-9d5b-4394e292c9a2",
          "schema_version": 0,
          "attributes": {
            "group_object_id": "dc4e6b71-957e-4af0-9d5b-4394e292c9a2",
            "id": "dc4e6b71-957e-4af0-9d5b-4394e292c9a2/member/ba892295-9bbf-4f8d-acf4-9c8329594644",
            "member_object_id": "ba892295-9bbf-4f8d-acf4-9c8329594644",
            "timeouts": null
          },
          "sensitive_attributes": [],
          "private": "eyJlMmJmYjczMC1lY2FhLTExZTYtOGY4OC0zNDM2M2JjN2M0YzAiOnsiY3JlYXRlIjozMDAwMDAwMDAwMDAsImRlbGV0ZSI6MzAwMDAwMDAwMDAwLCJyZWFkIjozMDAwMDAwMDAwMDAsInVwZGF0ZSI6MzAwMDAwMDAwMDAwfX0=",
          "dependencies": [
            "module.ad_users_and_groups.azuread_group.csv_group",
            "module.ad_users_and_groups.data.azuread_user.existing_users"
          ]
        },
        {
          "index_key": "bf5e3763-5ecb-46aa-8721-35e31e8246b0 0ddece18-3279-456a-bd01-4540793699db",
          "schema_version": 0,
          "attributes": {
            "group_object_id": "0ddece18-3279-456a-bd01-4540793699db",
            "id": "0ddece18-3279-456a-bd01-4540793699db/member/bf5e3763-5ecb-46aa-8721-35e31e8246b0",
            "member_object_id": "bf5e3763-5ecb-46aa-8721-35e31e8246b0",
            "timeouts": null
          },
          "sensitive_attributes": [],
          "private": "eyJlMmJmYjczMC1lY2FhLTExZTYtOGY4OC0zNDM2M2JjN2M0YzAiOnsiY3JlYXRlIjozMDAwMDAwMDAwMDAsImRlbGV0ZSI6MzAwMDAwMDAwMDAwLCJyZWFkIjozMDAwMDAwMDAwMDAsInVwZGF0ZSI6MzAwMDAwMDAwMDAwfX0=",
          "dependencies": [
            "module.ad_users_and_groups.azuread_group.csv_group",
            "module.ad_users_and_groups.data.azuread_user.existing_users"
          ]
        },
        {
          "index_key": "bf5e3763-5ecb-46aa-8721-35e31e8246b0 7152762a-c4a0-47b0-b0a8-162e287be8fb",
          "schema_version": 0,
          "attributes": {
            "group_object_id": "7152762a-c4a0-47b0-b0a8-162e287be8fb",
            "id": "7152762a-c4a0-47b0-b0a8-162e287be8fb/member/bf5e3763-5ecb-46aa-8721-35e31e8246b0",
            "member_object_id": "bf5e3763-5ecb-46aa-8721-35e31e8246b0",
            "timeouts": null
          },
          "sensitive_attributes": [],
          "private": "eyJlMmJmYjczMC1lY2FhLTExZTYtOGY4OC0zNDM2M2JjN2M0YzAiOnsiY3JlYXRlIjozMDAwMDAwMDAwMDAsImRlbGV0ZSI6MzAwMDAwMDAwMDAwLCJyZWFkIjozMDAwMDAwMDAwMDAsInVwZGF0ZSI6MzAwMDAwMDAwMDAwfX0=",
          "dependencies": [
            "module.ad_users_and_groups.azuread_group.csv_group",
            "module.ad_users_and_groups.data.azuread_user.existing_users"
          ]
        },
        {
          "index_key": "bf5e3763-5ecb-46aa-8721-35e31e8246b0 7b8c5cb9-2d5c-4579-98c9-2328b6fd584a",
          "schema_version": 0,
          "attributes": {
            "group_object_id": "7b8c5cb9-2d5c-4579-98c9-2328b6fd584a",
            "id": "7b8c5cb9-2d5c-4579-98c9-2328b6fd584a/member/bf5e3763-5ecb-46aa-8721-35e31e8246b0",
            "member_object_id": "bf5e3763-5ecb-46aa-8721-35e31e8246b0",
            "timeouts": null
          },
          "sensitive_attributes": [],
          "private": "eyJlMmJmYjczMC1lY2FhLTExZTYtOGY4OC0zNDM2M2JjN2M0YzAiOnsiY3JlYXRlIjozMDAwMDAwMDAwMDAsImRlbGV0ZSI6MzAwMDAwMDAwMDAwLCJyZWFkIjozMDAwMDAwMDAwMDAsInVwZGF0ZSI6MzAwMDAwMDAwMDAwfX0=",
          "dependencies": [
            "module.ad_users_and_groups.azuread_group.csv_group",
            "module.ad_users_and_groups.data.azuread_user.existing_users"
          ]
        },
        {
          "index_key": "bf5e3763-5ecb-46aa-8721-35e31e8246b0 9a973982-0b50-4cf4-8343-1e7f04aeb0b7",
          "schema_version": 0,
          "attributes": {
            "group_object_id": "9a973982-0b50-4cf4-8343-1e7f04aeb0b7",
            "id": "9a973982-0b50-4cf4-8343-1e7f04aeb0b7/member/bf5e3763-5ecb-46aa-8721-35e31e8246b0",
            "member_object_id": "bf5e3763-5ecb-46aa-8721-35e31e8246b0",
            "timeouts": null
          },
          "sensitive_attributes": [],
          "private": "eyJlMmJmYjczMC1lY2FhLTExZTYtOGY4OC0zNDM2M2JjN2M0YzAiOnsiY3JlYXRlIjozMDAwMDAwMDAwMDAsImRlbGV0ZSI6MzAwMDAwMDAwMDAwLCJyZWFkIjozMDAwMDAwMDAwMDAsInVwZGF0ZSI6MzAwMDAwMDAwMDAwfX0=",
          "dependencies": [
            "module.ad_users_and_groups.azuread_group.csv_group",
            "module.ad_users_and_groups.data.azuread_user.existing_users"
          ]
        },
        {
          "index_key": "bf5e3763-5ecb-46aa-8721-35e31e8246b0 dc4e6b71-957e-4af0-9d5b-4394e292c9a2",
          "schema_version": 0,
          "attributes": {
            "group_object_id": "dc4e6b71-957e-4af0-9d5b-4394e292c9a2",
            "id": "dc4e6b71-957e-4af0-9d5b-4394e292c9a2/member/bf5e3763-5ecb-46aa-8721-35e31e8246b0",
            "member_object_id": "bf5e3763-5ecb-46aa-8721-35e31e8246b0",
            "timeouts": null
          },
          "sensitive_attributes": [],
          "private": "eyJlMmJmYjczMC1lY2FhLTExZTYtOGY4OC0zNDM2M2JjN2M0YzAiOnsiY3JlYXRlIjozMDAwMDAwMDAwMDAsImRlbGV0ZSI6MzAwMDAwMDAwMDAwLCJyZWFkIjozMDAwMDAwMDAwMDAsInVwZGF0ZSI6MzAwMDAwMDAwMDAwfX0=",
          "dependencies": [
            "module.ad_users_and_groups.azuread_group.csv_group",
            "module.ad_users_and_groups.data.azuread_user.existing_users"
          ]
        },
        {
          "index_key": "c1341bf8-00e5-4e8d-80f5-4782313c6d47 0ddece18-3279-456a-bd01-4540793699db",
          "schema_version": 0,
          "attributes": {
            "group_object_id": "0ddece18-3279-456a-bd01-4540793699db",
            "id": "0ddece18-3279-456a-bd01-4540793699db/member/c1341bf8-00e5-4e8d-80f5-4782313c6d47",
            "member_object_id": "c1341bf8-00e5-4e8d-80f5-4782313c6d47",
            "timeouts": null
          },
          "sensitive_attributes": [],
          "private": "eyJlMmJmYjczMC1lY2FhLTExZTYtOGY4OC0zNDM2M2JjN2M0YzAiOnsiY3JlYXRlIjozMDAwMDAwMDAwMDAsImRlbGV0ZSI6MzAwMDAwMDAwMDAwLCJyZWFkIjozMDAwMDAwMDAwMDAsInVwZGF0ZSI6MzAwMDAwMDAwMDAwfX0=",
          "dependencies": [
            "module.ad_users_and_groups.azuread_group.csv_group",
            "module.ad_users_and_groups.data.azuread_user.existing_users"
          ]
        },
        {
          "index_key": "c1341bf8-00e5-4e8d-80f5-4782313c6d47 7152762a-c4a0-47b0-b0a8-162e287be8fb",
          "schema_version": 0,
          "attributes": {
            "group_object_id": "7152762a-c4a0-47b0-b0a8-162e287be8fb",
            "id": "7152762a-c4a0-47b0-b0a8-162e287be8fb/member/c1341bf8-00e5-4e8d-80f5-4782313c6d47",
            "member_object_id": "c1341bf8-00e5-4e8d-80f5-4782313c6d47",
            "timeouts": null
          },
          "sensitive_attributes": [],
          "private": "eyJlMmJmYjczMC1lY2FhLTExZTYtOGY4OC0zNDM2M2JjN2M0YzAiOnsiY3JlYXRlIjozMDAwMDAwMDAwMDAsImRlbGV0ZSI6MzAwMDAwMDAwMDAwLCJyZWFkIjozMDAwMDAwMDAwMDAsInVwZGF0ZSI6MzAwMDAwMDAwMDAwfX0=",
          "dependencies": [
            "module.ad_users_and_groups.azuread_group.csv_group",
            "module.ad_users_and_groups.data.azuread_user.existing_users"
          ]
        },
        {
          "index_key": "c1341bf8-00e5-4e8d-80f5-4782313c6d47 7b8c5cb9-2d5c-4579-98c9-2328b6fd584a",
          "schema_version": 0,
          "attributes": {
            "group_object_id": "7b8c5cb9-2d5c-4579-98c9-2328b6fd584a",
            "id": "7b8c5cb9-2d5c-4579-98c9-2328b6fd584a/member/c1341bf8-00e5-4e8d-80f5-4782313c6d47",
            "member_object_id": "c1341bf8-00e5-4e8d-80f5-4782313c6d47",
            "timeouts": null
          },
          "sensitive_attributes": [],
          "private": "eyJlMmJmYjczMC1lY2FhLTExZTYtOGY4OC0zNDM2M2JjN2M0YzAiOnsiY3JlYXRlIjozMDAwMDAwMDAwMDAsImRlbGV0ZSI6MzAwMDAwMDAwMDAwLCJyZWFkIjozMDAwMDAwMDAwMDAsInVwZGF0ZSI6MzAwMDAwMDAwMDAwfX0=",
          "dependencies": [
            "module.ad_users_and_groups.azuread_group.csv_group",
            "module.ad_users_and_groups.data.azuread_user.existing_users"
          ]
        },
        {
          "index_key": "c1341bf8-00e5-4e8d-80f5-4782313c6d47 9a973982-0b50-4cf4-8343-1e7f04aeb0b7",
          "schema_version": 0,
          "attributes": {
            "group_object_id": "9a973982-0b50-4cf4-8343-1e7f04aeb0b7",
            "id": "9a973982-0b50-4cf4-8343-1e7f04aeb0b7/member/c1341bf8-00e5-4e8d-80f5-4782313c6d47",
            "member_object_id": "c1341bf8-00e5-4e8d-80f5-4782313c6d47",
            "timeouts": null
          },
          "sensitive_attributes": [],
          "private": "eyJlMmJmYjczMC1lY2FhLTExZTYtOGY4OC0zNDM2M2JjN2M0YzAiOnsiY3JlYXRlIjozMDAwMDAwMDAwMDAsImRlbGV0ZSI6MzAwMDAwMDAwMDAwLCJyZWFkIjozMDAwMDAwMDAwMDAsInVwZGF0ZSI6MzAwMDAwMDAwMDAwfX0=",
          "dependencies": [
            "module.ad_users_and_groups.azuread_group.csv_group",
            "module.ad_users_and_groups.data.azuread_user.existing_users"
          ]
        },
        {
          "index_key": "c1341bf8-00e5-4e8d-80f5-4782313c6d47 dc4e6b71-957e-4af0-9d5b-4394e292c9a2",
          "schema_version": 0,
          "attributes": {
            "group_object_id": "dc4e6b71-957e-4af0-9d5b-4394e292c9a2",
            "id": "dc4e6b71-957e-4af0-9d5b-4394e292c9a2/member/c1341bf8-00e5-4e8d-80f5-4782313c6d47",
            "member_object_id": "c1341bf8-00e5-4e8d-80f5-4782313c6d47",
            "timeouts": null
          },
          "sensitive_attributes": [],
          "private": "eyJlMmJmYjczMC1lY2FhLTExZTYtOGY4OC0zNDM2M2JjN2M0YzAiOnsiY3JlYXRlIjozMDAwMDAwMDAwMDAsImRlbGV0ZSI6MzAwMDAwMDAwMDAwLCJyZWFkIjozMDAwMDAwMDAwMDAsInVwZGF0ZSI6MzAwMDAwMDAwMDAwfX0=",
          "dependencies": [
            "module.ad_users_and_groups.azuread_group.csv_group",
            "module.ad_users_and_groups.data.azuread_user.existing_users"
          ]
        },
        {
          "index_key": "c1385874-7b75-4e75-a70e-9588c9d5e7a4 0ddece18-3279-456a-bd01-4540793699db",
          "schema_version": 0,
          "attributes": {
            "group_object_id": "0ddece18-3279-456a-bd01-4540793699db",
            "id": "0ddece18-3279-456a-bd01-4540793699db/member/c1385874-7b75-4e75-a70e-9588c9d5e7a4",
            "member_object_id": "c1385874-7b75-4e75-a70e-9588c9d5e7a4",
            "timeouts": null
          },
          "sensitive_attributes": [],
          "private": "eyJlMmJmYjczMC1lY2FhLTExZTYtOGY4OC0zNDM2M2JjN2M0YzAiOnsiY3JlYXRlIjozMDAwMDAwMDAwMDAsImRlbGV0ZSI6MzAwMDAwMDAwMDAwLCJyZWFkIjozMDAwMDAwMDAwMDAsInVwZGF0ZSI6MzAwMDAwMDAwMDAwfX0=",
          "dependencies": [
            "module.ad_users_and_groups.azuread_group.csv_group",
            "module.ad_users_and_groups.data.azuread_user.existing_users"
          ]
        },
        {
          "index_key": "c1385874-7b75-4e75-a70e-9588c9d5e7a4 7152762a-c4a0-47b0-b0a8-162e287be8fb",
          "schema_version": 0,
          "attributes": {
            "group_object_id": "7152762a-c4a0-47b0-b0a8-162e287be8fb",
            "id": "7152762a-c4a0-47b0-b0a8-162e287be8fb/member/c1385874-7b75-4e75-a70e-9588c9d5e7a4",
            "member_object_id": "c1385874-7b75-4e75-a70e-9588c9d5e7a4",
            "timeouts": null
          },
          "sensitive_attributes": [],
          "private": "eyJlMmJmYjczMC1lY2FhLTExZTYtOGY4OC0zNDM2M2JjN2M0YzAiOnsiY3JlYXRlIjozMDAwMDAwMDAwMDAsImRlbGV0ZSI6MzAwMDAwMDAwMDAwLCJyZWFkIjozMDAwMDAwMDAwMDAsInVwZGF0ZSI6MzAwMDAwMDAwMDAwfX0=",
          "dependencies": [
            "module.ad_users_and_groups.azuread_group.csv_group",
            "module.ad_users_and_groups.data.azuread_user.existing_users"
          ]
        },
        {
          "index_key": "c1385874-7b75-4e75-a70e-9588c9d5e7a4 7b8c5cb9-2d5c-4579-98c9-2328b6fd584a",
          "schema_version": 0,
          "attributes": {
            "group_object_id": "7b8c5cb9-2d5c-4579-98c9-2328b6fd584a",
            "id": "7b8c5cb9-2d5c-4579-98c9-2328b6fd584a/member/c1385874-7b75-4e75-a70e-9588c9d5e7a4",
            "member_object_id": "c1385874-7b75-4e75-a70e-9588c9d5e7a4",
            "timeouts": null
          },
          "sensitive_attributes": [],
          "private": "eyJlMmJmYjczMC1lY2FhLTExZTYtOGY4OC0zNDM2M2JjN2M0YzAiOnsiY3JlYXRlIjozMDAwMDAwMDAwMDAsImRlbGV0ZSI6MzAwMDAwMDAwMDAwLCJyZWFkIjozMDAwMDAwMDAwMDAsInVwZGF0ZSI6MzAwMDAwMDAwMDAwfX0=",
          "dependencies": [
            "module.ad_users_and_groups.azuread_group.csv_group",
            "module.ad_users_and_groups.data.azuread_user.existing_users"
          ]
        },
        {
          "index_key": "c1385874-7b75-4e75-a70e-9588c9d5e7a4 9a973982-0b50-4cf4-8343-1e7f04aeb0b7",
          "schema_version": 0,
          "attributes": {
            "group_object_id": "9a973982-0b50-4cf4-8343-1e7f04aeb0b7",
            "id": "9a973982-0b50-4cf4-8343-1e7f04aeb0b7/member/c1385874-7b75-4e75-a70e-9588c9d5e7a4",
            "member_object_id": "c1385874-7b75-4e75-a70e-9588c9d5e7a4",
            "timeouts": null
          },
          "sensitive_attributes": [],
          "private": "eyJlMmJmYjczMC1lY2FhLTExZTYtOGY4OC0zNDM2M2JjN2M0YzAiOnsiY3JlYXRlIjozMDAwMDAwMDAwMDAsImRlbGV0ZSI6MzAwMDAwMDAwMDAwLCJyZWFkIjozMDAwMDAwMDAwMDAsInVwZGF0ZSI6MzAwMDAwMDAwMDAwfX0=",
          "dependencies": [
            "module.ad_users_and_groups.azuread_group.csv_group",
            "module.ad_users_and_groups.data.azuread_user.existing_users"
          ]
        },
        {
          "index_key": "c1385874-7b75-4e75-a70e-9588c9d5e7a4 dc4e6b71-957e-4af0-9d5b-4394e292c9a2",
          "schema_version": 0,
          "attributes": {
            "group_object_id": "dc4e6b71-957e-4af0-9d5b-4394e292c9a2",
            "id": "dc4e6b71-957e-4af0-9d5b-4394e292c9a2/member/c1385874-7b75-4e75-a70e-9588c9d5e7a4",
            "member_object_id": "c1385874-7b75-4e75-a70e-9588c9d5e7a4",
            "timeouts": null
          },
          "sensitive_attributes": [],
          "private": "eyJlMmJmYjczMC1lY2FhLTExZTYtOGY4OC0zNDM2M2JjN2M0YzAiOnsiY3JlYXRlIjozMDAwMDAwMDAwMDAsImRlbGV0ZSI6MzAwMDAwMDAwMDAwLCJyZWFkIjozMDAwMDAwMDAwMDAsInVwZGF0ZSI6MzAwMDAwMDAwMDAwfX0=",
          "dependencies": [
            "module.ad_users_and_groups.azuread_group.csv_group",
            "module.ad_users_and_groups.data.azuread_user.existing_users"
          ]
        },
        {
          "index_key": "c715c157-ae2c-408b-8707-1473b0c0d909 0ddece18-3279-456a-bd01-4540793699db",
          "schema_version": 0,
          "attributes": {
            "group_object_id": "0ddece18-3279-456a-bd01-4540793699db",
            "id": "0ddece18-3279-456a-bd01-4540793699db/member/c715c157-ae2c-408b-8707-1473b0c0d909",
            "member_object_id": "c715c157-ae2c-408b-8707-1473b0c0d909",
            "timeouts": null
          },
          "sensitive_attributes": [],
          "private": "eyJlMmJmYjczMC1lY2FhLTExZTYtOGY4OC0zNDM2M2JjN2M0YzAiOnsiY3JlYXRlIjozMDAwMDAwMDAwMDAsImRlbGV0ZSI6MzAwMDAwMDAwMDAwLCJyZWFkIjozMDAwMDAwMDAwMDAsInVwZGF0ZSI6MzAwMDAwMDAwMDAwfX0=",
          "dependencies": [
            "module.ad_users_and_groups.azuread_group.csv_group",
            "module.ad_users_and_groups.data.azuread_user.existing_users"
          ]
        },
        {
          "index_key": "c715c157-ae2c-408b-8707-1473b0c0d909 7152762a-c4a0-47b0-b0a8-162e287be8fb",
          "schema_version": 0,
          "attributes": {
            "group_object_id": "7152762a-c4a0-47b0-b0a8-162e287be8fb",
            "id": "7152762a-c4a0-47b0-b0a8-162e287be8fb/member/c715c157-ae2c-408b-8707-1473b0c0d909",
            "member_object_id": "c715c157-ae2c-408b-8707-1473b0c0d909",
            "timeouts": null
          },
          "sensitive_attributes": [],
          "private": "eyJlMmJmYjczMC1lY2FhLTExZTYtOGY4OC0zNDM2M2JjN2M0YzAiOnsiY3JlYXRlIjozMDAwMDAwMDAwMDAsImRlbGV0ZSI6MzAwMDAwMDAwMDAwLCJyZWFkIjozMDAwMDAwMDAwMDAsInVwZGF0ZSI6MzAwMDAwMDAwMDAwfX0=",
          "dependencies": [
            "module.ad_users_and_groups.azuread_group.csv_group",
            "module.ad_users_and_groups.data.azuread_user.existing_users"
          ]
        },
        {
          "index_key": "c715c157-ae2c-408b-8707-1473b0c0d909 7b8c5cb9-2d5c-4579-98c9-2328b6fd584a",
          "schema_version": 0,
          "attributes": {
            "group_object_id": "7b8c5cb9-2d5c-4579-98c9-2328b6fd584a",
            "id": "7b8c5cb9-2d5c-4579-98c9-2328b6fd584a/member/c715c157-ae2c-408b-8707-1473b0c0d909",
            "member_object_id": "c715c157-ae2c-408b-8707-1473b0c0d909",
            "timeouts": null
          },
          "sensitive_attributes": [],
          "private": "eyJlMmJmYjczMC1lY2FhLTExZTYtOGY4OC0zNDM2M2JjN2M0YzAiOnsiY3JlYXRlIjozMDAwMDAwMDAwMDAsImRlbGV0ZSI6MzAwMDAwMDAwMDAwLCJyZWFkIjozMDAwMDAwMDAwMDAsInVwZGF0ZSI6MzAwMDAwMDAwMDAwfX0=",
          "dependencies": [
            "module.ad_users_and_groups.azuread_group.csv_group",
            "module.ad_users_and_groups.data.azuread_user.existing_users"
          ]
        },
        {
          "index_key": "c715c157-ae2c-408b-8707-1473b0c0d909 9a973982-0b50-4cf4-8343-1e7f04aeb0b7",
          "schema_version": 0,
          "attributes": {
            "group_object_id": "9a973982-0b50-4cf4-8343-1e7f04aeb0b7",
            "id": "9a973982-0b50-4cf4-8343-1e7f04aeb0b7/member/c715c157-ae2c-408b-8707-1473b0c0d909",
            "member_object_id": "c715c157-ae2c-408b-8707-1473b0c0d909",
            "timeouts": null
          },
          "sensitive_attributes": [],
          "private": "eyJlMmJmYjczMC1lY2FhLTExZTYtOGY4OC0zNDM2M2JjN2M0YzAiOnsiY3JlYXRlIjozMDAwMDAwMDAwMDAsImRlbGV0ZSI6MzAwMDAwMDAwMDAwLCJyZWFkIjozMDAwMDAwMDAwMDAsInVwZGF0ZSI6MzAwMDAwMDAwMDAwfX0=",
          "dependencies": [
            "module.ad_users_and_groups.azuread_group.csv_group",
            "module.ad_users_and_groups.data.azuread_user.existing_users"
          ]
        },
        {
          "index_key": "c715c157-ae2c-408b-8707-1473b0c0d909 dc4e6b71-957e-4af0-9d5b-4394e292c9a2",
          "schema_version": 0,
          "attributes": {
            "group_object_id": "dc4e6b71-957e-4af0-9d5b-4394e292c9a2",
            "id": "dc4e6b71-957e-4af0-9d5b-4394e292c9a2/member/c715c157-ae2c-408b-8707-1473b0c0d909",
            "member_object_id": "c715c157-ae2c-408b-8707-1473b0c0d909",
            "timeouts": null
          },
          "sensitive_attributes": [],
          "private": "eyJlMmJmYjczMC1lY2FhLTExZTYtOGY4OC0zNDM2M2JjN2M0YzAiOnsiY3JlYXRlIjozMDAwMDAwMDAwMDAsImRlbGV0ZSI6MzAwMDAwMDAwMDAwLCJyZWFkIjozMDAwMDAwMDAwMDAsInVwZGF0ZSI6MzAwMDAwMDAwMDAwfX0=",
          "dependencies": [
            "module.ad_users_and_groups.azuread_group.csv_group",
            "module.ad_users_and_groups.data.azuread_user.existing_users"
          ]
        },
        {
          "index_key": "c790d1e3-2613-4f20-958a-66eedd649233 0ddece18-3279-456a-bd01-4540793699db",
          "schema_version": 0,
          "attributes": {
            "group_object_id": "0ddece18-3279-456a-bd01-4540793699db",
            "id": "0ddece18-3279-456a-bd01-4540793699db/member/c790d1e3-2613-4f20-958a-66eedd649233",
            "member_object_id": "c790d1e3-2613-4f20-958a-66eedd649233",
            "timeouts": null
          },
          "sensitive_attributes": [],
          "private": "eyJlMmJmYjczMC1lY2FhLTExZTYtOGY4OC0zNDM2M2JjN2M0YzAiOnsiY3JlYXRlIjozMDAwMDAwMDAwMDAsImRlbGV0ZSI6MzAwMDAwMDAwMDAwLCJyZWFkIjozMDAwMDAwMDAwMDAsInVwZGF0ZSI6MzAwMDAwMDAwMDAwfX0=",
          "dependencies": [
            "module.ad_users_and_groups.azuread_group.csv_group",
            "module.ad_users_and_groups.data.azuread_user.existing_users"
          ]
        },
        {
          "index_key": "c790d1e3-2613-4f20-958a-66eedd649233 7152762a-c4a0-47b0-b0a8-162e287be8fb",
          "schema_version": 0,
          "attributes": {
            "group_object_id": "7152762a-c4a0-47b0-b0a8-162e287be8fb",
            "id": "7152762a-c4a0-47b0-b0a8-162e287be8fb/member/c790d1e3-2613-4f20-958a-66eedd649233",
            "member_object_id": "c790d1e3-2613-4f20-958a-66eedd649233",
            "timeouts": null
          },
          "sensitive_attributes": [],
          "private": "eyJlMmJmYjczMC1lY2FhLTExZTYtOGY4OC0zNDM2M2JjN2M0YzAiOnsiY3JlYXRlIjozMDAwMDAwMDAwMDAsImRlbGV0ZSI6MzAwMDAwMDAwMDAwLCJyZWFkIjozMDAwMDAwMDAwMDAsInVwZGF0ZSI6MzAwMDAwMDAwMDAwfX0=",
          "dependencies": [
            "module.ad_users_and_groups.azuread_group.csv_group",
            "module.ad_users_and_groups.data.azuread_user.existing_users"
          ]
        },
        {
          "index_key": "c790d1e3-2613-4f20-958a-66eedd649233 7b8c5cb9-2d5c-4579-98c9-2328b6fd584a",
          "schema_version": 0,
          "attributes": {
            "group_object_id": "7b8c5cb9-2d5c-4579-98c9-2328b6fd584a",
            "id": "7b8c5cb9-2d5c-4579-98c9-2328b6fd584a/member/c790d1e3-2613-4f20-958a-66eedd649233",
            "member_object_id": "c790d1e3-2613-4f20-958a-66eedd649233",
            "timeouts": null
          },
          "sensitive_attributes": [],
          "private": "eyJlMmJmYjczMC1lY2FhLTExZTYtOGY4OC0zNDM2M2JjN2M0YzAiOnsiY3JlYXRlIjozMDAwMDAwMDAwMDAsImRlbGV0ZSI6MzAwMDAwMDAwMDAwLCJyZWFkIjozMDAwMDAwMDAwMDAsInVwZGF0ZSI6MzAwMDAwMDAwMDAwfX0=",
          "dependencies": [
            "module.ad_users_and_groups.azuread_group.csv_group",
            "module.ad_users_and_groups.data.azuread_user.existing_users"
          ]
        },
        {
          "index_key": "c790d1e3-2613-4f20-958a-66eedd649233 9a973982-0b50-4cf4-8343-1e7f04aeb0b7",
          "schema_version": 0,
          "attributes": {
            "group_object_id": "9a973982-0b50-4cf4-8343-1e7f04aeb0b7",
            "id": "9a973982-0b50-4cf4-8343-1e7f04aeb0b7/member/c790d1e3-2613-4f20-958a-66eedd649233",
            "member_object_id": "c790d1e3-2613-4f20-958a-66eedd649233",
            "timeouts": null
          },
          "sensitive_attributes": [],
          "private": "eyJlMmJmYjczMC1lY2FhLTExZTYtOGY4OC0zNDM2M2JjN2M0YzAiOnsiY3JlYXRlIjozMDAwMDAwMDAwMDAsImRlbGV0ZSI6MzAwMDAwMDAwMDAwLCJyZWFkIjozMDAwMDAwMDAwMDAsInVwZGF0ZSI6MzAwMDAwMDAwMDAwfX0=",
          "dependencies": [
            "module.ad_users_and_groups.azuread_group.csv_group",
            "module.ad_users_and_groups.data.azuread_user.existing_users"
          ]
        },
        {
          "index_key": "c790d1e3-2613-4f20-958a-66eedd649233 dc4e6b71-957e-4af0-9d5b-4394e292c9a2",
          "schema_version": 0,
          "attributes": {
            "group_object_id": "dc4e6b71-957e-4af0-9d5b-4394e292c9a2",
            "id": "dc4e6b71-957e-4af0-9d5b-4394e292c9a2/member/c790d1e3-2613-4f20-958a-66eedd649233",
            "member_object_id": "c790d1e3-2613-4f20-958a-66eedd649233",
            "timeouts": null
          },
          "sensitive_attributes": [],
          "private": "eyJlMmJmYjczMC1lY2FhLTExZTYtOGY4OC0zNDM2M2JjN2M0YzAiOnsiY3JlYXRlIjozMDAwMDAwMDAwMDAsImRlbGV0ZSI6MzAwMDAwMDAwMDAwLCJyZWFkIjozMDAwMDAwMDAwMDAsInVwZGF0ZSI6MzAwMDAwMDAwMDAwfX0=",
          "dependencies": [
            "module.ad_users_and_groups.azuread_group.csv_group",
            "module.ad_users_and_groups.data.azuread_user.existing_users"
          ]
        },
        {
          "index_key": "cb05bdb4-c18b-4fd7-9820-26aba69f6948 0ddece18-3279-456a-bd01-4540793699db",
          "schema_version": 0,
          "attributes": {
            "group_object_id": "0ddece18-3279-456a-bd01-4540793699db",
            "id": "0ddece18-3279-456a-bd01-4540793699db/member/cb05bdb4-c18b-4fd7-9820-26aba69f6948",
            "member_object_id": "cb05bdb4-c18b-4fd7-9820-26aba69f6948",
            "timeouts": null
          },
          "sensitive_attributes": [],
          "private": "eyJlMmJmYjczMC1lY2FhLTExZTYtOGY4OC0zNDM2M2JjN2M0YzAiOnsiY3JlYXRlIjozMDAwMDAwMDAwMDAsImRlbGV0ZSI6MzAwMDAwMDAwMDAwLCJyZWFkIjozMDAwMDAwMDAwMDAsInVwZGF0ZSI6MzAwMDAwMDAwMDAwfX0=",
          "dependencies": [
            "module.ad_users_and_groups.azuread_group.csv_group",
            "module.ad_users_and_groups.data.azuread_user.existing_users"
          ]
        },
        {
          "index_key": "cb05bdb4-c18b-4fd7-9820-26aba69f6948 7152762a-c4a0-47b0-b0a8-162e287be8fb",
          "schema_version": 0,
          "attributes": {
            "group_object_id": "7152762a-c4a0-47b0-b0a8-162e287be8fb",
            "id": "7152762a-c4a0-47b0-b0a8-162e287be8fb/member/cb05bdb4-c18b-4fd7-9820-26aba69f6948",
            "member_object_id": "cb05bdb4-c18b-4fd7-9820-26aba69f6948",
            "timeouts": null
          },
          "sensitive_attributes": [],
          "private": "eyJlMmJmYjczMC1lY2FhLTExZTYtOGY4OC0zNDM2M2JjN2M0YzAiOnsiY3JlYXRlIjozMDAwMDAwMDAwMDAsImRlbGV0ZSI6MzAwMDAwMDAwMDAwLCJyZWFkIjozMDAwMDAwMDAwMDAsInVwZGF0ZSI6MzAwMDAwMDAwMDAwfX0=",
          "dependencies": [
            "module.ad_users_and_groups.azuread_group.csv_group",
            "module.ad_users_and_groups.data.azuread_user.existing_users"
          ]
        },
        {
          "index_key": "cb05bdb4-c18b-4fd7-9820-26aba69f6948 7b8c5cb9-2d5c-4579-98c9-2328b6fd584a",
          "schema_version": 0,
          "attributes": {
            "group_object_id": "7b8c5cb9-2d5c-4579-98c9-2328b6fd584a",
            "id": "7b8c5cb9-2d5c-4579-98c9-2328b6fd584a/member/cb05bdb4-c18b-4fd7-9820-26aba69f6948",
            "member_object_id": "cb05bdb4-c18b-4fd7-9820-26aba69f6948",
            "timeouts": null
          },
          "sensitive_attributes": [],
          "private": "eyJlMmJmYjczMC1lY2FhLTExZTYtOGY4OC0zNDM2M2JjN2M0YzAiOnsiY3JlYXRlIjozMDAwMDAwMDAwMDAsImRlbGV0ZSI6MzAwMDAwMDAwMDAwLCJyZWFkIjozMDAwMDAwMDAwMDAsInVwZGF0ZSI6MzAwMDAwMDAwMDAwfX0=",
          "dependencies": [
            "module.ad_users_and_groups.azuread_group.csv_group",
            "module.ad_users_and_groups.data.azuread_user.existing_users"
          ]
        },
        {
          "index_key": "cb05bdb4-c18b-4fd7-9820-26aba69f6948 9a973982-0b50-4cf4-8343-1e7f04aeb0b7",
          "schema_version": 0,
          "attributes": {
            "group_object_id": "9a973982-0b50-4cf4-8343-1e7f04aeb0b7",
            "id": "9a973982-0b50-4cf4-8343-1e7f04aeb0b7/member/cb05bdb4-c18b-4fd7-9820-26aba69f6948",
            "member_object_id": "cb05bdb4-c18b-4fd7-9820-26aba69f6948",
            "timeouts": null
          },
          "sensitive_attributes": [],
          "private": "eyJlMmJmYjczMC1lY2FhLTExZTYtOGY4OC0zNDM2M2JjN2M0YzAiOnsiY3JlYXRlIjozMDAwMDAwMDAwMDAsImRlbGV0ZSI6MzAwMDAwMDAwMDAwLCJyZWFkIjozMDAwMDAwMDAwMDAsInVwZGF0ZSI6MzAwMDAwMDAwMDAwfX0=",
          "dependencies": [
            "module.ad_users_and_groups.azuread_group.csv_group",
            "module.ad_users_and_groups.data.azuread_user.existing_users"
          ]
        },
        {
          "index_key": "cb05bdb4-c18b-4fd7-9820-26aba69f6948 dc4e6b71-957e-4af0-9d5b-4394e292c9a2",
          "schema_version": 0,
          "attributes": {
            "group_object_id": "dc4e6b71-957e-4af0-9d5b-4394e292c9a2",
            "id": "dc4e6b71-957e-4af0-9d5b-4394e292c9a2/member/cb05bdb4-c18b-4fd7-9820-26aba69f6948",
            "member_object_id": "cb05bdb4-c18b-4fd7-9820-26aba69f6948",
            "timeouts": null
          },
          "sensitive_attributes": [],
          "private": "eyJlMmJmYjczMC1lY2FhLTExZTYtOGY4OC0zNDM2M2JjN2M0YzAiOnsiY3JlYXRlIjozMDAwMDAwMDAwMDAsImRlbGV0ZSI6MzAwMDAwMDAwMDAwLCJyZWFkIjozMDAwMDAwMDAwMDAsInVwZGF0ZSI6MzAwMDAwMDAwMDAwfX0=",
          "dependencies": [
            "module.ad_users_and_groups.azuread_group.csv_group",
            "module.ad_users_and_groups.data.azuread_user.existing_users"
          ]
        },
        {
          "index_key": "ccd32220-2b82-4b6d-bcb4-f81342a07733 0ddece18-3279-456a-bd01-4540793699db",
          "schema_version": 0,
          "attributes": {
            "group_object_id": "0ddece18-3279-456a-bd01-4540793699db",
            "id": "0ddece18-3279-456a-bd01-4540793699db/member/ccd32220-2b82-4b6d-bcb4-f81342a07733",
            "member_object_id": "ccd32220-2b82-4b6d-bcb4-f81342a07733",
            "timeouts": null
          },
          "sensitive_attributes": [],
          "private": "eyJlMmJmYjczMC1lY2FhLTExZTYtOGY4OC0zNDM2M2JjN2M0YzAiOnsiY3JlYXRlIjozMDAwMDAwMDAwMDAsImRlbGV0ZSI6MzAwMDAwMDAwMDAwLCJyZWFkIjozMDAwMDAwMDAwMDAsInVwZGF0ZSI6MzAwMDAwMDAwMDAwfX0=",
          "dependencies": [
            "module.ad_users_and_groups.azuread_group.csv_group",
            "module.ad_users_and_groups.data.azuread_user.existing_users"
          ]
        },
        {
          "index_key": "ccd32220-2b82-4b6d-bcb4-f81342a07733 7152762a-c4a0-47b0-b0a8-162e287be8fb",
          "schema_version": 0,
          "attributes": {
            "group_object_id": "7152762a-c4a0-47b0-b0a8-162e287be8fb",
            "id": "7152762a-c4a0-47b0-b0a8-162e287be8fb/member/ccd32220-2b82-4b6d-bcb4-f81342a07733",
            "member_object_id": "ccd32220-2b82-4b6d-bcb4-f81342a07733",
            "timeouts": null
          },
          "sensitive_attributes": [],
          "private": "eyJlMmJmYjczMC1lY2FhLTExZTYtOGY4OC0zNDM2M2JjN2M0YzAiOnsiY3JlYXRlIjozMDAwMDAwMDAwMDAsImRlbGV0ZSI6MzAwMDAwMDAwMDAwLCJyZWFkIjozMDAwMDAwMDAwMDAsInVwZGF0ZSI6MzAwMDAwMDAwMDAwfX0=",
          "dependencies": [
            "module.ad_users_and_groups.azuread_group.csv_group",
            "module.ad_users_and_groups.data.azuread_user.existing_users"
          ]
        },
        {
          "index_key": "ccd32220-2b82-4b6d-bcb4-f81342a07733 7b8c5cb9-2d5c-4579-98c9-2328b6fd584a",
          "schema_version": 0,
          "attributes": {
            "group_object_id": "7b8c5cb9-2d5c-4579-98c9-2328b6fd584a",
            "id": "7b8c5cb9-2d5c-4579-98c9-2328b6fd584a/member/ccd32220-2b82-4b6d-bcb4-f81342a07733",
            "member_object_id": "ccd32220-2b82-4b6d-bcb4-f81342a07733",
            "timeouts": null
          },
          "sensitive_attributes": [],
          "private": "eyJlMmJmYjczMC1lY2FhLTExZTYtOGY4OC0zNDM2M2JjN2M0YzAiOnsiY3JlYXRlIjozMDAwMDAwMDAwMDAsImRlbGV0ZSI6MzAwMDAwMDAwMDAwLCJyZWFkIjozMDAwMDAwMDAwMDAsInVwZGF0ZSI6MzAwMDAwMDAwMDAwfX0=",
          "dependencies": [
            "module.ad_users_and_groups.azuread_group.csv_group",
            "module.ad_users_and_groups.data.azuread_user.existing_users"
          ]
        },
        {
          "index_key": "ccd32220-2b82-4b6d-bcb4-f81342a07733 9a973982-0b50-4cf4-8343-1e7f04aeb0b7",
          "schema_version": 0,
          "attributes": {
            "group_object_id": "9a973982-0b50-4cf4-8343-1e7f04aeb0b7",
            "id": "9a973982-0b50-4cf4-8343-1e7f04aeb0b7/member/ccd32220-2b82-4b6d-bcb4-f81342a07733",
            "member_object_id": "ccd32220-2b82-4b6d-bcb4-f81342a07733",
            "timeouts": null
          },
          "sensitive_attributes": [],
          "private": "eyJlMmJmYjczMC1lY2FhLTExZTYtOGY4OC0zNDM2M2JjN2M0YzAiOnsiY3JlYXRlIjozMDAwMDAwMDAwMDAsImRlbGV0ZSI6MzAwMDAwMDAwMDAwLCJyZWFkIjozMDAwMDAwMDAwMDAsInVwZGF0ZSI6MzAwMDAwMDAwMDAwfX0=",
          "dependencies": [
            "module.ad_users_and_groups.azuread_group.csv_group",
            "module.ad_users_and_groups.data.azuread_user.existing_users"
          ]
        },
        {
          "index_key": "ccd32220-2b82-4b6d-bcb4-f81342a07733 dc4e6b71-957e-4af0-9d5b-4394e292c9a2",
          "schema_version": 0,
          "attributes": {
            "group_object_id": "dc4e6b71-957e-4af0-9d5b-4394e292c9a2",
            "id": "dc4e6b71-957e-4af0-9d5b-4394e292c9a2/member/ccd32220-2b82-4b6d-bcb4-f81342a07733",
            "member_object_id": "ccd32220-2b82-4b6d-bcb4-f81342a07733",
            "timeouts": null
          },
          "sensitive_attributes": [],
          "private": "eyJlMmJmYjczMC1lY2FhLTExZTYtOGY4OC0zNDM2M2JjN2M0YzAiOnsiY3JlYXRlIjozMDAwMDAwMDAwMDAsImRlbGV0ZSI6MzAwMDAwMDAwMDAwLCJyZWFkIjozMDAwMDAwMDAwMDAsInVwZGF0ZSI6MzAwMDAwMDAwMDAwfX0=",
          "dependencies": [
            "module.ad_users_and_groups.azuread_group.csv_group",
            "module.ad_users_and_groups.data.azuread_user.existing_users"
          ]
        },
        {
          "index_key": "d30444bf-e821-498e-9bde-e36cefc6b941 0ddece18-3279-456a-bd01-4540793699db",
          "schema_version": 0,
          "attributes": {
            "group_object_id": "0ddece18-3279-456a-bd01-4540793699db",
            "id": "0ddece18-3279-456a-bd01-4540793699db/member/d30444bf-e821-498e-9bde-e36cefc6b941",
            "member_object_id": "d30444bf-e821-498e-9bde-e36cefc6b941",
            "timeouts": null
          },
          "sensitive_attributes": [],
          "private": "eyJlMmJmYjczMC1lY2FhLTExZTYtOGY4OC0zNDM2M2JjN2M0YzAiOnsiY3JlYXRlIjozMDAwMDAwMDAwMDAsImRlbGV0ZSI6MzAwMDAwMDAwMDAwLCJyZWFkIjozMDAwMDAwMDAwMDAsInVwZGF0ZSI6MzAwMDAwMDAwMDAwfX0=",
          "dependencies": [
            "module.ad_users_and_groups.azuread_group.csv_group",
            "module.ad_users_and_groups.data.azuread_user.existing_users"
          ]
        },
        {
          "index_key": "d30444bf-e821-498e-9bde-e36cefc6b941 7152762a-c4a0-47b0-b0a8-162e287be8fb",
          "schema_version": 0,
          "attributes": {
            "group_object_id": "7152762a-c4a0-47b0-b0a8-162e287be8fb",
            "id": "7152762a-c4a0-47b0-b0a8-162e287be8fb/member/d30444bf-e821-498e-9bde-e36cefc6b941",
            "member_object_id": "d30444bf-e821-498e-9bde-e36cefc6b941",
            "timeouts": null
          },
          "sensitive_attributes": [],
          "private": "eyJlMmJmYjczMC1lY2FhLTExZTYtOGY4OC0zNDM2M2JjN2M0YzAiOnsiY3JlYXRlIjozMDAwMDAwMDAwMDAsImRlbGV0ZSI6MzAwMDAwMDAwMDAwLCJyZWFkIjozMDAwMDAwMDAwMDAsInVwZGF0ZSI6MzAwMDAwMDAwMDAwfX0=",
          "dependencies": [
            "module.ad_users_and_groups.azuread_group.csv_group",
            "module.ad_users_and_groups.data.azuread_user.existing_users"
          ]
        },
        {
          "index_key": "d30444bf-e821-498e-9bde-e36cefc6b941 7b8c5cb9-2d5c-4579-98c9-2328b6fd584a",
          "schema_version": 0,
          "attributes": {
            "group_object_id": "7b8c5cb9-2d5c-4579-98c9-2328b6fd584a",
            "id": "7b8c5cb9-2d5c-4579-98c9-2328b6fd584a/member/d30444bf-e821-498e-9bde-e36cefc6b941",
            "member_object_id": "d30444bf-e821-498e-9bde-e36cefc6b941",
            "timeouts": null
          },
          "sensitive_attributes": [],
          "private": "eyJlMmJmYjczMC1lY2FhLTExZTYtOGY4OC0zNDM2M2JjN2M0YzAiOnsiY3JlYXRlIjozMDAwMDAwMDAwMDAsImRlbGV0ZSI6MzAwMDAwMDAwMDAwLCJyZWFkIjozMDAwMDAwMDAwMDAsInVwZGF0ZSI6MzAwMDAwMDAwMDAwfX0=",
          "dependencies": [
            "module.ad_users_and_groups.azuread_group.csv_group",
            "module.ad_users_and_groups.data.azuread_user.existing_users"
          ]
        },
        {
          "index_key": "d30444bf-e821-498e-9bde-e36cefc6b941 9a973982-0b50-4cf4-8343-1e7f04aeb0b7",
          "schema_version": 0,
          "attributes": {
            "group_object_id": "9a973982-0b50-4cf4-8343-1e7f04aeb0b7",
            "id": "9a973982-0b50-4cf4-8343-1e7f04aeb0b7/member/d30444bf-e821-498e-9bde-e36cefc6b941",
            "member_object_id": "d30444bf-e821-498e-9bde-e36cefc6b941",
            "timeouts": null
          },
          "sensitive_attributes": [],
          "private": "eyJlMmJmYjczMC1lY2FhLTExZTYtOGY4OC0zNDM2M2JjN2M0YzAiOnsiY3JlYXRlIjozMDAwMDAwMDAwMDAsImRlbGV0ZSI6MzAwMDAwMDAwMDAwLCJyZWFkIjozMDAwMDAwMDAwMDAsInVwZGF0ZSI6MzAwMDAwMDAwMDAwfX0=",
          "dependencies": [
            "module.ad_users_and_groups.azuread_group.csv_group",
            "module.ad_users_and_groups.data.azuread_user.existing_users"
          ]
        },
        {
          "index_key": "d30444bf-e821-498e-9bde-e36cefc6b941 dc4e6b71-957e-4af0-9d5b-4394e292c9a2",
          "schema_version": 0,
          "attributes": {
            "group_object_id": "dc4e6b71-957e-4af0-9d5b-4394e292c9a2",
            "id": "dc4e6b71-957e-4af0-9d5b-4394e292c9a2/member/d30444bf-e821-498e-9bde-e36cefc6b941",
            "member_object_id": "d30444bf-e821-498e-9bde-e36cefc6b941",
            "timeouts": null
          },
          "sensitive_attributes": [],
          "private": "eyJlMmJmYjczMC1lY2FhLTExZTYtOGY4OC0zNDM2M2JjN2M0YzAiOnsiY3JlYXRlIjozMDAwMDAwMDAwMDAsImRlbGV0ZSI6MzAwMDAwMDAwMDAwLCJyZWFkIjozMDAwMDAwMDAwMDAsInVwZGF0ZSI6MzAwMDAwMDAwMDAwfX0=",
          "dependencies": [
            "module.ad_users_and_groups.azuread_group.csv_group",
            "module.ad_users_and_groups.data.azuread_user.existing_users"
          ]
        },
        {
          "index_key": "d93df7e3-29da-4b56-9fdc-6b5993d3af3d 0ddece18-3279-456a-bd01-4540793699db",
          "schema_version": 0,
          "attributes": {
            "group_object_id": "0ddece18-3279-456a-bd01-4540793699db",
            "id": "0ddece18-3279-456a-bd01-4540793699db/member/d93df7e3-29da-4b56-9fdc-6b5993d3af3d",
            "member_object_id": "d93df7e3-29da-4b56-9fdc-6b5993d3af3d",
            "timeouts": null
          },
          "sensitive_attributes": [],
          "private": "eyJlMmJmYjczMC1lY2FhLTExZTYtOGY4OC0zNDM2M2JjN2M0YzAiOnsiY3JlYXRlIjozMDAwMDAwMDAwMDAsImRlbGV0ZSI6MzAwMDAwMDAwMDAwLCJyZWFkIjozMDAwMDAwMDAwMDAsInVwZGF0ZSI6MzAwMDAwMDAwMDAwfX0=",
          "dependencies": [
            "module.ad_users_and_groups.azuread_group.csv_group",
            "module.ad_users_and_groups.data.azuread_user.existing_users"
          ]
        },
        {
          "index_key": "d93df7e3-29da-4b56-9fdc-6b5993d3af3d 7152762a-c4a0-47b0-b0a8-162e287be8fb",
          "schema_version": 0,
          "attributes": {
            "group_object_id": "7152762a-c4a0-47b0-b0a8-162e287be8fb",
            "id": "7152762a-c4a0-47b0-b0a8-162e287be8fb/member/d93df7e3-29da-4b56-9fdc-6b5993d3af3d",
            "member_object_id": "d93df7e3-29da-4b56-9fdc-6b5993d3af3d",
            "timeouts": null
          },
          "sensitive_attributes": [],
          "private": "eyJlMmJmYjczMC1lY2FhLTExZTYtOGY4OC0zNDM2M2JjN2M0YzAiOnsiY3JlYXRlIjozMDAwMDAwMDAwMDAsImRlbGV0ZSI6MzAwMDAwMDAwMDAwLCJyZWFkIjozMDAwMDAwMDAwMDAsInVwZGF0ZSI6MzAwMDAwMDAwMDAwfX0=",
          "dependencies": [
            "module.ad_users_and_groups.azuread_group.csv_group",
            "module.ad_users_and_groups.data.azuread_user.existing_users"
          ]
        },
        {
          "index_key": "d93df7e3-29da-4b56-9fdc-6b5993d3af3d 7b8c5cb9-2d5c-4579-98c9-2328b6fd584a",
          "schema_version": 0,
          "attributes": {
            "group_object_id": "7b8c5cb9-2d5c-4579-98c9-2328b6fd584a",
            "id": "7b8c5cb9-2d5c-4579-98c9-2328b6fd584a/member/d93df7e3-29da-4b56-9fdc-6b5993d3af3d",
            "member_object_id": "d93df7e3-29da-4b56-9fdc-6b5993d3af3d",
            "timeouts": null
          },
          "sensitive_attributes": [],
          "private": "eyJlMmJmYjczMC1lY2FhLTExZTYtOGY4OC0zNDM2M2JjN2M0YzAiOnsiY3JlYXRlIjozMDAwMDAwMDAwMDAsImRlbGV0ZSI6MzAwMDAwMDAwMDAwLCJyZWFkIjozMDAwMDAwMDAwMDAsInVwZGF0ZSI6MzAwMDAwMDAwMDAwfX0=",
          "dependencies": [
            "module.ad_users_and_groups.azuread_group.csv_group",
            "module.ad_users_and_groups.data.azuread_user.existing_users"
          ]
        },
        {
          "index_key": "d93df7e3-29da-4b56-9fdc-6b5993d3af3d 9a973982-0b50-4cf4-8343-1e7f04aeb0b7",
          "schema_version": 0,
          "attributes": {
            "group_object_id": "9a973982-0b50-4cf4-8343-1e7f04aeb0b7",
            "id": "9a973982-0b50-4cf4-8343-1e7f04aeb0b7/member/d93df7e3-29da-4b56-9fdc-6b5993d3af3d",
            "member_object_id": "d93df7e3-29da-4b56-9fdc-6b5993d3af3d",
            "timeouts": null
          },
          "sensitive_attributes": [],
          "private": "eyJlMmJmYjczMC1lY2FhLTExZTYtOGY4OC0zNDM2M2JjN2M0YzAiOnsiY3JlYXRlIjozMDAwMDAwMDAwMDAsImRlbGV0ZSI6MzAwMDAwMDAwMDAwLCJyZWFkIjozMDAwMDAwMDAwMDAsInVwZGF0ZSI6MzAwMDAwMDAwMDAwfX0=",
          "dependencies": [
            "module.ad_users_and_groups.azuread_group.csv_group",
            "module.ad_users_and_groups.data.azuread_user.existing_users"
          ]
        },
        {
          "index_key": "d93df7e3-29da-4b56-9fdc-6b5993d3af3d dc4e6b71-957e-4af0-9d5b-4394e292c9a2",
          "schema_version": 0,
          "attributes": {
            "group_object_id": "dc4e6b71-957e-4af0-9d5b-4394e292c9a2",
            "id": "dc4e6b71-957e-4af0-9d5b-4394e292c9a2/member/d93df7e3-29da-4b56-9fdc-6b5993d3af3d",
            "member_object_id": "d93df7e3-29da-4b56-9fdc-6b5993d3af3d",
            "timeouts": null
          },
          "sensitive_attributes": [],
          "private": "eyJlMmJmYjczMC1lY2FhLTExZTYtOGY4OC0zNDM2M2JjN2M0YzAiOnsiY3JlYXRlIjozMDAwMDAwMDAwMDAsImRlbGV0ZSI6MzAwMDAwMDAwMDAwLCJyZWFkIjozMDAwMDAwMDAwMDAsInVwZGF0ZSI6MzAwMDAwMDAwMDAwfX0=",
          "dependencies": [
            "module.ad_users_and_groups.azuread_group.csv_group",
            "module.ad_users_and_groups.data.azuread_user.existing_users"
          ]
        },
        {
          "index_key": "dac1e3eb-4c40-45a0-9181-3a8abada26f1 0ddece18-3279-456a-bd01-4540793699db",
          "schema_version": 0,
          "attributes": {
            "group_object_id": "0ddece18-3279-456a-bd01-4540793699db",
            "id": "0ddece18-3279-456a-bd01-4540793699db/member/dac1e3eb-4c40-45a0-9181-3a8abada26f1",
            "member_object_id": "dac1e3eb-4c40-45a0-9181-3a8abada26f1",
            "timeouts": null
          },
          "sensitive_attributes": [],
          "private": "eyJlMmJmYjczMC1lY2FhLTExZTYtOGY4OC0zNDM2M2JjN2M0YzAiOnsiY3JlYXRlIjozMDAwMDAwMDAwMDAsImRlbGV0ZSI6MzAwMDAwMDAwMDAwLCJyZWFkIjozMDAwMDAwMDAwMDAsInVwZGF0ZSI6MzAwMDAwMDAwMDAwfX0=",
          "dependencies": [
            "module.ad_users_and_groups.azuread_group.csv_group",
            "module.ad_users_and_groups.data.azuread_user.existing_users"
          ]
        },
        {
          "index_key": "dac1e3eb-4c40-45a0-9181-3a8abada26f1 7152762a-c4a0-47b0-b0a8-162e287be8fb",
          "schema_version": 0,
          "attributes": {
            "group_object_id": "7152762a-c4a0-47b0-b0a8-162e287be8fb",
            "id": "7152762a-c4a0-47b0-b0a8-162e287be8fb/member/dac1e3eb-4c40-45a0-9181-3a8abada26f1",
            "member_object_id": "dac1e3eb-4c40-45a0-9181-3a8abada26f1",
            "timeouts": null
          },
          "sensitive_attributes": [],
          "private": "eyJlMmJmYjczMC1lY2FhLTExZTYtOGY4OC0zNDM2M2JjN2M0YzAiOnsiY3JlYXRlIjozMDAwMDAwMDAwMDAsImRlbGV0ZSI6MzAwMDAwMDAwMDAwLCJyZWFkIjozMDAwMDAwMDAwMDAsInVwZGF0ZSI6MzAwMDAwMDAwMDAwfX0=",
          "dependencies": [
            "module.ad_users_and_groups.azuread_group.csv_group",
            "module.ad_users_and_groups.data.azuread_user.existing_users"
          ]
        },
        {
          "index_key": "dac1e3eb-4c40-45a0-9181-3a8abada26f1 7b8c5cb9-2d5c-4579-98c9-2328b6fd584a",
          "schema_version": 0,
          "attributes": {
            "group_object_id": "7b8c5cb9-2d5c-4579-98c9-2328b6fd584a",
            "id": "7b8c5cb9-2d5c-4579-98c9-2328b6fd584a/member/dac1e3eb-4c40-45a0-9181-3a8abada26f1",
            "member_object_id": "dac1e3eb-4c40-45a0-9181-3a8abada26f1",
            "timeouts": null
          },
          "sensitive_attributes": [],
          "private": "eyJlMmJmYjczMC1lY2FhLTExZTYtOGY4OC0zNDM2M2JjN2M0YzAiOnsiY3JlYXRlIjozMDAwMDAwMDAwMDAsImRlbGV0ZSI6MzAwMDAwMDAwMDAwLCJyZWFkIjozMDAwMDAwMDAwMDAsInVwZGF0ZSI6MzAwMDAwMDAwMDAwfX0=",
          "dependencies": [
            "module.ad_users_and_groups.azuread_group.csv_group",
            "module.ad_users_and_groups.data.azuread_user.existing_users"
          ]
        },
        {
          "index_key": "dac1e3eb-4c40-45a0-9181-3a8abada26f1 9a973982-0b50-4cf4-8343-1e7f04aeb0b7",
          "schema_version": 0,
          "attributes": {
            "group_object_id": "9a973982-0b50-4cf4-8343-1e7f04aeb0b7",
            "id": "9a973982-0b50-4cf4-8343-1e7f04aeb0b7/member/dac1e3eb-4c40-45a0-9181-3a8abada26f1",
            "member_object_id": "dac1e3eb-4c40-45a0-9181-3a8abada26f1",
            "timeouts": null
          },
          "sensitive_attributes": [],
          "private": "eyJlMmJmYjczMC1lY2FhLTExZTYtOGY4OC0zNDM2M2JjN2M0YzAiOnsiY3JlYXRlIjozMDAwMDAwMDAwMDAsImRlbGV0ZSI6MzAwMDAwMDAwMDAwLCJyZWFkIjozMDAwMDAwMDAwMDAsInVwZGF0ZSI6MzAwMDAwMDAwMDAwfX0=",
          "dependencies": [
            "module.ad_users_and_groups.azuread_group.csv_group",
            "module.ad_users_and_groups.data.azuread_user.existing_users"
          ]
        },
        {
          "index_key": "dac1e3eb-4c40-45a0-9181-3a8abada26f1 dc4e6b71-957e-4af0-9d5b-4394e292c9a2",
          "schema_version": 0,
          "attributes": {
            "group_object_id": "dc4e6b71-957e-4af0-9d5b-4394e292c9a2",
            "id": "dc4e6b71-957e-4af0-9d5b-4394e292c9a2/member/dac1e3eb-4c40-45a0-9181-3a8abada26f1",
            "member_object_id": "dac1e3eb-4c40-45a0-9181-3a8abada26f1",
            "timeouts": null
          },
          "sensitive_attributes": [],
          "private": "eyJlMmJmYjczMC1lY2FhLTExZTYtOGY4OC0zNDM2M2JjN2M0YzAiOnsiY3JlYXRlIjozMDAwMDAwMDAwMDAsImRlbGV0ZSI6MzAwMDAwMDAwMDAwLCJyZWFkIjozMDAwMDAwMDAwMDAsInVwZGF0ZSI6MzAwMDAwMDAwMDAwfX0=",
          "dependencies": [
            "module.ad_users_and_groups.azuread_group.csv_group",
            "module.ad_users_and_groups.data.azuread_user.existing_users"
          ]
        },
        {
          "index_key": "dea17c9c-eaa0-4f6b-8306-47b00a3f4cb6 0ddece18-3279-456a-bd01-4540793699db",
          "schema_version": 0,
          "attributes": {
            "group_object_id": "0ddece18-3279-456a-bd01-4540793699db",
            "id": "0ddece18-3279-456a-bd01-4540793699db/member/dea17c9c-eaa0-4f6b-8306-47b00a3f4cb6",
            "member_object_id": "dea17c9c-eaa0-4f6b-8306-47b00a3f4cb6",
            "timeouts": null
          },
          "sensitive_attributes": [],
          "private": "eyJlMmJmYjczMC1lY2FhLTExZTYtOGY4OC0zNDM2M2JjN2M0YzAiOnsiY3JlYXRlIjozMDAwMDAwMDAwMDAsImRlbGV0ZSI6MzAwMDAwMDAwMDAwLCJyZWFkIjozMDAwMDAwMDAwMDAsInVwZGF0ZSI6MzAwMDAwMDAwMDAwfX0=",
          "dependencies": [
            "module.ad_users_and_groups.azuread_group.csv_group",
            "module.ad_users_and_groups.data.azuread_user.existing_users"
          ]
        },
        {
          "index_key": "dea17c9c-eaa0-4f6b-8306-47b00a3f4cb6 7152762a-c4a0-47b0-b0a8-162e287be8fb",
          "schema_version": 0,
          "attributes": {
            "group_object_id": "7152762a-c4a0-47b0-b0a8-162e287be8fb",
            "id": "7152762a-c4a0-47b0-b0a8-162e287be8fb/member/dea17c9c-eaa0-4f6b-8306-47b00a3f4cb6",
            "member_object_id": "dea17c9c-eaa0-4f6b-8306-47b00a3f4cb6",
            "timeouts": null
          },
          "sensitive_attributes": [],
          "private": "eyJlMmJmYjczMC1lY2FhLTExZTYtOGY4OC0zNDM2M2JjN2M0YzAiOnsiY3JlYXRlIjozMDAwMDAwMDAwMDAsImRlbGV0ZSI6MzAwMDAwMDAwMDAwLCJyZWFkIjozMDAwMDAwMDAwMDAsInVwZGF0ZSI6MzAwMDAwMDAwMDAwfX0=",
          "dependencies": [
            "module.ad_users_and_groups.azuread_group.csv_group",
            "module.ad_users_and_groups.data.azuread_user.existing_users"
          ]
        },
        {
          "index_key": "dea17c9c-eaa0-4f6b-8306-47b00a3f4cb6 7b8c5cb9-2d5c-4579-98c9-2328b6fd584a",
          "schema_version": 0,
          "attributes": {
            "group_object_id": "7b8c5cb9-2d5c-4579-98c9-2328b6fd584a",
            "id": "7b8c5cb9-2d5c-4579-98c9-2328b6fd584a/member/dea17c9c-eaa0-4f6b-8306-47b00a3f4cb6",
            "member_object_id": "dea17c9c-eaa0-4f6b-8306-47b00a3f4cb6",
            "timeouts": null
          },
          "sensitive_attributes": [],
          "private": "eyJlMmJmYjczMC1lY2FhLTExZTYtOGY4OC0zNDM2M2JjN2M0YzAiOnsiY3JlYXRlIjozMDAwMDAwMDAwMDAsImRlbGV0ZSI6MzAwMDAwMDAwMDAwLCJyZWFkIjozMDAwMDAwMDAwMDAsInVwZGF0ZSI6MzAwMDAwMDAwMDAwfX0=",
          "dependencies": [
            "module.ad_users_and_groups.azuread_group.csv_group",
            "module.ad_users_and_groups.data.azuread_user.existing_users"
          ]
        },
        {
          "index_key": "dea17c9c-eaa0-4f6b-8306-47b00a3f4cb6 9a973982-0b50-4cf4-8343-1e7f04aeb0b7",
          "schema_version": 0,
          "attributes": {
            "group_object_id": "9a973982-0b50-4cf4-8343-1e7f04aeb0b7",
            "id": "9a973982-0b50-4cf4-8343-1e7f04aeb0b7/member/dea17c9c-eaa0-4f6b-8306-47b00a3f4cb6",
            "member_object_id": "dea17c9c-eaa0-4f6b-8306-47b00a3f4cb6",
            "timeouts": null
          },
          "sensitive_attributes": [],
          "private": "eyJlMmJmYjczMC1lY2FhLTExZTYtOGY4OC0zNDM2M2JjN2M0YzAiOnsiY3JlYXRlIjozMDAwMDAwMDAwMDAsImRlbGV0ZSI6MzAwMDAwMDAwMDAwLCJyZWFkIjozMDAwMDAwMDAwMDAsInVwZGF0ZSI6MzAwMDAwMDAwMDAwfX0=",
          "dependencies": [
            "module.ad_users_and_groups.azuread_group.csv_group",
            "module.ad_users_and_groups.data.azuread_user.existing_users"
          ]
        },
        {
          "index_key": "dea17c9c-eaa0-4f6b-8306-47b00a3f4cb6 dc4e6b71-957e-4af0-9d5b-4394e292c9a2",
          "schema_version": 0,
          "attributes": {
            "group_object_id": "dc4e6b71-957e-4af0-9d5b-4394e292c9a2",
            "id": "dc4e6b71-957e-4af0-9d5b-4394e292c9a2/member/dea17c9c-eaa0-4f6b-8306-47b00a3f4cb6",
            "member_object_id": "dea17c9c-eaa0-4f6b-8306-47b00a3f4cb6",
            "timeouts": null
          },
          "sensitive_attributes": [],
          "private": "eyJlMmJmYjczMC1lY2FhLTExZTYtOGY4OC0zNDM2M2JjN2M0YzAiOnsiY3JlYXRlIjozMDAwMDAwMDAwMDAsImRlbGV0ZSI6MzAwMDAwMDAwMDAwLCJyZWFkIjozMDAwMDAwMDAwMDAsInVwZGF0ZSI6MzAwMDAwMDAwMDAwfX0=",
          "dependencies": [
            "module.ad_users_and_groups.azuread_group.csv_group",
            "module.ad_users_and_groups.data.azuread_user.existing_users"
          ]
        },
        {
          "index_key": "e914d62e-7afb-4ae1-a1e4-55a1c107027d 0ddece18-3279-456a-bd01-4540793699db",
          "schema_version": 0,
          "attributes": {
            "group_object_id": "0ddece18-3279-456a-bd01-4540793699db",
            "id": "0ddece18-3279-456a-bd01-4540793699db/member/e914d62e-7afb-4ae1-a1e4-55a1c107027d",
            "member_object_id": "e914d62e-7afb-4ae1-a1e4-55a1c107027d",
            "timeouts": null
          },
          "sensitive_attributes": [],
          "private": "eyJlMmJmYjczMC1lY2FhLTExZTYtOGY4OC0zNDM2M2JjN2M0YzAiOnsiY3JlYXRlIjozMDAwMDAwMDAwMDAsImRlbGV0ZSI6MzAwMDAwMDAwMDAwLCJyZWFkIjozMDAwMDAwMDAwMDAsInVwZGF0ZSI6MzAwMDAwMDAwMDAwfX0=",
          "dependencies": [
            "module.ad_users_and_groups.azuread_group.csv_group",
            "module.ad_users_and_groups.data.azuread_user.existing_users"
          ]
        },
        {
          "index_key": "e914d62e-7afb-4ae1-a1e4-55a1c107027d 7152762a-c4a0-47b0-b0a8-162e287be8fb",
          "schema_version": 0,
          "attributes": {
            "group_object_id": "7152762a-c4a0-47b0-b0a8-162e287be8fb",
            "id": "7152762a-c4a0-47b0-b0a8-162e287be8fb/member/e914d62e-7afb-4ae1-a1e4-55a1c107027d",
            "member_object_id": "e914d62e-7afb-4ae1-a1e4-55a1c107027d",
            "timeouts": null
          },
          "sensitive_attributes": [],
          "private": "eyJlMmJmYjczMC1lY2FhLTExZTYtOGY4OC0zNDM2M2JjN2M0YzAiOnsiY3JlYXRlIjozMDAwMDAwMDAwMDAsImRlbGV0ZSI6MzAwMDAwMDAwMDAwLCJyZWFkIjozMDAwMDAwMDAwMDAsInVwZGF0ZSI6MzAwMDAwMDAwMDAwfX0=",
          "dependencies": [
            "module.ad_users_and_groups.azuread_group.csv_group",
            "module.ad_users_and_groups.data.azuread_user.existing_users"
          ]
        },
        {
          "index_key": "e914d62e-7afb-4ae1-a1e4-55a1c107027d 7b8c5cb9-2d5c-4579-98c9-2328b6fd584a",
          "schema_version": 0,
          "attributes": {
            "group_object_id": "7b8c5cb9-2d5c-4579-98c9-2328b6fd584a",
            "id": "7b8c5cb9-2d5c-4579-98c9-2328b6fd584a/member/e914d62e-7afb-4ae1-a1e4-55a1c107027d",
            "member_object_id": "e914d62e-7afb-4ae1-a1e4-55a1c107027d",
            "timeouts": null
          },
          "sensitive_attributes": [],
          "private": "eyJlMmJmYjczMC1lY2FhLTExZTYtOGY4OC0zNDM2M2JjN2M0YzAiOnsiY3JlYXRlIjozMDAwMDAwMDAwMDAsImRlbGV0ZSI6MzAwMDAwMDAwMDAwLCJyZWFkIjozMDAwMDAwMDAwMDAsInVwZGF0ZSI6MzAwMDAwMDAwMDAwfX0=",
          "dependencies": [
            "module.ad_users_and_groups.azuread_group.csv_group",
            "module.ad_users_and_groups.data.azuread_user.existing_users"
          ]
        },
        {
          "index_key": "e914d62e-7afb-4ae1-a1e4-55a1c107027d 9a973982-0b50-4cf4-8343-1e7f04aeb0b7",
          "schema_version": 0,
          "attributes": {
            "group_object_id": "9a973982-0b50-4cf4-8343-1e7f04aeb0b7",
            "id": "9a973982-0b50-4cf4-8343-1e7f04aeb0b7/member/e914d62e-7afb-4ae1-a1e4-55a1c107027d",
            "member_object_id": "e914d62e-7afb-4ae1-a1e4-55a1c107027d",
            "timeouts": null
          },
          "sensitive_attributes": [],
          "private": "eyJlMmJmYjczMC1lY2FhLTExZTYtOGY4OC0zNDM2M2JjN2M0YzAiOnsiY3JlYXRlIjozMDAwMDAwMDAwMDAsImRlbGV0ZSI6MzAwMDAwMDAwMDAwLCJyZWFkIjozMDAwMDAwMDAwMDAsInVwZGF0ZSI6MzAwMDAwMDAwMDAwfX0=",
          "dependencies": [
            "module.ad_users_and_groups.azuread_group.csv_group",
            "module.ad_users_and_groups.data.azuread_user.existing_users"
          ]
        },
        {
          "index_key": "e914d62e-7afb-4ae1-a1e4-55a1c107027d dc4e6b71-957e-4af0-9d5b-4394e292c9a2",
          "schema_version": 0,
          "attributes": {
            "group_object_id": "dc4e6b71-957e-4af0-9d5b-4394e292c9a2",
            "id": "dc4e6b71-957e-4af0-9d5b-4394e292c9a2/member/e914d62e-7afb-4ae1-a1e4-55a1c107027d",
            "member_object_id": "e914d62e-7afb-4ae1-a1e4-55a1c107027d",
            "timeouts": null
          },
          "sensitive_attributes": [],
          "private": "eyJlMmJmYjczMC1lY2FhLTExZTYtOGY4OC0zNDM2M2JjN2M0YzAiOnsiY3JlYXRlIjozMDAwMDAwMDAwMDAsImRlbGV0ZSI6MzAwMDAwMDAwMDAwLCJyZWFkIjozMDAwMDAwMDAwMDAsInVwZGF0ZSI6MzAwMDAwMDAwMDAwfX0=",
          "dependencies": [
            "module.ad_users_and_groups.azuread_group.csv_group",
            "module.ad_users_and_groups.data.azuread_user.existing_users"
          ]
        },
        {
          "index_key": "ead3f983-27a4-4b1f-969f-1aeca96d75b8 0ddece18-3279-456a-bd01-4540793699db",
          "schema_version": 0,
          "attributes": {
            "group_object_id": "0ddece18-3279-456a-bd01-4540793699db",
            "id": "0ddece18-3279-456a-bd01-4540793699db/member/ead3f983-27a4-4b1f-969f-1aeca96d75b8",
            "member_object_id": "ead3f983-27a4-4b1f-969f-1aeca96d75b8",
            "timeouts": null
          },
          "sensitive_attributes": [],
          "private": "eyJlMmJmYjczMC1lY2FhLTExZTYtOGY4OC0zNDM2M2JjN2M0YzAiOnsiY3JlYXRlIjozMDAwMDAwMDAwMDAsImRlbGV0ZSI6MzAwMDAwMDAwMDAwLCJyZWFkIjozMDAwMDAwMDAwMDAsInVwZGF0ZSI6MzAwMDAwMDAwMDAwfX0=",
          "dependencies": [
            "module.ad_users_and_groups.azuread_group.csv_group",
            "module.ad_users_and_groups.data.azuread_user.existing_users"
          ]
        },
        {
          "index_key": "ead3f983-27a4-4b1f-969f-1aeca96d75b8 7152762a-c4a0-47b0-b0a8-162e287be8fb",
          "schema_version": 0,
          "attributes": {
            "group_object_id": "7152762a-c4a0-47b0-b0a8-162e287be8fb",
            "id": "7152762a-c4a0-47b0-b0a8-162e287be8fb/member/ead3f983-27a4-4b1f-969f-1aeca96d75b8",
            "member_object_id": "ead3f983-27a4-4b1f-969f-1aeca96d75b8",
            "timeouts": null
          },
          "sensitive_attributes": [],
          "private": "eyJlMmJmYjczMC1lY2FhLTExZTYtOGY4OC0zNDM2M2JjN2M0YzAiOnsiY3JlYXRlIjozMDAwMDAwMDAwMDAsImRlbGV0ZSI6MzAwMDAwMDAwMDAwLCJyZWFkIjozMDAwMDAwMDAwMDAsInVwZGF0ZSI6MzAwMDAwMDAwMDAwfX0=",
          "dependencies": [
            "module.ad_users_and_groups.azuread_group.csv_group",
            "module.ad_users_and_groups.data.azuread_user.existing_users"
          ]
        },
        {
          "index_key": "ead3f983-27a4-4b1f-969f-1aeca96d75b8 7b8c5cb9-2d5c-4579-98c9-2328b6fd584a",
          "schema_version": 0,
          "attributes": {
            "group_object_id": "7b8c5cb9-2d5c-4579-98c9-2328b6fd584a",
            "id": "7b8c5cb9-2d5c-4579-98c9-2328b6fd584a/member/ead3f983-27a4-4b1f-969f-1aeca96d75b8",
            "member_object_id": "ead3f983-27a4-4b1f-969f-1aeca96d75b8",
            "timeouts": null
          },
          "sensitive_attributes": [],
          "private": "eyJlMmJmYjczMC1lY2FhLTExZTYtOGY4OC0zNDM2M2JjN2M0YzAiOnsiY3JlYXRlIjozMDAwMDAwMDAwMDAsImRlbGV0ZSI6MzAwMDAwMDAwMDAwLCJyZWFkIjozMDAwMDAwMDAwMDAsInVwZGF0ZSI6MzAwMDAwMDAwMDAwfX0=",
          "dependencies": [
            "module.ad_users_and_groups.azuread_group.csv_group",
            "module.ad_users_and_groups.data.azuread_user.existing_users"
          ]
        },
        {
          "index_key": "ead3f983-27a4-4b1f-969f-1aeca96d75b8 9a973982-0b50-4cf4-8343-1e7f04aeb0b7",
          "schema_version": 0,
          "attributes": {
            "group_object_id": "9a973982-0b50-4cf4-8343-1e7f04aeb0b7",
            "id": "9a973982-0b50-4cf4-8343-1e7f04aeb0b7/member/ead3f983-27a4-4b1f-969f-1aeca96d75b8",
            "member_object_id": "ead3f983-27a4-4b1f-969f-1aeca96d75b8",
            "timeouts": null
          },
          "sensitive_attributes": [],
          "private": "eyJlMmJmYjczMC1lY2FhLTExZTYtOGY4OC0zNDM2M2JjN2M0YzAiOnsiY3JlYXRlIjozMDAwMDAwMDAwMDAsImRlbGV0ZSI6MzAwMDAwMDAwMDAwLCJyZWFkIjozMDAwMDAwMDAwMDAsInVwZGF0ZSI6MzAwMDAwMDAwMDAwfX0=",
          "dependencies": [
            "module.ad_users_and_groups.azuread_group.csv_group",
            "module.ad_users_and_groups.data.azuread_user.existing_users"
          ]
        },
        {
          "index_key": "ead3f983-27a4-4b1f-969f-1aeca96d75b8 dc4e6b71-957e-4af0-9d5b-4394e292c9a2",
          "schema_version": 0,
          "attributes": {
            "group_object_id": "dc4e6b71-957e-4af0-9d5b-4394e292c9a2",
            "id": "dc4e6b71-957e-4af0-9d5b-4394e292c9a2/member/ead3f983-27a4-4b1f-969f-1aeca96d75b8",
            "member_object_id": "ead3f983-27a4-4b1f-969f-1aeca96d75b8",
            "timeouts": null
          },
          "sensitive_attributes": [],
          "private": "eyJlMmJmYjczMC1lY2FhLTExZTYtOGY4OC0zNDM2M2JjN2M0YzAiOnsiY3JlYXRlIjozMDAwMDAwMDAwMDAsImRlbGV0ZSI6MzAwMDAwMDAwMDAwLCJyZWFkIjozMDAwMDAwMDAwMDAsInVwZGF0ZSI6MzAwMDAwMDAwMDAwfX0=",
          "dependencies": [
            "module.ad_users_and_groups.azuread_group.csv_group",
            "module.ad_users_and_groups.data.azuread_user.existing_users"
          ]
        },
        {
          "index_key": "eb720c0d-9e7d-4257-b458-b63e6795951d 0ddece18-3279-456a-bd01-4540793699db",
          "schema_version": 0,
          "attributes": {
            "group_object_id": "0ddece18-3279-456a-bd01-4540793699db",
            "id": "0ddece18-3279-456a-bd01-4540793699db/member/eb720c0d-9e7d-4257-b458-b63e6795951d",
            "member_object_id": "eb720c0d-9e7d-4257-b458-b63e6795951d",
            "timeouts": null
          },
          "sensitive_attributes": [],
          "private": "eyJlMmJmYjczMC1lY2FhLTExZTYtOGY4OC0zNDM2M2JjN2M0YzAiOnsiY3JlYXRlIjozMDAwMDAwMDAwMDAsImRlbGV0ZSI6MzAwMDAwMDAwMDAwLCJyZWFkIjozMDAwMDAwMDAwMDAsInVwZGF0ZSI6MzAwMDAwMDAwMDAwfX0=",
          "dependencies": [
            "module.ad_users_and_groups.azuread_group.csv_group",
            "module.ad_users_and_groups.data.azuread_user.existing_users"
          ]
        },
        {
          "index_key": "eb720c0d-9e7d-4257-b458-b63e6795951d 7152762a-c4a0-47b0-b0a8-162e287be8fb",
          "schema_version": 0,
          "attributes": {
            "group_object_id": "7152762a-c4a0-47b0-b0a8-162e287be8fb",
            "id": "7152762a-c4a0-47b0-b0a8-162e287be8fb/member/eb720c0d-9e7d-4257-b458-b63e6795951d",
            "member_object_id": "eb720c0d-9e7d-4257-b458-b63e6795951d",
            "timeouts": null
          },
          "sensitive_attributes": [],
          "private": "eyJlMmJmYjczMC1lY2FhLTExZTYtOGY4OC0zNDM2M2JjN2M0YzAiOnsiY3JlYXRlIjozMDAwMDAwMDAwMDAsImRlbGV0ZSI6MzAwMDAwMDAwMDAwLCJyZWFkIjozMDAwMDAwMDAwMDAsInVwZGF0ZSI6MzAwMDAwMDAwMDAwfX0=",
          "dependencies": [
            "module.ad_users_and_groups.azuread_group.csv_group",
            "module.ad_users_and_groups.data.azuread_user.existing_users"
          ]
        },
        {
          "index_key": "eb720c0d-9e7d-4257-b458-b63e6795951d 7b8c5cb9-2d5c-4579-98c9-2328b6fd584a",
          "schema_version": 0,
          "attributes": {
            "group_object_id": "7b8c5cb9-2d5c-4579-98c9-2328b6fd584a",
            "id": "7b8c5cb9-2d5c-4579-98c9-2328b6fd584a/member/eb720c0d-9e7d-4257-b458-b63e6795951d",
            "member_object_id": "eb720c0d-9e7d-4257-b458-b63e6795951d",
            "timeouts": null
          },
          "sensitive_attributes": [],
          "private": "eyJlMmJmYjczMC1lY2FhLTExZTYtOGY4OC0zNDM2M2JjN2M0YzAiOnsiY3JlYXRlIjozMDAwMDAwMDAwMDAsImRlbGV0ZSI6MzAwMDAwMDAwMDAwLCJyZWFkIjozMDAwMDAwMDAwMDAsInVwZGF0ZSI6MzAwMDAwMDAwMDAwfX0=",
          "dependencies": [
            "module.ad_users_and_groups.azuread_group.csv_group",
            "module.ad_users_and_groups.data.azuread_user.existing_users"
          ]
        },
        {
          "index_key": "eb720c0d-9e7d-4257-b458-b63e6795951d 9a973982-0b50-4cf4-8343-1e7f04aeb0b7",
          "schema_version": 0,
          "attributes": {
            "group_object_id": "9a973982-0b50-4cf4-8343-1e7f04aeb0b7",
            "id": "9a973982-0b50-4cf4-8343-1e7f04aeb0b7/member/eb720c0d-9e7d-4257-b458-b63e6795951d",
            "member_object_id": "eb720c0d-9e7d-4257-b458-b63e6795951d",
            "timeouts": null
          },
          "sensitive_attributes": [],
          "private": "eyJlMmJmYjczMC1lY2FhLTExZTYtOGY4OC0zNDM2M2JjN2M0YzAiOnsiY3JlYXRlIjozMDAwMDAwMDAwMDAsImRlbGV0ZSI6MzAwMDAwMDAwMDAwLCJyZWFkIjozMDAwMDAwMDAwMDAsInVwZGF0ZSI6MzAwMDAwMDAwMDAwfX0=",
          "dependencies": [
            "module.ad_users_and_groups.azuread_group.csv_group",
            "module.ad_users_and_groups.data.azuread_user.existing_users"
          ]
        },
        {
          "index_key": "eb720c0d-9e7d-4257-b458-b63e6795951d dc4e6b71-957e-4af0-9d5b-4394e292c9a2",
          "schema_version": 0,
          "attributes": {
            "group_object_id": "dc4e6b71-957e-4af0-9d5b-4394e292c9a2",
            "id": "dc4e6b71-957e-4af0-9d5b-4394e292c9a2/member/eb720c0d-9e7d-4257-b458-b63e6795951d",
            "member_object_id": "eb720c0d-9e7d-4257-b458-b63e6795951d",
            "timeouts": null
          },
          "sensitive_attributes": [],
          "private": "eyJlMmJmYjczMC1lY2FhLTExZTYtOGY4OC0zNDM2M2JjN2M0YzAiOnsiY3JlYXRlIjozMDAwMDAwMDAwMDAsImRlbGV0ZSI6MzAwMDAwMDAwMDAwLCJyZWFkIjozMDAwMDAwMDAwMDAsInVwZGF0ZSI6MzAwMDAwMDAwMDAwfX0=",
          "dependencies": [
            "module.ad_users_and_groups.azuread_group.csv_group",
            "module.ad_users_and_groups.data.azuread_user.existing_users"
          ]
        },
        {
          "index_key": "f08c1914-5c54-47f7-9f05-6476dd201014 0ddece18-3279-456a-bd01-4540793699db",
          "schema_version": 0,
          "attributes": {
            "group_object_id": "0ddece18-3279-456a-bd01-4540793699db",
            "id": "0ddece18-3279-456a-bd01-4540793699db/member/f08c1914-5c54-47f7-9f05-6476dd201014",
            "member_object_id": "f08c1914-5c54-47f7-9f05-6476dd201014",
            "timeouts": null
          },
          "sensitive_attributes": [],
          "private": "eyJlMmJmYjczMC1lY2FhLTExZTYtOGY4OC0zNDM2M2JjN2M0YzAiOnsiY3JlYXRlIjozMDAwMDAwMDAwMDAsImRlbGV0ZSI6MzAwMDAwMDAwMDAwLCJyZWFkIjozMDAwMDAwMDAwMDAsInVwZGF0ZSI6MzAwMDAwMDAwMDAwfX0=",
          "dependencies": [
            "module.ad_users_and_groups.azuread_group.csv_group",
            "module.ad_users_and_groups.data.azuread_user.existing_users"
          ]
        },
        {
          "index_key": "f08c1914-5c54-47f7-9f05-6476dd201014 7152762a-c4a0-47b0-b0a8-162e287be8fb",
          "schema_version": 0,
          "attributes": {
            "group_object_id": "7152762a-c4a0-47b0-b0a8-162e287be8fb",
            "id": "7152762a-c4a0-47b0-b0a8-162e287be8fb/member/f08c1914-5c54-47f7-9f05-6476dd201014",
            "member_object_id": "f08c1914-5c54-47f7-9f05-6476dd201014",
            "timeouts": null
          },
          "sensitive_attributes": [],
          "private": "eyJlMmJmYjczMC1lY2FhLTExZTYtOGY4OC0zNDM2M2JjN2M0YzAiOnsiY3JlYXRlIjozMDAwMDAwMDAwMDAsImRlbGV0ZSI6MzAwMDAwMDAwMDAwLCJyZWFkIjozMDAwMDAwMDAwMDAsInVwZGF0ZSI6MzAwMDAwMDAwMDAwfX0=",
          "dependencies": [
            "module.ad_users_and_groups.azuread_group.csv_group",
            "module.ad_users_and_groups.data.azuread_user.existing_users"
          ]
        },
        {
          "index_key": "f08c1914-5c54-47f7-9f05-6476dd201014 7b8c5cb9-2d5c-4579-98c9-2328b6fd584a",
          "schema_version": 0,
          "attributes": {
            "group_object_id": "7b8c5cb9-2d5c-4579-98c9-2328b6fd584a",
            "id": "7b8c5cb9-2d5c-4579-98c9-2328b6fd584a/member/f08c1914-5c54-47f7-9f05-6476dd201014",
            "member_object_id": "f08c1914-5c54-47f7-9f05-6476dd201014",
            "timeouts": null
          },
          "sensitive_attributes": [],
          "private": "eyJlMmJmYjczMC1lY2FhLTExZTYtOGY4OC0zNDM2M2JjN2M0YzAiOnsiY3JlYXRlIjozMDAwMDAwMDAwMDAsImRlbGV0ZSI6MzAwMDAwMDAwMDAwLCJyZWFkIjozMDAwMDAwMDAwMDAsInVwZGF0ZSI6MzAwMDAwMDAwMDAwfX0=",
          "dependencies": [
            "module.ad_users_and_groups.azuread_group.csv_group",
            "module.ad_users_and_groups.data.azuread_user.existing_users"
          ]
        },
        {
          "index_key": "f08c1914-5c54-47f7-9f05-6476dd201014 9a973982-0b50-4cf4-8343-1e7f04aeb0b7",
          "schema_version": 0,
          "attributes": {
            "group_object_id": "9a973982-0b50-4cf4-8343-1e7f04aeb0b7",
            "id": "9a973982-0b50-4cf4-8343-1e7f04aeb0b7/member/f08c1914-5c54-47f7-9f05-6476dd201014",
            "member_object_id": "f08c1914-5c54-47f7-9f05-6476dd201014",
            "timeouts": null
          },
          "sensitive_attributes": [],
          "private": "eyJlMmJmYjczMC1lY2FhLTExZTYtOGY4OC0zNDM2M2JjN2M0YzAiOnsiY3JlYXRlIjozMDAwMDAwMDAwMDAsImRlbGV0ZSI6MzAwMDAwMDAwMDAwLCJyZWFkIjozMDAwMDAwMDAwMDAsInVwZGF0ZSI6MzAwMDAwMDAwMDAwfX0=",
          "dependencies": [
            "module.ad_users_and_groups.azuread_group.csv_group",
            "module.ad_users_and_groups.data.azuread_user.existing_users"
          ]
        },
        {
          "index_key": "f08c1914-5c54-47f7-9f05-6476dd201014 dc4e6b71-957e-4af0-9d5b-4394e292c9a2",
          "schema_version": 0,
          "attributes": {
            "group_object_id": "dc4e6b71-957e-4af0-9d5b-4394e292c9a2",
            "id": "dc4e6b71-957e-4af0-9d5b-4394e292c9a2/member/f08c1914-5c54-47f7-9f05-6476dd201014",
            "member_object_id": "f08c1914-5c54-47f7-9f05-6476dd201014",
            "timeouts": null
          },
          "sensitive_attributes": [],
          "private": "eyJlMmJmYjczMC1lY2FhLTExZTYtOGY4OC0zNDM2M2JjN2M0YzAiOnsiY3JlYXRlIjozMDAwMDAwMDAwMDAsImRlbGV0ZSI6MzAwMDAwMDAwMDAwLCJyZWFkIjozMDAwMDAwMDAwMDAsInVwZGF0ZSI6MzAwMDAwMDAwMDAwfX0=",
          "dependencies": [
            "module.ad_users_and_groups.azuread_group.csv_group",
            "module.ad_users_and_groups.data.azuread_user.existing_users"
          ]
        },
        {
          "index_key": "f4546d36-b523-4f87-b272-1abf1470eddd 0ddece18-3279-456a-bd01-4540793699db",
          "schema_version": 0,
          "attributes": {
            "group_object_id": "0ddece18-3279-456a-bd01-4540793699db",
            "id": "0ddece18-3279-456a-bd01-4540793699db/member/f4546d36-b523-4f87-b272-1abf1470eddd",
            "member_object_id": "f4546d36-b523-4f87-b272-1abf1470eddd",
            "timeouts": null
          },
          "sensitive_attributes": [],
          "private": "eyJlMmJmYjczMC1lY2FhLTExZTYtOGY4OC0zNDM2M2JjN2M0YzAiOnsiY3JlYXRlIjozMDAwMDAwMDAwMDAsImRlbGV0ZSI6MzAwMDAwMDAwMDAwLCJyZWFkIjozMDAwMDAwMDAwMDAsInVwZGF0ZSI6MzAwMDAwMDAwMDAwfX0=",
          "dependencies": [
            "module.ad_users_and_groups.azuread_group.csv_group",
            "module.ad_users_and_groups.data.azuread_user.existing_users"
          ]
        },
        {
          "index_key": "f4546d36-b523-4f87-b272-1abf1470eddd 7152762a-c4a0-47b0-b0a8-162e287be8fb",
          "schema_version": 0,
          "attributes": {
            "group_object_id": "7152762a-c4a0-47b0-b0a8-162e287be8fb",
            "id": "7152762a-c4a0-47b0-b0a8-162e287be8fb/member/f4546d36-b523-4f87-b272-1abf1470eddd",
            "member_object_id": "f4546d36-b523-4f87-b272-1abf1470eddd",
            "timeouts": null
          },
          "sensitive_attributes": [],
          "private": "eyJlMmJmYjczMC1lY2FhLTExZTYtOGY4OC0zNDM2M2JjN2M0YzAiOnsiY3JlYXRlIjozMDAwMDAwMDAwMDAsImRlbGV0ZSI6MzAwMDAwMDAwMDAwLCJyZWFkIjozMDAwMDAwMDAwMDAsInVwZGF0ZSI6MzAwMDAwMDAwMDAwfX0=",
          "dependencies": [
            "module.ad_users_and_groups.azuread_group.csv_group",
            "module.ad_users_and_groups.data.azuread_user.existing_users"
          ]
        },
        {
          "index_key": "f4546d36-b523-4f87-b272-1abf1470eddd 7b8c5cb9-2d5c-4579-98c9-2328b6fd584a",
          "schema_version": 0,
          "attributes": {
            "group_object_id": "7b8c5cb9-2d5c-4579-98c9-2328b6fd584a",
            "id": "7b8c5cb9-2d5c-4579-98c9-2328b6fd584a/member/f4546d36-b523-4f87-b272-1abf1470eddd",
            "member_object_id": "f4546d36-b523-4f87-b272-1abf1470eddd",
            "timeouts": null
          },
          "sensitive_attributes": [],
          "private": "eyJlMmJmYjczMC1lY2FhLTExZTYtOGY4OC0zNDM2M2JjN2M0YzAiOnsiY3JlYXRlIjozMDAwMDAwMDAwMDAsImRlbGV0ZSI6MzAwMDAwMDAwMDAwLCJyZWFkIjozMDAwMDAwMDAwMDAsInVwZGF0ZSI6MzAwMDAwMDAwMDAwfX0=",
          "dependencies": [
            "module.ad_users_and_groups.azuread_group.csv_group",
            "module.ad_users_and_groups.data.azuread_user.existing_users"
          ]
        },
        {
          "index_key": "f4546d36-b523-4f87-b272-1abf1470eddd 9a973982-0b50-4cf4-8343-1e7f04aeb0b7",
          "schema_version": 0,
          "attributes": {
            "group_object_id": "9a973982-0b50-4cf4-8343-1e7f04aeb0b7",
            "id": "9a973982-0b50-4cf4-8343-1e7f04aeb0b7/member/f4546d36-b523-4f87-b272-1abf1470eddd",
            "member_object_id": "f4546d36-b523-4f87-b272-1abf1470eddd",
            "timeouts": null
          },
          "sensitive_attributes": [],
          "private": "eyJlMmJmYjczMC1lY2FhLTExZTYtOGY4OC0zNDM2M2JjN2M0YzAiOnsiY3JlYXRlIjozMDAwMDAwMDAwMDAsImRlbGV0ZSI6MzAwMDAwMDAwMDAwLCJyZWFkIjozMDAwMDAwMDAwMDAsInVwZGF0ZSI6MzAwMDAwMDAwMDAwfX0=",
          "dependencies": [
            "module.ad_users_and_groups.azuread_group.csv_group",
            "module.ad_users_and_groups.data.azuread_user.existing_users"
          ]
        },
        {
          "index_key": "f4546d36-b523-4f87-b272-1abf1470eddd dc4e6b71-957e-4af0-9d5b-4394e292c9a2",
          "schema_version": 0,
          "attributes": {
            "group_object_id": "dc4e6b71-957e-4af0-9d5b-4394e292c9a2",
            "id": "dc4e6b71-957e-4af0-9d5b-4394e292c9a2/member/f4546d36-b523-4f87-b272-1abf1470eddd",
            "member_object_id": "f4546d36-b523-4f87-b272-1abf1470eddd",
            "timeouts": null
          },
          "sensitive_attributes": [],
          "private": "eyJlMmJmYjczMC1lY2FhLTExZTYtOGY4OC0zNDM2M2JjN2M0YzAiOnsiY3JlYXRlIjozMDAwMDAwMDAwMDAsImRlbGV0ZSI6MzAwMDAwMDAwMDAwLCJyZWFkIjozMDAwMDAwMDAwMDAsInVwZGF0ZSI6MzAwMDAwMDAwMDAwfX0=",
          "dependencies": [
            "module.ad_users_and_groups.azuread_group.csv_group",
            "module.ad_users_and_groups.data.azuread_user.existing_users"
          ]
        },
        {
          "index_key": "f50028c3-09f7-4ced-ba70-1e339db20bf4 0ddece18-3279-456a-bd01-4540793699db",
          "schema_version": 0,
          "attributes": {
            "group_object_id": "0ddece18-3279-456a-bd01-4540793699db",
            "id": "0ddece18-3279-456a-bd01-4540793699db/member/f50028c3-09f7-4ced-ba70-1e339db20bf4",
            "member_object_id": "f50028c3-09f7-4ced-ba70-1e339db20bf4",
            "timeouts": null
          },
          "sensitive_attributes": [],
          "private": "eyJlMmJmYjczMC1lY2FhLTExZTYtOGY4OC0zNDM2M2JjN2M0YzAiOnsiY3JlYXRlIjozMDAwMDAwMDAwMDAsImRlbGV0ZSI6MzAwMDAwMDAwMDAwLCJyZWFkIjozMDAwMDAwMDAwMDAsInVwZGF0ZSI6MzAwMDAwMDAwMDAwfX0=",
          "dependencies": [
            "module.ad_users_and_groups.azuread_group.csv_group",
            "module.ad_users_and_groups.data.azuread_user.existing_users"
          ]
        },
        {
          "index_key": "f50028c3-09f7-4ced-ba70-1e339db20bf4 7152762a-c4a0-47b0-b0a8-162e287be8fb",
          "schema_version": 0,
          "attributes": {
            "group_object_id": "7152762a-c4a0-47b0-b0a8-162e287be8fb",
            "id": "7152762a-c4a0-47b0-b0a8-162e287be8fb/member/f50028c3-09f7-4ced-ba70-1e339db20bf4",
            "member_object_id": "f50028c3-09f7-4ced-ba70-1e339db20bf4",
            "timeouts": null
          },
          "sensitive_attributes": [],
          "private": "eyJlMmJmYjczMC1lY2FhLTExZTYtOGY4OC0zNDM2M2JjN2M0YzAiOnsiY3JlYXRlIjozMDAwMDAwMDAwMDAsImRlbGV0ZSI6MzAwMDAwMDAwMDAwLCJyZWFkIjozMDAwMDAwMDAwMDAsInVwZGF0ZSI6MzAwMDAwMDAwMDAwfX0=",
          "dependencies": [
            "module.ad_users_and_groups.azuread_group.csv_group",
            "module.ad_users_and_groups.data.azuread_user.existing_users"
          ]
        },
        {
          "index_key": "f50028c3-09f7-4ced-ba70-1e339db20bf4 7b8c5cb9-2d5c-4579-98c9-2328b6fd584a",
          "schema_version": 0,
          "attributes": {
            "group_object_id": "7b8c5cb9-2d5c-4579-98c9-2328b6fd584a",
            "id": "7b8c5cb9-2d5c-4579-98c9-2328b6fd584a/member/f50028c3-09f7-4ced-ba70-1e339db20bf4",
            "member_object_id": "f50028c3-09f7-4ced-ba70-1e339db20bf4",
            "timeouts": null
          },
          "sensitive_attributes": [],
          "private": "eyJlMmJmYjczMC1lY2FhLTExZTYtOGY4OC0zNDM2M2JjN2M0YzAiOnsiY3JlYXRlIjozMDAwMDAwMDAwMDAsImRlbGV0ZSI6MzAwMDAwMDAwMDAwLCJyZWFkIjozMDAwMDAwMDAwMDAsInVwZGF0ZSI6MzAwMDAwMDAwMDAwfX0=",
          "dependencies": [
            "module.ad_users_and_groups.azuread_group.csv_group",
            "module.ad_users_and_groups.data.azuread_user.existing_users"
          ]
        },
        {
          "index_key": "f50028c3-09f7-4ced-ba70-1e339db20bf4 9a973982-0b50-4cf4-8343-1e7f04aeb0b7",
          "schema_version": 0,
          "attributes": {
            "group_object_id": "9a973982-0b50-4cf4-8343-1e7f04aeb0b7",
            "id": "9a973982-0b50-4cf4-8343-1e7f04aeb0b7/member/f50028c3-09f7-4ced-ba70-1e339db20bf4",
            "member_object_id": "f50028c3-09f7-4ced-ba70-1e339db20bf4",
            "timeouts": null
          },
          "sensitive_attributes": [],
          "private": "eyJlMmJmYjczMC1lY2FhLTExZTYtOGY4OC0zNDM2M2JjN2M0YzAiOnsiY3JlYXRlIjozMDAwMDAwMDAwMDAsImRlbGV0ZSI6MzAwMDAwMDAwMDAwLCJyZWFkIjozMDAwMDAwMDAwMDAsInVwZGF0ZSI6MzAwMDAwMDAwMDAwfX0=",
          "dependencies": [
            "module.ad_users_and_groups.azuread_group.csv_group",
            "module.ad_users_and_groups.data.azuread_user.existing_users"
          ]
        },
        {
          "index_key": "f50028c3-09f7-4ced-ba70-1e339db20bf4 dc4e6b71-957e-4af0-9d5b-4394e292c9a2",
          "schema_version": 0,
          "attributes": {
            "group_object_id": "dc4e6b71-957e-4af0-9d5b-4394e292c9a2",
            "id": "dc4e6b71-957e-4af0-9d5b-4394e292c9a2/member/f50028c3-09f7-4ced-ba70-1e339db20bf4",
            "member_object_id": "f50028c3-09f7-4ced-ba70-1e339db20bf4",
            "timeouts": null
          },
          "sensitive_attributes": [],
          "private": "eyJlMmJmYjczMC1lY2FhLTExZTYtOGY4OC0zNDM2M2JjN2M0YzAiOnsiY3JlYXRlIjozMDAwMDAwMDAwMDAsImRlbGV0ZSI6MzAwMDAwMDAwMDAwLCJyZWFkIjozMDAwMDAwMDAwMDAsInVwZGF0ZSI6MzAwMDAwMDAwMDAwfX0=",
          "dependencies": [
            "module.ad_users_and_groups.azuread_group.csv_group",
            "module.ad_users_and_groups.data.azuread_user.existing_users"
          ]
        },
        {
          "index_key": "fd22ac05-79f6-4d89-8c76-d0f0b824b74c 0ddece18-3279-456a-bd01-4540793699db",
          "schema_version": 0,
          "attributes": {
            "group_object_id": "0ddece18-3279-456a-bd01-4540793699db",
            "id": "0ddece18-3279-456a-bd01-4540793699db/member/fd22ac05-79f6-4d89-8c76-d0f0b824b74c",
            "member_object_id": "fd22ac05-79f6-4d89-8c76-d0f0b824b74c",
            "timeouts": null
          },
          "sensitive_attributes": [],
          "private": "eyJlMmJmYjczMC1lY2FhLTExZTYtOGY4OC0zNDM2M2JjN2M0YzAiOnsiY3JlYXRlIjozMDAwMDAwMDAwMDAsImRlbGV0ZSI6MzAwMDAwMDAwMDAwLCJyZWFkIjozMDAwMDAwMDAwMDAsInVwZGF0ZSI6MzAwMDAwMDAwMDAwfX0=",
          "dependencies": [
            "module.ad_users_and_groups.azuread_group.csv_group",
            "module.ad_users_and_groups.data.azuread_user.existing_users"
          ]
        },
        {
          "index_key": "fd22ac05-79f6-4d89-8c76-d0f0b824b74c 7152762a-c4a0-47b0-b0a8-162e287be8fb",
          "schema_version": 0,
          "attributes": {
            "group_object_id": "7152762a-c4a0-47b0-b0a8-162e287be8fb",
            "id": "7152762a-c4a0-47b0-b0a8-162e287be8fb/member/fd22ac05-79f6-4d89-8c76-d0f0b824b74c",
            "member_object_id": "fd22ac05-79f6-4d89-8c76-d0f0b824b74c",
            "timeouts": null
          },
          "sensitive_attributes": [],
          "private": "eyJlMmJmYjczMC1lY2FhLTExZTYtOGY4OC0zNDM2M2JjN2M0YzAiOnsiY3JlYXRlIjozMDAwMDAwMDAwMDAsImRlbGV0ZSI6MzAwMDAwMDAwMDAwLCJyZWFkIjozMDAwMDAwMDAwMDAsInVwZGF0ZSI6MzAwMDAwMDAwMDAwfX0=",
          "dependencies": [
            "module.ad_users_and_groups.azuread_group.csv_group",
            "module.ad_users_and_groups.data.azuread_user.existing_users"
          ]
        },
        {
          "index_key": "fd22ac05-79f6-4d89-8c76-d0f0b824b74c 7b8c5cb9-2d5c-4579-98c9-2328b6fd584a",
          "schema_version": 0,
          "attributes": {
            "group_object_id": "7b8c5cb9-2d5c-4579-98c9-2328b6fd584a",
            "id": "7b8c5cb9-2d5c-4579-98c9-2328b6fd584a/member/fd22ac05-79f6-4d89-8c76-d0f0b824b74c",
            "member_object_id": "fd22ac05-79f6-4d89-8c76-d0f0b824b74c",
            "timeouts": null
          },
          "sensitive_attributes": [],
          "private": "eyJlMmJmYjczMC1lY2FhLTExZTYtOGY4OC0zNDM2M2JjN2M0YzAiOnsiY3JlYXRlIjozMDAwMDAwMDAwMDAsImRlbGV0ZSI6MzAwMDAwMDAwMDAwLCJyZWFkIjozMDAwMDAwMDAwMDAsInVwZGF0ZSI6MzAwMDAwMDAwMDAwfX0=",
          "dependencies": [
            "module.ad_users_and_groups.azuread_group.csv_group",
            "module.ad_users_and_groups.data.azuread_user.existing_users"
          ]
        },
        {
          "index_key": "fd22ac05-79f6-4d89-8c76-d0f0b824b74c 9a973982-0b50-4cf4-8343-1e7f04aeb0b7",
          "schema_version": 0,
          "attributes": {
            "group_object_id": "9a973982-0b50-4cf4-8343-1e7f04aeb0b7",
            "id": "9a973982-0b50-4cf4-8343-1e7f04aeb0b7/member/fd22ac05-79f6-4d89-8c76-d0f0b824b74c",
            "member_object_id": "fd22ac05-79f6-4d89-8c76-d0f0b824b74c",
            "timeouts": null
          },
          "sensitive_attributes": [],
          "private": "eyJlMmJmYjczMC1lY2FhLTExZTYtOGY4OC0zNDM2M2JjN2M0YzAiOnsiY3JlYXRlIjozMDAwMDAwMDAwMDAsImRlbGV0ZSI6MzAwMDAwMDAwMDAwLCJyZWFkIjozMDAwMDAwMDAwMDAsInVwZGF0ZSI6MzAwMDAwMDAwMDAwfX0=",
          "dependencies": [
            "module.ad_users_and_groups.azuread_group.csv_group",
            "module.ad_users_and_groups.data.azuread_user.existing_users"
          ]
        },
        {
          "index_key": "fd22ac05-79f6-4d89-8c76-d0f0b824b74c dc4e6b71-957e-4af0-9d5b-4394e292c9a2",
          "schema_version": 0,
          "attributes": {
            "group_object_id": "dc4e6b71-957e-4af0-9d5b-4394e292c9a2",
            "id": "dc4e6b71-957e-4af0-9d5b-4394e292c9a2/member/fd22ac05-79f6-4d89-8c76-d0f0b824b74c",
            "member_object_id": "fd22ac05-79f6-4d89-8c76-d0f0b824b74c",
            "timeouts": null
          },
          "sensitive_attributes": [],
          "private": "eyJlMmJmYjczMC1lY2FhLTExZTYtOGY4OC0zNDM2M2JjN2M0YzAiOnsiY3JlYXRlIjozMDAwMDAwMDAwMDAsImRlbGV0ZSI6MzAwMDAwMDAwMDAwLCJyZWFkIjozMDAwMDAwMDAwMDAsInVwZGF0ZSI6MzAwMDAwMDAwMDAwfX0=",
          "dependencies": [
            "module.ad_users_and_groups.azuread_group.csv_group",
            "module.ad_users_and_groups.data.azuread_user.existing_users"
          ]
        },
        {
          "index_key": "fe6bb1f0-8c8d-4477-9a6f-77a00c0c31a1 0ddece18-3279-456a-bd01-4540793699db",
          "schema_version": 0,
          "attributes": {
            "group_object_id": "0ddece18-3279-456a-bd01-4540793699db",
            "id": "0ddece18-3279-456a-bd01-4540793699db/member/fe6bb1f0-8c8d-4477-9a6f-77a00c0c31a1",
            "member_object_id": "fe6bb1f0-8c8d-4477-9a6f-77a00c0c31a1",
            "timeouts": null
          },
          "sensitive_attributes": [],
          "private": "eyJlMmJmYjczMC1lY2FhLTExZTYtOGY4OC0zNDM2M2JjN2M0YzAiOnsiY3JlYXRlIjozMDAwMDAwMDAwMDAsImRlbGV0ZSI6MzAwMDAwMDAwMDAwLCJyZWFkIjozMDAwMDAwMDAwMDAsInVwZGF0ZSI6MzAwMDAwMDAwMDAwfX0=",
          "dependencies": [
            "module.ad_users_and_groups.azuread_group.csv_group",
            "module.ad_users_and_groups.data.azuread_user.existing_users"
          ]
        },
        {
          "index_key": "fe6bb1f0-8c8d-4477-9a6f-77a00c0c31a1 7152762a-c4a0-47b0-b0a8-162e287be8fb",
          "schema_version": 0,
          "attributes": {
            "group_object_id": "7152762a-c4a0-47b0-b0a8-162e287be8fb",
            "id": "7152762a-c4a0-47b0-b0a8-162e287be8fb/member/fe6bb1f0-8c8d-4477-9a6f-77a00c0c31a1",
            "member_object_id": "fe6bb1f0-8c8d-4477-9a6f-77a00c0c31a1",
            "timeouts": null
          },
          "sensitive_attributes": [],
          "private": "eyJlMmJmYjczMC1lY2FhLTExZTYtOGY4OC0zNDM2M2JjN2M0YzAiOnsiY3JlYXRlIjozMDAwMDAwMDAwMDAsImRlbGV0ZSI6MzAwMDAwMDAwMDAwLCJyZWFkIjozMDAwMDAwMDAwMDAsInVwZGF0ZSI6MzAwMDAwMDAwMDAwfX0=",
          "dependencies": [
            "module.ad_users_and_groups.azuread_group.csv_group",
            "module.ad_users_and_groups.data.azuread_user.existing_users"
          ]
        },
        {
          "index_key": "fe6bb1f0-8c8d-4477-9a6f-77a00c0c31a1 7b8c5cb9-2d5c-4579-98c9-2328b6fd584a",
          "schema_version": 0,
          "attributes": {
            "group_object_id": "7b8c5cb9-2d5c-4579-98c9-2328b6fd584a",
            "id": "7b8c5cb9-2d5c-4579-98c9-2328b6fd584a/member/fe6bb1f0-8c8d-4477-9a6f-77a00c0c31a1",
            "member_object_id": "fe6bb1f0-8c8d-4477-9a6f-77a00c0c31a1",
            "timeouts": null
          },
          "sensitive_attributes": [],
          "private": "eyJlMmJmYjczMC1lY2FhLTExZTYtOGY4OC0zNDM2M2JjN2M0YzAiOnsiY3JlYXRlIjozMDAwMDAwMDAwMDAsImRlbGV0ZSI6MzAwMDAwMDAwMDAwLCJyZWFkIjozMDAwMDAwMDAwMDAsInVwZGF0ZSI6MzAwMDAwMDAwMDAwfX0=",
          "dependencies": [
            "module.ad_users_and_groups.azuread_group.csv_group",
            "module.ad_users_and_groups.data.azuread_user.existing_users"
          ]
        },
        {
          "index_key": "fe6bb1f0-8c8d-4477-9a6f-77a00c0c31a1 9a973982-0b50-4cf4-8343-1e7f04aeb0b7",
          "schema_version": 0,
          "attributes": {
            "group_object_id": "9a973982-0b50-4cf4-8343-1e7f04aeb0b7",
            "id": "9a973982-0b50-4cf4-8343-1e7f04aeb0b7/member/fe6bb1f0-8c8d-4477-9a6f-77a00c0c31a1",
            "member_object_id": "fe6bb1f0-8c8d-4477-9a6f-77a00c0c31a1",
            "timeouts": null
          },
          "sensitive_attributes": [],
          "private": "eyJlMmJmYjczMC1lY2FhLTExZTYtOGY4OC0zNDM2M2JjN2M0YzAiOnsiY3JlYXRlIjozMDAwMDAwMDAwMDAsImRlbGV0ZSI6MzAwMDAwMDAwMDAwLCJyZWFkIjozMDAwMDAwMDAwMDAsInVwZGF0ZSI6MzAwMDAwMDAwMDAwfX0=",
          "dependencies": [
            "module.ad_users_and_groups.azuread_group.csv_group",
            "module.ad_users_and_groups.data.azuread_user.existing_users"
          ]
        },
        {
          "index_key": "fe6bb1f0-8c8d-4477-9a6f-77a00c0c31a1 dc4e6b71-957e-4af0-9d5b-4394e292c9a2",
          "schema_version": 0,
          "attributes": {
            "group_object_id": "dc4e6b71-957e-4af0-9d5b-4394e292c9a2",
            "id": "dc4e6b71-957e-4af0-9d5b-4394e292c9a2/member/fe6bb1f0-8c8d-4477-9a6f-77a00c0c31a1",
            "member_object_id": "fe6bb1f0-8c8d-4477-9a6f-77a00c0c31a1",
            "timeouts": null
          },
          "sensitive_attributes": [],
          "private": "eyJlMmJmYjczMC1lY2FhLTExZTYtOGY4OC0zNDM2M2JjN2M0YzAiOnsiY3JlYXRlIjozMDAwMDAwMDAwMDAsImRlbGV0ZSI6MzAwMDAwMDAwMDAwLCJyZWFkIjozMDAwMDAwMDAwMDAsInVwZGF0ZSI6MzAwMDAwMDAwMDAwfX0=",
          "dependencies": [
            "module.ad_users_and_groups.azuread_group.csv_group",
            "module.ad_users_and_groups.data.azuread_user.existing_users"
          ]
        },
        {
          "index_key": "fea97b7f-bc65-4148-986f-e6ebad854221 0ddece18-3279-456a-bd01-4540793699db",
          "schema_version": 0,
          "attributes": {
            "group_object_id": "0ddece18-3279-456a-bd01-4540793699db",
            "id": "0ddece18-3279-456a-bd01-4540793699db/member/fea97b7f-bc65-4148-986f-e6ebad854221",
            "member_object_id": "fea97b7f-bc65-4148-986f-e6ebad854221",
            "timeouts": null
          },
          "sensitive_attributes": [],
          "private": "eyJlMmJmYjczMC1lY2FhLTExZTYtOGY4OC0zNDM2M2JjN2M0YzAiOnsiY3JlYXRlIjozMDAwMDAwMDAwMDAsImRlbGV0ZSI6MzAwMDAwMDAwMDAwLCJyZWFkIjozMDAwMDAwMDAwMDAsInVwZGF0ZSI6MzAwMDAwMDAwMDAwfX0=",
          "dependencies": [
            "module.ad_users_and_groups.azuread_group.csv_group",
            "module.ad_users_and_groups.data.azuread_user.existing_users"
          ]
        },
        {
          "index_key": "fea97b7f-bc65-4148-986f-e6ebad854221 7152762a-c4a0-47b0-b0a8-162e287be8fb",
          "schema_version": 0,
          "attributes": {
            "group_object_id": "7152762a-c4a0-47b0-b0a8-162e287be8fb",
            "id": "7152762a-c4a0-47b0-b0a8-162e287be8fb/member/fea97b7f-bc65-4148-986f-e6ebad854221",
            "member_object_id": "fea97b7f-bc65-4148-986f-e6ebad854221",
            "timeouts": null
          },
          "sensitive_attributes": [],
          "private": "eyJlMmJmYjczMC1lY2FhLTExZTYtOGY4OC0zNDM2M2JjN2M0YzAiOnsiY3JlYXRlIjozMDAwMDAwMDAwMDAsImRlbGV0ZSI6MzAwMDAwMDAwMDAwLCJyZWFkIjozMDAwMDAwMDAwMDAsInVwZGF0ZSI6MzAwMDAwMDAwMDAwfX0=",
          "dependencies": [
            "module.ad_users_and_groups.azuread_group.csv_group",
            "module.ad_users_and_groups.data.azuread_user.existing_users"
          ]
        },
        {
          "index_key": "fea97b7f-bc65-4148-986f-e6ebad854221 7b8c5cb9-2d5c-4579-98c9-2328b6fd584a",
          "schema_version": 0,
          "attributes": {
            "group_object_id": "7b8c5cb9-2d5c-4579-98c9-2328b6fd584a",
            "id": "7b8c5cb9-2d5c-4579-98c9-2328b6fd584a/member/fea97b7f-bc65-4148-986f-e6ebad854221",
            "member_object_id": "fea97b7f-bc65-4148-986f-e6ebad854221",
            "timeouts": null
          },
          "sensitive_attributes": [],
          "private": "eyJlMmJmYjczMC1lY2FhLTExZTYtOGY4OC0zNDM2M2JjN2M0YzAiOnsiY3JlYXRlIjozMDAwMDAwMDAwMDAsImRlbGV0ZSI6MzAwMDAwMDAwMDAwLCJyZWFkIjozMDAwMDAwMDAwMDAsInVwZGF0ZSI6MzAwMDAwMDAwMDAwfX0=",
          "dependencies": [
            "module.ad_users_and_groups.azuread_group.csv_group",
            "module.ad_users_and_groups.data.azuread_user.existing_users"
          ]
        },
        {
          "index_key": "fea97b7f-bc65-4148-986f-e6ebad854221 9a973982-0b50-4cf4-8343-1e7f04aeb0b7",
          "schema_version": 0,
          "attributes": {
            "group_object_id": "9a973982-0b50-4cf4-8343-1e7f04aeb0b7",
            "id": "9a973982-0b50-4cf4-8343-1e7f04aeb0b7/member/fea97b7f-bc65-4148-986f-e6ebad854221",
            "member_object_id": "fea97b7f-bc65-4148-986f-e6ebad854221",
            "timeouts": null
          },
          "sensitive_attributes": [],
          "private": "eyJlMmJmYjczMC1lY2FhLTExZTYtOGY4OC0zNDM2M2JjN2M0YzAiOnsiY3JlYXRlIjozMDAwMDAwMDAwMDAsImRlbGV0ZSI6MzAwMDAwMDAwMDAwLCJyZWFkIjozMDAwMDAwMDAwMDAsInVwZGF0ZSI6MzAwMDAwMDAwMDAwfX0=",
          "dependencies": [
            "module.ad_users_and_groups.azuread_group.csv_group",
            "module.ad_users_and_groups.data.azuread_user.existing_users"
          ]
        },
        {
          "index_key": "fea97b7f-bc65-4148-986f-e6ebad854221 dc4e6b71-957e-4af0-9d5b-4394e292c9a2",
          "schema_version": 0,
          "attributes": {
            "group_object_id": "dc4e6b71-957e-4af0-9d5b-4394e292c9a2",
            "id": "dc4e6b71-957e-4af0-9d5b-4394e292c9a2/member/fea97b7f-bc65-4148-986f-e6ebad854221",
            "member_object_id": "fea97b7f-bc65-4148-986f-e6ebad854221",
            "timeouts": null
          },
          "sensitive_attributes": [],
          "private": "eyJlMmJmYjczMC1lY2FhLTExZTYtOGY4OC0zNDM2M2JjN2M0YzAiOnsiY3JlYXRlIjozMDAwMDAwMDAwMDAsImRlbGV0ZSI6MzAwMDAwMDAwMDAwLCJyZWFkIjozMDAwMDAwMDAwMDAsInVwZGF0ZSI6MzAwMDAwMDAwMDAwfX0=",
          "dependencies": [
            "module.ad_users_and_groups.azuread_group.csv_group",
            "module.ad_users_and_groups.data.azuread_user.existing_users"
          ]
        },
        {
          "index_key": "feab5c87-8ae9-479d-9d0c-b43d5d4c92ed 0ddece18-3279-456a-bd01-4540793699db",
          "schema_version": 0,
          "attributes": {
            "group_object_id": "0ddece18-3279-456a-bd01-4540793699db",
            "id": "0ddece18-3279-456a-bd01-4540793699db/member/feab5c87-8ae9-479d-9d0c-b43d5d4c92ed",
            "member_object_id": "feab5c87-8ae9-479d-9d0c-b43d5d4c92ed",
            "timeouts": null
          },
          "sensitive_attributes": [],
          "private": "eyJlMmJmYjczMC1lY2FhLTExZTYtOGY4OC0zNDM2M2JjN2M0YzAiOnsiY3JlYXRlIjozMDAwMDAwMDAwMDAsImRlbGV0ZSI6MzAwMDAwMDAwMDAwLCJyZWFkIjozMDAwMDAwMDAwMDAsInVwZGF0ZSI6MzAwMDAwMDAwMDAwfX0=",
          "dependencies": [
            "module.ad_users_and_groups.azuread_group.csv_group",
            "module.ad_users_and_groups.data.azuread_user.existing_users"
          ]
        },
        {
          "index_key": "feab5c87-8ae9-479d-9d0c-b43d5d4c92ed 7152762a-c4a0-47b0-b0a8-162e287be8fb",
          "schema_version": 0,
          "attributes": {
            "group_object_id": "7152762a-c4a0-47b0-b0a8-162e287be8fb",
            "id": "7152762a-c4a0-47b0-b0a8-162e287be8fb/member/feab5c87-8ae9-479d-9d0c-b43d5d4c92ed",
            "member_object_id": "feab5c87-8ae9-479d-9d0c-b43d5d4c92ed",
            "timeouts": null
          },
          "sensitive_attributes": [],
          "private": "eyJlMmJmYjczMC1lY2FhLTExZTYtOGY4OC0zNDM2M2JjN2M0YzAiOnsiY3JlYXRlIjozMDAwMDAwMDAwMDAsImRlbGV0ZSI6MzAwMDAwMDAwMDAwLCJyZWFkIjozMDAwMDAwMDAwMDAsInVwZGF0ZSI6MzAwMDAwMDAwMDAwfX0=",
          "dependencies": [
            "module.ad_users_and_groups.azuread_group.csv_group",
            "module.ad_users_and_groups.data.azuread_user.existing_users"
          ]
        },
        {
          "index_key": "feab5c87-8ae9-479d-9d0c-b43d5d4c92ed 7b8c5cb9-2d5c-4579-98c9-2328b6fd584a",
          "schema_version": 0,
          "attributes": {
            "group_object_id": "7b8c5cb9-2d5c-4579-98c9-2328b6fd584a",
            "id": "7b8c5cb9-2d5c-4579-98c9-2328b6fd584a/member/feab5c87-8ae9-479d-9d0c-b43d5d4c92ed",
            "member_object_id": "feab5c87-8ae9-479d-9d0c-b43d5d4c92ed",
            "timeouts": null
          },
          "sensitive_attributes": [],
          "private": "eyJlMmJmYjczMC1lY2FhLTExZTYtOGY4OC0zNDM2M2JjN2M0YzAiOnsiY3JlYXRlIjozMDAwMDAwMDAwMDAsImRlbGV0ZSI6MzAwMDAwMDAwMDAwLCJyZWFkIjozMDAwMDAwMDAwMDAsInVwZGF0ZSI6MzAwMDAwMDAwMDAwfX0=",
          "dependencies": [
            "module.ad_users_and_groups.azuread_group.csv_group",
            "module.ad_users_and_groups.data.azuread_user.existing_users"
          ]
        },
        {
          "index_key": "feab5c87-8ae9-479d-9d0c-b43d5d4c92ed 9a973982-0b50-4cf4-8343-1e7f04aeb0b7",
          "schema_version": 0,
          "attributes": {
            "group_object_id": "9a973982-0b50-4cf4-8343-1e7f04aeb0b7",
            "id": "9a973982-0b50-4cf4-8343-1e7f04aeb0b7/member/feab5c87-8ae9-479d-9d0c-b43d5d4c92ed",
            "member_object_id": "feab5c87-8ae9-479d-9d0c-b43d5d4c92ed",
            "timeouts": null
          },
          "sensitive_attributes": [],
          "private": "eyJlMmJmYjczMC1lY2FhLTExZTYtOGY4OC0zNDM2M2JjN2M0YzAiOnsiY3JlYXRlIjozMDAwMDAwMDAwMDAsImRlbGV0ZSI6MzAwMDAwMDAwMDAwLCJyZWFkIjozMDAwMDAwMDAwMDAsInVwZGF0ZSI6MzAwMDAwMDAwMDAwfX0=",
          "dependencies": [
            "module.ad_users_and_groups.azuread_group.csv_group",
            "module.ad_users_and_groups.data.azuread_user.existing_users"
          ]
        },
        {
          "index_key": "feab5c87-8ae9-479d-9d0c-b43d5d4c92ed dc4e6b71-957e-4af0-9d5b-4394e292c9a2",
          "schema_version": 0,
          "attributes": {
            "group_object_id": "dc4e6b71-957e-4af0-9d5b-4394e292c9a2",
            "id": "dc4e6b71-957e-4af0-9d5b-4394e292c9a2/member/feab5c87-8ae9-479d-9d0c-b43d5d4c92ed",
            "member_object_id": "feab5c87-8ae9-479d-9d0c-b43d5d4c92ed",
            "timeouts": null
          },
          "sensitive_attributes": [],
          "private": "eyJlMmJmYjczMC1lY2FhLTExZTYtOGY4OC0zNDM2M2JjN2M0YzAiOnsiY3JlYXRlIjozMDAwMDAwMDAwMDAsImRlbGV0ZSI6MzAwMDAwMDAwMDAwLCJyZWFkIjozMDAwMDAwMDAwMDAsInVwZGF0ZSI6MzAwMDAwMDAwMDAwfX0=",
          "dependencies": [
            "module.ad_users_and_groups.azuread_group.csv_group",
            "module.ad_users_and_groups.data.azuread_user.existing_users"
          ]
        }
      ]
    },
    {
      "module": "module.app1",
      "mode": "data",
      "type": "azuread_application_template",
      "name": "this",
      "provider": "provider[\"registry.terraform.io/hashicorp/azuread\"]",
      "instances": [
        {
          "schema_version": 0,
          "attributes": {
            "categories": [
              "collaboration",
              "developerServices"
            ],
            "display_name": "GitHub Enterprise Cloud - Organization",
            "homepage_url": "https://github.com/business",
            "id": "dee2cdc2-7505-4746-9758-219fec5e3da0",
            "logo_url": "https://az495088.vo.msecnd.net/app-logo/githubcom_215.png",
            "publisher": "GitHub, Inc",
            "supported_provisioning_types": [
              "sync"
            ],
            "supported_single_sign_on_modes": [
              "saml",
              "external"
            ],
            "template_id": "dee2cdc2-7505-4746-9758-219fec5e3da0",
            "timeouts": null
          },
          "sensitive_attributes": []
        }
      ]
    },
    {
      "module": "module.app1",
      "mode": "data",
      "type": "azuread_client_config",
      "name": "current",
      "provider": "provider[\"registry.terraform.io/hashicorp/azuread\"]",
      "instances": [
        {
          "schema_version": 0,
          "attributes": {
            "client_id": "04b07795-8ddb-461a-bbee-02f9e1bf7b46",
            "id": "0a7fee83-f3c4-405c-9e4c-701f7cd7a3b2-04b07795-8ddb-461a-bbee-02f9e1bf7b46-ab3c797a-43d8-474a-805e-be614452b71b",
            "object_id": "ab3c797a-43d8-474a-805e-be614452b71b",
            "tenant_id": "0a7fee83-f3c4-405c-9e4c-701f7cd7a3b2",
            "timeouts": null
          },
          "sensitive_attributes": []
        }
      ]
    },
    {
      "module": "module.app1",
      "mode": "managed",
      "type": "azuread_application",
      "name": "spa_application",
      "provider": "provider[\"registry.terraform.io/hashicorp/azuread\"]",
      "instances": [
        {
          "schema_version": 1,
          "attributes": {
            "api": [
              {
                "known_client_applications": [],
                "mapped_claims_enabled": false,
                "oauth2_permission_scope": [],
                "requested_access_token_version": 1
              }
            ],
            "app_role": [
              {
                "allowed_member_types": [
                  "User"
                ],
                "description": "Admin Role",
                "display_name": "adminRole",
                "enabled": true,
                "id": "be9f6977-417e-9cfa-7688-e69d552cd9c3",
                "value": "adminRole"
              },
              {
                "allowed_member_types": [
                  "User"
                ],
                "description": "User Role",
                "display_name": "userRole",
                "enabled": true,
                "id": "05233370-9e10-0680-c9d6-b718349b1a65",
                "value": "userRole"
              }
            ],
            "app_role_ids": {
              "adminRole": "be9f6977-417e-9cfa-7688-e69d552cd9c3",
              "userRole": "05233370-9e10-0680-c9d6-b718349b1a65"
            },
            "application_id": "2e59057a-5a38-4b24-81df-454ca0a158c3",
            "description": "",
            "device_only_auth_enabled": false,
            "disabled_by_microsoft": "\u003cnil\u003e",
            "display_name": "zuora-platform",
            "fallback_public_client_enabled": false,
            "feature_tags": [
              {
                "custom_single_sign_on": false,
                "enterprise": false,
                "gallery": false,
                "hide": false
              }
            ],
            "group_membership_claims": [
              "SecurityGroup"
            ],
            "id": "fe20e9c2-3e18-49e0-bf67-824a8069bb2b",
            "identifier_uris": [
              "https://github.com/orgs/zuora-platform"
            ],
            "logo_image": "",
            "logo_url": "",
            "marketing_url": "",
            "oauth2_permission_scope_ids": {},
            "oauth2_post_response_required": false,
            "object_id": "fe20e9c2-3e18-49e0-bf67-824a8069bb2b",
            "optional_claims": [
              {
                "access_token": [
                  {
                    "additional_properties": [],
                    "essential": false,
                    "name": "groups",
                    "source": ""
                  }
                ],
                "id_token": [
                  {
                    "additional_properties": [],
                    "essential": false,
                    "name": "groups",
                    "source": ""
                  }
                ],
                "saml2_token": []
              }
            ],
            "owners": [],
            "prevent_duplicate_names": false,
            "privacy_statement_url": "",
            "public_client": [
              {
                "redirect_uris": []
              }
            ],
            "publisher_domain": "zuoracloudeng.onmicrosoft.com",
            "required_resource_access": [
              {
                "resource_access": [
                  {
                    "id": "bdfbf15f-ee85-4955-8675-146e8e5296b5",
                    "type": "Scope"
                  },
                  {
                    "id": "e1fe6dd8-ba31-4d61-89e7-88639da4683d",
                    "type": "Scope"
                  }
                ],
                "resource_app_id": "00000003-0000-0000-c000-000000000000"
              }
            ],
            "sign_in_audience": "AzureADMyOrg",
            "single_page_application": [
              {
                "redirect_uris": []
              }
            ],
            "support_url": "",
            "tags": [],
            "template_id": "dee2cdc2-7505-4746-9758-219fec5e3da0",
            "terms_of_service_url": "",
            "timeouts": null,
            "web": [
              {
                "homepage_url": "",
                "implicit_grant": [
                  {
                    "access_token_issuance_enabled": false,
                    "id_token_issuance_enabled": false
                  }
                ],
                "logout_url": "",
                "redirect_uris": [
                  "https://github.com/orgs/zuora-platform/saml/consume"
                ]
              }
            ]
          },
          "sensitive_attributes": [],
          "private": "eyJlMmJmYjczMC1lY2FhLTExZTYtOGY4OC0zNDM2M2JjN2M0YzAiOnsiY3JlYXRlIjo2MDAwMDAwMDAwMDAsImRlbGV0ZSI6MzAwMDAwMDAwMDAwLCJyZWFkIjozMDAwMDAwMDAwMDAsInVwZGF0ZSI6NjAwMDAwMDAwMDAwfSwic2NoZW1hX3ZlcnNpb24iOiIxIn0=",
          "dependencies": [
            "module.app1.data.azuread_application_template.this",
            "module.app1.random_uuid.spa_admin_roled_id",
            "module.app1.random_uuid.spa_user_roled_id"
          ]
        }
      ]
    },
    {
      "module": "module.app1",
      "mode": "managed",
      "type": "azuread_service_principal",
      "name": "spa_app_sp",
      "provider": "provider[\"registry.terraform.io/hashicorp/azuread\"]",
      "instances": [
        {
          "schema_version": 0,
          "attributes": {
            "account_enabled": true,
            "alternative_names": [],
            "app_role_assignment_required": true,
            "app_role_ids": {
              "adminRole": "be9f6977-417e-9cfa-7688-e69d552cd9c3",
              "userRole": "05233370-9e10-0680-c9d6-b718349b1a65"
            },
            "app_roles": [
              {
                "allowed_member_types": [
                  "User"
                ],
                "description": "User Role",
                "display_name": "userRole",
                "enabled": true,
                "id": "05233370-9e10-0680-c9d6-b718349b1a65",
                "value": "userRole"
              },
              {
                "allowed_member_types": [
                  "User"
                ],
                "description": "Admin Role",
                "display_name": "adminRole",
                "enabled": true,
                "id": "be9f6977-417e-9cfa-7688-e69d552cd9c3",
                "value": "adminRole"
              }
            ],
            "application_id": "2e59057a-5a38-4b24-81df-454ca0a158c3",
            "application_tenant_id": "0a7fee83-f3c4-405c-9e4c-701f7cd7a3b2",
            "description": "",
            "display_name": "zuora-platform",
            "feature_tags": [
              {
                "custom_single_sign_on": true,
                "enterprise": true,
                "gallery": false,
                "hide": false
              }
            ],
            "features": [
              {
                "custom_single_sign_on_app": true,
                "enterprise_application": true,
                "gallery_application": false,
                "visible_to_users": true
              }
            ],
            "homepage_url": "",
            "id": "55b150a4-f006-43a6-9844-a22f9277fcd9",
            "login_url": "https://github.com/orgs/zuora-platform/sso",
            "logout_url": "",
            "notes": "",
            "notification_email_addresses": [],
            "oauth2_permission_scope_ids": {},
            "oauth2_permission_scopes": [],
            "object_id": "55b150a4-f006-43a6-9844-a22f9277fcd9",
            "owners": [
              "ab3c797a-43d8-474a-805e-be614452b71b"
            ],
            "preferred_single_sign_on_mode": "saml",
            "redirect_uris": [
              "https://github.com/orgs/zuora-platform/saml/consume"
            ],
            "saml_metadata_url": "",
            "saml_single_sign_on": [
              {
                "relay_state": ""
              }
            ],
            "service_principal_names": [
              "https://github.com/orgs/zuora-platform"
            ],
            "sign_in_audience": "AzureADMyOrg",
            "tags": [
              "WindowsAzureActiveDirectoryCustomSingleSignOnApplication",
              "WindowsAzureActiveDirectoryIntegratedApp"
            ],
            "timeouts": null,
            "type": "Application",
            "use_existing": true
          },
          "sensitive_attributes": [],
          "private": "eyJlMmJmYjczMC1lY2FhLTExZTYtOGY4OC0zNDM2M2JjN2M0YzAiOnsiY3JlYXRlIjo2MDAwMDAwMDAwMDAsImRlbGV0ZSI6MzAwMDAwMDAwMDAwLCJyZWFkIjozMDAwMDAwMDAwMDAsInVwZGF0ZSI6NjAwMDAwMDAwMDAwfX0=",
          "dependencies": [
            "module.app1.azuread_application.spa_application",
            "module.app1.data.azuread_application_template.this",
            "module.app1.data.azuread_client_config.current",
            "module.app1.random_uuid.spa_admin_roled_id",
            "module.app1.random_uuid.spa_user_roled_id"
          ]
        }
      ]
    },
    {
      "module": "module.app1",
      "mode": "managed",
      "type": "random_uuid",
      "name": "spa_admin_roled_id",
      "provider": "provider[\"registry.terraform.io/hashicorp/random\"]",
      "instances": [
        {
          "schema_version": 0,
          "attributes": {
            "id": "be9f6977-417e-9cfa-7688-e69d552cd9c3",
            "keepers": null,
            "result": "be9f6977-417e-9cfa-7688-e69d552cd9c3"
          },
          "sensitive_attributes": []
        }
      ]
    },
    {
      "module": "module.app1",
      "mode": "managed",
      "type": "random_uuid",
      "name": "spa_user_roled_id",
      "provider": "provider[\"registry.terraform.io/hashicorp/random\"]",
      "instances": [
        {
          "schema_version": 0,
          "attributes": {
            "id": "05233370-9e10-0680-c9d6-b718349b1a65",
            "keepers": null,
            "result": "05233370-9e10-0680-c9d6-b718349b1a65"
          },
          "sensitive_attributes": []
        }
      ]
    },
    {
      "module": "module.app2",
      "mode": "data",
      "type": "azuread_application_template",
      "name": "this",
      "provider": "provider[\"registry.terraform.io/hashicorp/azuread\"]",
      "instances": [
        {
          "schema_version": 0,
          "attributes": {
            "categories": [
              "collaboration",
              "developerServices"
            ],
            "display_name": "GitHub Enterprise Cloud - Organization",
            "homepage_url": "https://github.com/business",
            "id": "dee2cdc2-7505-4746-9758-219fec5e3da0",
            "logo_url": "https://az495088.vo.msecnd.net/app-logo/githubcom_215.png",
            "publisher": "GitHub, Inc",
            "supported_provisioning_types": [
              "sync"
            ],
            "supported_single_sign_on_modes": [
              "saml",
              "external"
            ],
            "template_id": "dee2cdc2-7505-4746-9758-219fec5e3da0",
            "timeouts": null
          },
          "sensitive_attributes": []
        }
      ]
    },
    {
      "module": "module.app2",
      "mode": "data",
      "type": "azuread_client_config",
      "name": "current",
      "provider": "provider[\"registry.terraform.io/hashicorp/azuread\"]",
      "instances": [
        {
          "schema_version": 0,
          "attributes": {
            "client_id": "04b07795-8ddb-461a-bbee-02f9e1bf7b46",
            "id": "0a7fee83-f3c4-405c-9e4c-701f7cd7a3b2-04b07795-8ddb-461a-bbee-02f9e1bf7b46-ab3c797a-43d8-474a-805e-be614452b71b",
            "object_id": "ab3c797a-43d8-474a-805e-be614452b71b",
            "tenant_id": "0a7fee83-f3c4-405c-9e4c-701f7cd7a3b2",
            "timeouts": null
          },
          "sensitive_attributes": []
        }
      ]
    },
    {
      "module": "module.app2",
      "mode": "managed",
      "type": "azuread_application",
      "name": "spa_application",
      "provider": "provider[\"registry.terraform.io/hashicorp/azuread\"]",
      "instances": [
        {
          "schema_version": 1,
          "attributes": {
            "api": [
              {
                "known_client_applications": [],
                "mapped_claims_enabled": false,
                "oauth2_permission_scope": [],
                "requested_access_token_version": 1
              }
            ],
            "app_role": [
              {
                "allowed_member_types": [
                  "User"
                ],
                "description": "Admin Role",
                "display_name": "adminRole",
                "enabled": true,
                "id": "6827e656-a305-d11e-d3ae-5cdd46119994",
                "value": "adminRole"
              },
              {
                "allowed_member_types": [
                  "User"
                ],
                "description": "User Role",
                "display_name": "userRole",
                "enabled": true,
                "id": "cc136934-6ddc-2f09-3742-103bc7b91ec2",
                "value": "userRole"
              }
            ],
            "app_role_ids": {
              "adminRole": "6827e656-a305-d11e-d3ae-5cdd46119994",
              "userRole": "cc136934-6ddc-2f09-3742-103bc7b91ec2"
            },
            "application_id": "7321aa0c-141c-4ef2-85b1-03d40e6184e1",
            "description": "",
            "device_only_auth_enabled": false,
            "disabled_by_microsoft": "\u003cnil\u003e",
            "display_name": "zuora-collect",
            "fallback_public_client_enabled": false,
            "feature_tags": [
              {
                "custom_single_sign_on": false,
                "enterprise": false,
                "gallery": false,
                "hide": false
              }
            ],
            "group_membership_claims": [
              "SecurityGroup"
            ],
            "id": "a5a39f20-78a2-4411-af7d-0103ae0aeccb",
            "identifier_uris": [
              "https://github.com/orgs/zuora-collect"
            ],
            "logo_image": "",
            "logo_url": "",
            "marketing_url": "",
            "oauth2_permission_scope_ids": {},
            "oauth2_post_response_required": false,
            "object_id": "a5a39f20-78a2-4411-af7d-0103ae0aeccb",
            "optional_claims": [
              {
                "access_token": [
                  {
                    "additional_properties": [],
                    "essential": false,
                    "name": "groups",
                    "source": ""
                  }
                ],
                "id_token": [
                  {
                    "additional_properties": [],
                    "essential": false,
                    "name": "groups",
                    "source": ""
                  }
                ],
                "saml2_token": []
              }
            ],
            "owners": [],
            "prevent_duplicate_names": false,
            "privacy_statement_url": "",
            "public_client": [
              {
                "redirect_uris": []
              }
            ],
            "publisher_domain": "zuoracloudeng.onmicrosoft.com",
            "required_resource_access": [
              {
                "resource_access": [
                  {
                    "id": "bdfbf15f-ee85-4955-8675-146e8e5296b5",
                    "type": "Scope"
                  },
                  {
                    "id": "e1fe6dd8-ba31-4d61-89e7-88639da4683d",
                    "type": "Scope"
                  }
                ],
                "resource_app_id": "00000003-0000-0000-c000-000000000000"
              }
            ],
            "sign_in_audience": "AzureADMyOrg",
            "single_page_application": [
              {
                "redirect_uris": []
              }
            ],
            "support_url": "",
            "tags": [],
            "template_id": "dee2cdc2-7505-4746-9758-219fec5e3da0",
            "terms_of_service_url": "",
            "timeouts": null,
            "web": [
              {
                "homepage_url": "",
                "implicit_grant": [
                  {
                    "access_token_issuance_enabled": false,
                    "id_token_issuance_enabled": false
                  }
                ],
                "logout_url": "",
                "redirect_uris": [
                  "https://github.com/orgs/zuora-collect/saml/consume"
                ]
              }
            ]
          },
          "sensitive_attributes": [],
          "private": "eyJlMmJmYjczMC1lY2FhLTExZTYtOGY4OC0zNDM2M2JjN2M0YzAiOnsiY3JlYXRlIjo2MDAwMDAwMDAwMDAsImRlbGV0ZSI6MzAwMDAwMDAwMDAwLCJyZWFkIjozMDAwMDAwMDAwMDAsInVwZGF0ZSI6NjAwMDAwMDAwMDAwfSwic2NoZW1hX3ZlcnNpb24iOiIxIn0=",
          "dependencies": [
            "module.app2.data.azuread_application_template.this",
            "module.app2.random_uuid.spa_admin_roled_id",
            "module.app2.random_uuid.spa_user_roled_id"
          ]
        }
      ]
    },
    {
      "module": "module.app2",
      "mode": "managed",
      "type": "azuread_service_principal",
      "name": "spa_app_sp",
      "provider": "provider[\"registry.terraform.io/hashicorp/azuread\"]",
      "instances": [
        {
          "schema_version": 0,
          "attributes": {
            "account_enabled": true,
            "alternative_names": [],
            "app_role_assignment_required": true,
            "app_role_ids": {
              "adminRole": "6827e656-a305-d11e-d3ae-5cdd46119994",
              "userRole": "cc136934-6ddc-2f09-3742-103bc7b91ec2"
            },
            "app_roles": [
              {
                "allowed_member_types": [
                  "User"
                ],
                "description": "User Role",
                "display_name": "userRole",
                "enabled": true,
                "id": "cc136934-6ddc-2f09-3742-103bc7b91ec2",
                "value": "userRole"
              },
              {
                "allowed_member_types": [
                  "User"
                ],
                "description": "Admin Role",
                "display_name": "adminRole",
                "enabled": true,
                "id": "6827e656-a305-d11e-d3ae-5cdd46119994",
                "value": "adminRole"
              }
            ],
            "application_id": "7321aa0c-141c-4ef2-85b1-03d40e6184e1",
            "application_tenant_id": "0a7fee83-f3c4-405c-9e4c-701f7cd7a3b2",
            "description": "",
            "display_name": "zuora-collect",
            "feature_tags": [
              {
                "custom_single_sign_on": true,
                "enterprise": true,
                "gallery": false,
                "hide": false
              }
            ],
            "features": [
              {
                "custom_single_sign_on_app": true,
                "enterprise_application": true,
                "gallery_application": false,
                "visible_to_users": true
              }
            ],
            "homepage_url": "",
            "id": "491a70f4-b6fd-4ac7-9993-bcb194d3e9b9",
            "login_url": "https://github.com/orgs/zuora-collect/sso",
            "logout_url": "",
            "notes": "",
            "notification_email_addresses": [],
            "oauth2_permission_scope_ids": {},
            "oauth2_permission_scopes": [],
            "object_id": "491a70f4-b6fd-4ac7-9993-bcb194d3e9b9",
            "owners": [
              "ab3c797a-43d8-474a-805e-be614452b71b"
            ],
            "preferred_single_sign_on_mode": "saml",
            "redirect_uris": [
              "https://github.com/orgs/zuora-collect/saml/consume"
            ],
            "saml_metadata_url": "",
            "saml_single_sign_on": [
              {
                "relay_state": ""
              }
            ],
            "service_principal_names": [
              "https://github.com/orgs/zuora-collect"
            ],
            "sign_in_audience": "AzureADMyOrg",
            "tags": [
              "WindowsAzureActiveDirectoryCustomSingleSignOnApplication",
              "WindowsAzureActiveDirectoryIntegratedApp"
            ],
            "timeouts": null,
            "type": "Application",
            "use_existing": true
          },
          "sensitive_attributes": [],
          "private": "eyJlMmJmYjczMC1lY2FhLTExZTYtOGY4OC0zNDM2M2JjN2M0YzAiOnsiY3JlYXRlIjo2MDAwMDAwMDAwMDAsImRlbGV0ZSI6MzAwMDAwMDAwMDAwLCJyZWFkIjozMDAwMDAwMDAwMDAsInVwZGF0ZSI6NjAwMDAwMDAwMDAwfX0=",
          "dependencies": [
            "module.app2.azuread_application.spa_application",
            "module.app2.data.azuread_application_template.this",
            "module.app2.data.azuread_client_config.current",
            "module.app2.random_uuid.spa_admin_roled_id",
            "module.app2.random_uuid.spa_user_roled_id"
          ]
        }
      ]
    },
    {
      "module": "module.app2",
      "mode": "managed",
      "type": "random_uuid",
      "name": "spa_admin_roled_id",
      "provider": "provider[\"registry.terraform.io/hashicorp/random\"]",
      "instances": [
        {
          "schema_version": 0,
          "attributes": {
            "id": "6827e656-a305-d11e-d3ae-5cdd46119994",
            "keepers": null,
            "result": "6827e656-a305-d11e-d3ae-5cdd46119994"
          },
          "sensitive_attributes": []
        }
      ]
    },
    {
      "module": "module.app2",
      "mode": "managed",
      "type": "random_uuid",
      "name": "spa_user_roled_id",
      "provider": "provider[\"registry.terraform.io/hashicorp/random\"]",
      "instances": [
        {
          "schema_version": 0,
          "attributes": {
            "id": "cc136934-6ddc-2f09-3742-103bc7b91ec2",
            "keepers": null,
            "result": "cc136934-6ddc-2f09-3742-103bc7b91ec2"
          },
          "sensitive_attributes": []
        }
      ]
    },
    {
      "module": "module.app3",
      "mode": "data",
      "type": "azuread_application_template",
      "name": "this",
      "provider": "provider[\"registry.terraform.io/hashicorp/azuread\"]",
      "instances": [
        {
          "schema_version": 0,
          "attributes": {
            "categories": [
              "collaboration",
              "developerServices"
            ],
            "display_name": "GitHub Enterprise Cloud - Organization",
            "homepage_url": "https://github.com/business",
            "id": "dee2cdc2-7505-4746-9758-219fec5e3da0",
            "logo_url": "https://az495088.vo.msecnd.net/app-logo/githubcom_215.png",
            "publisher": "GitHub, Inc",
            "supported_provisioning_types": [
              "sync"
            ],
            "supported_single_sign_on_modes": [
              "saml",
              "external"
            ],
            "template_id": "dee2cdc2-7505-4746-9758-219fec5e3da0",
            "timeouts": null
          },
          "sensitive_attributes": []
        }
      ]
    },
    {
      "module": "module.app3",
      "mode": "data",
      "type": "azuread_client_config",
      "name": "current",
      "provider": "provider[\"registry.terraform.io/hashicorp/azuread\"]",
      "instances": [
        {
          "schema_version": 0,
          "attributes": {
            "client_id": "04b07795-8ddb-461a-bbee-02f9e1bf7b46",
            "id": "0a7fee83-f3c4-405c-9e4c-701f7cd7a3b2-04b07795-8ddb-461a-bbee-02f9e1bf7b46-ab3c797a-43d8-474a-805e-be614452b71b",
            "object_id": "ab3c797a-43d8-474a-805e-be614452b71b",
            "tenant_id": "0a7fee83-f3c4-405c-9e4c-701f7cd7a3b2",
            "timeouts": null
          },
          "sensitive_attributes": []
        }
      ]
    },
    {
      "module": "module.app3",
      "mode": "managed",
      "type": "azuread_application",
      "name": "spa_application",
      "provider": "provider[\"registry.terraform.io/hashicorp/azuread\"]",
      "instances": [
        {
          "schema_version": 1,
          "attributes": {
            "api": [
              {
                "known_client_applications": [],
                "mapped_claims_enabled": false,
                "oauth2_permission_scope": [],
                "requested_access_token_version": 1
              }
            ],
            "app_role": [
              {
                "allowed_member_types": [
                  "User"
                ],
                "description": "Admin Role",
                "display_name": "adminRole",
                "enabled": true,
                "id": "43d28483-37a9-5210-c111-2f62e53231e2",
                "value": "adminRole"
              },
              {
                "allowed_member_types": [
                  "User"
                ],
                "description": "User Role",
                "display_name": "userRole",
                "enabled": true,
                "id": "905a9942-631f-6d32-92a9-e243eacc47f2",
                "value": "userRole"
              }
            ],
            "app_role_ids": {
              "adminRole": "43d28483-37a9-5210-c111-2f62e53231e2",
              "userRole": "905a9942-631f-6d32-92a9-e243eacc47f2"
            },
            "application_id": "fa3018b2-23c6-4c2f-bb87-c09f1eb5da2b",
            "description": "",
            "device_only_auth_enabled": false,
            "disabled_by_microsoft": "\u003cnil\u003e",
            "display_name": "zuora-billing",
            "fallback_public_client_enabled": false,
            "feature_tags": [
              {
                "custom_single_sign_on": false,
                "enterprise": false,
                "gallery": false,
                "hide": false
              }
            ],
            "group_membership_claims": [
              "SecurityGroup"
            ],
            "id": "26459a01-0aa6-4580-8770-dc520f78bbfa",
            "identifier_uris": [
              "https://github.com/orgs/zuora-billing"
            ],
            "logo_image": "",
            "logo_url": "",
            "marketing_url": "",
            "oauth2_permission_scope_ids": {},
            "oauth2_post_response_required": false,
            "object_id": "26459a01-0aa6-4580-8770-dc520f78bbfa",
            "optional_claims": [
              {
                "access_token": [
                  {
                    "additional_properties": [],
                    "essential": false,
                    "name": "groups",
                    "source": ""
                  }
                ],
                "id_token": [
                  {
                    "additional_properties": [],
                    "essential": false,
                    "name": "groups",
                    "source": ""
                  }
                ],
                "saml2_token": []
              }
            ],
            "owners": [],
            "prevent_duplicate_names": false,
            "privacy_statement_url": "",
            "public_client": [
              {
                "redirect_uris": []
              }
            ],
            "publisher_domain": "zuoracloudeng.onmicrosoft.com",
            "required_resource_access": [
              {
                "resource_access": [
                  {
                    "id": "bdfbf15f-ee85-4955-8675-146e8e5296b5",
                    "type": "Scope"
                  },
                  {
                    "id": "e1fe6dd8-ba31-4d61-89e7-88639da4683d",
                    "type": "Scope"
                  }
                ],
                "resource_app_id": "00000003-0000-0000-c000-000000000000"
              }
            ],
            "sign_in_audience": "AzureADMyOrg",
            "single_page_application": [
              {
                "redirect_uris": []
              }
            ],
            "support_url": "",
            "tags": [],
            "template_id": "dee2cdc2-7505-4746-9758-219fec5e3da0",
            "terms_of_service_url": "",
            "timeouts": null,
            "web": [
              {
                "homepage_url": "",
                "implicit_grant": [
                  {
                    "access_token_issuance_enabled": false,
                    "id_token_issuance_enabled": false
                  }
                ],
                "logout_url": "",
                "redirect_uris": [
                  "https://github.com/orgs/zuora-billing/saml/consume"
                ]
              }
            ]
          },
          "sensitive_attributes": [],
          "private": "eyJlMmJmYjczMC1lY2FhLTExZTYtOGY4OC0zNDM2M2JjN2M0YzAiOnsiY3JlYXRlIjo2MDAwMDAwMDAwMDAsImRlbGV0ZSI6MzAwMDAwMDAwMDAwLCJyZWFkIjozMDAwMDAwMDAwMDAsInVwZGF0ZSI6NjAwMDAwMDAwMDAwfSwic2NoZW1hX3ZlcnNpb24iOiIxIn0=",
          "dependencies": [
            "module.app3.data.azuread_application_template.this",
            "module.app3.random_uuid.spa_admin_roled_id",
            "module.app3.random_uuid.spa_user_roled_id"
          ]
        }
      ]
    },
    {
      "module": "module.app3",
      "mode": "managed",
      "type": "azuread_service_principal",
      "name": "spa_app_sp",
      "provider": "provider[\"registry.terraform.io/hashicorp/azuread\"]",
      "instances": [
        {
          "schema_version": 0,
          "attributes": {
            "account_enabled": true,
            "alternative_names": [],
            "app_role_assignment_required": true,
            "app_role_ids": {
              "adminRole": "43d28483-37a9-5210-c111-2f62e53231e2",
              "userRole": "905a9942-631f-6d32-92a9-e243eacc47f2"
            },
            "app_roles": [
              {
                "allowed_member_types": [
                  "User"
                ],
                "description": "User Role",
                "display_name": "userRole",
                "enabled": true,
                "id": "905a9942-631f-6d32-92a9-e243eacc47f2",
                "value": "userRole"
              },
              {
                "allowed_member_types": [
                  "User"
                ],
                "description": "Admin Role",
                "display_name": "adminRole",
                "enabled": true,
                "id": "43d28483-37a9-5210-c111-2f62e53231e2",
                "value": "adminRole"
              }
            ],
            "application_id": "fa3018b2-23c6-4c2f-bb87-c09f1eb5da2b",
            "application_tenant_id": "0a7fee83-f3c4-405c-9e4c-701f7cd7a3b2",
            "description": "",
            "display_name": "zuora-billing",
            "feature_tags": [
              {
                "custom_single_sign_on": true,
                "enterprise": true,
                "gallery": false,
                "hide": false
              }
            ],
            "features": [
              {
                "custom_single_sign_on_app": true,
                "enterprise_application": true,
                "gallery_application": false,
                "visible_to_users": true
              }
            ],
            "homepage_url": "",
            "id": "a6576496-2946-40b0-8519-3a3de864e985",
            "login_url": "https://github.com/orgs/zuora-billing/sso",
            "logout_url": "",
            "notes": "",
            "notification_email_addresses": [],
            "oauth2_permission_scope_ids": {},
            "oauth2_permission_scopes": [],
            "object_id": "a6576496-2946-40b0-8519-3a3de864e985",
            "owners": [
              "ab3c797a-43d8-474a-805e-be614452b71b"
            ],
            "preferred_single_sign_on_mode": "saml",
            "redirect_uris": [
              "https://github.com/orgs/zuora-billing/saml/consume"
            ],
            "saml_metadata_url": "",
            "saml_single_sign_on": [
              {
                "relay_state": ""
              }
            ],
            "service_principal_names": [
              "https://github.com/orgs/zuora-billing"
            ],
            "sign_in_audience": "AzureADMyOrg",
            "tags": [
              "WindowsAzureActiveDirectoryCustomSingleSignOnApplication",
              "WindowsAzureActiveDirectoryIntegratedApp"
            ],
            "timeouts": null,
            "type": "Application",
            "use_existing": true
          },
          "sensitive_attributes": [],
          "private": "eyJlMmJmYjczMC1lY2FhLTExZTYtOGY4OC0zNDM2M2JjN2M0YzAiOnsiY3JlYXRlIjo2MDAwMDAwMDAwMDAsImRlbGV0ZSI6MzAwMDAwMDAwMDAwLCJyZWFkIjozMDAwMDAwMDAwMDAsInVwZGF0ZSI6NjAwMDAwMDAwMDAwfX0=",
          "dependencies": [
            "module.app3.azuread_application.spa_application",
            "module.app3.data.azuread_application_template.this",
            "module.app3.data.azuread_client_config.current",
            "module.app3.random_uuid.spa_admin_roled_id",
            "module.app3.random_uuid.spa_user_roled_id"
          ]
        }
      ]
    },
    {
      "module": "module.app3",
      "mode": "managed",
      "type": "random_uuid",
      "name": "spa_admin_roled_id",
      "provider": "provider[\"registry.terraform.io/hashicorp/random\"]",
      "instances": [
        {
          "schema_version": 0,
          "attributes": {
            "id": "43d28483-37a9-5210-c111-2f62e53231e2",
            "keepers": null,
            "result": "43d28483-37a9-5210-c111-2f62e53231e2"
          },
          "sensitive_attributes": []
        }
      ]
    },
    {
      "module": "module.app3",
      "mode": "managed",
      "type": "random_uuid",
      "name": "spa_user_roled_id",
      "provider": "provider[\"registry.terraform.io/hashicorp/random\"]",
      "instances": [
        {
          "schema_version": 0,
          "attributes": {
            "id": "905a9942-631f-6d32-92a9-e243eacc47f2",
            "keepers": null,
            "result": "905a9942-631f-6d32-92a9-e243eacc47f2"
          },
          "sensitive_attributes": []
        }
      ]
    },
    {
      "module": "module.app4",
      "mode": "data",
      "type": "azuread_application_template",
      "name": "this",
      "provider": "provider[\"registry.terraform.io/hashicorp/azuread\"]",
      "instances": [
        {
          "schema_version": 0,
          "attributes": {
            "categories": [
              "collaboration",
              "developerServices"
            ],
            "display_name": "GitHub Enterprise Cloud - Organization",
            "homepage_url": "https://github.com/business",
            "id": "dee2cdc2-7505-4746-9758-219fec5e3da0",
            "logo_url": "https://az495088.vo.msecnd.net/app-logo/githubcom_215.png",
            "publisher": "GitHub, Inc",
            "supported_provisioning_types": [
              "sync"
            ],
            "supported_single_sign_on_modes": [
              "saml",
              "external"
            ],
            "template_id": "dee2cdc2-7505-4746-9758-219fec5e3da0",
            "timeouts": null
          },
          "sensitive_attributes": []
        }
      ]
    },
    {
      "module": "module.app4",
      "mode": "data",
      "type": "azuread_client_config",
      "name": "current",
      "provider": "provider[\"registry.terraform.io/hashicorp/azuread\"]",
      "instances": [
        {
          "schema_version": 0,
          "attributes": {
            "client_id": "04b07795-8ddb-461a-bbee-02f9e1bf7b46",
            "id": "0a7fee83-f3c4-405c-9e4c-701f7cd7a3b2-04b07795-8ddb-461a-bbee-02f9e1bf7b46-ab3c797a-43d8-474a-805e-be614452b71b",
            "object_id": "ab3c797a-43d8-474a-805e-be614452b71b",
            "tenant_id": "0a7fee83-f3c4-405c-9e4c-701f7cd7a3b2",
            "timeouts": null
          },
          "sensitive_attributes": []
        }
      ]
    },
    {
      "module": "module.app4",
      "mode": "managed",
      "type": "azuread_application",
      "name": "spa_application",
      "provider": "provider[\"registry.terraform.io/hashicorp/azuread\"]",
      "instances": [
        {
          "schema_version": 1,
          "attributes": {
            "api": [
              {
                "known_client_applications": [],
                "mapped_claims_enabled": false,
                "oauth2_permission_scope": [],
                "requested_access_token_version": 1
              }
            ],
            "app_role": [
              {
                "allowed_member_types": [
                  "User"
                ],
                "description": "Admin Role",
                "display_name": "adminRole",
                "enabled": true,
                "id": "d442bb0d-23be-1640-77f3-489cf33ccc57",
                "value": "adminRole"
              },
              {
                "allowed_member_types": [
                  "User"
                ],
                "description": "User Role",
                "display_name": "userRole",
                "enabled": true,
                "id": "1868b8f8-2a21-a605-8fd7-c15a257b12a4",
                "value": "userRole"
              }
            ],
            "app_role_ids": {
              "adminRole": "d442bb0d-23be-1640-77f3-489cf33ccc57",
              "userRole": "1868b8f8-2a21-a605-8fd7-c15a257b12a4"
            },
            "application_id": "d3af0e2f-877e-429b-95cb-59a389e9615e",
            "description": "",
            "device_only_auth_enabled": false,
            "disabled_by_microsoft": "\u003cnil\u003e",
            "display_name": "zuora-revenue-core",
            "fallback_public_client_enabled": false,
            "feature_tags": [
              {
                "custom_single_sign_on": false,
                "enterprise": false,
                "gallery": false,
                "hide": false
              }
            ],
            "group_membership_claims": [
              "SecurityGroup"
            ],
            "id": "8859a1fa-4370-4c5a-a326-eb724ef9dbae",
            "identifier_uris": [
              "https://github.com/orgs/zuora-revenue-core"
            ],
            "logo_image": "",
            "logo_url": "",
            "marketing_url": "",
            "oauth2_permission_scope_ids": {},
            "oauth2_post_response_required": false,
            "object_id": "8859a1fa-4370-4c5a-a326-eb724ef9dbae",
            "optional_claims": [
              {
                "access_token": [
                  {
                    "additional_properties": [],
                    "essential": false,
                    "name": "groups",
                    "source": ""
                  }
                ],
                "id_token": [
                  {
                    "additional_properties": [],
                    "essential": false,
                    "name": "groups",
                    "source": ""
                  }
                ],
                "saml2_token": []
              }
            ],
            "owners": [],
            "prevent_duplicate_names": false,
            "privacy_statement_url": "",
            "public_client": [
              {
                "redirect_uris": []
              }
            ],
            "publisher_domain": "zuoracloudeng.onmicrosoft.com",
            "required_resource_access": [
              {
                "resource_access": [
                  {
                    "id": "bdfbf15f-ee85-4955-8675-146e8e5296b5",
                    "type": "Scope"
                  },
                  {
                    "id": "e1fe6dd8-ba31-4d61-89e7-88639da4683d",
                    "type": "Scope"
                  }
                ],
                "resource_app_id": "00000003-0000-0000-c000-000000000000"
              }
            ],
            "sign_in_audience": "AzureADMyOrg",
            "single_page_application": [
              {
                "redirect_uris": []
              }
            ],
            "support_url": "",
            "tags": [],
            "template_id": "dee2cdc2-7505-4746-9758-219fec5e3da0",
            "terms_of_service_url": "",
            "timeouts": null,
            "web": [
              {
                "homepage_url": "",
                "implicit_grant": [
                  {
                    "access_token_issuance_enabled": false,
                    "id_token_issuance_enabled": false
                  }
                ],
                "logout_url": "",
                "redirect_uris": [
                  "https://github.com/orgs/zuora-revenue-core/saml/consume"
                ]
              }
            ]
          },
          "sensitive_attributes": [],
          "private": "eyJlMmJmYjczMC1lY2FhLTExZTYtOGY4OC0zNDM2M2JjN2M0YzAiOnsiY3JlYXRlIjo2MDAwMDAwMDAwMDAsImRlbGV0ZSI6MzAwMDAwMDAwMDAwLCJyZWFkIjozMDAwMDAwMDAwMDAsInVwZGF0ZSI6NjAwMDAwMDAwMDAwfSwic2NoZW1hX3ZlcnNpb24iOiIxIn0=",
          "dependencies": [
            "module.app4.data.azuread_application_template.this",
            "module.app4.random_uuid.spa_admin_roled_id",
            "module.app4.random_uuid.spa_user_roled_id"
          ]
        }
      ]
    },
    {
      "module": "module.app4",
      "mode": "managed",
      "type": "azuread_service_principal",
      "name": "spa_app_sp",
      "provider": "provider[\"registry.terraform.io/hashicorp/azuread\"]",
      "instances": [
        {
          "schema_version": 0,
          "attributes": {
            "account_enabled": true,
            "alternative_names": [],
            "app_role_assignment_required": true,
            "app_role_ids": {
              "adminRole": "d442bb0d-23be-1640-77f3-489cf33ccc57",
              "userRole": "1868b8f8-2a21-a605-8fd7-c15a257b12a4"
            },
            "app_roles": [
              {
                "allowed_member_types": [
                  "User"
                ],
                "description": "Admin Role",
                "display_name": "adminRole",
                "enabled": true,
                "id": "d442bb0d-23be-1640-77f3-489cf33ccc57",
                "value": "adminRole"
              },
              {
                "allowed_member_types": [
                  "User"
                ],
                "description": "User Role",
                "display_name": "userRole",
                "enabled": true,
                "id": "1868b8f8-2a21-a605-8fd7-c15a257b12a4",
                "value": "userRole"
              }
            ],
            "application_id": "d3af0e2f-877e-429b-95cb-59a389e9615e",
            "application_tenant_id": "0a7fee83-f3c4-405c-9e4c-701f7cd7a3b2",
            "description": "",
            "display_name": "zuora-revenue-core",
            "feature_tags": [
              {
                "custom_single_sign_on": true,
                "enterprise": true,
                "gallery": false,
                "hide": false
              }
            ],
            "features": [
              {
                "custom_single_sign_on_app": true,
                "enterprise_application": true,
                "gallery_application": false,
                "visible_to_users": true
              }
            ],
            "homepage_url": "",
            "id": "9d7d70f8-ed41-4e24-a9b7-129e7fde0c12",
            "login_url": "https://github.com/orgs/zuora-revenue-core/sso",
            "logout_url": "",
            "notes": "",
            "notification_email_addresses": [],
            "oauth2_permission_scope_ids": {},
            "oauth2_permission_scopes": [],
            "object_id": "9d7d70f8-ed41-4e24-a9b7-129e7fde0c12",
            "owners": [
              "ab3c797a-43d8-474a-805e-be614452b71b"
            ],
            "preferred_single_sign_on_mode": "saml",
            "redirect_uris": [
              "https://github.com/orgs/zuora-revenue-core/saml/consume"
            ],
            "saml_metadata_url": "",
            "saml_single_sign_on": [
              {
                "relay_state": ""
              }
            ],
            "service_principal_names": [
              "https://github.com/orgs/zuora-revenue-core"
            ],
            "sign_in_audience": "AzureADMyOrg",
            "tags": [
              "WindowsAzureActiveDirectoryCustomSingleSignOnApplication",
              "WindowsAzureActiveDirectoryIntegratedApp"
            ],
            "timeouts": null,
            "type": "Application",
            "use_existing": true
          },
          "sensitive_attributes": [],
          "private": "eyJlMmJmYjczMC1lY2FhLTExZTYtOGY4OC0zNDM2M2JjN2M0YzAiOnsiY3JlYXRlIjo2MDAwMDAwMDAwMDAsImRlbGV0ZSI6MzAwMDAwMDAwMDAwLCJyZWFkIjozMDAwMDAwMDAwMDAsInVwZGF0ZSI6NjAwMDAwMDAwMDAwfX0=",
          "dependencies": [
            "module.app4.azuread_application.spa_application",
            "module.app4.data.azuread_application_template.this",
            "module.app4.data.azuread_client_config.current",
            "module.app4.random_uuid.spa_admin_roled_id",
            "module.app4.random_uuid.spa_user_roled_id"
          ]
        }
      ]
    },
    {
      "module": "module.app4",
      "mode": "managed",
      "type": "random_uuid",
      "name": "spa_admin_roled_id",
      "provider": "provider[\"registry.terraform.io/hashicorp/random\"]",
      "instances": [
        {
          "schema_version": 0,
          "attributes": {
            "id": "d442bb0d-23be-1640-77f3-489cf33ccc57",
            "keepers": null,
            "result": "d442bb0d-23be-1640-77f3-489cf33ccc57"
          },
          "sensitive_attributes": []
        }
      ]
    },
    {
      "module": "module.app4",
      "mode": "managed",
      "type": "random_uuid",
      "name": "spa_user_roled_id",
      "provider": "provider[\"registry.terraform.io/hashicorp/random\"]",
      "instances": [
        {
          "schema_version": 0,
          "attributes": {
            "id": "1868b8f8-2a21-a605-8fd7-c15a257b12a4",
            "keepers": null,
            "result": "1868b8f8-2a21-a605-8fd7-c15a257b12a4"
          },
          "sensitive_attributes": []
        }
      ]
    },
    {
      "module": "module.app5",
      "mode": "data",
      "type": "azuread_application_template",
      "name": "this",
      "provider": "provider[\"registry.terraform.io/hashicorp/azuread\"]",
      "instances": [
        {
          "schema_version": 0,
          "attributes": {
            "categories": [
              "collaboration",
              "developerServices"
            ],
            "display_name": "GitHub Enterprise Cloud - Organization",
            "homepage_url": "https://github.com/business",
            "id": "dee2cdc2-7505-4746-9758-219fec5e3da0",
            "logo_url": "https://az495088.vo.msecnd.net/app-logo/githubcom_215.png",
            "publisher": "GitHub, Inc",
            "supported_provisioning_types": [
              "sync"
            ],
            "supported_single_sign_on_modes": [
              "saml",
              "external"
            ],
            "template_id": "dee2cdc2-7505-4746-9758-219fec5e3da0",
            "timeouts": null
          },
          "sensitive_attributes": []
        }
      ]
    },
    {
      "module": "module.app5",
      "mode": "data",
      "type": "azuread_client_config",
      "name": "current",
      "provider": "provider[\"registry.terraform.io/hashicorp/azuread\"]",
      "instances": [
        {
          "schema_version": 0,
          "attributes": {
            "client_id": "04b07795-8ddb-461a-bbee-02f9e1bf7b46",
            "id": "0a7fee83-f3c4-405c-9e4c-701f7cd7a3b2-04b07795-8ddb-461a-bbee-02f9e1bf7b46-ab3c797a-43d8-474a-805e-be614452b71b",
            "object_id": "ab3c797a-43d8-474a-805e-be614452b71b",
            "tenant_id": "0a7fee83-f3c4-405c-9e4c-701f7cd7a3b2",
            "timeouts": null
          },
          "sensitive_attributes": []
        }
      ]
    },
    {
      "module": "module.app5",
      "mode": "data",
      "type": "azuread_user",
      "name": "existing_users",
      "provider": "provider[\"registry.terraform.io/hashicorp/azuread\"]",
      "instances": [
        {
          "index_key": "abhi",
          "schema_version": 0,
          "attributes": {
            "account_enabled": true,
            "age_group": "",
            "business_phones": [],
            "city": "",
            "company_name": "",
            "consent_provided_for_minor": "",
            "cost_center": null,
            "country": "",
            "creation_type": "",
            "department": "",
            "display_name": "Abhilash Chinthalapudi",
            "division": null,
            "employee_id": "",
            "employee_type": "",
            "external_user_state": "",
            "fax_number": "",
            "given_name": "Abhilash",
            "id": "173ed7f1-0e13-46f0-afa5-1538defc345d",
            "im_addresses": [],
            "job_title": "",
            "mail": "abhilash.chinthalapudi@zuora.com",
            "mail_nickname": "abhi",
            "manager_id": "",
            "mobile_phone": "",
            "object_id": "173ed7f1-0e13-46f0-afa5-1538defc345d",
            "office_location": "",
            "onpremises_distinguished_name": "CN=Abhilash Chinthalapudi,OU=TechOps,OU=Users,OU=SLV,DC=slv,DC=zuora",
            "onpremises_domain_name": "slv.zuora",
            "onpremises_immutable_id": "0UpAdCt+FEqPNP7GbbR9Kg==",
            "onpremises_sam_account_name": "achinthalapudi",
            "onpremises_security_identifier": "S-1-5-21-3817241737-3308883144-2824690780-1524",
            "onpremises_sync_enabled": true,
            "onpremises_user_principal_name": "achinthalapudi@slv.zuora",
            "other_mails": [],
            "postal_code": "",
            "preferred_language": "",
            "proxy_addresses": [
              "smtp:abhi@zuoracloudeng.onmicrosoft.com",
              "SMTP:abhilash.chinthalapudi@zuora.com"
            ],
            "show_in_address_list": false,
            "state": "",
            "street_address": "",
            "surname": "Chinthalapudi",
            "timeouts": null,
            "usage_location": "",
            "user_principal_name": "abhi@zuoracloudeng.onmicrosoft.com",
            "user_type": "Member"
          },
          "sensitive_attributes": []
        },
        {
          "index_key": "agore",
          "schema_version": 0,
          "attributes": {
            "account_enabled": true,
            "age_group": "",
            "business_phones": [],
            "city": "",
            "company_name": "",
            "consent_provided_for_minor": "",
            "cost_center": null,
            "country": "",
            "creation_type": "",
            "department": "",
            "display_name": "Anamay Gore",
            "division": null,
            "employee_id": "",
            "employee_type": "",
            "external_user_state": "",
            "fax_number": "",
            "given_name": "Anamay",
            "id": "799c9d6d-9af5-46eb-9aaa-6c720010eb2e",
            "im_addresses": [],
            "job_title": "",
            "mail": "agore@zuora.com",
            "mail_nickname": "agore",
            "manager_id": "",
            "mobile_phone": "",
            "object_id": "799c9d6d-9af5-46eb-9aaa-6c720010eb2e",
            "office_location": "",
            "onpremises_distinguished_name": "CN=Anamay Gore,OU=TechOps,OU=Users,OU=SLV,DC=slv,DC=zuora",
            "onpremises_domain_name": "slv.zuora",
            "onpremises_immutable_id": "OVWXULQXfEesavMiT9qiCA==",
            "onpremises_sam_account_name": "agore",
            "onpremises_security_identifier": "S-1-5-21-3817241737-3308883144-2824690780-14791",
            "onpremises_sync_enabled": true,
            "onpremises_user_principal_name": "agore@slv.zuora",
            "other_mails": [],
            "postal_code": "",
            "preferred_language": "",
            "proxy_addresses": [
              "smtp:agore@zuoracloudeng.onmicrosoft.com",
              "SMTP:agore@zuora.com"
            ],
            "show_in_address_list": false,
            "state": "",
            "street_address": "",
            "surname": "Gore",
            "timeouts": null,
            "usage_location": "",
            "user_principal_name": "agore@zuoracloudeng.onmicrosoft.com",
            "user_type": "Member"
          },
          "sensitive_attributes": []
        },
        {
          "index_key": "akotsenko",
          "schema_version": 0,
          "attributes": {
            "account_enabled": true,
            "age_group": "",
            "business_phones": [],
            "city": "",
            "company_name": "",
            "consent_provided_for_minor": "",
            "cost_center": null,
            "country": "",
            "creation_type": "",
            "department": "",
            "display_name": "andrii kotsenko",
            "division": null,
            "employee_id": "",
            "employee_type": "",
            "external_user_state": "",
            "fax_number": "",
            "given_name": "andrii",
            "id": "7b54b05c-44de-4e06-aa5b-659d479e5cf1",
            "im_addresses": [],
            "job_title": "",
            "mail": "akotsenko@zuora.com",
            "mail_nickname": "akotsenko",
            "manager_id": "",
            "mobile_phone": "",
            "object_id": "7b54b05c-44de-4e06-aa5b-659d479e5cf1",
            "office_location": "",
            "onpremises_distinguished_name": "CN=andrii kotsenko,OU=Engineering,OU=Users,OU=SLV,DC=slv,DC=zuora",
            "onpremises_domain_name": "slv.zuora",
            "onpremises_immutable_id": "igpIv2WEj0CdAokYyLb3WQ==",
            "onpremises_sam_account_name": "akotsenko",
            "onpremises_security_identifier": "S-1-5-21-3817241737-3308883144-2824690780-17707",
            "onpremises_sync_enabled": true,
            "onpremises_user_principal_name": "akotsenko@slv.zuora",
            "other_mails": [],
            "postal_code": "",
            "preferred_language": "",
            "proxy_addresses": [
              "smtp:akotsenko@zuoracloudeng.onmicrosoft.com",
              "SMTP:akotsenko@zuora.com"
            ],
            "show_in_address_list": false,
            "state": "",
            "street_address": "",
            "surname": "kotsenko",
            "timeouts": null,
            "usage_location": "",
            "user_principal_name": "akotsenko@zuoracloudeng.onmicrosoft.com",
            "user_type": "Member"
          },
          "sensitive_attributes": []
        },
        {
          "index_key": "amalko",
          "schema_version": 0,
          "attributes": {
            "account_enabled": false,
            "age_group": "",
            "business_phones": [],
            "city": "",
            "company_name": "",
            "consent_provided_for_minor": "",
            "cost_center": null,
            "country": "",
            "creation_type": "",
            "department": "",
            "display_name": "arsenii malko",
            "division": null,
            "employee_id": "",
            "employee_type": "",
            "external_user_state": "",
            "fax_number": "",
            "given_name": "arsenii",
            "id": "cb05bdb4-c18b-4fd7-9820-26aba69f6948",
            "im_addresses": [],
            "job_title": "",
            "mail": "amalko@zuora.com",
            "mail_nickname": "amalko",
            "manager_id": "",
            "mobile_phone": "",
            "object_id": "cb05bdb4-c18b-4fd7-9820-26aba69f6948",
            "office_location": "",
            "onpremises_distinguished_name": "CN=arsenii malko,OU=Engineering,OU=Users,OU=SLV,DC=slv,DC=zuora",
            "onpremises_domain_name": "slv.zuora",
            "onpremises_immutable_id": "U8+/KYEdA0C2qjUotf/GLQ==",
            "onpremises_sam_account_name": "amalko",
            "onpremises_security_identifier": "S-1-5-21-3817241737-3308883144-2824690780-17699",
            "onpremises_sync_enabled": true,
            "onpremises_user_principal_name": "amalko@slv.zuora",
            "other_mails": [],
            "postal_code": "",
            "preferred_language": "",
            "proxy_addresses": [
              "smtp:amalko@zuoracloudeng.onmicrosoft.com",
              "SMTP:amalko@zuora.com"
            ],
            "show_in_address_list": false,
            "state": "",
            "street_address": "",
            "surname": "malko",
            "timeouts": null,
            "usage_location": "",
            "user_principal_name": "amalko@zuoracloudeng.onmicrosoft.com",
            "user_type": "Member"
          },
          "sensitive_attributes": []
        },
        {
          "index_key": "amoguilevski",
          "schema_version": 0,
          "attributes": {
            "account_enabled": false,
            "age_group": "",
            "business_phones": [],
            "city": "",
            "company_name": "",
            "consent_provided_for_minor": "",
            "cost_center": null,
            "country": "",
            "creation_type": "",
            "department": "",
            "display_name": "Alexandre Moguilevski",
            "division": null,
            "employee_id": "",
            "employee_type": "",
            "external_user_state": "",
            "fax_number": "",
            "given_name": "Alexandre",
            "id": "c1341bf8-00e5-4e8d-80f5-4782313c6d47",
            "im_addresses": [],
            "job_title": "",
            "mail": "amoguilevski@zuora.com",
            "mail_nickname": "amoguilevski",
            "manager_id": "",
            "mobile_phone": "",
            "object_id": "c1341bf8-00e5-4e8d-80f5-4782313c6d47",
            "office_location": "",
            "onpremises_distinguished_name": "CN=Alexandre Moguilevski,OU=Engineering,OU=Users,OU=SLV,DC=slv,DC=zuora",
            "onpremises_domain_name": "slv.zuora",
            "onpremises_immutable_id": "3JEDyq72zUGTuF8Xig2sQg==",
            "onpremises_sam_account_name": "amoguilevski",
            "onpremises_security_identifier": "S-1-5-21-3817241737-3308883144-2824690780-14829",
            "onpremises_sync_enabled": true,
            "onpremises_user_principal_name": "amoguilevski@slv.zuora",
            "other_mails": [],
            "postal_code": "",
            "preferred_language": "",
            "proxy_addresses": [
              "smtp:amoguilevski@zuoracloudeng.onmicrosoft.com",
              "SMTP:amoguilevski@zuora.com"
            ],
            "show_in_address_list": false,
            "state": "",
            "street_address": "",
            "surname": "Moguilevski",
            "timeouts": null,
            "usage_location": "US",
            "user_principal_name": "amoguilevski@zuoracloudeng.onmicrosoft.com",
            "user_type": "Member"
          },
          "sensitive_attributes": []
        },
        {
          "index_key": "arkumar",
          "schema_version": 0,
          "attributes": {
            "account_enabled": true,
            "age_group": "",
            "business_phones": [],
            "city": "",
            "company_name": "",
            "consent_provided_for_minor": "",
            "cost_center": null,
            "country": "",
            "creation_type": "",
            "department": "",
            "display_name": "arun kumar",
            "division": null,
            "employee_id": "",
            "employee_type": "",
            "external_user_state": "",
            "fax_number": "",
            "given_name": "arun",
            "id": "58682b36-2743-4c31-870e-0e3770aad582",
            "im_addresses": [],
            "job_title": "",
            "mail": "arkumar@zuora.com",
            "mail_nickname": "arkumar",
            "manager_id": "",
            "mobile_phone": "",
            "object_id": "58682b36-2743-4c31-870e-0e3770aad582",
            "office_location": "",
            "onpremises_distinguished_name": "CN=arun kumar,OU=TechOps,OU=Users,OU=SLV,DC=slv,DC=zuora",
            "onpremises_domain_name": "slv.zuora",
            "onpremises_immutable_id": "fgU/b2qNYU+TmC2l0SLg9w==",
            "onpremises_sam_account_name": "arkumar",
            "onpremises_security_identifier": "S-1-5-21-3817241737-3308883144-2824690780-17875",
            "onpremises_sync_enabled": true,
            "onpremises_user_principal_name": "arkumar@slv.zuora",
            "other_mails": [],
            "postal_code": "",
            "preferred_language": "",
            "proxy_addresses": [
              "smtp:arkumar@zuoracloudeng.onmicrosoft.com",
              "SMTP:arkumar@zuora.com"
            ],
            "show_in_address_list": false,
            "state": "",
            "street_address": "",
            "surname": "kumar",
            "timeouts": null,
            "usage_location": "",
            "user_principal_name": "arkumar@zuoracloudeng.onmicrosoft.com",
            "user_type": "Member"
          },
          "sensitive_attributes": []
        },
        {
          "index_key": "balmeidamaldonado",
          "schema_version": 0,
          "attributes": {
            "account_enabled": true,
            "age_group": "",
            "business_phones": [],
            "city": "",
            "company_name": "",
            "consent_provided_for_minor": "",
            "cost_center": null,
            "country": "",
            "creation_type": "Invitation",
            "department": "",
            "display_name": "boris almeida maldonado",
            "division": null,
            "employee_id": "",
            "employee_type": "",
            "external_user_state": "Accepted",
            "fax_number": "",
            "given_name": "boris",
            "id": "ccd32220-2b82-4b6d-bcb4-f81342a07733",
            "im_addresses": [],
            "job_title": "",
            "mail": "balmeidamaldonado@zuora.com",
            "mail_nickname": "balmeidamaldonado",
            "manager_id": "",
            "mobile_phone": "",
            "object_id": "ccd32220-2b82-4b6d-bcb4-f81342a07733",
            "office_location": "",
            "onpremises_distinguished_name": "CN=boris almeida maldonado,OU=TechOps,OU=Users,OU=SLV,DC=slv,DC=zuora",
            "onpremises_domain_name": "slv.zuora",
            "onpremises_immutable_id": "xO/4KRFHjUy/ulsN19+GQQ==",
            "onpremises_sam_account_name": "balmeidamaldonado",
            "onpremises_security_identifier": "S-1-5-21-3817241737-3308883144-2824690780-17951",
            "onpremises_sync_enabled": true,
            "onpremises_user_principal_name": "balmeidamaldonado@slv.zuora",
            "other_mails": [
              "balmeidamaldonado@zuora.com"
            ],
            "postal_code": "",
            "preferred_language": "",
            "proxy_addresses": [
              "SMTP:balmeidamaldonado@zuora.com"
            ],
            "show_in_address_list": false,
            "state": "",
            "street_address": "",
            "surname": "almeida maldonado",
            "timeouts": null,
            "usage_location": "",
            "user_principal_name": "balmeidamaldonado@zuoracloudeng.onmicrosoft.com",
            "user_type": "Member"
          },
          "sensitive_attributes": []
        },
        {
          "index_key": "chen.qin",
          "schema_version": 0,
          "attributes": {
            "account_enabled": true,
            "age_group": "",
            "business_phones": [],
            "city": "",
            "company_name": "",
            "consent_provided_for_minor": "",
            "cost_center": null,
            "country": "",
            "creation_type": "",
            "department": "",
            "display_name": "Chen Qin",
            "division": null,
            "employee_id": "",
            "employee_type": "",
            "external_user_state": "",
            "fax_number": "",
            "given_name": "Chen",
            "id": "4e62c2a4-8882-47e1-9747-31b0cc1693ea",
            "im_addresses": [],
            "job_title": "",
            "mail": "chen.qin@zuora.com",
            "mail_nickname": "chen.qin",
            "manager_id": "",
            "mobile_phone": "",
            "object_id": "4e62c2a4-8882-47e1-9747-31b0cc1693ea",
            "office_location": "",
            "onpremises_distinguished_name": "CN=Chen Qin,OU=TechOps,OU=Users,OU=SLV,DC=slv,DC=zuora",
            "onpremises_domain_name": "slv.zuora",
            "onpremises_immutable_id": "WP4Q1fbez067sBZeiKf4cg==",
            "onpremises_sam_account_name": "cqin",
            "onpremises_security_identifier": "S-1-5-21-3817241737-3308883144-2824690780-1455",
            "onpremises_sync_enabled": true,
            "onpremises_user_principal_name": "cqin@slv.zuora",
            "other_mails": [],
            "postal_code": "",
            "preferred_language": "",
            "proxy_addresses": [
              "smtp:chen.qin@zuoracloudeng.onmicrosoft.com",
              "SMTP:chen.qin@zuora.com"
            ],
            "show_in_address_list": false,
            "state": "",
            "street_address": "",
            "surname": "Qin",
            "timeouts": null,
            "usage_location": "",
            "user_principal_name": "chen.qin@zuoracloudeng.onmicrosoft.com",
            "user_type": "Member"
          },
          "sensitive_attributes": []
        },
        {
          "index_key": "dahuja",
          "schema_version": 0,
          "attributes": {
            "account_enabled": true,
            "age_group": "",
            "business_phones": [],
            "city": "",
            "company_name": "",
            "consent_provided_for_minor": "",
            "cost_center": null,
            "country": "",
            "creation_type": "",
            "department": "",
            "display_name": "deepak ahuja",
            "division": null,
            "employee_id": "",
            "employee_type": "",
            "external_user_state": "",
            "fax_number": "",
            "given_name": "",
            "id": "d30444bf-e821-498e-9bde-e36cefc6b941",
            "im_addresses": [],
            "job_title": "",
            "mail": "dahuja@zuora.com",
            "mail_nickname": "dahuja",
            "manager_id": "",
            "mobile_phone": "",
            "object_id": "d30444bf-e821-498e-9bde-e36cefc6b941",
            "office_location": "",
            "onpremises_distinguished_name": "CN=deepak ahuja,OU=TechOps,OU=Users,OU=SLV,DC=slv,DC=zuora",
            "onpremises_domain_name": "slv.zuora",
            "onpremises_immutable_id": "RbdO4emWR0uaAm5UDs4mjA==",
            "onpremises_sam_account_name": "dahuja",
            "onpremises_security_identifier": "S-1-5-21-3817241737-3308883144-2824690780-17859",
            "onpremises_sync_enabled": true,
            "onpremises_user_principal_name": "dahuja@slv.zuora",
            "other_mails": [],
            "postal_code": "",
            "preferred_language": "",
            "proxy_addresses": [
              "SMTP:dahuja@zuora.com"
            ],
            "show_in_address_list": false,
            "state": "",
            "street_address": "",
            "surname": "",
            "timeouts": null,
            "usage_location": "",
            "user_principal_name": "dahuja@zuoracloudeng.onmicrosoft.com",
            "user_type": "Member"
          },
          "sensitive_attributes": []
        },
        {
          "index_key": "dalee",
          "schema_version": 0,
          "attributes": {
            "account_enabled": false,
            "age_group": "",
            "business_phones": [],
            "city": "",
            "company_name": "",
            "consent_provided_for_minor": "",
            "cost_center": null,
            "country": "",
            "creation_type": "",
            "department": "",
            "display_name": "Daniel Lee",
            "division": null,
            "employee_id": "",
            "employee_type": "",
            "external_user_state": "",
            "fax_number": "",
            "given_name": "Daniel",
            "id": "c715c157-ae2c-408b-8707-1473b0c0d909",
            "im_addresses": [],
            "job_title": "",
            "mail": "dalee@zuora.com",
            "mail_nickname": "dalee",
            "manager_id": "",
            "mobile_phone": "",
            "object_id": "c715c157-ae2c-408b-8707-1473b0c0d909",
            "office_location": "",
            "onpremises_distinguished_name": "CN=Daniel Lee,OU=TechOps,OU=Users,OU=SLV,DC=slv,DC=zuora",
            "onpremises_domain_name": "slv.zuora",
            "onpremises_immutable_id": "3OZpi9nilUCh+oNxhCQSQA==",
            "onpremises_sam_account_name": "dalee",
            "onpremises_security_identifier": "S-1-5-21-3817241737-3308883144-2824690780-15098",
            "onpremises_sync_enabled": true,
            "onpremises_user_principal_name": "dalee@slv.zuora",
            "other_mails": [],
            "postal_code": "",
            "preferred_language": "",
            "proxy_addresses": [
              "smtp:dalee@zuoracloudeng.onmicrosoft.com",
              "SMTP:dalee@zuora.com"
            ],
            "show_in_address_list": false,
            "state": "",
            "street_address": "",
            "surname": "Lee",
            "timeouts": null,
            "usage_location": "",
            "user_principal_name": "dalee@zuoracloudeng.onmicrosoft.com",
            "user_type": "Member"
          },
          "sensitive_attributes": []
        },
        {
          "index_key": "danguyen",
          "schema_version": 0,
          "attributes": {
            "account_enabled": true,
            "age_group": "",
            "business_phones": [],
            "city": "",
            "company_name": "",
            "consent_provided_for_minor": "",
            "cost_center": null,
            "country": "",
            "creation_type": "",
            "department": "",
            "display_name": "dan nguyen",
            "division": null,
            "employee_id": "",
            "employee_type": "",
            "external_user_state": "",
            "fax_number": "",
            "given_name": "dan",
            "id": "ab3c797a-43d8-474a-805e-be614452b71b",
            "im_addresses": [],
            "job_title": "",
            "mail": "danguyen@zuora.com",
            "mail_nickname": "danguyen",
            "manager_id": "",
            "mobile_phone": "",
            "object_id": "ab3c797a-43d8-474a-805e-be614452b71b",
            "office_location": "",
            "onpremises_distinguished_name": "CN=dan nguyen,OU=Engineering,OU=Users,OU=SLV,DC=slv,DC=zuora",
            "onpremises_domain_name": "slv.zuora",
            "onpremises_immutable_id": "9irQUHNsR0mN7zWiTg9xuQ==",
            "onpremises_sam_account_name": "danguyen",
            "onpremises_security_identifier": "S-1-5-21-3817241737-3308883144-2824690780-17678",
            "onpremises_sync_enabled": true,
            "onpremises_user_principal_name": "danguyen@slv.zuora",
            "other_mails": [],
            "postal_code": "",
            "preferred_language": "",
            "proxy_addresses": [
              "smtp:danguyen@zuoracloudeng.onmicrosoft.com",
              "SMTP:danguyen@zuora.com"
            ],
            "show_in_address_list": false,
            "state": "",
            "street_address": "",
            "surname": "nguyen",
            "timeouts": null,
            "usage_location": "",
            "user_principal_name": "danguyen@zuoracloudeng.onmicrosoft.com",
            "user_type": "Member"
          },
          "sensitive_attributes": []
        },
        {
          "index_key": "darce",
          "schema_version": 0,
          "attributes": {
            "account_enabled": true,
            "age_group": "",
            "business_phones": [],
            "city": "",
            "company_name": "",
            "consent_provided_for_minor": "",
            "cost_center": null,
            "country": "",
            "creation_type": "",
            "department": "",
            "display_name": "diego arce",
            "division": null,
            "employee_id": "",
            "employee_type": "",
            "external_user_state": "",
            "fax_number": "",
            "given_name": "diego",
            "id": "f08c1914-5c54-47f7-9f05-6476dd201014",
            "im_addresses": [],
            "job_title": "",
            "mail": "darce@zuora.com",
            "mail_nickname": "darce",
            "manager_id": "",
            "mobile_phone": "",
            "object_id": "f08c1914-5c54-47f7-9f05-6476dd201014",
            "office_location": "",
            "onpremises_distinguished_name": "CN=diego arce,OU=TechOps,OU=Users,OU=SLV,DC=slv,DC=zuora",
            "onpremises_domain_name": "slv.zuora",
            "onpremises_immutable_id": "IJLfEhlL2ESxkVFEj2unZA==",
            "onpremises_sam_account_name": "darce",
            "onpremises_security_identifier": "S-1-5-21-3817241737-3308883144-2824690780-18000",
            "onpremises_sync_enabled": true,
            "onpremises_user_principal_name": "darce@slv.zuora",
            "other_mails": [],
            "postal_code": "",
            "preferred_language": "",
            "proxy_addresses": [
              "smtp:darce@zuoracloudeng.onmicrosoft.com",
              "SMTP:darce@zuora.com"
            ],
            "show_in_address_list": false,
            "state": "",
            "street_address": "",
            "surname": "arce",
            "timeouts": null,
            "usage_location": "",
            "user_principal_name": "darce@zuoracloudeng.onmicrosoft.com",
            "user_type": "Member"
          },
          "sensitive_attributes": []
        },
        {
          "index_key": "dmunk",
          "schema_version": 0,
          "attributes": {
            "account_enabled": false,
            "age_group": "",
            "business_phones": [],
            "city": "",
            "company_name": "",
            "consent_provided_for_minor": "",
            "cost_center": null,
            "country": "",
            "creation_type": "",
            "department": "",
            "display_name": "david munk",
            "division": null,
            "employee_id": "",
            "employee_type": "",
            "external_user_state": "",
            "fax_number": "",
            "given_name": "",
            "id": "4fdab65d-e155-4b8d-98e3-818104e0b4db",
            "im_addresses": [],
            "job_title": "",
            "mail": "dmunk@zuora.com",
            "mail_nickname": "dmunk",
            "manager_id": "",
            "mobile_phone": "",
            "object_id": "4fdab65d-e155-4b8d-98e3-818104e0b4db",
            "office_location": "",
            "onpremises_distinguished_name": "CN=david munk,OU=Engineering,OU=Users,OU=SLV,DC=slv,DC=zuora",
            "onpremises_domain_name": "slv.zuora",
            "onpremises_immutable_id": "l9LzI39bJkOZTCtFOtyY0g==",
            "onpremises_sam_account_name": "dmunk",
            "onpremises_security_identifier": "S-1-5-21-3817241737-3308883144-2824690780-17955",
            "onpremises_sync_enabled": true,
            "onpremises_user_principal_name": "dmunk@slv.zuora",
            "other_mails": [],
            "postal_code": "",
            "preferred_language": "",
            "proxy_addresses": [
              "SMTP:dmunk@zuora.com"
            ],
            "show_in_address_list": false,
            "state": "",
            "street_address": "",
            "surname": "",
            "timeouts": null,
            "usage_location": "",
            "user_principal_name": "dmunk@zuoracloudeng.onmicrosoft.com",
            "user_type": "Member"
          },
          "sensitive_attributes": []
        },
        {
          "index_key": "egordin",
          "schema_version": 0,
          "attributes": {
            "account_enabled": false,
            "age_group": "",
            "business_phones": [],
            "city": "",
            "company_name": "",
            "consent_provided_for_minor": "",
            "cost_center": null,
            "country": "",
            "creation_type": "",
            "department": "",
            "display_name": "Elena Gordin",
            "division": null,
            "employee_id": "",
            "employee_type": "",
            "external_user_state": "",
            "fax_number": "",
            "given_name": "Elena",
            "id": "6840bdaf-9298-4210-9503-3b96090989a0",
            "im_addresses": [],
            "job_title": "",
            "mail": "egordin@zuora.com",
            "mail_nickname": "egordin",
            "manager_id": "",
            "mobile_phone": "",
            "object_id": "6840bdaf-9298-4210-9503-3b96090989a0",
            "office_location": "",
            "onpremises_distinguished_name": "CN=Elena Gordin,OU=Engineering,OU=Users,OU=SLV,DC=slv,DC=zuora",
            "onpremises_domain_name": "slv.zuora",
            "onpremises_immutable_id": "cr0RkKUuKUCrm5PQa21L+A==",
            "onpremises_sam_account_name": "egordin",
            "onpremises_security_identifier": "S-1-5-21-3817241737-3308883144-2824690780-14794",
            "onpremises_sync_enabled": true,
            "onpremises_user_principal_name": "egordin@slv.zuora",
            "other_mails": [],
            "postal_code": "",
            "preferred_language": "",
            "proxy_addresses": [
              "SMTP:egordin@zuora.com"
            ],
            "show_in_address_list": false,
            "state": "",
            "street_address": "",
            "surname": "Gordin",
            "timeouts": null,
            "usage_location": "",
            "user_principal_name": "egordin@zuoracloudeng.onmicrosoft.com",
            "user_type": "Member"
          },
          "sensitive_attributes": []
        },
        {
          "index_key": "eosman",
          "schema_version": 0,
          "attributes": {
            "account_enabled": true,
            "age_group": "",
            "business_phones": [],
            "city": "",
            "company_name": "",
            "consent_provided_for_minor": "",
            "cost_center": null,
            "country": "",
            "creation_type": "",
            "department": "",
            "display_name": "edrees osman",
            "division": null,
            "employee_id": "",
            "employee_type": "",
            "external_user_state": "",
            "fax_number": "",
            "given_name": "edrees",
            "id": "0259e593-c097-4e5a-bf39-998ddc279a15",
            "im_addresses": [],
            "job_title": "",
            "mail": "eosman@zuora.com",
            "mail_nickname": "eosman",
            "manager_id": "",
            "mobile_phone": "",
            "object_id": "0259e593-c097-4e5a-bf39-998ddc279a15",
            "office_location": "",
            "onpremises_distinguished_name": "CN=edrees osman,OU=Engineering,OU=Users,OU=SLV,DC=slv,DC=zuora",
            "onpremises_domain_name": "slv.zuora",
            "onpremises_immutable_id": "zXLnCRwxikKqjCyo6V428A==",
            "onpremises_sam_account_name": "eosman",
            "onpremises_security_identifier": "S-1-5-21-3817241737-3308883144-2824690780-17958",
            "onpremises_sync_enabled": true,
            "onpremises_user_principal_name": "eosman@slv.zuora",
            "other_mails": [],
            "postal_code": "",
            "preferred_language": "",
            "proxy_addresses": [
              "smtp:eosman@zuoracloudeng.onmicrosoft.com",
              "SMTP:eosman@zuora.com"
            ],
            "show_in_address_list": false,
            "state": "",
            "street_address": "",
            "surname": "osman",
            "timeouts": null,
            "usage_location": "",
            "user_principal_name": "eosman@zuoracloudeng.onmicrosoft.com",
            "user_type": "Member"
          },
          "sensitive_attributes": []
        },
        {
          "index_key": "gparwar",
          "schema_version": 0,
          "attributes": {
            "account_enabled": true,
            "age_group": "",
            "business_phones": [],
            "city": "",
            "company_name": "",
            "consent_provided_for_minor": "",
            "cost_center": null,
            "country": "",
            "creation_type": "",
            "department": "",
            "display_name": "gajanan parwar",
            "division": null,
            "employee_id": "",
            "employee_type": "",
            "external_user_state": "",
            "fax_number": "",
            "given_name": "gajanan",
            "id": "e914d62e-7afb-4ae1-a1e4-55a1c107027d",
            "im_addresses": [],
            "job_title": "",
            "mail": "gparwar@zuora.com",
            "mail_nickname": "gparwar",
            "manager_id": "",
            "mobile_phone": "",
            "object_id": "e914d62e-7afb-4ae1-a1e4-55a1c107027d",
            "office_location": "",
            "onpremises_distinguished_name": "CN=gajanan parwar,OU=TechOps,OU=Users,OU=SLV,DC=slv,DC=zuora",
            "onpremises_domain_name": "slv.zuora",
            "onpremises_immutable_id": "dz0erypYvUSFaE+UhT2sHw==",
            "onpremises_sam_account_name": "gparwar",
            "onpremises_security_identifier": "S-1-5-21-3817241737-3308883144-2824690780-17633",
            "onpremises_sync_enabled": true,
            "onpremises_user_principal_name": "gparwar@slv.zuora",
            "other_mails": [],
            "postal_code": "",
            "preferred_language": "",
            "proxy_addresses": [
              "smtp:gparwar@zuoracloudeng.onmicrosoft.com",
              "SMTP:gparwar@zuora.com"
            ],
            "show_in_address_list": false,
            "state": "",
            "street_address": "",
            "surname": "parwar",
            "timeouts": null,
            "usage_location": "",
            "user_principal_name": "gparwar@zuoracloudeng.onmicrosoft.com",
            "user_type": "Member"
          },
          "sensitive_attributes": []
        },
        {
          "index_key": "hkalashnyk",
          "schema_version": 0,
          "attributes": {
            "account_enabled": false,
            "age_group": "",
            "business_phones": [],
            "city": "",
            "company_name": "",
            "consent_provided_for_minor": "",
            "cost_center": null,
            "country": "",
            "creation_type": "",
            "department": "",
            "display_name": "hryhorii kalashnyk",
            "division": null,
            "employee_id": "",
            "employee_type": "",
            "external_user_state": "",
            "fax_number": "",
            "given_name": "hryhorii",
            "id": "dea17c9c-eaa0-4f6b-8306-47b00a3f4cb6",
            "im_addresses": [],
            "job_title": "",
            "mail": "hkalashnyk@zuora.com",
            "mail_nickname": "hkalashnyk",
            "manager_id": "",
            "mobile_phone": "",
            "object_id": "dea17c9c-eaa0-4f6b-8306-47b00a3f4cb6",
            "office_location": "",
            "onpremises_distinguished_name": "CN=hryhorii kalashnyk,OU=Engineering,OU=Users,OU=SLV,DC=slv,DC=zuora",
            "onpremises_domain_name": "slv.zuora",
            "onpremises_immutable_id": "T/nHL8O+7UG80vwRIJzwFA==",
            "onpremises_sam_account_name": "hkalashnyk",
            "onpremises_security_identifier": "S-1-5-21-3817241737-3308883144-2824690780-17989",
            "onpremises_sync_enabled": true,
            "onpremises_user_principal_name": "hkalashnyk@slv.zuora",
            "other_mails": [],
            "postal_code": "",
            "preferred_language": "",
            "proxy_addresses": [
              "smtp:hkalashnyk@zuoracloudeng.onmicrosoft.com",
              "SMTP:hkalashnyk@zuora.com"
            ],
            "show_in_address_list": false,
            "state": "",
            "street_address": "",
            "surname": "kalashnyk",
            "timeouts": null,
            "usage_location": "",
            "user_principal_name": "hkalashnyk@zuoracloudeng.onmicrosoft.com",
            "user_type": "Member"
          },
          "sensitive_attributes": []
        },
        {
          "index_key": "ishestopalov",
          "schema_version": 0,
          "attributes": {
            "account_enabled": false,
            "age_group": "",
            "business_phones": [],
            "city": "",
            "company_name": "",
            "consent_provided_for_minor": "",
            "cost_center": null,
            "country": "",
            "creation_type": "",
            "department": "",
            "display_name": "illia shestopalov",
            "division": null,
            "employee_id": "",
            "employee_type": "",
            "external_user_state": "",
            "fax_number": "",
            "given_name": "illia",
            "id": "74c9e3f0-f6db-461a-9114-87807a32d738",
            "im_addresses": [],
            "job_title": "",
            "mail": "ishestopalov@zuora.com",
            "mail_nickname": "ishestopalov",
            "manager_id": "",
            "mobile_phone": "",
            "object_id": "74c9e3f0-f6db-461a-9114-87807a32d738",
            "office_location": "",
            "onpremises_distinguished_name": "CN=illia shestopalov,OU=Engineering,OU=Users,OU=SLV,DC=slv,DC=zuora",
            "onpremises_domain_name": "slv.zuora",
            "onpremises_immutable_id": "lzO1R8Ioykmt8sEBDRbkng==",
            "onpremises_sam_account_name": "ishestopalov",
            "onpremises_security_identifier": "S-1-5-21-3817241737-3308883144-2824690780-17961",
            "onpremises_sync_enabled": true,
            "onpremises_user_principal_name": "ishestopalov@slv.zuora",
            "other_mails": [],
            "postal_code": "",
            "preferred_language": "",
            "proxy_addresses": [
              "smtp:ishestopalov@zuoracloudeng.onmicrosoft.com",
              "SMTP:ishestopalov@zuora.com"
            ],
            "show_in_address_list": false,
            "state": "",
            "street_address": "",
            "surname": "shestopalov",
            "timeouts": null,
            "usage_location": "",
            "user_principal_name": "ishestopalov@zuoracloudeng.onmicrosoft.com",
            "user_type": "Member"
          },
          "sensitive_attributes": []
        },
        {
          "index_key": "jiangtao.liu",
          "schema_version": 0,
          "attributes": {
            "account_enabled": true,
            "age_group": "",
            "business_phones": [],
            "city": "",
            "company_name": "",
            "consent_provided_for_minor": "",
            "cost_center": null,
            "country": "",
            "creation_type": "",
            "department": "",
            "display_name": "Jiangtao Liu",
            "division": null,
            "employee_id": "",
            "employee_type": "",
            "external_user_state": "",
            "fax_number": "",
            "given_name": "Jiangtao",
            "id": "927bc3bf-030a-4f3b-8eb3-d403c4614775",
            "im_addresses": [],
            "job_title": "",
            "mail": "jiangtao.liu@zuora.com",
            "mail_nickname": "jiangtao.liu",
            "manager_id": "",
            "mobile_phone": "",
            "object_id": "927bc3bf-030a-4f3b-8eb3-d403c4614775",
            "office_location": "",
            "onpremises_distinguished_name": "CN=Jiangtao Liu,OU=Engineering,OU=Users,OU=SLV,DC=slv,DC=zuora",
            "onpremises_domain_name": "slv.zuora",
            "onpremises_immutable_id": "eNQ3qNCXlUGg4JmkCLk3gg==",
            "onpremises_sam_account_name": "jliu",
            "onpremises_security_identifier": "S-1-5-21-3817241737-3308883144-2824690780-1645",
            "onpremises_sync_enabled": true,
            "onpremises_user_principal_name": "jliu@slv.zuora",
            "other_mails": [],
            "postal_code": "",
            "preferred_language": "",
            "proxy_addresses": [
              "smtp:jiangtao.liu@zuoracloudeng.onmicrosoft.com",
              "SMTP:jiangtao.liu@zuora.com"
            ],
            "show_in_address_list": false,
            "state": "",
            "street_address": "",
            "surname": "Liu",
            "timeouts": null,
            "usage_location": "US",
            "user_principal_name": "jiangtao.liu@zuoracloudeng.onmicrosoft.com",
            "user_type": "Member"
          },
          "sensitive_attributes": []
        },
        {
          "index_key": "jjayaraman",
          "schema_version": 0,
          "attributes": {
            "account_enabled": false,
            "age_group": "",
            "business_phones": [],
            "city": "",
            "company_name": "",
            "consent_provided_for_minor": "",
            "cost_center": null,
            "country": "",
            "creation_type": "",
            "department": "",
            "display_name": "jayaprakash jayaraman",
            "division": null,
            "employee_id": "",
            "employee_type": "",
            "external_user_state": "",
            "fax_number": "",
            "given_name": "jayaprakash",
            "id": "feab5c87-8ae9-479d-9d0c-b43d5d4c92ed",
            "im_addresses": [],
            "job_title": "",
            "mail": "jjayaraman@zuora.com",
            "mail_nickname": "jjayaraman",
            "manager_id": "",
            "mobile_phone": "",
            "object_id": "feab5c87-8ae9-479d-9d0c-b43d5d4c92ed",
            "office_location": "",
            "onpremises_distinguished_name": "CN=jayaprakash jayaraman,OU=TechOps,OU=Users,OU=SLV,DC=slv,DC=zuora",
            "onpremises_domain_name": "slv.zuora",
            "onpremises_immutable_id": "wUB2pw2wb02ILlXxrSkKig==",
            "onpremises_sam_account_name": "jjayaraman",
            "onpremises_security_identifier": "S-1-5-21-3817241737-3308883144-2824690780-15032",
            "onpremises_sync_enabled": true,
            "onpremises_user_principal_name": "jjayaraman@slv.zuora",
            "other_mails": [],
            "postal_code": "",
            "preferred_language": "",
            "proxy_addresses": [
              "smtp:jjayaraman@zuoracloudeng.onmicrosoft.com",
              "SMTP:jjayaraman@zuora.com"
            ],
            "show_in_address_list": false,
            "state": "",
            "street_address": "",
            "surname": "jayaraman",
            "timeouts": null,
            "usage_location": "",
            "user_principal_name": "jjayaraman@zuoracloudeng.onmicrosoft.com",
            "user_type": "Member"
          },
          "sensitive_attributes": []
        },
        {
          "index_key": "justin.smith",
          "schema_version": 0,
          "attributes": {
            "account_enabled": false,
            "age_group": "",
            "business_phones": [],
            "city": "",
            "company_name": "",
            "consent_provided_for_minor": "",
            "cost_center": null,
            "country": "",
            "creation_type": "",
            "department": "",
            "display_name": "Justin Smith",
            "division": null,
            "employee_id": "",
            "employee_type": "",
            "external_user_state": "",
            "fax_number": "",
            "given_name": "Justin",
            "id": "87d2c2a2-5fb3-4cfa-a1c7-491f45d5c76d",
            "im_addresses": [],
            "job_title": "",
            "mail": "justin.smith@zuora.com",
            "mail_nickname": "justin.smith",
            "manager_id": "",
            "mobile_phone": "",
            "object_id": "87d2c2a2-5fb3-4cfa-a1c7-491f45d5c76d",
            "office_location": "",
            "onpremises_distinguished_name": "CN=Justin Smith,OU=TechOps,OU=Users,OU=SLV,DC=slv,DC=zuora",
            "onpremises_domain_name": "slv.zuora",
            "onpremises_immutable_id": "WPa2WJrWEUqEJ5OdWQ9DQA==",
            "onpremises_sam_account_name": "jsmith",
            "onpremises_security_identifier": "S-1-5-21-3817241737-3308883144-2824690780-1496",
            "onpremises_sync_enabled": true,
            "onpremises_user_principal_name": "jsmith@slv.zuora",
            "other_mails": [],
            "postal_code": "",
            "preferred_language": "",
            "proxy_addresses": [
              "SMTP:justin.smith@zuora.com"
            ],
            "show_in_address_list": false,
            "state": "",
            "street_address": "",
            "surname": "Smith",
            "timeouts": null,
            "usage_location": "",
            "user_principal_name": "justin.smith@zuoracloudeng.onmicrosoft.com",
            "user_type": "Member"
          },
          "sensitive_attributes": []
        },
        {
          "index_key": "kduraikannu",
          "schema_version": 0,
          "attributes": {
            "account_enabled": true,
            "age_group": "",
            "business_phones": [],
            "city": "",
            "company_name": "",
            "consent_provided_for_minor": "",
            "cost_center": null,
            "country": "",
            "creation_type": "",
            "department": "",
            "display_name": "karunakaran duraikannu",
            "division": null,
            "employee_id": "",
            "employee_type": "",
            "external_user_state": "",
            "fax_number": "",
            "given_name": "",
            "id": "81774362-bd64-4201-b6f7-2ea51598b94c",
            "im_addresses": [],
            "job_title": "",
            "mail": "kduraikannu@zuora.com",
            "mail_nickname": "kduraikannu",
            "manager_id": "",
            "mobile_phone": "",
            "object_id": "81774362-bd64-4201-b6f7-2ea51598b94c",
            "office_location": "",
            "onpremises_distinguished_name": "CN=karunakaran duraikannu,OU=TechOps,OU=Users,OU=SLV,DC=slv,DC=zuora",
            "onpremises_domain_name": "slv.zuora",
            "onpremises_immutable_id": "NXJe9zJXok6xe70ftpXbNg==",
            "onpremises_sam_account_name": "kduraikannu",
            "onpremises_security_identifier": "S-1-5-21-3817241737-3308883144-2824690780-17906",
            "onpremises_sync_enabled": true,
            "onpremises_user_principal_name": "kduraikannu@slv.zuora",
            "other_mails": [],
            "postal_code": "",
            "preferred_language": "",
            "proxy_addresses": [
              "SMTP:kduraikannu@zuora.com"
            ],
            "show_in_address_list": false,
            "state": "",
            "street_address": "",
            "surname": "",
            "timeouts": null,
            "usage_location": "",
            "user_principal_name": "kduraikannu@zuoracloudeng.onmicrosoft.com",
            "user_type": "Member"
          },
          "sensitive_attributes": []
        },
        {
          "index_key": "kgovindaraj",
          "schema_version": 0,
          "attributes": {
            "account_enabled": true,
            "age_group": "",
            "business_phones": [],
            "city": "",
            "company_name": "",
            "consent_provided_for_minor": "",
            "cost_center": null,
            "country": "",
            "creation_type": "",
            "department": "",
            "display_name": "Kannan Govindaraj",
            "division": null,
            "employee_id": "",
            "employee_type": "",
            "external_user_state": "",
            "fax_number": "",
            "given_name": "Kannan",
            "id": "6e6ab103-294b-4f89-8caf-04807714eebc",
            "im_addresses": [],
            "job_title": "",
            "mail": "kgovindaraj@zuora.com",
            "mail_nickname": "kgovindaraj",
            "manager_id": "",
            "mobile_phone": "",
            "object_id": "6e6ab103-294b-4f89-8caf-04807714eebc",
            "office_location": "",
            "onpremises_distinguished_name": "CN=Kannan Govindaraj,OU=TechOps,OU=Users,OU=SLV,DC=slv,DC=zuora",
            "onpremises_domain_name": "slv.zuora",
            "onpremises_immutable_id": "Po+k8G5nT0mGNLRURQnGSw==",
            "onpremises_sam_account_name": "kgovindaraj",
            "onpremises_security_identifier": "S-1-5-21-3817241737-3308883144-2824690780-14832",
            "onpremises_sync_enabled": true,
            "onpremises_user_principal_name": "kgovindaraj@slv.zuora",
            "other_mails": [],
            "postal_code": "",
            "preferred_language": "",
            "proxy_addresses": [
              "smtp:kgovindaraj@zuoracloudeng.onmicrosoft.com",
              "SMTP:kgovindaraj@zuora.com"
            ],
            "show_in_address_list": false,
            "state": "",
            "street_address": "",
            "surname": "Govindaraj",
            "timeouts": null,
            "usage_location": "US",
            "user_principal_name": "kgovindaraj@zuoracloudeng.onmicrosoft.com",
            "user_type": "Member"
          },
          "sensitive_attributes": []
        },
        {
          "index_key": "kmayeux",
          "schema_version": 0,
          "attributes": {
            "account_enabled": false,
            "age_group": "",
            "business_phones": [],
            "city": "",
            "company_name": "",
            "consent_provided_for_minor": "",
            "cost_center": null,
            "country": "",
            "creation_type": "",
            "department": "",
            "display_name": "Kevin Mayeux",
            "division": null,
            "employee_id": "",
            "employee_type": "",
            "external_user_state": "",
            "fax_number": "",
            "given_name": "Kevin",
            "id": "f50028c3-09f7-4ced-ba70-1e339db20bf4",
            "im_addresses": [],
            "job_title": "",
            "mail": "kmayeux@zuora.com",
            "mail_nickname": "kmayeux",
            "manager_id": "",
            "mobile_phone": "",
            "object_id": "f50028c3-09f7-4ced-ba70-1e339db20bf4",
            "office_location": "",
            "onpremises_distinguished_name": "CN=Kevin Mayeux,OU=TechOps,OU=Users,OU=SLV,DC=slv,DC=zuora",
            "onpremises_domain_name": "slv.zuora",
            "onpremises_immutable_id": "ih6bLv6930e5NLTvdZwxBg==",
            "onpremises_sam_account_name": "kmayeux",
            "onpremises_security_identifier": "S-1-5-21-3817241737-3308883144-2824690780-6645",
            "onpremises_sync_enabled": true,
            "onpremises_user_principal_name": "kmayeux@slv.zuora",
            "other_mails": [],
            "postal_code": "",
            "preferred_language": "",
            "proxy_addresses": [
              "SMTP:kmayeux@zuora.com"
            ],
            "show_in_address_list": false,
            "state": "",
            "street_address": "",
            "surname": "Mayeux",
            "timeouts": null,
            "usage_location": "",
            "user_principal_name": "kmayeux@zuoracloudeng.onmicrosoft.com",
            "user_type": "Member"
          },
          "sensitive_attributes": []
        },
        {
          "index_key": "lborbon",
          "schema_version": 0,
          "attributes": {
            "account_enabled": true,
            "age_group": "",
            "business_phones": [],
            "city": "",
            "company_name": "",
            "consent_provided_for_minor": "",
            "cost_center": null,
            "country": "",
            "creation_type": "",
            "department": "",
            "display_name": "luis borbon",
            "division": null,
            "employee_id": "",
            "employee_type": "",
            "external_user_state": "",
            "fax_number": "",
            "given_name": "luis",
            "id": "97960386-c8d7-463d-8063-c0b3fe7516d1",
            "im_addresses": [],
            "job_title": "",
            "mail": "lborbon@zuora.com",
            "mail_nickname": "lborbon",
            "manager_id": "",
            "mobile_phone": "",
            "object_id": "97960386-c8d7-463d-8063-c0b3fe7516d1",
            "office_location": "",
            "onpremises_distinguished_name": "CN=luis borbon,OU=Engineering,OU=Users,OU=SLV,DC=slv,DC=zuora",
            "onpremises_domain_name": "slv.zuora",
            "onpremises_immutable_id": "tr4hPea570O17B5ziSHmkg==",
            "onpremises_sam_account_name": "lborbon",
            "onpremises_security_identifier": "S-1-5-21-3817241737-3308883144-2824690780-18036",
            "onpremises_sync_enabled": true,
            "onpremises_user_principal_name": "lborbon@slv.zuora",
            "other_mails": [],
            "postal_code": "",
            "preferred_language": "",
            "proxy_addresses": [
              "SMTP:lborbon@zuora.com"
            ],
            "show_in_address_list": false,
            "state": "",
            "street_address": "",
            "surname": "borbon",
            "timeouts": null,
            "usage_location": "",
            "user_principal_name": "lborbon@zuoracloudeng.onmicrosoft.com",
            "user_type": "Member"
          },
          "sensitive_attributes": []
        },
        {
          "index_key": "lisheng.liu",
          "schema_version": 0,
          "attributes": {
            "account_enabled": true,
            "age_group": "",
            "business_phones": [],
            "city": "",
            "company_name": "",
            "consent_provided_for_minor": "",
            "cost_center": null,
            "country": "",
            "creation_type": "",
            "department": "",
            "display_name": "Lisheng Liu",
            "division": null,
            "employee_id": "",
            "employee_type": "",
            "external_user_state": "",
            "fax_number": "",
            "given_name": "Lisheng",
            "id": "fea97b7f-bc65-4148-986f-e6ebad854221",
            "im_addresses": [],
            "job_title": "",
            "mail": "lisheng.liu@zuora.com",
            "mail_nickname": "lisheng.liu",
            "manager_id": "",
            "mobile_phone": "",
            "object_id": "fea97b7f-bc65-4148-986f-e6ebad854221",
            "office_location": "",
            "onpremises_distinguished_name": "CN=Lisheng Liu,OU=TechOps,OU=Users,OU=SLV,DC=slv,DC=zuora",
            "onpremises_domain_name": "slv.zuora",
            "onpremises_immutable_id": "EN+Ppt8avECGwouwpMLOKg==",
            "onpremises_sam_account_name": "lsliu",
            "onpremises_security_identifier": "S-1-5-21-3817241737-3308883144-2824690780-1647",
            "onpremises_sync_enabled": true,
            "onpremises_user_principal_name": "lsliu@slv.zuora",
            "other_mails": [],
            "postal_code": "",
            "preferred_language": "EN",
            "proxy_addresses": [
              "smtp:lisheng.liu@zuoracloudeng.onmicrosoft.com",
              "SMTP:lisheng.liu@zuora.com"
            ],
            "show_in_address_list": false,
            "state": "",
            "street_address": "",
            "surname": "Liu",
            "timeouts": null,
            "usage_location": "",
            "user_principal_name": "lisheng.liu@zuoracloudeng.onmicrosoft.com",
            "user_type": "Member"
          },
          "sensitive_attributes": []
        },
        {
          "index_key": "lprasanna",
          "schema_version": 0,
          "attributes": {
            "account_enabled": true,
            "age_group": "",
            "business_phones": [],
            "city": "",
            "company_name": "",
            "consent_provided_for_minor": "",
            "cost_center": null,
            "country": "",
            "creation_type": "",
            "department": "",
            "display_name": "Lakshmi Prasanna",
            "division": null,
            "employee_id": "",
            "employee_type": "",
            "external_user_state": "",
            "fax_number": "",
            "given_name": "Lakshmi",
            "id": "c1385874-7b75-4e75-a70e-9588c9d5e7a4",
            "im_addresses": [],
            "job_title": "",
            "mail": "lprasanna@zuora.com",
            "mail_nickname": "lprasanna",
            "manager_id": "",
            "mobile_phone": "",
            "object_id": "c1385874-7b75-4e75-a70e-9588c9d5e7a4",
            "office_location": "",
            "onpremises_distinguished_name": "CN=Lakshmi Prasanna,OU=TechOps,OU=Users,OU=SLV,DC=slv,DC=zuora",
            "onpremises_domain_name": "slv.zuora",
            "onpremises_immutable_id": "tq6Qh/CxDUmaWLYxOXHx+A==",
            "onpremises_sam_account_name": "lprasanna",
            "onpremises_security_identifier": "S-1-5-21-3817241737-3308883144-2824690780-7247",
            "onpremises_sync_enabled": true,
            "onpremises_user_principal_name": "lprasanna@slv.zuora",
            "other_mails": [],
            "postal_code": "",
            "preferred_language": "",
            "proxy_addresses": [
              "SMTP:lprasanna@zuora.com"
            ],
            "show_in_address_list": false,
            "state": "",
            "street_address": "",
            "surname": "Prasanna",
            "timeouts": null,
            "usage_location": "",
            "user_principal_name": "lprasanna@zuoracloudeng.onmicrosoft.com",
            "user_type": "Member"
          },
          "sensitive_attributes": []
        },
        {
          "index_key": "mzmushko",
          "schema_version": 0,
          "attributes": {
            "account_enabled": false,
            "age_group": "",
            "business_phones": [],
            "city": "",
            "company_name": "",
            "consent_provided_for_minor": "",
            "cost_center": null,
            "country": "",
            "creation_type": "",
            "department": "",
            "display_name": "Maksym Zmushko",
            "division": null,
            "employee_id": "",
            "employee_type": "",
            "external_user_state": "",
            "fax_number": "",
            "given_name": "Maksym",
            "id": "ead3f983-27a4-4b1f-969f-1aeca96d75b8",
            "im_addresses": [],
            "job_title": "",
            "mail": "mzmushko@zuora",
            "mail_nickname": "mzmushko",
            "manager_id": "",
            "mobile_phone": "",
            "object_id": "ead3f983-27a4-4b1f-969f-1aeca96d75b8",
            "office_location": "",
            "onpremises_distinguished_name": "",
            "onpremises_domain_name": "",
            "onpremises_immutable_id": "",
            "onpremises_sam_account_name": "",
            "onpremises_security_identifier": "",
            "onpremises_sync_enabled": false,
            "onpremises_user_principal_name": "",
            "other_mails": [],
            "postal_code": "",
            "preferred_language": "",
            "proxy_addresses": [
              "smtp:mzmushko@zuoracloudeng.onmicrosoft.com",
              "SMTP:mzmushko@zuora"
            ],
            "show_in_address_list": false,
            "state": "",
            "street_address": "",
            "surname": "Zmushko",
            "timeouts": null,
            "usage_location": "US",
            "user_principal_name": "mzmushko@zuoracloudeng.onmicrosoft.com",
            "user_type": "Member"
          },
          "sensitive_attributes": []
        },
        {
          "index_key": "nbidhuri",
          "schema_version": 0,
          "attributes": {
            "account_enabled": false,
            "age_group": "",
            "business_phones": [],
            "city": "",
            "company_name": "",
            "consent_provided_for_minor": "",
            "cost_center": null,
            "country": "",
            "creation_type": "",
            "department": "",
            "display_name": "Naveen Bidhuri",
            "division": null,
            "employee_id": "",
            "employee_type": "",
            "external_user_state": "",
            "fax_number": "",
            "given_name": "Naveen",
            "id": "bf5e3763-5ecb-46aa-8721-35e31e8246b0",
            "im_addresses": [],
            "job_title": "",
            "mail": "nbidhuri@zuora.com",
            "mail_nickname": "nbidhuri",
            "manager_id": "",
            "mobile_phone": "",
            "object_id": "bf5e3763-5ecb-46aa-8721-35e31e8246b0",
            "office_location": "",
            "onpremises_distinguished_name": "CN=Naveen Bidhuri,OU=TechOps,OU=Users,OU=SLV,DC=slv,DC=zuora",
            "onpremises_domain_name": "slv.zuora",
            "onpremises_immutable_id": "wJ3/ZQ8grk+Y1PS/4suIaQ==",
            "onpremises_sam_account_name": "nbidhuri",
            "onpremises_security_identifier": "S-1-5-21-3817241737-3308883144-2824690780-14685",
            "onpremises_sync_enabled": true,
            "onpremises_user_principal_name": "nbidhuri@slv.zuora",
            "other_mails": [
              "nbidhuri@zuora.com"
            ],
            "postal_code": "",
            "preferred_language": "",
            "proxy_addresses": [
              "SMTP:nbidhuri@zuora.com",
              "smtp:nbidhuri@zuoracloudeng.onmicrosoft.com"
            ],
            "show_in_address_list": false,
            "state": "",
            "street_address": "",
            "surname": "Bidhuri",
            "timeouts": null,
            "usage_location": "US",
            "user_principal_name": "nbidhuri@zuoracloudeng.onmicrosoft.com",
            "user_type": "Member"
          },
          "sensitive_attributes": []
        },
        {
          "index_key": "ngarimaldi.zteam",
          "schema_version": 0,
          "attributes": {
            "account_enabled": false,
            "age_group": "",
            "business_phones": [],
            "city": "",
            "company_name": "",
            "consent_provided_for_minor": "",
            "cost_center": null,
            "country": "",
            "creation_type": "",
            "department": "",
            "display_name": "Nicolas Garimaldi",
            "division": null,
            "employee_id": "",
            "employee_type": "",
            "external_user_state": "",
            "fax_number": "",
            "given_name": "Nicolas",
            "id": "af177568-d7cd-4616-a6de-f82c65caa629",
            "im_addresses": [],
            "job_title": "",
            "mail": "ngarimaldi.zteam@zuora.com",
            "mail_nickname": "ngarimaldi.zteam",
            "manager_id": "",
            "mobile_phone": "",
            "object_id": "af177568-d7cd-4616-a6de-f82c65caa629",
            "office_location": "",
            "onpremises_distinguished_name": "CN=Nicolas Garimaldi,OU=TechOps,OU=Users,OU=SLV,DC=slv,DC=zuora",
            "onpremises_domain_name": "slv.zuora",
            "onpremises_immutable_id": "pWeUPby9ZkSpMhZMMZ2Dxw==",
            "onpremises_sam_account_name": "ngarimaldi",
            "onpremises_security_identifier": "S-1-5-21-3817241737-3308883144-2824690780-7263",
            "onpremises_sync_enabled": true,
            "onpremises_user_principal_name": "ngarimaldi@slv.zuora",
            "other_mails": [],
            "postal_code": "",
            "preferred_language": "",
            "proxy_addresses": [
              "SMTP:ngarimaldi.zteam@zuora.com"
            ],
            "show_in_address_list": false,
            "state": "",
            "street_address": "",
            "surname": "Garimaldi",
            "timeouts": null,
            "usage_location": "",
            "user_principal_name": "ngarimaldi.zteam@zuoracloudeng.onmicrosoft.com",
            "user_type": "Member"
          },
          "sensitive_attributes": []
        },
        {
          "index_key": "oarabadzhy",
          "schema_version": 0,
          "attributes": {
            "account_enabled": true,
            "age_group": "",
            "business_phones": [],
            "city": "",
            "company_name": "",
            "consent_provided_for_minor": "",
            "cost_center": null,
            "country": "",
            "creation_type": "",
            "department": "",
            "display_name": "oleksandr arabadzhy",
            "division": null,
            "employee_id": "",
            "employee_type": "",
            "external_user_state": "",
            "fax_number": "",
            "given_name": "oleksandr",
            "id": "0261ce78-e439-4786-abae-90972c759a2f",
            "im_addresses": [],
            "job_title": "",
            "mail": "oarabadzhy@zuora.com",
            "mail_nickname": "oarabadzhy",
            "manager_id": "",
            "mobile_phone": "",
            "object_id": "0261ce78-e439-4786-abae-90972c759a2f",
            "office_location": "",
            "onpremises_distinguished_name": "CN=oleksandr arabadzhy,OU=Engineering,OU=Users,OU=SLV,DC=slv,DC=zuora",
            "onpremises_domain_name": "slv.zuora",
            "onpremises_immutable_id": "vM+EJT08wk6Sj7sgRAclSA==",
            "onpremises_sam_account_name": "oarabadzhy",
            "onpremises_security_identifier": "S-1-5-21-3817241737-3308883144-2824690780-17816",
            "onpremises_sync_enabled": true,
            "onpremises_user_principal_name": "oarabadzhy@slv.zuora",
            "other_mails": [],
            "postal_code": "",
            "preferred_language": "",
            "proxy_addresses": [
              "smtp:oarabadzhy@zuoracloudeng.onmicrosoft.com",
              "SMTP:oarabadzhy@zuora.com"
            ],
            "show_in_address_list": false,
            "state": "",
            "street_address": "",
            "surname": "arabadzhy",
            "timeouts": null,
            "usage_location": "",
            "user_principal_name": "oarabadzhy@zuoracloudeng.onmicrosoft.com",
            "user_type": "Member"
          },
          "sensitive_attributes": []
        },
        {
          "index_key": "okimenker",
          "schema_version": 0,
          "attributes": {
            "account_enabled": true,
            "age_group": "",
            "business_phones": [],
            "city": "",
            "company_name": "",
            "consent_provided_for_minor": "",
            "cost_center": null,
            "country": "",
            "creation_type": "",
            "department": "",
            "display_name": "Orion Kimenker",
            "division": null,
            "employee_id": "",
            "employee_type": "",
            "external_user_state": "",
            "fax_number": "",
            "given_name": "Orion",
            "id": "f4546d36-b523-4f87-b272-1abf1470eddd",
            "im_addresses": [],
            "job_title": "",
            "mail": "okimenker@zuora.com",
            "mail_nickname": "okimenker",
            "manager_id": "",
            "mobile_phone": "",
            "object_id": "f4546d36-b523-4f87-b272-1abf1470eddd",
            "office_location": "",
            "onpremises_distinguished_name": "CN=Orion Kimenker,OU=Engineering,OU=Users,OU=SLV,DC=slv,DC=zuora",
            "onpremises_domain_name": "slv.zuora",
            "onpremises_immutable_id": "6dvPYT6nAUquVQnY567h1Q==",
            "onpremises_sam_account_name": "okimenker",
            "onpremises_security_identifier": "S-1-5-21-3817241737-3308883144-2824690780-17883",
            "onpremises_sync_enabled": true,
            "onpremises_user_principal_name": "okimenker@slv.zuora",
            "other_mails": [],
            "postal_code": "",
            "preferred_language": "",
            "proxy_addresses": [
              "SMTP:okimenker@zuora.com"
            ],
            "show_in_address_list": false,
            "state": "",
            "street_address": "",
            "surname": "Kimenker",
            "timeouts": null,
            "usage_location": "",
            "user_principal_name": "okimenker@zuoracloudeng.onmicrosoft.com",
            "user_type": "Member"
          },
          "sensitive_attributes": []
        },
        {
          "index_key": "oshyrokov",
          "schema_version": 0,
          "attributes": {
            "account_enabled": false,
            "age_group": "",
            "business_phones": [],
            "city": "",
            "company_name": "",
            "consent_provided_for_minor": "",
            "cost_center": null,
            "country": "",
            "creation_type": "",
            "department": "",
            "display_name": "oleksii shyrokov",
            "division": null,
            "employee_id": "",
            "employee_type": "",
            "external_user_state": "",
            "fax_number": "",
            "given_name": "oleksii",
            "id": "afc797cc-dba7-4fbb-8ca1-0281f2d10496",
            "im_addresses": [],
            "job_title": "",
            "mail": "oshyrokov@zuora.com",
            "mail_nickname": "oshyrokov",
            "manager_id": "",
            "mobile_phone": "",
            "object_id": "afc797cc-dba7-4fbb-8ca1-0281f2d10496",
            "office_location": "",
            "onpremises_distinguished_name": "CN=oleksii shyrokov,OU=Engineering,OU=Users,OU=SLV,DC=slv,DC=zuora",
            "onpremises_domain_name": "slv.zuora",
            "onpremises_immutable_id": "GqtFMCX45kegFCqunYy/Rg==",
            "onpremises_sam_account_name": "oshyrokov",
            "onpremises_security_identifier": "S-1-5-21-3817241737-3308883144-2824690780-18006",
            "onpremises_sync_enabled": true,
            "onpremises_user_principal_name": "oshyrokov@slv.zuora",
            "other_mails": [],
            "postal_code": "",
            "preferred_language": "",
            "proxy_addresses": [
              "smtp:oshyrokov@zuoracloudeng.onmicrosoft.com",
              "SMTP:oshyrokov@zuora.com"
            ],
            "show_in_address_list": false,
            "state": "",
            "street_address": "",
            "surname": "shyrokov",
            "timeouts": null,
            "usage_location": "",
            "user_principal_name": "oshyrokov@zuoracloudeng.onmicrosoft.com",
            "user_type": "Member"
          },
          "sensitive_attributes": []
        },
        {
          "index_key": "ozavorin",
          "schema_version": 0,
          "attributes": {
            "account_enabled": false,
            "age_group": "",
            "business_phones": [],
            "city": "",
            "company_name": "",
            "consent_provided_for_minor": "",
            "cost_center": null,
            "country": "",
            "creation_type": "",
            "department": "",
            "display_name": "oleg zavorin",
            "division": null,
            "employee_id": "",
            "employee_type": "",
            "external_user_state": "",
            "fax_number": "",
            "given_name": "oleg",
            "id": "3521ba97-615b-4534-9c07-0909371af278",
            "im_addresses": [],
            "job_title": "",
            "mail": "ozavorin@zuora.com",
            "mail_nickname": "ozavorin",
            "manager_id": "",
            "mobile_phone": "",
            "object_id": "3521ba97-615b-4534-9c07-0909371af278",
            "office_location": "",
            "onpremises_distinguished_name": "CN=oleg zavorin,OU=Engineering,OU=Users,OU=SLV,DC=slv,DC=zuora",
            "onpremises_domain_name": "slv.zuora",
            "onpremises_immutable_id": "Vz9PRYfr3Ua6wlVzXZMQUg==",
            "onpremises_sam_account_name": "ozavorin",
            "onpremises_security_identifier": "S-1-5-21-3817241737-3308883144-2824690780-17706",
            "onpremises_sync_enabled": true,
            "onpremises_user_principal_name": "ozavorin@slv.zuora",
            "other_mails": [],
            "postal_code": "",
            "preferred_language": "",
            "proxy_addresses": [
              "smtp:ozavorin@zuoracloudeng.onmicrosoft.com",
              "SMTP:ozavorin@zuora.com"
            ],
            "show_in_address_list": false,
            "state": "",
            "street_address": "",
            "surname": "zavorin",
            "timeouts": null,
            "usage_location": "",
            "user_principal_name": "ozavorin@zuoracloudeng.onmicrosoft.com",
            "user_type": "Member"
          },
          "sensitive_attributes": []
        },
        {
          "index_key": "pnikzad",
          "schema_version": 0,
          "attributes": {
            "account_enabled": true,
            "age_group": "",
            "business_phones": [],
            "city": "",
            "company_name": "",
            "consent_provided_for_minor": "",
            "cost_center": null,
            "country": "",
            "creation_type": "",
            "department": "",
            "display_name": "pedraam nikzad",
            "division": null,
            "employee_id": "",
            "employee_type": "",
            "external_user_state": "",
            "fax_number": "",
            "given_name": "",
            "id": "a5319955-6b6b-48bc-be64-142c1a6dddc6",
            "im_addresses": [],
            "job_title": "",
            "mail": "pnikzad@zuoracloudeng.onmicrosoft.com",
            "mail_nickname": "pnikzad",
            "manager_id": "",
            "mobile_phone": "",
            "object_id": "a5319955-6b6b-48bc-be64-142c1a6dddc6",
            "office_location": "",
            "onpremises_distinguished_name": "CN=pedraam nikzad,OU=Engineering,OU=Users,OU=SLV,DC=slv,DC=zuora",
            "onpremises_domain_name": "slv.zuora",
            "onpremises_immutable_id": "QzOgl7GzmkqDYcVxsY+z6Q==",
            "onpremises_sam_account_name": "pnikzad",
            "onpremises_security_identifier": "S-1-5-21-3817241737-3308883144-2824690780-17663",
            "onpremises_sync_enabled": true,
            "onpremises_user_principal_name": "pnikzad@slv.zuora",
            "other_mails": [],
            "postal_code": "",
            "preferred_language": "",
            "proxy_addresses": [
              "SMTP:pnikzad@zuoracloudeng.onmicrosoft.com"
            ],
            "show_in_address_list": false,
            "state": "",
            "street_address": "",
            "surname": "",
            "timeouts": null,
            "usage_location": "",
            "user_principal_name": "pnikzad@zuoracloudeng.onmicrosoft.com",
            "user_type": "Member"
          },
          "sensitive_attributes": []
        },
        {
          "index_key": "pwu",
          "schema_version": 0,
          "attributes": {
            "account_enabled": false,
            "age_group": "",
            "business_phones": [],
            "city": "",
            "company_name": "",
            "consent_provided_for_minor": "",
            "cost_center": null,
            "country": "",
            "creation_type": "",
            "department": "",
            "display_name": "Ping Wu",
            "division": null,
            "employee_id": "",
            "employee_type": "",
            "external_user_state": "",
            "fax_number": "",
            "given_name": "Ping",
            "id": "fd22ac05-79f6-4d89-8c76-d0f0b824b74c",
            "im_addresses": [
              "pwu@zuoracloudeng.onmicrosoft.com"
            ],
            "job_title": "",
            "mail": "pwu@zuora.com",
            "mail_nickname": "pwu",
            "manager_id": "",
            "mobile_phone": "",
            "object_id": "fd22ac05-79f6-4d89-8c76-d0f0b824b74c",
            "office_location": "",
            "onpremises_distinguished_name": "CN=Ping Wu,OU=Engineering,OU=Users,OU=SLV,DC=slv,DC=zuora",
            "onpremises_domain_name": "slv.zuora",
            "onpremises_immutable_id": "JtwPnFvoV0akNN6JyQbY+Q==",
            "onpremises_sam_account_name": "pwu",
            "onpremises_security_identifier": "S-1-5-21-3817241737-3308883144-2824690780-19654",
            "onpremises_sync_enabled": true,
            "onpremises_user_principal_name": "pwu@slv.zuora",
            "other_mails": [],
            "postal_code": "",
            "preferred_language": "",
            "proxy_addresses": [
              "smtp:pwu@zuoracloudeng.onmicrosoft.com",
              "SMTP:pwu@zuora.com"
            ],
            "show_in_address_list": false,
            "state": "",
            "street_address": "",
            "surname": "Wu",
            "timeouts": null,
            "usage_location": "US",
            "user_principal_name": "pwu@zuoracloudeng.onmicrosoft.com",
            "user_type": "Member"
          },
          "sensitive_attributes": []
        },
        {
          "index_key": "rananthula",
          "schema_version": 0,
          "attributes": {
            "account_enabled": false,
            "age_group": "",
            "business_phones": [],
            "city": "",
            "company_name": "",
            "consent_provided_for_minor": "",
            "cost_center": null,
            "country": "",
            "creation_type": "",
            "department": "",
            "display_name": "Ramprasad Ananthula",
            "division": null,
            "employee_id": "",
            "employee_type": "",
            "external_user_state": "",
            "fax_number": "",
            "given_name": "Ramprasad",
            "id": "ba892295-9bbf-4f8d-acf4-9c8329594644",
            "im_addresses": [],
            "job_title": "",
            "mail": "rananthula@zuora.com",
            "mail_nickname": "rananthula",
            "manager_id": "",
            "mobile_phone": "",
            "object_id": "ba892295-9bbf-4f8d-acf4-9c8329594644",
            "office_location": "",
            "onpremises_distinguished_name": "CN=Ramprasad Ananthula,OU=TechOps,OU=Users,OU=SLV,DC=slv,DC=zuora",
            "onpremises_domain_name": "slv.zuora",
            "onpremises_immutable_id": "7EgOyMv5LEiB9HdsnzWj8g==",
            "onpremises_sam_account_name": "rananthula",
            "onpremises_security_identifier": "S-1-5-21-3817241737-3308883144-2824690780-14850",
            "onpremises_sync_enabled": true,
            "onpremises_user_principal_name": "rananthula@slv.zuora",
            "other_mails": [],
            "postal_code": "",
            "preferred_language": "",
            "proxy_addresses": [
              "SMTP:rananthula@zuora.com"
            ],
            "show_in_address_list": false,
            "state": "",
            "street_address": "",
            "surname": "Ananthula",
            "timeouts": null,
            "usage_location": "",
            "user_principal_name": "rananthula@zuoracloudeng.onmicrosoft.com",
            "user_type": "Member"
          },
          "sensitive_attributes": []
        },
        {
          "index_key": "rbarabas",
          "schema_version": 0,
          "attributes": {
            "account_enabled": false,
            "age_group": "",
            "business_phones": [],
            "city": "",
            "company_name": "",
            "consent_provided_for_minor": "",
            "cost_center": null,
            "country": "",
            "creation_type": "",
            "department": "",
            "display_name": "Robert Barabas",
            "division": null,
            "employee_id": "",
            "employee_type": "",
            "external_user_state": "",
            "fax_number": "",
            "given_name": "Robert",
            "id": "5a124a8d-3f1b-492a-8e1b-e672647d3197",
            "im_addresses": [],
            "job_title": "",
            "mail": "rbarabas@zuora.com",
            "mail_nickname": "rbarabas",
            "manager_id": "",
            "mobile_phone": "",
            "object_id": "5a124a8d-3f1b-492a-8e1b-e672647d3197",
            "office_location": "",
            "onpremises_distinguished_name": "CN=Robert Barabas,OU=TechOps,OU=Users,OU=SLV,DC=slv,DC=zuora",
            "onpremises_domain_name": "slv.zuora",
            "onpremises_immutable_id": "yQMP6b1Dj0WghF/NPiT6Bg==",
            "onpremises_sam_account_name": "rbarabas",
            "onpremises_security_identifier": "S-1-5-21-3817241737-3308883144-2824690780-6628",
            "onpremises_sync_enabled": true,
            "onpremises_user_principal_name": "rbarabas@slv.zuora",
            "other_mails": [],
            "postal_code": "",
            "preferred_language": "",
            "proxy_addresses": [
              "SMTP:rbarabas@zuora.com"
            ],
            "show_in_address_list": false,
            "state": "",
            "street_address": "",
            "surname": "Barabas",
            "timeouts": null,
            "usage_location": "",
            "user_principal_name": "rbarabas@zuoracloudeng.onmicrosoft.com",
            "user_type": "Member"
          },
          "sensitive_attributes": []
        },
        {
          "index_key": "schaudhari",
          "schema_version": 0,
          "attributes": {
            "account_enabled": true,
            "age_group": "",
            "business_phones": [],
            "city": "",
            "company_name": "",
            "consent_provided_for_minor": "",
            "cost_center": null,
            "country": "",
            "creation_type": "",
            "department": "",
            "display_name": "Sumeet Chaudhari",
            "division": null,
            "employee_id": "",
            "employee_type": "",
            "external_user_state": "",
            "fax_number": "",
            "given_name": "Sumeet",
            "id": "437d7d06-f046-4cc6-ba5a-a77b0f1b4e49",
            "im_addresses": [],
            "job_title": "",
            "mail": "schaudhari@zuora.com",
            "mail_nickname": "schaudhari",
            "manager_id": "",
            "mobile_phone": "",
            "object_id": "437d7d06-f046-4cc6-ba5a-a77b0f1b4e49",
            "office_location": "",
            "onpremises_distinguished_name": "CN=Sumeet Chaudhari,OU=Engineering,OU=Users,OU=SLV,DC=slv,DC=zuora",
            "onpremises_domain_name": "slv.zuora",
            "onpremises_immutable_id": "yw0fpx8hxkS8dFfriy1n4Q==",
            "onpremises_sam_account_name": "schaudhari",
            "onpremises_security_identifier": "S-1-5-21-3817241737-3308883144-2824690780-7474",
            "onpremises_sync_enabled": true,
            "onpremises_user_principal_name": "schaudhari@slv.zuora",
            "other_mails": [],
            "postal_code": "",
            "preferred_language": "",
            "proxy_addresses": [
              "smtp:schaudhari@zuoracloudeng.onmicrosoft.com",
              "SMTP:schaudhari@zuora.com"
            ],
            "show_in_address_list": false,
            "state": "",
            "street_address": "",
            "surname": "Chaudhari",
            "timeouts": null,
            "usage_location": "US",
            "user_principal_name": "schaudhari@zuoracloudeng.onmicrosoft.com",
            "user_type": "Member"
          },
          "sensitive_attributes": []
        },
        {
          "index_key": "scherednychenko",
          "schema_version": 0,
          "attributes": {
            "account_enabled": false,
            "age_group": "",
            "business_phones": [],
            "city": "",
            "company_name": "",
            "consent_provided_for_minor": "",
            "cost_center": null,
            "country": "",
            "creation_type": "",
            "department": "",
            "display_name": "sofia cherednychenko",
            "division": null,
            "employee_id": "",
            "employee_type": "",
            "external_user_state": "",
            "fax_number": "",
            "given_name": "sofia",
            "id": "673a6485-5479-4afc-8397-8e26e23a8137",
            "im_addresses": [],
            "job_title": "",
            "mail": "scherednychenko@zuora.com",
            "mail_nickname": "scherednychenko",
            "manager_id": "",
            "mobile_phone": "",
            "object_id": "673a6485-5479-4afc-8397-8e26e23a8137",
            "office_location": "",
            "onpremises_distinguished_name": "CN=sofia cherednychenko,OU=Engineering,OU=Users,OU=SLV,DC=slv,DC=zuora",
            "onpremises_domain_name": "slv.zuora",
            "onpremises_immutable_id": "zO6wINChHEaJNfbuodJK3w==",
            "onpremises_sam_account_name": "scherednychenko",
            "onpremises_security_identifier": "S-1-5-21-3817241737-3308883144-2824690780-17978",
            "onpremises_sync_enabled": true,
            "onpremises_user_principal_name": "scherednychenko@slv.zuora",
            "other_mails": [],
            "postal_code": "",
            "preferred_language": "",
            "proxy_addresses": [
              "smtp:scherednychenko@zuoracloudeng.onmicrosoft.com",
              "SMTP:scherednychenko@zuora.com"
            ],
            "show_in_address_list": false,
            "state": "",
            "street_address": "",
            "surname": "cherednychenko",
            "timeouts": null,
            "usage_location": "",
            "user_principal_name": "scherednychenko@zuoracloudeng.onmicrosoft.com",
            "user_type": "Member"
          },
          "sensitive_attributes": []
        },
        {
          "index_key": "scott.blashek",
          "schema_version": 0,
          "attributes": {
            "account_enabled": true,
            "age_group": "",
            "business_phones": [],
            "city": "",
            "company_name": "",
            "consent_provided_for_minor": "",
            "cost_center": null,
            "country": "",
            "creation_type": "",
            "department": "",
            "display_name": "Scott Blashek",
            "division": null,
            "employee_id": "",
            "employee_type": "",
            "external_user_state": "",
            "fax_number": "",
            "given_name": "Scott",
            "id": "eb720c0d-9e7d-4257-b458-b63e6795951d",
            "im_addresses": [],
            "job_title": "",
            "mail": "scott.blashek@zuora.com",
            "mail_nickname": "scott.blashek",
            "manager_id": "",
            "mobile_phone": "",
            "object_id": "eb720c0d-9e7d-4257-b458-b63e6795951d",
            "office_location": "",
            "onpremises_distinguished_name": "CN=Scott Blashek,OU=US,OU=Global Support,OU=Customer Success,OU=Zuora,OU=Users,OU=SLV,DC=slv,DC=zuora",
            "onpremises_domain_name": "slv.zuora",
            "onpremises_immutable_id": "VdjJh6pP3U2g0aON/8jgoA==",
            "onpremises_sam_account_name": "sblashek",
            "onpremises_security_identifier": "S-1-5-21-3817241737-3308883144-2824690780-1361",
            "onpremises_sync_enabled": true,
            "onpremises_user_principal_name": "sblashek@slv.zuora",
            "other_mails": [],
            "postal_code": "",
            "preferred_language": "",
            "proxy_addresses": [
              "SMTP:scott.blashek@zuora.com"
            ],
            "show_in_address_list": false,
            "state": "",
            "street_address": "",
            "surname": "Blashek",
            "timeouts": null,
            "usage_location": "",
            "user_principal_name": "scott.blashek@zuoracloudeng.onmicrosoft.com",
            "user_type": "Member"
          },
          "sensitive_attributes": []
        },
        {
          "index_key": "siverma",
          "schema_version": 0,
          "attributes": {
            "account_enabled": false,
            "age_group": "",
            "business_phones": [],
            "city": "",
            "company_name": "",
            "consent_provided_for_minor": "",
            "cost_center": null,
            "country": "",
            "creation_type": "",
            "department": "",
            "display_name": "Siddarth Verma",
            "division": null,
            "employee_id": "",
            "employee_type": "",
            "external_user_state": "",
            "fax_number": "",
            "given_name": "Siddarth",
            "id": "7dc09ede-245c-4e1c-a762-a17faeab9cf7",
            "im_addresses": [],
            "job_title": "",
            "mail": "siverma@zuora.com",
            "mail_nickname": "siverma",
            "manager_id": "",
            "mobile_phone": "",
            "object_id": "7dc09ede-245c-4e1c-a762-a17faeab9cf7",
            "office_location": "",
            "onpremises_distinguished_name": "CN=Siddarth Verma,OU=TechOps,OU=Users,OU=SLV,DC=slv,DC=zuora",
            "onpremises_domain_name": "slv.zuora",
            "onpremises_immutable_id": "AwgIg9lYL0eWzAslfqYGkw==",
            "onpremises_sam_account_name": "siverma",
            "onpremises_security_identifier": "S-1-5-21-3817241737-3308883144-2824690780-14787",
            "onpremises_sync_enabled": true,
            "onpremises_user_principal_name": "sverma@slv.zuora",
            "other_mails": [],
            "postal_code": "",
            "preferred_language": "",
            "proxy_addresses": [
              "smtp:siverma@zuoracloudeng.onmicrosoft.com",
              "SMTP:siverma@zuora.com"
            ],
            "show_in_address_list": false,
            "state": "",
            "street_address": "",
            "surname": "Verma",
            "timeouts": null,
            "usage_location": "US",
            "user_principal_name": "siverma@zuoracloudeng.onmicrosoft.com",
            "user_type": "Member"
          },
          "sensitive_attributes": []
        },
        {
          "index_key": "skanakaraju",
          "schema_version": 0,
          "attributes": {
            "account_enabled": true,
            "age_group": "",
            "business_phones": [],
            "city": "",
            "company_name": "",
            "consent_provided_for_minor": "",
            "cost_center": null,
            "country": "",
            "creation_type": "",
            "department": "",
            "display_name": "Sathish Kumar Kanakaraju",
            "division": null,
            "employee_id": "",
            "employee_type": "",
            "external_user_state": "",
            "fax_number": "",
            "given_name": "Sathish Kumar",
            "id": "dac1e3eb-4c40-45a0-9181-3a8abada26f1",
            "im_addresses": [],
            "job_title": "",
            "mail": "skanakaraju@zuora.com",
            "mail_nickname": "skanakaraju",
            "manager_id": "",
            "mobile_phone": "",
            "object_id": "dac1e3eb-4c40-45a0-9181-3a8abada26f1",
            "office_location": "",
            "onpremises_distinguished_name": "CN=Sathish Kumar Kanakaraju,OU=TechOps,OU=Users,OU=SLV,DC=slv,DC=zuora",
            "onpremises_domain_name": "slv.zuora",
            "onpremises_immutable_id": "NijG5eiFwkSUyM0dSL6xIg==",
            "onpremises_sam_account_name": "skanakaraju",
            "onpremises_security_identifier": "S-1-5-21-3817241737-3308883144-2824690780-14814",
            "onpremises_sync_enabled": true,
            "onpremises_user_principal_name": "skanakaraju@slv.zuora",
            "other_mails": [],
            "postal_code": "",
            "preferred_language": "",
            "proxy_addresses": [
              "smtp:skanakaraju@zuoracloudeng.onmicrosoft.com",
              "SMTP:skanakaraju@zuora.com"
            ],
            "show_in_address_list": false,
            "state": "",
            "street_address": "",
            "surname": "Kanakaraju",
            "timeouts": null,
            "usage_location": "US",
            "user_principal_name": "skanakaraju@zuoracloudeng.onmicrosoft.com",
            "user_type": "Member"
          },
          "sensitive_attributes": []
        },
        {
          "index_key": "smurillo",
          "schema_version": 0,
          "attributes": {
            "account_enabled": false,
            "age_group": "",
            "business_phones": [],
            "city": "",
            "company_name": "",
            "consent_provided_for_minor": "",
            "cost_center": null,
            "country": "",
            "creation_type": "",
            "department": "",
            "display_name": "Sergio Murillo",
            "division": null,
            "employee_id": "",
            "employee_type": "",
            "external_user_state": "",
            "fax_number": "",
            "given_name": "Sergio",
            "id": "3095de37-bc64-47eb-a2ad-77a937898e68",
            "im_addresses": [],
            "job_title": "",
            "mail": "smurillo@zuora.com",
            "mail_nickname": "smurillo",
            "manager_id": "",
            "mobile_phone": "",
            "object_id": "3095de37-bc64-47eb-a2ad-77a937898e68",
            "office_location": "",
            "onpremises_distinguished_name": "CN=Sergio Murillo,OU=TechOps,OU=Users,OU=SLV,DC=slv,DC=zuora",
            "onpremises_domain_name": "slv.zuora",
            "onpremises_immutable_id": "0ro38VOVN0GXoCxvokDx+A==",
            "onpremises_sam_account_name": "smurillo",
            "onpremises_security_identifier": "S-1-5-21-3817241737-3308883144-2824690780-6614",
            "onpremises_sync_enabled": true,
            "onpremises_user_principal_name": "smurillo@slv.zuora",
            "other_mails": [],
            "postal_code": "",
            "preferred_language": "",
            "proxy_addresses": [
              "SMTP:smurillo@zuora.com"
            ],
            "show_in_address_list": false,
            "state": "",
            "street_address": "",
            "surname": "Murillo",
            "timeouts": null,
            "usage_location": "",
            "user_principal_name": "smurillo@zuoracloudeng.onmicrosoft.com",
            "user_type": "Member"
          },
          "sensitive_attributes": []
        },
        {
          "index_key": "ssrinivasan",
          "schema_version": 0,
          "attributes": {
            "account_enabled": true,
            "age_group": "",
            "business_phones": [],
            "city": "",
            "company_name": "",
            "consent_provided_for_minor": "",
            "cost_center": null,
            "country": "",
            "creation_type": "",
            "department": "",
            "display_name": "Sudakar Srinivasan",
            "division": null,
            "employee_id": "",
            "employee_type": "",
            "external_user_state": "",
            "fax_number": "",
            "given_name": "Sudakar",
            "id": "3b47b77b-d4e5-45c4-9cbb-043eda13bd05",
            "im_addresses": [],
            "job_title": "",
            "mail": "ssrinivasan@zuora.com",
            "mail_nickname": "ssrinivasan",
            "manager_id": "",
            "mobile_phone": "",
            "object_id": "3b47b77b-d4e5-45c4-9cbb-043eda13bd05",
            "office_location": "",
            "onpremises_distinguished_name": "",
            "onpremises_domain_name": "",
            "onpremises_immutable_id": "",
            "onpremises_sam_account_name": "",
            "onpremises_security_identifier": "",
            "onpremises_sync_enabled": false,
            "onpremises_user_principal_name": "",
            "other_mails": [],
            "postal_code": "",
            "preferred_language": "",
            "proxy_addresses": [
              "smtp:ssrinivasan@zuoracloudeng.onmicrosoft.com",
              "SMTP:ssrinivasan@zuora.com"
            ],
            "show_in_address_list": false,
            "state": "",
            "street_address": "",
            "surname": "Srinivasan",
            "timeouts": null,
            "usage_location": "",
            "user_principal_name": "ssrinivasan@zuoracloudeng.onmicrosoft.com",
            "user_type": "Member"
          },
          "sensitive_attributes": []
        },
        {
          "index_key": "ssubbarayalu",
          "schema_version": 0,
          "attributes": {
            "account_enabled": true,
            "age_group": "",
            "business_phones": [],
            "city": "",
            "company_name": "",
            "consent_provided_for_minor": "",
            "cost_center": null,
            "country": "",
            "creation_type": "",
            "department": "",
            "display_name": "Sriram Subbarayalu",
            "division": null,
            "employee_id": "",
            "employee_type": "",
            "external_user_state": "",
            "fax_number": "",
            "given_name": "Sriram",
            "id": "8599d708-ae3a-4729-990d-3a4f25684aff",
            "im_addresses": [],
            "job_title": "",
            "mail": "ssubbarayalu@zuora.com",
            "mail_nickname": "ssubbarayalu",
            "manager_id": "",
            "mobile_phone": "",
            "object_id": "8599d708-ae3a-4729-990d-3a4f25684aff",
            "office_location": "",
            "onpremises_distinguished_name": "CN=Sriram Subbarayalu,OU=TechOps,OU=Users,OU=SLV,DC=slv,DC=zuora",
            "onpremises_domain_name": "slv.zuora",
            "onpremises_immutable_id": "0gyhZDxwhkSDT0IL2ZDZ9w==",
            "onpremises_sam_account_name": "ssubbarayalu",
            "onpremises_security_identifier": "S-1-5-21-3817241737-3308883144-2824690780-14826",
            "onpremises_sync_enabled": true,
            "onpremises_user_principal_name": "ssubbarayalu@slv.zuora",
            "other_mails": [],
            "postal_code": "",
            "preferred_language": "",
            "proxy_addresses": [
              "smtp:ssubbarayalu@zuoracloudeng.onmicrosoft.com",
              "SMTP:ssubbarayalu@zuora.com"
            ],
            "show_in_address_list": false,
            "state": "",
            "street_address": "",
            "surname": "Subbarayalu",
            "timeouts": null,
            "usage_location": "",
            "user_principal_name": "ssubbarayalu@zuoracloudeng.onmicrosoft.com",
            "user_type": "Member"
          },
          "sensitive_attributes": []
        },
        {
          "index_key": "stindell",
          "schema_version": 0,
          "attributes": {
            "account_enabled": true,
            "age_group": "",
            "business_phones": [],
            "city": "",
            "company_name": "",
            "consent_provided_for_minor": "",
            "cost_center": null,
            "country": "",
            "creation_type": "",
            "department": "",
            "display_name": "Sam Tindell",
            "division": null,
            "employee_id": "",
            "employee_type": "",
            "external_user_state": "",
            "fax_number": "",
            "given_name": "Sam",
            "id": "c790d1e3-2613-4f20-958a-66eedd649233",
            "im_addresses": [],
            "job_title": "",
            "mail": "stindell@zuora.com",
            "mail_nickname": "stindell",
            "manager_id": "",
            "mobile_phone": "",
            "object_id": "c790d1e3-2613-4f20-958a-66eedd649233",
            "office_location": "",
            "onpremises_distinguished_name": "CN=Sam Tindell,OU=TechOps,OU=Users,OU=SLV,DC=slv,DC=zuora",
            "onpremises_domain_name": "slv.zuora",
            "onpremises_immutable_id": "jpCyyBQpp0CnuluGOtF8OQ==",
            "onpremises_sam_account_name": "stindell",
            "onpremises_security_identifier": "S-1-5-21-3817241737-3308883144-2824690780-14648",
            "onpremises_sync_enabled": true,
            "onpremises_user_principal_name": "stindell@slv.zuora",
            "other_mails": [],
            "postal_code": "",
            "preferred_language": "",
            "proxy_addresses": [
              "smtp:stindell@zuoracloudeng.onmicrosoft.com",
              "SMTP:stindell@zuora.com"
            ],
            "show_in_address_list": false,
            "state": "",
            "street_address": "",
            "surname": "Tindell",
            "timeouts": null,
            "usage_location": "US",
            "user_principal_name": "stindell@zuoracloudeng.onmicrosoft.com",
            "user_type": "Member"
          },
          "sensitive_attributes": []
        },
        {
          "index_key": "szumbado",
          "schema_version": 0,
          "attributes": {
            "account_enabled": true,
            "age_group": "",
            "business_phones": [],
            "city": "",
            "company_name": "",
            "consent_provided_for_minor": "",
            "cost_center": null,
            "country": "",
            "creation_type": "",
            "department": "",
            "display_name": "sebastian zumbado",
            "division": null,
            "employee_id": "",
            "employee_type": "",
            "external_user_state": "",
            "fax_number": "",
            "given_name": "sebastian",
            "id": "d93df7e3-29da-4b56-9fdc-6b5993d3af3d",
            "im_addresses": [],
            "job_title": "",
            "mail": "szumbado@zuora.com",
            "mail_nickname": "szumbado",
            "manager_id": "",
            "mobile_phone": "",
            "object_id": "d93df7e3-29da-4b56-9fdc-6b5993d3af3d",
            "office_location": "",
            "onpremises_distinguished_name": "CN=sebastian zumbado,OU=TechOps,OU=Users,OU=SLV,DC=slv,DC=zuora",
            "onpremises_domain_name": "slv.zuora",
            "onpremises_immutable_id": "YGn3SYSf8EKx0sc2h01zbA==",
            "onpremises_sam_account_name": "szumbado",
            "onpremises_security_identifier": "S-1-5-21-3817241737-3308883144-2824690780-17975",
            "onpremises_sync_enabled": true,
            "onpremises_user_principal_name": "szumbado@slv.zuora",
            "other_mails": [],
            "postal_code": "",
            "preferred_language": "",
            "proxy_addresses": [
              "smtp:szumbado@zuoracloudeng.onmicrosoft.com",
              "SMTP:szumbado@zuora.com"
            ],
            "show_in_address_list": false,
            "state": "",
            "street_address": "",
            "surname": "zumbado",
            "timeouts": null,
            "usage_location": "US",
            "user_principal_name": "szumbado@zuoracloudeng.onmicrosoft.com",
            "user_type": "Member"
          },
          "sensitive_attributes": []
        },
        {
          "index_key": "tcole.zteam",
          "schema_version": 0,
          "attributes": {
            "account_enabled": false,
            "age_group": "",
            "business_phones": [],
            "city": "",
            "company_name": "",
            "consent_provided_for_minor": "",
            "cost_center": null,
            "country": "",
            "creation_type": "",
            "department": "",
            "display_name": "Tim Cole",
            "division": null,
            "employee_id": "",
            "employee_type": "",
            "external_user_state": "",
            "fax_number": "",
            "given_name": "Tim",
            "id": "623118dc-0711-4ff2-960a-2f4246cc4a88",
            "im_addresses": [],
            "job_title": "",
            "mail": "tcole.zteam@zuora.com",
            "mail_nickname": "tcole.zteam",
            "manager_id": "",
            "mobile_phone": "",
            "object_id": "623118dc-0711-4ff2-960a-2f4246cc4a88",
            "office_location": "",
            "onpremises_distinguished_name": "CN=Tim Cole,OU=TechOps,OU=Users,OU=SLV,DC=slv,DC=zuora",
            "onpremises_domain_name": "slv.zuora",
            "onpremises_immutable_id": "lz5cAjwSqUO0rsg6WX11pQ==",
            "onpremises_sam_account_name": "tcole",
            "onpremises_security_identifier": "S-1-5-21-3817241737-3308883144-2824690780-7500",
            "onpremises_sync_enabled": true,
            "onpremises_user_principal_name": "tcole@slv.zuora",
            "other_mails": [],
            "postal_code": "",
            "preferred_language": "",
            "proxy_addresses": [
              "SMTP:tcole.zteam@zuora.com"
            ],
            "show_in_address_list": false,
            "state": "",
            "street_address": "",
            "surname": "Cole",
            "timeouts": null,
            "usage_location": "",
            "user_principal_name": "tcole.zteam@zuoracloudeng.onmicrosoft.com",
            "user_type": "Member"
          },
          "sensitive_attributes": []
        },
        {
          "index_key": "vfateyev",
          "schema_version": 0,
          "attributes": {
            "account_enabled": false,
            "age_group": "",
            "business_phones": [],
            "city": "",
            "company_name": "",
            "consent_provided_for_minor": "",
            "cost_center": null,
            "country": "",
            "creation_type": "",
            "department": "",
            "display_name": "victor fateyev",
            "division": null,
            "employee_id": "",
            "employee_type": "",
            "external_user_state": "",
            "fax_number": "",
            "given_name": "victor",
            "id": "480a7789-1d04-4dc8-ba50-fb2b5d4449d7",
            "im_addresses": [],
            "job_title": "",
            "mail": "vfateyev@zuora.com",
            "mail_nickname": "vfateyev",
            "manager_id": "",
            "mobile_phone": "",
            "object_id": "480a7789-1d04-4dc8-ba50-fb2b5d4449d7",
            "office_location": "",
            "onpremises_distinguished_name": "CN=victor fateyev,OU=Engineering,OU=Users,OU=SLV,DC=slv,DC=zuora",
            "onpremises_domain_name": "slv.zuora",
            "onpremises_immutable_id": "luC1mr467EK/gPlJOQjMFQ==",
            "onpremises_sam_account_name": "vfateyev",
            "onpremises_security_identifier": "S-1-5-21-3817241737-3308883144-2824690780-17702",
            "onpremises_sync_enabled": true,
            "onpremises_user_principal_name": "vfateyev@slv.zuora",
            "other_mails": [],
            "postal_code": "",
            "preferred_language": "",
            "proxy_addresses": [
              "smtp:vfateyev@zuoracloudeng.onmicrosoft.com",
              "SMTP:vfateyev@zuora.com"
            ],
            "show_in_address_list": false,
            "state": "",
            "street_address": "",
            "surname": "fateyev",
            "timeouts": null,
            "usage_location": "",
            "user_principal_name": "vfateyev@zuoracloudeng.onmicrosoft.com",
            "user_type": "Member"
          },
          "sensitive_attributes": []
        },
        {
          "index_key": "vpattel",
          "schema_version": 0,
          "attributes": {
            "account_enabled": true,
            "age_group": "",
            "business_phones": [],
            "city": "",
            "company_name": "",
            "consent_provided_for_minor": "",
            "cost_center": null,
            "country": "",
            "creation_type": "",
            "department": "",
            "display_name": "Vinod Pattel",
            "division": null,
            "employee_id": "18782",
            "employee_type": "",
            "external_user_state": "",
            "fax_number": "",
            "given_name": "Vinod",
            "id": "fe6bb1f0-8c8d-4477-9a6f-77a00c0c31a1",
            "im_addresses": [
              "vpattel@zuoracloudeng.onmicrosoft.com"
            ],
            "job_title": "",
            "mail": "vpattel@zuora.com",
            "mail_nickname": "vpattel",
            "manager_id": "",
            "mobile_phone": "",
            "object_id": "fe6bb1f0-8c8d-4477-9a6f-77a00c0c31a1",
            "office_location": "/bin/bash",
            "onpremises_distinguished_name": "CN=Vinod Pattel,OU=TechOps,OU=Users,OU=SLV,DC=slv,DC=zuora",
            "onpremises_domain_name": "slv.zuora",
            "onpremises_immutable_id": "yi/5Sy/nBU6m2wBRq2UugA==",
            "onpremises_sam_account_name": "vpattel",
            "onpremises_security_identifier": "S-1-5-21-3817241737-3308883144-2824690780-14917",
            "onpremises_sync_enabled": true,
            "onpremises_user_principal_name": "vpattel@slv.zuora",
            "other_mails": [],
            "postal_code": "",
            "preferred_language": "",
            "proxy_addresses": [
              "smtp:vpattel@zuoracloudeng.onmicrosoft.com",
              "SMTP:vpattel@zuora.com"
            ],
            "show_in_address_list": false,
            "state": "",
            "street_address": "/home/vpattel/",
            "surname": "Pattel",
            "timeouts": null,
            "usage_location": "US",
            "user_principal_name": "vpattel@zuoracloudeng.onmicrosoft.com",
            "user_type": "Member"
          },
          "sensitive_attributes": []
        },
        {
          "index_key": "ykrestyansky",
          "schema_version": 0,
          "attributes": {
            "account_enabled": false,
            "age_group": "",
            "business_phones": [],
            "city": "",
            "company_name": "",
            "consent_provided_for_minor": "",
            "cost_center": null,
            "country": "",
            "creation_type": "",
            "department": "",
            "display_name": "yuri krestyansky",
            "division": null,
            "employee_id": "",
            "employee_type": "",
            "external_user_state": "",
            "fax_number": "",
            "given_name": "yuri",
            "id": "5c068988-b589-48f9-b707-aa62c9c95ff4",
            "im_addresses": [],
            "job_title": "",
            "mail": "ykrestyansky@zuora.com",
            "mail_nickname": "ykrestyansky",
            "manager_id": "",
            "mobile_phone": "",
            "object_id": "5c068988-b589-48f9-b707-aa62c9c95ff4",
            "office_location": "",
            "onpremises_distinguished_name": "CN=yuri krestyansky,OU=Engineering,OU=Users,OU=SLV,DC=slv,DC=zuora",
            "onpremises_domain_name": "slv.zuora",
            "onpremises_immutable_id": "P91ln14A8EaC3YVl2M2weA==",
            "onpremises_sam_account_name": "ykrestyansky",
            "onpremises_security_identifier": "S-1-5-21-3817241737-3308883144-2824690780-17968",
            "onpremises_sync_enabled": true,
            "onpremises_user_principal_name": "ykrestyansky@slv.zuora",
            "other_mails": [],
            "postal_code": "",
            "preferred_language": "",
            "proxy_addresses": [
              "smtp:ykrestyansky@zuoracloudeng.onmicrosoft.com",
              "SMTP:ykrestyansky@zuora.com"
            ],
            "show_in_address_list": false,
            "state": "",
            "street_address": "",
            "surname": "krestyansky",
            "timeouts": null,
            "usage_location": "",
            "user_principal_name": "ykrestyansky@zuoracloudeng.onmicrosoft.com",
            "user_type": "Member"
          },
          "sensitive_attributes": []
        }
      ]
    },
    {
      "module": "module.app5",
      "mode": "managed",
      "type": "azuread_app_role_assignment",
      "name": "user_roles",
      "provider": "provider[\"registry.terraform.io/hashicorp/azuread\"]",
      "instances": [
        {
          "index_key": "abhi",
          "schema_version": 0,
          "attributes": {
            "app_role_id": "9d679201-d2e3-b343-163b-ba8c99fcf261",
            "id": "5788ad34-24e0-4200-941b-e2ec2010cf4c/appRoleAssignment/8dc-FxMO8EavpRU43vw0Xc8bmaEIi_ZGnsXRPzmVceQ",
            "principal_display_name": "Abhilash Chinthalapudi",
            "principal_object_id": "173ed7f1-0e13-46f0-afa5-1538defc345d",
            "principal_type": "User",
            "resource_display_name": "zuora-zcloud",
            "resource_object_id": "5788ad34-24e0-4200-941b-e2ec2010cf4c",
            "timeouts": null
          },
          "sensitive_attributes": [],
          "private": "eyJlMmJmYjczMC1lY2FhLTExZTYtOGY4OC0zNDM2M2JjN2M0YzAiOnsiY3JlYXRlIjozMDAwMDAwMDAwMDAsImRlbGV0ZSI6MzAwMDAwMDAwMDAwLCJyZWFkIjozMDAwMDAwMDAwMDB9fQ==",
          "dependencies": [
            "module.app5.azuread_application.spa_application",
            "module.app5.azuread_service_principal.spa_app_sp",
            "module.app5.data.azuread_user.existing_users"
          ]
        },
        {
          "index_key": "agore",
          "schema_version": 0,
          "attributes": {
            "app_role_id": "9d679201-d2e3-b343-163b-ba8c99fcf261",
            "id": "5788ad34-24e0-4200-941b-e2ec2010cf4c/appRoleAssignment/bZ2cefWa60aaqmxyABDrLu7t289kjuhCj3YYLihkZus",
            "principal_display_name": "Anamay Gore",
            "principal_object_id": "799c9d6d-9af5-46eb-9aaa-6c720010eb2e",
            "principal_type": "User",
            "resource_display_name": "zuora-zcloud",
            "resource_object_id": "5788ad34-24e0-4200-941b-e2ec2010cf4c",
            "timeouts": null
          },
          "sensitive_attributes": [],
          "private": "eyJlMmJmYjczMC1lY2FhLTExZTYtOGY4OC0zNDM2M2JjN2M0YzAiOnsiY3JlYXRlIjozMDAwMDAwMDAwMDAsImRlbGV0ZSI6MzAwMDAwMDAwMDAwLCJyZWFkIjozMDAwMDAwMDAwMDB9fQ==",
          "dependencies": [
            "module.app5.azuread_application.spa_application",
            "module.app5.azuread_service_principal.spa_app_sp",
            "module.app5.data.azuread_user.existing_users"
          ]
        },
        {
          "index_key": "akotsenko",
          "schema_version": 0,
          "attributes": {
            "app_role_id": "9d679201-d2e3-b343-163b-ba8c99fcf261",
            "id": "5788ad34-24e0-4200-941b-e2ec2010cf4c/appRoleAssignment/XLBUe95EBk6qW2WdR55c8f9Cvh1ADxNGpGzw5BBlL6w",
            "principal_display_name": "andrii kotsenko",
            "principal_object_id": "7b54b05c-44de-4e06-aa5b-659d479e5cf1",
            "principal_type": "User",
            "resource_display_name": "zuora-zcloud",
            "resource_object_id": "5788ad34-24e0-4200-941b-e2ec2010cf4c",
            "timeouts": null
          },
          "sensitive_attributes": [],
          "private": "eyJlMmJmYjczMC1lY2FhLTExZTYtOGY4OC0zNDM2M2JjN2M0YzAiOnsiY3JlYXRlIjozMDAwMDAwMDAwMDAsImRlbGV0ZSI6MzAwMDAwMDAwMDAwLCJyZWFkIjozMDAwMDAwMDAwMDB9fQ==",
          "dependencies": [
            "module.app5.azuread_application.spa_application",
            "module.app5.azuread_service_principal.spa_app_sp",
            "module.app5.data.azuread_user.existing_users"
          ]
        },
        {
          "index_key": "amalko",
          "schema_version": 0,
          "attributes": {
            "app_role_id": "9d679201-d2e3-b343-163b-ba8c99fcf261",
            "id": "5788ad34-24e0-4200-941b-e2ec2010cf4c/appRoleAssignment/tL0Fy4vB10-YICarpp9pSDS_KJNBnKlLrqFHNHsv8MU",
            "principal_display_name": "arsenii malko",
            "principal_object_id": "cb05bdb4-c18b-4fd7-9820-26aba69f6948",
            "principal_type": "User",
            "resource_display_name": "zuora-zcloud",
            "resource_object_id": "5788ad34-24e0-4200-941b-e2ec2010cf4c",
            "timeouts": null
          },
          "sensitive_attributes": [],
          "private": "eyJlMmJmYjczMC1lY2FhLTExZTYtOGY4OC0zNDM2M2JjN2M0YzAiOnsiY3JlYXRlIjozMDAwMDAwMDAwMDAsImRlbGV0ZSI6MzAwMDAwMDAwMDAwLCJyZWFkIjozMDAwMDAwMDAwMDB9fQ==",
          "dependencies": [
            "module.app5.azuread_application.spa_application",
            "module.app5.azuread_service_principal.spa_app_sp",
            "module.app5.data.azuread_user.existing_users"
          ]
        },
        {
          "index_key": "amoguilevski",
          "schema_version": 0,
          "attributes": {
            "app_role_id": "9d679201-d2e3-b343-163b-ba8c99fcf261",
            "id": "5788ad34-24e0-4200-941b-e2ec2010cf4c/appRoleAssignment/-Bs0weUAjU6A9UeCMTxtRxUZbAtovnlBhFmF6lV2wZU",
            "principal_display_name": "Alexandre Moguilevski",
            "principal_object_id": "c1341bf8-00e5-4e8d-80f5-4782313c6d47",
            "principal_type": "User",
            "resource_display_name": "zuora-zcloud",
            "resource_object_id": "5788ad34-24e0-4200-941b-e2ec2010cf4c",
            "timeouts": null
          },
          "sensitive_attributes": [],
          "private": "eyJlMmJmYjczMC1lY2FhLTExZTYtOGY4OC0zNDM2M2JjN2M0YzAiOnsiY3JlYXRlIjozMDAwMDAwMDAwMDAsImRlbGV0ZSI6MzAwMDAwMDAwMDAwLCJyZWFkIjozMDAwMDAwMDAwMDB9fQ==",
          "dependencies": [
            "module.app5.azuread_application.spa_application",
            "module.app5.azuread_service_principal.spa_app_sp",
            "module.app5.data.azuread_user.existing_users"
          ]
        },
        {
          "index_key": "arkumar",
          "schema_version": 0,
          "attributes": {
            "app_role_id": "9d679201-d2e3-b343-163b-ba8c99fcf261",
            "id": "5788ad34-24e0-4200-941b-e2ec2010cf4c/appRoleAssignment/NitoWEMnMUyHDg43cKrVgmpYvim0F6NAkGdnWoMWNms",
            "principal_display_name": "arun kumar",
            "principal_object_id": "58682b36-2743-4c31-870e-0e3770aad582",
            "principal_type": "User",
            "resource_display_name": "zuora-zcloud",
            "resource_object_id": "5788ad34-24e0-4200-941b-e2ec2010cf4c",
            "timeouts": null
          },
          "sensitive_attributes": [],
          "private": "eyJlMmJmYjczMC1lY2FhLTExZTYtOGY4OC0zNDM2M2JjN2M0YzAiOnsiY3JlYXRlIjozMDAwMDAwMDAwMDAsImRlbGV0ZSI6MzAwMDAwMDAwMDAwLCJyZWFkIjozMDAwMDAwMDAwMDB9fQ==",
          "dependencies": [
            "module.app5.azuread_application.spa_application",
            "module.app5.azuread_service_principal.spa_app_sp",
            "module.app5.data.azuread_user.existing_users"
          ]
        },
        {
          "index_key": "balmeidamaldonado",
          "schema_version": 0,
          "attributes": {
            "app_role_id": "9d679201-d2e3-b343-163b-ba8c99fcf261",
            "id": "5788ad34-24e0-4200-941b-e2ec2010cf4c/appRoleAssignment/ICLTzIIrbUu8tPgTQqB3M5dFeTnaNjxKgANsaQVwdDI",
            "principal_display_name": "boris almeida maldonado",
            "principal_object_id": "ccd32220-2b82-4b6d-bcb4-f81342a07733",
            "principal_type": "User",
            "resource_display_name": "zuora-zcloud",
            "resource_object_id": "5788ad34-24e0-4200-941b-e2ec2010cf4c",
            "timeouts": null
          },
          "sensitive_attributes": [],
          "private": "eyJlMmJmYjczMC1lY2FhLTExZTYtOGY4OC0zNDM2M2JjN2M0YzAiOnsiY3JlYXRlIjozMDAwMDAwMDAwMDAsImRlbGV0ZSI6MzAwMDAwMDAwMDAwLCJyZWFkIjozMDAwMDAwMDAwMDB9fQ==",
          "dependencies": [
            "module.app5.azuread_application.spa_application",
            "module.app5.azuread_service_principal.spa_app_sp",
            "module.app5.data.azuread_user.existing_users"
          ]
        },
        {
          "index_key": "chen.qin",
          "schema_version": 0,
          "attributes": {
            "app_role_id": "9d679201-d2e3-b343-163b-ba8c99fcf261",
            "id": "5788ad34-24e0-4200-941b-e2ec2010cf4c/appRoleAssignment/pMJiToKI4UeXRzGwzBaT6qsfeaSr_FRLlD0OrUAeNVI",
            "principal_display_name": "Chen Qin",
            "principal_object_id": "4e62c2a4-8882-47e1-9747-31b0cc1693ea",
            "principal_type": "User",
            "resource_display_name": "zuora-zcloud",
            "resource_object_id": "5788ad34-24e0-4200-941b-e2ec2010cf4c",
            "timeouts": null
          },
          "sensitive_attributes": [],
          "private": "eyJlMmJmYjczMC1lY2FhLTExZTYtOGY4OC0zNDM2M2JjN2M0YzAiOnsiY3JlYXRlIjozMDAwMDAwMDAwMDAsImRlbGV0ZSI6MzAwMDAwMDAwMDAwLCJyZWFkIjozMDAwMDAwMDAwMDB9fQ==",
          "dependencies": [
            "module.app5.azuread_application.spa_application",
            "module.app5.azuread_service_principal.spa_app_sp",
            "module.app5.data.azuread_user.existing_users"
          ]
        },
        {
          "index_key": "dahuja",
          "schema_version": 0,
          "attributes": {
            "app_role_id": "9d679201-d2e3-b343-163b-ba8c99fcf261",
            "id": "5788ad34-24e0-4200-941b-e2ec2010cf4c/appRoleAssignment/v0QE0yHojkmb3uNs78a5QT6Xx2gZW5RLoCJCzwq4-MA",
            "principal_display_name": "deepak ahuja",
            "principal_object_id": "d30444bf-e821-498e-9bde-e36cefc6b941",
            "principal_type": "User",
            "resource_display_name": "zuora-zcloud",
            "resource_object_id": "5788ad34-24e0-4200-941b-e2ec2010cf4c",
            "timeouts": null
          },
          "sensitive_attributes": [],
          "private": "eyJlMmJmYjczMC1lY2FhLTExZTYtOGY4OC0zNDM2M2JjN2M0YzAiOnsiY3JlYXRlIjozMDAwMDAwMDAwMDAsImRlbGV0ZSI6MzAwMDAwMDAwMDAwLCJyZWFkIjozMDAwMDAwMDAwMDB9fQ==",
          "dependencies": [
            "module.app5.azuread_application.spa_application",
            "module.app5.azuread_service_principal.spa_app_sp",
            "module.app5.data.azuread_user.existing_users"
          ]
        },
        {
          "index_key": "dalee",
          "schema_version": 0,
          "attributes": {
            "app_role_id": "9d679201-d2e3-b343-163b-ba8c99fcf261",
            "id": "5788ad34-24e0-4200-941b-e2ec2010cf4c/appRoleAssignment/V8EVxyyui0CHBxRzsMDZCUkLreggOa5OiQYtG904lhk",
            "principal_display_name": "Daniel Lee",
            "principal_object_id": "c715c157-ae2c-408b-8707-1473b0c0d909",
            "principal_type": "User",
            "resource_display_name": "zuora-zcloud",
            "resource_object_id": "5788ad34-24e0-4200-941b-e2ec2010cf4c",
            "timeouts": null
          },
          "sensitive_attributes": [],
          "private": "eyJlMmJmYjczMC1lY2FhLTExZTYtOGY4OC0zNDM2M2JjN2M0YzAiOnsiY3JlYXRlIjozMDAwMDAwMDAwMDAsImRlbGV0ZSI6MzAwMDAwMDAwMDAwLCJyZWFkIjozMDAwMDAwMDAwMDB9fQ==",
          "dependencies": [
            "module.app5.azuread_application.spa_application",
            "module.app5.azuread_service_principal.spa_app_sp",
            "module.app5.data.azuread_user.existing_users"
          ]
        },
        {
          "index_key": "danguyen",
          "schema_version": 0,
          "attributes": {
            "app_role_id": "9d679201-d2e3-b343-163b-ba8c99fcf261",
            "id": "5788ad34-24e0-4200-941b-e2ec2010cf4c/appRoleAssignment/enk8q9hDSkeAXr5hRFK3G5Qa7LZctitMkTiSzuYTvdo",
            "principal_display_name": "dan nguyen",
            "principal_object_id": "ab3c797a-43d8-474a-805e-be614452b71b",
            "principal_type": "User",
            "resource_display_name": "zuora-zcloud",
            "resource_object_id": "5788ad34-24e0-4200-941b-e2ec2010cf4c",
            "timeouts": null
          },
          "sensitive_attributes": [],
          "private": "eyJlMmJmYjczMC1lY2FhLTExZTYtOGY4OC0zNDM2M2JjN2M0YzAiOnsiY3JlYXRlIjozMDAwMDAwMDAwMDAsImRlbGV0ZSI6MzAwMDAwMDAwMDAwLCJyZWFkIjozMDAwMDAwMDAwMDB9fQ==",
          "dependencies": [
            "module.app5.azuread_application.spa_application",
            "module.app5.azuread_service_principal.spa_app_sp",
            "module.app5.data.azuread_user.existing_users"
          ]
        },
        {
          "index_key": "darce",
          "schema_version": 0,
          "attributes": {
            "app_role_id": "9d679201-d2e3-b343-163b-ba8c99fcf261",
            "id": "5788ad34-24e0-4200-941b-e2ec2010cf4c/appRoleAssignment/FBmM8FRc90efBWR23SAQFAjQ9H7zI_hPrMy4cXGq7JE",
            "principal_display_name": "diego arce",
            "principal_object_id": "f08c1914-5c54-47f7-9f05-6476dd201014",
            "principal_type": "User",
            "resource_display_name": "zuora-zcloud",
            "resource_object_id": "5788ad34-24e0-4200-941b-e2ec2010cf4c",
            "timeouts": null
          },
          "sensitive_attributes": [],
          "private": "eyJlMmJmYjczMC1lY2FhLTExZTYtOGY4OC0zNDM2M2JjN2M0YzAiOnsiY3JlYXRlIjozMDAwMDAwMDAwMDAsImRlbGV0ZSI6MzAwMDAwMDAwMDAwLCJyZWFkIjozMDAwMDAwMDAwMDB9fQ==",
          "dependencies": [
            "module.app5.azuread_application.spa_application",
            "module.app5.azuread_service_principal.spa_app_sp",
            "module.app5.data.azuread_user.existing_users"
          ]
        },
        {
          "index_key": "dmunk",
          "schema_version": 0,
          "attributes": {
            "app_role_id": "9d679201-d2e3-b343-163b-ba8c99fcf261",
            "id": "5788ad34-24e0-4200-941b-e2ec2010cf4c/appRoleAssignment/XbbaT1XhjUuY44GBBOC02-r0cKeARQ5Ar9cJ1Pdbx5k",
            "principal_display_name": "david munk",
            "principal_object_id": "4fdab65d-e155-4b8d-98e3-818104e0b4db",
            "principal_type": "User",
            "resource_display_name": "zuora-zcloud",
            "resource_object_id": "5788ad34-24e0-4200-941b-e2ec2010cf4c",
            "timeouts": null
          },
          "sensitive_attributes": [],
          "private": "eyJlMmJmYjczMC1lY2FhLTExZTYtOGY4OC0zNDM2M2JjN2M0YzAiOnsiY3JlYXRlIjozMDAwMDAwMDAwMDAsImRlbGV0ZSI6MzAwMDAwMDAwMDAwLCJyZWFkIjozMDAwMDAwMDAwMDB9fQ==",
          "dependencies": [
            "module.app5.azuread_application.spa_application",
            "module.app5.azuread_service_principal.spa_app_sp",
            "module.app5.data.azuread_user.existing_users"
          ]
        },
        {
          "index_key": "egordin",
          "schema_version": 0,
          "attributes": {
            "app_role_id": "9d679201-d2e3-b343-163b-ba8c99fcf261",
            "id": "5788ad34-24e0-4200-941b-e2ec2010cf4c/appRoleAssignment/r71AaJiSEEKVAzuWCQmJoHQeS9zC5vJPhPC6utvQg40",
            "principal_display_name": "Elena Gordin",
            "principal_object_id": "6840bdaf-9298-4210-9503-3b96090989a0",
            "principal_type": "User",
            "resource_display_name": "zuora-zcloud",
            "resource_object_id": "5788ad34-24e0-4200-941b-e2ec2010cf4c",
            "timeouts": null
          },
          "sensitive_attributes": [],
          "private": "eyJlMmJmYjczMC1lY2FhLTExZTYtOGY4OC0zNDM2M2JjN2M0YzAiOnsiY3JlYXRlIjozMDAwMDAwMDAwMDAsImRlbGV0ZSI6MzAwMDAwMDAwMDAwLCJyZWFkIjozMDAwMDAwMDAwMDB9fQ==",
          "dependencies": [
            "module.app5.azuread_application.spa_application",
            "module.app5.azuread_service_principal.spa_app_sp",
            "module.app5.data.azuread_user.existing_users"
          ]
        },
        {
          "index_key": "eosman",
          "schema_version": 0,
          "attributes": {
            "app_role_id": "9d679201-d2e3-b343-163b-ba8c99fcf261",
            "id": "5788ad34-24e0-4200-941b-e2ec2010cf4c/appRoleAssignment/k-VZApfAWk6_OZmN3CeaFZmfT6SAN45NqdEOXba7buo",
            "principal_display_name": "edrees osman",
            "principal_object_id": "0259e593-c097-4e5a-bf39-998ddc279a15",
            "principal_type": "User",
            "resource_display_name": "zuora-zcloud",
            "resource_object_id": "5788ad34-24e0-4200-941b-e2ec2010cf4c",
            "timeouts": null
          },
          "sensitive_attributes": [],
          "private": "eyJlMmJmYjczMC1lY2FhLTExZTYtOGY4OC0zNDM2M2JjN2M0YzAiOnsiY3JlYXRlIjozMDAwMDAwMDAwMDAsImRlbGV0ZSI6MzAwMDAwMDAwMDAwLCJyZWFkIjozMDAwMDAwMDAwMDB9fQ==",
          "dependencies": [
            "module.app5.azuread_application.spa_application",
            "module.app5.azuread_service_principal.spa_app_sp",
            "module.app5.data.azuread_user.existing_users"
          ]
        },
        {
          "index_key": "gparwar",
          "schema_version": 0,
          "attributes": {
            "app_role_id": "9d679201-d2e3-b343-163b-ba8c99fcf261",
            "id": "5788ad34-24e0-4200-941b-e2ec2010cf4c/appRoleAssignment/LtYU6ft64Uqh5FWhwQcCfQiZYtLBU1hCkPRQGIpHsXs",
            "principal_display_name": "gajanan parwar",
            "principal_object_id": "e914d62e-7afb-4ae1-a1e4-55a1c107027d",
            "principal_type": "User",
            "resource_display_name": "zuora-zcloud",
            "resource_object_id": "5788ad34-24e0-4200-941b-e2ec2010cf4c",
            "timeouts": null
          },
          "sensitive_attributes": [],
          "private": "eyJlMmJmYjczMC1lY2FhLTExZTYtOGY4OC0zNDM2M2JjN2M0YzAiOnsiY3JlYXRlIjozMDAwMDAwMDAwMDAsImRlbGV0ZSI6MzAwMDAwMDAwMDAwLCJyZWFkIjozMDAwMDAwMDAwMDB9fQ==",
          "dependencies": [
            "module.app5.azuread_application.spa_application",
            "module.app5.azuread_service_principal.spa_app_sp",
            "module.app5.data.azuread_user.existing_users"
          ]
        },
        {
          "index_key": "hkalashnyk",
          "schema_version": 0,
          "attributes": {
            "app_role_id": "9d679201-d2e3-b343-163b-ba8c99fcf261",
            "id": "5788ad34-24e0-4200-941b-e2ec2010cf4c/appRoleAssignment/nHyh3qDqa0-DBkewCj9MtuUt8_kxddhDtiiYmGFCenw",
            "principal_display_name": "hryhorii kalashnyk",
            "principal_object_id": "dea17c9c-eaa0-4f6b-8306-47b00a3f4cb6",
            "principal_type": "User",
            "resource_display_name": "zuora-zcloud",
            "resource_object_id": "5788ad34-24e0-4200-941b-e2ec2010cf4c",
            "timeouts": null
          },
          "sensitive_attributes": [],
          "private": "eyJlMmJmYjczMC1lY2FhLTExZTYtOGY4OC0zNDM2M2JjN2M0YzAiOnsiY3JlYXRlIjozMDAwMDAwMDAwMDAsImRlbGV0ZSI6MzAwMDAwMDAwMDAwLCJyZWFkIjozMDAwMDAwMDAwMDB9fQ==",
          "dependencies": [
            "module.app5.azuread_application.spa_application",
            "module.app5.azuread_service_principal.spa_app_sp",
            "module.app5.data.azuread_user.existing_users"
          ]
        },
        {
          "index_key": "ishestopalov",
          "schema_version": 0,
          "attributes": {
            "app_role_id": "9d679201-d2e3-b343-163b-ba8c99fcf261",
            "id": "5788ad34-24e0-4200-941b-e2ec2010cf4c/appRoleAssignment/8OPJdNv2GkaRFIeAejLXOHv9xHnVdYBAq3D8FaEDRzw",
            "principal_display_name": "illia shestopalov",
            "principal_object_id": "74c9e3f0-f6db-461a-9114-87807a32d738",
            "principal_type": "User",
            "resource_display_name": "zuora-zcloud",
            "resource_object_id": "5788ad34-24e0-4200-941b-e2ec2010cf4c",
            "timeouts": null
          },
          "sensitive_attributes": [],
          "private": "eyJlMmJmYjczMC1lY2FhLTExZTYtOGY4OC0zNDM2M2JjN2M0YzAiOnsiY3JlYXRlIjozMDAwMDAwMDAwMDAsImRlbGV0ZSI6MzAwMDAwMDAwMDAwLCJyZWFkIjozMDAwMDAwMDAwMDB9fQ==",
          "dependencies": [
            "module.app5.azuread_application.spa_application",
            "module.app5.azuread_service_principal.spa_app_sp",
            "module.app5.data.azuread_user.existing_users"
          ]
        },
        {
          "index_key": "jiangtao.liu",
          "schema_version": 0,
          "attributes": {
            "app_role_id": "9d679201-d2e3-b343-163b-ba8c99fcf261",
            "id": "5788ad34-24e0-4200-941b-e2ec2010cf4c/appRoleAssignment/v8N7kgoDO0-Os9QDxGFHdYUgWbiIoE5HibOXkeVw_QE",
            "principal_display_name": "Jiangtao Liu",
            "principal_object_id": "927bc3bf-030a-4f3b-8eb3-d403c4614775",
            "principal_type": "User",
            "resource_display_name": "zuora-zcloud",
            "resource_object_id": "5788ad34-24e0-4200-941b-e2ec2010cf4c",
            "timeouts": null
          },
          "sensitive_attributes": [],
          "private": "eyJlMmJmYjczMC1lY2FhLTExZTYtOGY4OC0zNDM2M2JjN2M0YzAiOnsiY3JlYXRlIjozMDAwMDAwMDAwMDAsImRlbGV0ZSI6MzAwMDAwMDAwMDAwLCJyZWFkIjozMDAwMDAwMDAwMDB9fQ==",
          "dependencies": [
            "module.app5.azuread_application.spa_application",
            "module.app5.azuread_service_principal.spa_app_sp",
            "module.app5.data.azuread_user.existing_users"
          ]
        },
        {
          "index_key": "jjayaraman",
          "schema_version": 0,
          "attributes": {
            "app_role_id": "9d679201-d2e3-b343-163b-ba8c99fcf261",
            "id": "5788ad34-24e0-4200-941b-e2ec2010cf4c/appRoleAssignment/h1yr_umKnUedDLQ9XUyS7bShEkOserhNqMrEtyDhDxg",
            "principal_display_name": "jayaprakash jayaraman",
            "principal_object_id": "feab5c87-8ae9-479d-9d0c-b43d5d4c92ed",
            "principal_type": "User",
            "resource_display_name": "zuora-zcloud",
            "resource_object_id": "5788ad34-24e0-4200-941b-e2ec2010cf4c",
            "timeouts": null
          },
          "sensitive_attributes": [],
          "private": "eyJlMmJmYjczMC1lY2FhLTExZTYtOGY4OC0zNDM2M2JjN2M0YzAiOnsiY3JlYXRlIjozMDAwMDAwMDAwMDAsImRlbGV0ZSI6MzAwMDAwMDAwMDAwLCJyZWFkIjozMDAwMDAwMDAwMDB9fQ==",
          "dependencies": [
            "module.app5.azuread_application.spa_application",
            "module.app5.azuread_service_principal.spa_app_sp",
            "module.app5.data.azuread_user.existing_users"
          ]
        },
        {
          "index_key": "justin.smith",
          "schema_version": 0,
          "attributes": {
            "app_role_id": "9d679201-d2e3-b343-163b-ba8c99fcf261",
            "id": "5788ad34-24e0-4200-941b-e2ec2010cf4c/appRoleAssignment/osLSh7Nf-kyhx0kfRdXHbQlnbhv44TtOmc50UUO8hWQ",
            "principal_display_name": "Justin Smith",
            "principal_object_id": "87d2c2a2-5fb3-4cfa-a1c7-491f45d5c76d",
            "principal_type": "User",
            "resource_display_name": "zuora-zcloud",
            "resource_object_id": "5788ad34-24e0-4200-941b-e2ec2010cf4c",
            "timeouts": null
          },
          "sensitive_attributes": [],
          "private": "eyJlMmJmYjczMC1lY2FhLTExZTYtOGY4OC0zNDM2M2JjN2M0YzAiOnsiY3JlYXRlIjozMDAwMDAwMDAwMDAsImRlbGV0ZSI6MzAwMDAwMDAwMDAwLCJyZWFkIjozMDAwMDAwMDAwMDB9fQ==",
          "dependencies": [
            "module.app5.azuread_application.spa_application",
            "module.app5.azuread_service_principal.spa_app_sp",
            "module.app5.data.azuread_user.existing_users"
          ]
        },
        {
          "index_key": "kduraikannu",
          "schema_version": 0,
          "attributes": {
            "app_role_id": "9d679201-d2e3-b343-163b-ba8c99fcf261",
            "id": "5788ad34-24e0-4200-941b-e2ec2010cf4c/appRoleAssignment/YkN3gWS9AUK29y6lFZi5TBHFeque8LhMnjezvwM7aMM",
            "principal_display_name": "karunakaran duraikannu",
            "principal_object_id": "81774362-bd64-4201-b6f7-2ea51598b94c",
            "principal_type": "User",
            "resource_display_name": "zuora-zcloud",
            "resource_object_id": "5788ad34-24e0-4200-941b-e2ec2010cf4c",
            "timeouts": null
          },
          "sensitive_attributes": [],
          "private": "eyJlMmJmYjczMC1lY2FhLTExZTYtOGY4OC0zNDM2M2JjN2M0YzAiOnsiY3JlYXRlIjozMDAwMDAwMDAwMDAsImRlbGV0ZSI6MzAwMDAwMDAwMDAwLCJyZWFkIjozMDAwMDAwMDAwMDB9fQ==",
          "dependencies": [
            "module.app5.azuread_application.spa_application",
            "module.app5.azuread_service_principal.spa_app_sp",
            "module.app5.data.azuread_user.existing_users"
          ]
        },
        {
          "index_key": "kgovindaraj",
          "schema_version": 0,
          "attributes": {
            "app_role_id": "9d679201-d2e3-b343-163b-ba8c99fcf261",
            "id": "5788ad34-24e0-4200-941b-e2ec2010cf4c/appRoleAssignment/A7FqbkspiU-MrwSAdxTuvJgLdTMArXhIoVUWRLBw-kE",
            "principal_display_name": "Kannan Govindaraj",
            "principal_object_id": "6e6ab103-294b-4f89-8caf-04807714eebc",
            "principal_type": "User",
            "resource_display_name": "zuora-zcloud",
            "resource_object_id": "5788ad34-24e0-4200-941b-e2ec2010cf4c",
            "timeouts": null
          },
          "sensitive_attributes": [],
          "private": "eyJlMmJmYjczMC1lY2FhLTExZTYtOGY4OC0zNDM2M2JjN2M0YzAiOnsiY3JlYXRlIjozMDAwMDAwMDAwMDAsImRlbGV0ZSI6MzAwMDAwMDAwMDAwLCJyZWFkIjozMDAwMDAwMDAwMDB9fQ==",
          "dependencies": [
            "module.app5.azuread_application.spa_application",
            "module.app5.azuread_service_principal.spa_app_sp",
            "module.app5.data.azuread_user.existing_users"
          ]
        },
        {
          "index_key": "kmayeux",
          "schema_version": 0,
          "attributes": {
            "app_role_id": "9d679201-d2e3-b343-163b-ba8c99fcf261",
            "id": "5788ad34-24e0-4200-941b-e2ec2010cf4c/appRoleAssignment/wygA9fcJ7Uy6cB4znbIL9LS6S74B68hJm4s6WGNATt4",
            "principal_display_name": "Kevin Mayeux",
            "principal_object_id": "f50028c3-09f7-4ced-ba70-1e339db20bf4",
            "principal_type": "User",
            "resource_display_name": "zuora-zcloud",
            "resource_object_id": "5788ad34-24e0-4200-941b-e2ec2010cf4c",
            "timeouts": null
          },
          "sensitive_attributes": [],
          "private": "eyJlMmJmYjczMC1lY2FhLTExZTYtOGY4OC0zNDM2M2JjN2M0YzAiOnsiY3JlYXRlIjozMDAwMDAwMDAwMDAsImRlbGV0ZSI6MzAwMDAwMDAwMDAwLCJyZWFkIjozMDAwMDAwMDAwMDB9fQ==",
          "dependencies": [
            "module.app5.azuread_application.spa_application",
            "module.app5.azuread_service_principal.spa_app_sp",
            "module.app5.data.azuread_user.existing_users"
          ]
        },
        {
          "index_key": "lborbon",
          "schema_version": 0,
          "attributes": {
            "app_role_id": "9d679201-d2e3-b343-163b-ba8c99fcf261",
            "id": "5788ad34-24e0-4200-941b-e2ec2010cf4c/appRoleAssignment/hgOWl9fIPUaAY8Cz_nUW0cmzg_KZ_TlFqvQFpW3QDi4",
            "principal_display_name": "luis borbon",
            "principal_object_id": "97960386-c8d7-463d-8063-c0b3fe7516d1",
            "principal_type": "User",
            "resource_display_name": "zuora-zcloud",
            "resource_object_id": "5788ad34-24e0-4200-941b-e2ec2010cf4c",
            "timeouts": null
          },
          "sensitive_attributes": [],
          "private": "eyJlMmJmYjczMC1lY2FhLTExZTYtOGY4OC0zNDM2M2JjN2M0YzAiOnsiY3JlYXRlIjozMDAwMDAwMDAwMDAsImRlbGV0ZSI6MzAwMDAwMDAwMDAwLCJyZWFkIjozMDAwMDAwMDAwMDB9fQ==",
          "dependencies": [
            "module.app5.azuread_application.spa_application",
            "module.app5.azuread_service_principal.spa_app_sp",
            "module.app5.data.azuread_user.existing_users"
          ]
        },
        {
          "index_key": "lisheng.liu",
          "schema_version": 0,
          "attributes": {
            "app_role_id": "9d679201-d2e3-b343-163b-ba8c99fcf261",
            "id": "5788ad34-24e0-4200-941b-e2ec2010cf4c/appRoleAssignment/f3up_mW8SEGYb-brrYVCISCuybqngH1JpcCbLYJaWKA",
            "principal_display_name": "Lisheng Liu",
            "principal_object_id": "fea97b7f-bc65-4148-986f-e6ebad854221",
            "principal_type": "User",
            "resource_display_name": "zuora-zcloud",
            "resource_object_id": "5788ad34-24e0-4200-941b-e2ec2010cf4c",
            "timeouts": null
          },
          "sensitive_attributes": [],
          "private": "eyJlMmJmYjczMC1lY2FhLTExZTYtOGY4OC0zNDM2M2JjN2M0YzAiOnsiY3JlYXRlIjozMDAwMDAwMDAwMDAsImRlbGV0ZSI6MzAwMDAwMDAwMDAwLCJyZWFkIjozMDAwMDAwMDAwMDB9fQ==",
          "dependencies": [
            "module.app5.azuread_application.spa_application",
            "module.app5.azuread_service_principal.spa_app_sp",
            "module.app5.data.azuread_user.existing_users"
          ]
        },
        {
          "index_key": "lprasanna",
          "schema_version": 0,
          "attributes": {
            "app_role_id": "9d679201-d2e3-b343-163b-ba8c99fcf261",
            "id": "5788ad34-24e0-4200-941b-e2ec2010cf4c/appRoleAssignment/dFg4wXV7dU6nDpWIydXnpBduKRogZ3VEq0GLp5WLMlo",
            "principal_display_name": "Lakshmi Prasanna",
            "principal_object_id": "c1385874-7b75-4e75-a70e-9588c9d5e7a4",
            "principal_type": "User",
            "resource_display_name": "zuora-zcloud",
            "resource_object_id": "5788ad34-24e0-4200-941b-e2ec2010cf4c",
            "timeouts": null
          },
          "sensitive_attributes": [],
          "private": "eyJlMmJmYjczMC1lY2FhLTExZTYtOGY4OC0zNDM2M2JjN2M0YzAiOnsiY3JlYXRlIjozMDAwMDAwMDAwMDAsImRlbGV0ZSI6MzAwMDAwMDAwMDAwLCJyZWFkIjozMDAwMDAwMDAwMDB9fQ==",
          "dependencies": [
            "module.app5.azuread_application.spa_application",
            "module.app5.azuread_service_principal.spa_app_sp",
            "module.app5.data.azuread_user.existing_users"
          ]
        },
        {
          "index_key": "mzmushko",
          "schema_version": 0,
          "attributes": {
            "app_role_id": "9d679201-d2e3-b343-163b-ba8c99fcf261",
            "id": "5788ad34-24e0-4200-941b-e2ec2010cf4c/appRoleAssignment/g_nT6qQnH0uWnxrsqW11uOoT3HVmrKpNmiTaps6uPlQ",
            "principal_display_name": "Maksym Zmushko",
            "principal_object_id": "ead3f983-27a4-4b1f-969f-1aeca96d75b8",
            "principal_type": "User",
            "resource_display_name": "zuora-zcloud",
            "resource_object_id": "5788ad34-24e0-4200-941b-e2ec2010cf4c",
            "timeouts": null
          },
          "sensitive_attributes": [],
          "private": "eyJlMmJmYjczMC1lY2FhLTExZTYtOGY4OC0zNDM2M2JjN2M0YzAiOnsiY3JlYXRlIjozMDAwMDAwMDAwMDAsImRlbGV0ZSI6MzAwMDAwMDAwMDAwLCJyZWFkIjozMDAwMDAwMDAwMDB9fQ==",
          "dependencies": [
            "module.app5.azuread_application.spa_application",
            "module.app5.azuread_service_principal.spa_app_sp",
            "module.app5.data.azuread_user.existing_users"
          ]
        },
        {
          "index_key": "nbidhuri",
          "schema_version": 0,
          "attributes": {
            "app_role_id": "9d679201-d2e3-b343-163b-ba8c99fcf261",
            "id": "5788ad34-24e0-4200-941b-e2ec2010cf4c/appRoleAssignment/Yzdev8teqkaHITXjHoJGsPrVnA3HBHlFjMkXKgo-yQE",
            "principal_display_name": "Naveen Bidhuri",
            "principal_object_id": "bf5e3763-5ecb-46aa-8721-35e31e8246b0",
            "principal_type": "User",
            "resource_display_name": "zuora-zcloud",
            "resource_object_id": "5788ad34-24e0-4200-941b-e2ec2010cf4c",
            "timeouts": null
          },
          "sensitive_attributes": [],
          "private": "eyJlMmJmYjczMC1lY2FhLTExZTYtOGY4OC0zNDM2M2JjN2M0YzAiOnsiY3JlYXRlIjozMDAwMDAwMDAwMDAsImRlbGV0ZSI6MzAwMDAwMDAwMDAwLCJyZWFkIjozMDAwMDAwMDAwMDB9fQ==",
          "dependencies": [
            "module.app5.azuread_application.spa_application",
            "module.app5.azuread_service_principal.spa_app_sp",
            "module.app5.data.azuread_user.existing_users"
          ]
        },
        {
          "index_key": "ngarimaldi.zteam",
          "schema_version": 0,
          "attributes": {
            "app_role_id": "9d679201-d2e3-b343-163b-ba8c99fcf261",
            "id": "5788ad34-24e0-4200-941b-e2ec2010cf4c/appRoleAssignment/aHUXr83XFkam3vgsZcqmKYZmqMBha4xKmxSacU0cDlY",
            "principal_display_name": "Nicolas Garimaldi",
            "principal_object_id": "af177568-d7cd-4616-a6de-f82c65caa629",
            "principal_type": "User",
            "resource_display_name": "zuora-zcloud",
            "resource_object_id": "5788ad34-24e0-4200-941b-e2ec2010cf4c",
            "timeouts": null
          },
          "sensitive_attributes": [],
          "private": "eyJlMmJmYjczMC1lY2FhLTExZTYtOGY4OC0zNDM2M2JjN2M0YzAiOnsiY3JlYXRlIjozMDAwMDAwMDAwMDAsImRlbGV0ZSI6MzAwMDAwMDAwMDAwLCJyZWFkIjozMDAwMDAwMDAwMDB9fQ==",
          "dependencies": [
            "module.app5.azuread_application.spa_application",
            "module.app5.azuread_service_principal.spa_app_sp",
            "module.app5.data.azuread_user.existing_users"
          ]
        },
        {
          "index_key": "oarabadzhy",
          "schema_version": 0,
          "attributes": {
            "app_role_id": "9d679201-d2e3-b343-163b-ba8c99fcf261",
            "id": "5788ad34-24e0-4200-941b-e2ec2010cf4c/appRoleAssignment/eM5hAjnkhkerrpCXLHWaL3uMDkjsSbtApUrhOX294J4",
            "principal_display_name": "oleksandr arabadzhy",
            "principal_object_id": "0261ce78-e439-4786-abae-90972c759a2f",
            "principal_type": "User",
            "resource_display_name": "zuora-zcloud",
            "resource_object_id": "5788ad34-24e0-4200-941b-e2ec2010cf4c",
            "timeouts": null
          },
          "sensitive_attributes": [],
          "private": "eyJlMmJmYjczMC1lY2FhLTExZTYtOGY4OC0zNDM2M2JjN2M0YzAiOnsiY3JlYXRlIjozMDAwMDAwMDAwMDAsImRlbGV0ZSI6MzAwMDAwMDAwMDAwLCJyZWFkIjozMDAwMDAwMDAwMDB9fQ==",
          "dependencies": [
            "module.app5.azuread_application.spa_application",
            "module.app5.azuread_service_principal.spa_app_sp",
            "module.app5.data.azuread_user.existing_users"
          ]
        },
        {
          "index_key": "okimenker",
          "schema_version": 0,
          "attributes": {
            "app_role_id": "9d679201-d2e3-b343-163b-ba8c99fcf261",
            "id": "5788ad34-24e0-4200-941b-e2ec2010cf4c/appRoleAssignment/Nm1U9CO1h0-ychq_FHDt3avtcXgdJG1Nh6R6sAKCVNc",
            "principal_display_name": "Orion Kimenker",
            "principal_object_id": "f4546d36-b523-4f87-b272-1abf1470eddd",
            "principal_type": "User",
            "resource_display_name": "zuora-zcloud",
            "resource_object_id": "5788ad34-24e0-4200-941b-e2ec2010cf4c",
            "timeouts": null
          },
          "sensitive_attributes": [],
          "private": "eyJlMmJmYjczMC1lY2FhLTExZTYtOGY4OC0zNDM2M2JjN2M0YzAiOnsiY3JlYXRlIjozMDAwMDAwMDAwMDAsImRlbGV0ZSI6MzAwMDAwMDAwMDAwLCJyZWFkIjozMDAwMDAwMDAwMDB9fQ==",
          "dependencies": [
            "module.app5.azuread_application.spa_application",
            "module.app5.azuread_service_principal.spa_app_sp",
            "module.app5.data.azuread_user.existing_users"
          ]
        },
        {
          "index_key": "oshyrokov",
          "schema_version": 0,
          "attributes": {
            "app_role_id": "9d679201-d2e3-b343-163b-ba8c99fcf261",
            "id": "5788ad34-24e0-4200-941b-e2ec2010cf4c/appRoleAssignment/zJfHr6fbu0-MoQKB8tEElq-avs8ytv9MmmcM0AMmKoQ",
            "principal_display_name": "oleksii shyrokov",
            "principal_object_id": "afc797cc-dba7-4fbb-8ca1-0281f2d10496",
            "principal_type": "User",
            "resource_display_name": "zuora-zcloud",
            "resource_object_id": "5788ad34-24e0-4200-941b-e2ec2010cf4c",
            "timeouts": null
          },
          "sensitive_attributes": [],
          "private": "eyJlMmJmYjczMC1lY2FhLTExZTYtOGY4OC0zNDM2M2JjN2M0YzAiOnsiY3JlYXRlIjozMDAwMDAwMDAwMDAsImRlbGV0ZSI6MzAwMDAwMDAwMDAwLCJyZWFkIjozMDAwMDAwMDAwMDB9fQ==",
          "dependencies": [
            "module.app5.azuread_application.spa_application",
            "module.app5.azuread_service_principal.spa_app_sp",
            "module.app5.data.azuread_user.existing_users"
          ]
        },
        {
          "index_key": "ozavorin",
          "schema_version": 0,
          "attributes": {
            "app_role_id": "9d679201-d2e3-b343-163b-ba8c99fcf261",
            "id": "5788ad34-24e0-4200-941b-e2ec2010cf4c/appRoleAssignment/l7ohNVthNEWcBwkJNxryeNsVmBvlWdxPpn-Sn8PyOHw",
            "principal_display_name": "oleg zavorin",
            "principal_object_id": "3521ba97-615b-4534-9c07-0909371af278",
            "principal_type": "User",
            "resource_display_name": "zuora-zcloud",
            "resource_object_id": "5788ad34-24e0-4200-941b-e2ec2010cf4c",
            "timeouts": null
          },
          "sensitive_attributes": [],
          "private": "eyJlMmJmYjczMC1lY2FhLTExZTYtOGY4OC0zNDM2M2JjN2M0YzAiOnsiY3JlYXRlIjozMDAwMDAwMDAwMDAsImRlbGV0ZSI6MzAwMDAwMDAwMDAwLCJyZWFkIjozMDAwMDAwMDAwMDB9fQ==",
          "dependencies": [
            "module.app5.azuread_application.spa_application",
            "module.app5.azuread_service_principal.spa_app_sp",
            "module.app5.data.azuread_user.existing_users"
          ]
        },
        {
          "index_key": "pnikzad",
          "schema_version": 0,
          "attributes": {
            "app_role_id": "9d679201-d2e3-b343-163b-ba8c99fcf261",
            "id": "5788ad34-24e0-4200-941b-e2ec2010cf4c/appRoleAssignment/VZkxpWtrvEi-ZBQsGm3dxhRC_KYWiJBBsvrOJQc-Bi4",
            "principal_display_name": "pedraam nikzad",
            "principal_object_id": "a5319955-6b6b-48bc-be64-142c1a6dddc6",
            "principal_type": "User",
            "resource_display_name": "zuora-zcloud",
            "resource_object_id": "5788ad34-24e0-4200-941b-e2ec2010cf4c",
            "timeouts": null
          },
          "sensitive_attributes": [],
          "private": "eyJlMmJmYjczMC1lY2FhLTExZTYtOGY4OC0zNDM2M2JjN2M0YzAiOnsiY3JlYXRlIjozMDAwMDAwMDAwMDAsImRlbGV0ZSI6MzAwMDAwMDAwMDAwLCJyZWFkIjozMDAwMDAwMDAwMDB9fQ==",
          "dependencies": [
            "module.app5.azuread_application.spa_application",
            "module.app5.azuread_service_principal.spa_app_sp",
            "module.app5.data.azuread_user.existing_users"
          ]
        },
        {
          "index_key": "pwu",
          "schema_version": 0,
          "attributes": {
            "app_role_id": "9d679201-d2e3-b343-163b-ba8c99fcf261",
            "id": "5788ad34-24e0-4200-941b-e2ec2010cf4c/appRoleAssignment/Bawi_fZ5iU2MdtDwuCS3TEYv0Xx79MNGrcxoaAZgzI4",
            "principal_display_name": "Ping Wu",
            "principal_object_id": "fd22ac05-79f6-4d89-8c76-d0f0b824b74c",
            "principal_type": "User",
            "resource_display_name": "zuora-zcloud",
            "resource_object_id": "5788ad34-24e0-4200-941b-e2ec2010cf4c",
            "timeouts": null
          },
          "sensitive_attributes": [],
          "private": "eyJlMmJmYjczMC1lY2FhLTExZTYtOGY4OC0zNDM2M2JjN2M0YzAiOnsiY3JlYXRlIjozMDAwMDAwMDAwMDAsImRlbGV0ZSI6MzAwMDAwMDAwMDAwLCJyZWFkIjozMDAwMDAwMDAwMDB9fQ==",
          "dependencies": [
            "module.app5.azuread_application.spa_application",
            "module.app5.azuread_service_principal.spa_app_sp",
            "module.app5.data.azuread_user.existing_users"
          ]
        },
        {
          "index_key": "rananthula",
          "schema_version": 0,
          "attributes": {
            "app_role_id": "9d679201-d2e3-b343-163b-ba8c99fcf261",
            "id": "5788ad34-24e0-4200-941b-e2ec2010cf4c/appRoleAssignment/lSKJur-bjU-s9JyDKVlGRO-aFat0m_lBvBBEN9cam_s",
            "principal_display_name": "Ramprasad Ananthula",
            "principal_object_id": "ba892295-9bbf-4f8d-acf4-9c8329594644",
            "principal_type": "User",
            "resource_display_name": "zuora-zcloud",
            "resource_object_id": "5788ad34-24e0-4200-941b-e2ec2010cf4c",
            "timeouts": null
          },
          "sensitive_attributes": [],
          "private": "eyJlMmJmYjczMC1lY2FhLTExZTYtOGY4OC0zNDM2M2JjN2M0YzAiOnsiY3JlYXRlIjozMDAwMDAwMDAwMDAsImRlbGV0ZSI6MzAwMDAwMDAwMDAwLCJyZWFkIjozMDAwMDAwMDAwMDB9fQ==",
          "dependencies": [
            "module.app5.azuread_application.spa_application",
            "module.app5.azuread_service_principal.spa_app_sp",
            "module.app5.data.azuread_user.existing_users"
          ]
        },
        {
          "index_key": "rbarabas",
          "schema_version": 0,
          "attributes": {
            "app_role_id": "9d679201-d2e3-b343-163b-ba8c99fcf261",
            "id": "5788ad34-24e0-4200-941b-e2ec2010cf4c/appRoleAssignment/jUoSWhs_KkmOG-ZyZH0xl5UvljQ5Sj1FotnuZx-wZWU",
            "principal_display_name": "Robert Barabas",
            "principal_object_id": "5a124a8d-3f1b-492a-8e1b-e672647d3197",
            "principal_type": "User",
            "resource_display_name": "zuora-zcloud",
            "resource_object_id": "5788ad34-24e0-4200-941b-e2ec2010cf4c",
            "timeouts": null
          },
          "sensitive_attributes": [],
          "private": "eyJlMmJmYjczMC1lY2FhLTExZTYtOGY4OC0zNDM2M2JjN2M0YzAiOnsiY3JlYXRlIjozMDAwMDAwMDAwMDAsImRlbGV0ZSI6MzAwMDAwMDAwMDAwLCJyZWFkIjozMDAwMDAwMDAwMDB9fQ==",
          "dependencies": [
            "module.app5.azuread_application.spa_application",
            "module.app5.azuread_service_principal.spa_app_sp",
            "module.app5.data.azuread_user.existing_users"
          ]
        },
        {
          "index_key": "schaudhari",
          "schema_version": 0,
          "attributes": {
            "app_role_id": "9d679201-d2e3-b343-163b-ba8c99fcf261",
            "id": "5788ad34-24e0-4200-941b-e2ec2010cf4c/appRoleAssignment/Bn19Q0bwxky6Wqd7DxtOScELAKsxl91Npymzvgq6Y68",
            "principal_display_name": "Sumeet Chaudhari",
            "principal_object_id": "437d7d06-f046-4cc6-ba5a-a77b0f1b4e49",
            "principal_type": "User",
            "resource_display_name": "zuora-zcloud",
            "resource_object_id": "5788ad34-24e0-4200-941b-e2ec2010cf4c",
            "timeouts": null
          },
          "sensitive_attributes": [],
          "private": "eyJlMmJmYjczMC1lY2FhLTExZTYtOGY4OC0zNDM2M2JjN2M0YzAiOnsiY3JlYXRlIjozMDAwMDAwMDAwMDAsImRlbGV0ZSI6MzAwMDAwMDAwMDAwLCJyZWFkIjozMDAwMDAwMDAwMDB9fQ==",
          "dependencies": [
            "module.app5.azuread_application.spa_application",
            "module.app5.azuread_service_principal.spa_app_sp",
            "module.app5.data.azuread_user.existing_users"
          ]
        },
        {
          "index_key": "scherednychenko",
          "schema_version": 0,
          "attributes": {
            "app_role_id": "9d679201-d2e3-b343-163b-ba8c99fcf261",
            "id": "5788ad34-24e0-4200-941b-e2ec2010cf4c/appRoleAssignment/hWQ6Z3lU_EqDl44m4jqBN9mOCN1L8CpBkmAv2F0GFPY",
            "principal_display_name": "sofia cherednychenko",
            "principal_object_id": "673a6485-5479-4afc-8397-8e26e23a8137",
            "principal_type": "User",
            "resource_display_name": "zuora-zcloud",
            "resource_object_id": "5788ad34-24e0-4200-941b-e2ec2010cf4c",
            "timeouts": null
          },
          "sensitive_attributes": [],
          "private": "eyJlMmJmYjczMC1lY2FhLTExZTYtOGY4OC0zNDM2M2JjN2M0YzAiOnsiY3JlYXRlIjozMDAwMDAwMDAwMDAsImRlbGV0ZSI6MzAwMDAwMDAwMDAwLCJyZWFkIjozMDAwMDAwMDAwMDB9fQ==",
          "dependencies": [
            "module.app5.azuread_application.spa_application",
            "module.app5.azuread_service_principal.spa_app_sp",
            "module.app5.data.azuread_user.existing_users"
          ]
        },
        {
          "index_key": "scott.blashek",
          "schema_version": 0,
          "attributes": {
            "app_role_id": "9d679201-d2e3-b343-163b-ba8c99fcf261",
            "id": "5788ad34-24e0-4200-941b-e2ec2010cf4c/appRoleAssignment/DQxy632eV0K0WLY-Z5WVHXQplvebaq1Ll0bzzKIF38k",
            "principal_display_name": "Scott Blashek",
            "principal_object_id": "eb720c0d-9e7d-4257-b458-b63e6795951d",
            "principal_type": "User",
            "resource_display_name": "zuora-zcloud",
            "resource_object_id": "5788ad34-24e0-4200-941b-e2ec2010cf4c",
            "timeouts": null
          },
          "sensitive_attributes": [],
          "private": "eyJlMmJmYjczMC1lY2FhLTExZTYtOGY4OC0zNDM2M2JjN2M0YzAiOnsiY3JlYXRlIjozMDAwMDAwMDAwMDAsImRlbGV0ZSI6MzAwMDAwMDAwMDAwLCJyZWFkIjozMDAwMDAwMDAwMDB9fQ==",
          "dependencies": [
            "module.app5.azuread_application.spa_application",
            "module.app5.azuread_service_principal.spa_app_sp",
            "module.app5.data.azuread_user.existing_users"
          ]
        },
        {
          "index_key": "siverma",
          "schema_version": 0,
          "attributes": {
            "app_role_id": "9d679201-d2e3-b343-163b-ba8c99fcf261",
            "id": "5788ad34-24e0-4200-941b-e2ec2010cf4c/appRoleAssignment/3p7AfVwkHE6nYqF_rquc91rIEX7Pd8BNidWJfzqimqE",
            "principal_display_name": "Siddarth Verma",
            "principal_object_id": "7dc09ede-245c-4e1c-a762-a17faeab9cf7",
            "principal_type": "User",
            "resource_display_name": "zuora-zcloud",
            "resource_object_id": "5788ad34-24e0-4200-941b-e2ec2010cf4c",
            "timeouts": null
          },
          "sensitive_attributes": [],
          "private": "eyJlMmJmYjczMC1lY2FhLTExZTYtOGY4OC0zNDM2M2JjN2M0YzAiOnsiY3JlYXRlIjozMDAwMDAwMDAwMDAsImRlbGV0ZSI6MzAwMDAwMDAwMDAwLCJyZWFkIjozMDAwMDAwMDAwMDB9fQ==",
          "dependencies": [
            "module.app5.azuread_application.spa_application",
            "module.app5.azuread_service_principal.spa_app_sp",
            "module.app5.data.azuread_user.existing_users"
          ]
        },
        {
          "index_key": "skanakaraju",
          "schema_version": 0,
          "attributes": {
            "app_role_id": "9d679201-d2e3-b343-163b-ba8c99fcf261",
            "id": "5788ad34-24e0-4200-941b-e2ec2010cf4c/appRoleAssignment/6-PB2kBMoEWRgTqKutom8Zlhb-90iBdLv__uIth7QHw",
            "principal_display_name": "Sathish Kumar Kanakaraju",
            "principal_object_id": "dac1e3eb-4c40-45a0-9181-3a8abada26f1",
            "principal_type": "User",
            "resource_display_name": "zuora-zcloud",
            "resource_object_id": "5788ad34-24e0-4200-941b-e2ec2010cf4c",
            "timeouts": null
          },
          "sensitive_attributes": [],
          "private": "eyJlMmJmYjczMC1lY2FhLTExZTYtOGY4OC0zNDM2M2JjN2M0YzAiOnsiY3JlYXRlIjozMDAwMDAwMDAwMDAsImRlbGV0ZSI6MzAwMDAwMDAwMDAwLCJyZWFkIjozMDAwMDAwMDAwMDB9fQ==",
          "dependencies": [
            "module.app5.azuread_application.spa_application",
            "module.app5.azuread_service_principal.spa_app_sp",
            "module.app5.data.azuread_user.existing_users"
          ]
        },
        {
          "index_key": "smurillo",
          "schema_version": 0,
          "attributes": {
            "app_role_id": "9d679201-d2e3-b343-163b-ba8c99fcf261",
            "id": "5788ad34-24e0-4200-941b-e2ec2010cf4c/appRoleAssignment/N96VMGS860eirXepN4mOaMWOF9f5MwFDjZT08gmnbxs",
            "principal_display_name": "Sergio Murillo",
            "principal_object_id": "3095de37-bc64-47eb-a2ad-77a937898e68",
            "principal_type": "User",
            "resource_display_name": "zuora-zcloud",
            "resource_object_id": "5788ad34-24e0-4200-941b-e2ec2010cf4c",
            "timeouts": null
          },
          "sensitive_attributes": [],
          "private": "eyJlMmJmYjczMC1lY2FhLTExZTYtOGY4OC0zNDM2M2JjN2M0YzAiOnsiY3JlYXRlIjozMDAwMDAwMDAwMDAsImRlbGV0ZSI6MzAwMDAwMDAwMDAwLCJyZWFkIjozMDAwMDAwMDAwMDB9fQ==",
          "dependencies": [
            "module.app5.azuread_application.spa_application",
            "module.app5.azuread_service_principal.spa_app_sp",
            "module.app5.data.azuread_user.existing_users"
          ]
        },
        {
          "index_key": "ssrinivasan",
          "schema_version": 0,
          "attributes": {
            "app_role_id": "9d679201-d2e3-b343-163b-ba8c99fcf261",
            "id": "5788ad34-24e0-4200-941b-e2ec2010cf4c/appRoleAssignment/e7dHO-XUxEWcuwQ-2hO9BVVBUe18uxhOhUkNnx6jFwo",
            "principal_display_name": "Sudakar Srinivasan",
            "principal_object_id": "3b47b77b-d4e5-45c4-9cbb-043eda13bd05",
            "principal_type": "User",
            "resource_display_name": "zuora-zcloud",
            "resource_object_id": "5788ad34-24e0-4200-941b-e2ec2010cf4c",
            "timeouts": null
          },
          "sensitive_attributes": [],
          "private": "eyJlMmJmYjczMC1lY2FhLTExZTYtOGY4OC0zNDM2M2JjN2M0YzAiOnsiY3JlYXRlIjozMDAwMDAwMDAwMDAsImRlbGV0ZSI6MzAwMDAwMDAwMDAwLCJyZWFkIjozMDAwMDAwMDAwMDB9fQ==",
          "dependencies": [
            "module.app5.azuread_application.spa_application",
            "module.app5.azuread_service_principal.spa_app_sp",
            "module.app5.data.azuread_user.existing_users"
          ]
        },
        {
          "index_key": "ssubbarayalu",
          "schema_version": 0,
          "attributes": {
            "app_role_id": "9d679201-d2e3-b343-163b-ba8c99fcf261",
            "id": "5788ad34-24e0-4200-941b-e2ec2010cf4c/appRoleAssignment/CNeZhTquKUeZDTpPJWhK_0QUAq2lKMRIiW6jr2PO4jw",
            "principal_display_name": "Sriram Subbarayalu",
            "principal_object_id": "8599d708-ae3a-4729-990d-3a4f25684aff",
            "principal_type": "User",
            "resource_display_name": "zuora-zcloud",
            "resource_object_id": "5788ad34-24e0-4200-941b-e2ec2010cf4c",
            "timeouts": null
          },
          "sensitive_attributes": [],
          "private": "eyJlMmJmYjczMC1lY2FhLTExZTYtOGY4OC0zNDM2M2JjN2M0YzAiOnsiY3JlYXRlIjozMDAwMDAwMDAwMDAsImRlbGV0ZSI6MzAwMDAwMDAwMDAwLCJyZWFkIjozMDAwMDAwMDAwMDB9fQ==",
          "dependencies": [
            "module.app5.azuread_application.spa_application",
            "module.app5.azuread_service_principal.spa_app_sp",
            "module.app5.data.azuread_user.existing_users"
          ]
        },
        {
          "index_key": "stindell",
          "schema_version": 0,
          "attributes": {
            "app_role_id": "9d679201-d2e3-b343-163b-ba8c99fcf261",
            "id": "5788ad34-24e0-4200-941b-e2ec2010cf4c/appRoleAssignment/49GQxxMmIE-Vimbu3WSSM4ez8tMZl3pOv_nLcrkrt4M",
            "principal_display_name": "Sam Tindell",
            "principal_object_id": "c790d1e3-2613-4f20-958a-66eedd649233",
            "principal_type": "User",
            "resource_display_name": "zuora-zcloud",
            "resource_object_id": "5788ad34-24e0-4200-941b-e2ec2010cf4c",
            "timeouts": null
          },
          "sensitive_attributes": [],
          "private": "eyJlMmJmYjczMC1lY2FhLTExZTYtOGY4OC0zNDM2M2JjN2M0YzAiOnsiY3JlYXRlIjozMDAwMDAwMDAwMDAsImRlbGV0ZSI6MzAwMDAwMDAwMDAwLCJyZWFkIjozMDAwMDAwMDAwMDB9fQ==",
          "dependencies": [
            "module.app5.azuread_application.spa_application",
            "module.app5.azuread_service_principal.spa_app_sp",
            "module.app5.data.azuread_user.existing_users"
          ]
        },
        {
          "index_key": "szumbado",
          "schema_version": 0,
          "attributes": {
            "app_role_id": "9d679201-d2e3-b343-163b-ba8c99fcf261",
            "id": "5788ad34-24e0-4200-941b-e2ec2010cf4c/appRoleAssignment/4_c92dopVkuf3GtZk9OvPVkileEksXZNlKtvlsGm8to",
            "principal_display_name": "sebastian zumbado",
            "principal_object_id": "d93df7e3-29da-4b56-9fdc-6b5993d3af3d",
            "principal_type": "User",
            "resource_display_name": "zuora-zcloud",
            "resource_object_id": "5788ad34-24e0-4200-941b-e2ec2010cf4c",
            "timeouts": null
          },
          "sensitive_attributes": [],
          "private": "eyJlMmJmYjczMC1lY2FhLTExZTYtOGY4OC0zNDM2M2JjN2M0YzAiOnsiY3JlYXRlIjozMDAwMDAwMDAwMDAsImRlbGV0ZSI6MzAwMDAwMDAwMDAwLCJyZWFkIjozMDAwMDAwMDAwMDB9fQ==",
          "dependencies": [
            "module.app5.azuread_application.spa_application",
            "module.app5.azuread_service_principal.spa_app_sp",
            "module.app5.data.azuread_user.existing_users"
          ]
        },
        {
          "index_key": "tcole.zteam",
          "schema_version": 0,
          "attributes": {
            "app_role_id": "9d679201-d2e3-b343-163b-ba8c99fcf261",
            "id": "5788ad34-24e0-4200-941b-e2ec2010cf4c/appRoleAssignment/3BgxYhEH8k-WCi9CRsxKiONcqYvhgaRDlhnAXCb0qNg",
            "principal_display_name": "Tim Cole",
            "principal_object_id": "623118dc-0711-4ff2-960a-2f4246cc4a88",
            "principal_type": "User",
            "resource_display_name": "zuora-zcloud",
            "resource_object_id": "5788ad34-24e0-4200-941b-e2ec2010cf4c",
            "timeouts": null
          },
          "sensitive_attributes": [],
          "private": "eyJlMmJmYjczMC1lY2FhLTExZTYtOGY4OC0zNDM2M2JjN2M0YzAiOnsiY3JlYXRlIjozMDAwMDAwMDAwMDAsImRlbGV0ZSI6MzAwMDAwMDAwMDAwLCJyZWFkIjozMDAwMDAwMDAwMDB9fQ==",
          "dependencies": [
            "module.app5.azuread_application.spa_application",
            "module.app5.azuread_service_principal.spa_app_sp",
            "module.app5.data.azuread_user.existing_users"
          ]
        },
        {
          "index_key": "vfateyev",
          "schema_version": 0,
          "attributes": {
            "app_role_id": "9d679201-d2e3-b343-163b-ba8c99fcf261",
            "id": "5788ad34-24e0-4200-941b-e2ec2010cf4c/appRoleAssignment/iXcKSAQdyE26UPsrXURJ14H4lqIU-ntFqtNxDPA6Rjk",
            "principal_display_name": "victor fateyev",
            "principal_object_id": "480a7789-1d04-4dc8-ba50-fb2b5d4449d7",
            "principal_type": "User",
            "resource_display_name": "zuora-zcloud",
            "resource_object_id": "5788ad34-24e0-4200-941b-e2ec2010cf4c",
            "timeouts": null
          },
          "sensitive_attributes": [],
          "private": "eyJlMmJmYjczMC1lY2FhLTExZTYtOGY4OC0zNDM2M2JjN2M0YzAiOnsiY3JlYXRlIjozMDAwMDAwMDAwMDAsImRlbGV0ZSI6MzAwMDAwMDAwMDAwLCJyZWFkIjozMDAwMDAwMDAwMDB9fQ==",
          "dependencies": [
            "module.app5.azuread_application.spa_application",
            "module.app5.azuread_service_principal.spa_app_sp",
            "module.app5.data.azuread_user.existing_users"
          ]
        },
        {
          "index_key": "vpattel",
          "schema_version": 0,
          "attributes": {
            "app_role_id": "9d679201-d2e3-b343-163b-ba8c99fcf261",
            "id": "5788ad34-24e0-4200-941b-e2ec2010cf4c/appRoleAssignment/8LFr_o2Md0Sab3egDAwxoZ51CVJPteRBqfUM5lBwAlI",
            "principal_display_name": "Vinod Pattel",
            "principal_object_id": "fe6bb1f0-8c8d-4477-9a6f-77a00c0c31a1",
            "principal_type": "User",
            "resource_display_name": "zuora-zcloud",
            "resource_object_id": "5788ad34-24e0-4200-941b-e2ec2010cf4c",
            "timeouts": null
          },
          "sensitive_attributes": [],
          "private": "eyJlMmJmYjczMC1lY2FhLTExZTYtOGY4OC0zNDM2M2JjN2M0YzAiOnsiY3JlYXRlIjozMDAwMDAwMDAwMDAsImRlbGV0ZSI6MzAwMDAwMDAwMDAwLCJyZWFkIjozMDAwMDAwMDAwMDB9fQ==",
          "dependencies": [
            "module.app5.azuread_application.spa_application",
            "module.app5.azuread_service_principal.spa_app_sp",
            "module.app5.data.azuread_user.existing_users"
          ]
        },
        {
          "index_key": "ykrestyansky",
          "schema_version": 0,
          "attributes": {
            "app_role_id": "9d679201-d2e3-b343-163b-ba8c99fcf261",
            "id": "5788ad34-24e0-4200-941b-e2ec2010cf4c/appRoleAssignment/iIkGXIm1-Ui3B6piyclf9I7PzeQyQsBLurAeP8t6SB0",
            "principal_display_name": "yuri krestyansky",
            "principal_object_id": "5c068988-b589-48f9-b707-aa62c9c95ff4",
            "principal_type": "User",
            "resource_display_name": "zuora-zcloud",
            "resource_object_id": "5788ad34-24e0-4200-941b-e2ec2010cf4c",
            "timeouts": null
          },
          "sensitive_attributes": [],
          "private": "eyJlMmJmYjczMC1lY2FhLTExZTYtOGY4OC0zNDM2M2JjN2M0YzAiOnsiY3JlYXRlIjozMDAwMDAwMDAwMDAsImRlbGV0ZSI6MzAwMDAwMDAwMDAwLCJyZWFkIjozMDAwMDAwMDAwMDB9fQ==",
          "dependencies": [
            "module.app5.azuread_application.spa_application",
            "module.app5.azuread_service_principal.spa_app_sp",
            "module.app5.data.azuread_user.existing_users"
          ]
        }
      ]
    },
    {
      "module": "module.app5",
      "mode": "managed",
      "type": "azuread_application",
      "name": "spa_application",
      "provider": "provider[\"registry.terraform.io/hashicorp/azuread\"]",
      "instances": [
        {
          "schema_version": 1,
          "attributes": {
            "api": [
              {
                "known_client_applications": [],
                "mapped_claims_enabled": false,
                "oauth2_permission_scope": [],
                "requested_access_token_version": 1
              }
            ],
            "app_role": [
              {
                "allowed_member_types": [
                  "User"
                ],
                "description": "Admin Role",
                "display_name": "adminRole",
                "enabled": true,
                "id": "f3af2390-5f5e-b6fb-07b8-6fc81f248e17",
                "value": "adminRole"
              },
              {
                "allowed_member_types": [
                  "User"
                ],
                "description": "User Role",
                "display_name": "userRole",
                "enabled": true,
                "id": "9d679201-d2e3-b343-163b-ba8c99fcf261",
                "value": "userRole"
              }
            ],
            "app_role_ids": {
              "adminRole": "f3af2390-5f5e-b6fb-07b8-6fc81f248e17",
              "userRole": "9d679201-d2e3-b343-163b-ba8c99fcf261"
            },
            "application_id": "b1a36621-2652-4577-9023-022ea9f2d8c6",
            "description": "",
            "device_only_auth_enabled": false,
            "disabled_by_microsoft": "\u003cnil\u003e",
            "display_name": "zuora-zcloud",
            "fallback_public_client_enabled": false,
            "feature_tags": [
              {
                "custom_single_sign_on": false,
                "enterprise": false,
                "gallery": false,
                "hide": false
              }
            ],
            "group_membership_claims": [
              "SecurityGroup"
            ],
            "id": "2eab12be-53a2-4ebe-945e-5bae7f55c88d",
            "identifier_uris": [
              "https://github.com/orgs/zuora-zcloud"
            ],
            "logo_image": "",
            "logo_url": "",
            "marketing_url": "",
            "oauth2_permission_scope_ids": {},
            "oauth2_post_response_required": false,
            "object_id": "2eab12be-53a2-4ebe-945e-5bae7f55c88d",
            "optional_claims": [
              {
                "access_token": [
                  {
                    "additional_properties": [],
                    "essential": false,
                    "name": "groups",
                    "source": ""
                  }
                ],
                "id_token": [
                  {
                    "additional_properties": [],
                    "essential": false,
                    "name": "groups",
                    "source": ""
                  }
                ],
                "saml2_token": []
              }
            ],
            "owners": [],
            "prevent_duplicate_names": false,
            "privacy_statement_url": "",
            "public_client": [
              {
                "redirect_uris": []
              }
            ],
            "publisher_domain": "zuoracloudeng.onmicrosoft.com",
            "required_resource_access": [
              {
                "resource_access": [
                  {
                    "id": "bdfbf15f-ee85-4955-8675-146e8e5296b5",
                    "type": "Scope"
                  },
                  {
                    "id": "e1fe6dd8-ba31-4d61-89e7-88639da4683d",
                    "type": "Scope"
                  }
                ],
                "resource_app_id": "00000003-0000-0000-c000-000000000000"
              }
            ],
            "sign_in_audience": "AzureADMyOrg",
            "single_page_application": [
              {
                "redirect_uris": []
              }
            ],
            "support_url": "",
            "tags": [],
            "template_id": "dee2cdc2-7505-4746-9758-219fec5e3da0",
            "terms_of_service_url": "",
            "timeouts": null,
            "web": [
              {
                "homepage_url": "",
                "implicit_grant": [
                  {
                    "access_token_issuance_enabled": false,
                    "id_token_issuance_enabled": false
                  }
                ],
                "logout_url": "",
                "redirect_uris": [
                  "https://github.com/orgs/zuora-zcloud/saml/consume"
                ]
              }
            ]
          },
          "sensitive_attributes": [],
          "private": "eyJlMmJmYjczMC1lY2FhLTExZTYtOGY4OC0zNDM2M2JjN2M0YzAiOnsiY3JlYXRlIjo2MDAwMDAwMDAwMDAsImRlbGV0ZSI6MzAwMDAwMDAwMDAwLCJyZWFkIjozMDAwMDAwMDAwMDAsInVwZGF0ZSI6NjAwMDAwMDAwMDAwfSwic2NoZW1hX3ZlcnNpb24iOiIxIn0=",
          "dependencies": [
            "module.app5.data.azuread_application_template.this",
            "module.app5.random_uuid.spa_admin_roled_id",
            "module.app5.random_uuid.spa_user_roled_id"
          ]
        }
      ]
    },
    {
      "module": "module.app5",
      "mode": "managed",
      "type": "azuread_service_principal",
      "name": "spa_app_sp",
      "provider": "provider[\"registry.terraform.io/hashicorp/azuread\"]",
      "instances": [
        {
          "schema_version": 0,
          "attributes": {
            "account_enabled": true,
            "alternative_names": [],
            "app_role_assignment_required": true,
            "app_role_ids": {
              "adminRole": "f3af2390-5f5e-b6fb-07b8-6fc81f248e17",
              "userRole": "9d679201-d2e3-b343-163b-ba8c99fcf261"
            },
            "app_roles": [
              {
                "allowed_member_types": [
                  "User"
                ],
                "description": "Admin Role",
                "display_name": "adminRole",
                "enabled": true,
                "id": "f3af2390-5f5e-b6fb-07b8-6fc81f248e17",
                "value": "adminRole"
              },
              {
                "allowed_member_types": [
                  "User"
                ],
                "description": "User Role",
                "display_name": "userRole",
                "enabled": true,
                "id": "9d679201-d2e3-b343-163b-ba8c99fcf261",
                "value": "userRole"
              }
            ],
            "application_id": "b1a36621-2652-4577-9023-022ea9f2d8c6",
            "application_tenant_id": "0a7fee83-f3c4-405c-9e4c-701f7cd7a3b2",
            "description": "",
            "display_name": "zuora-zcloud",
            "feature_tags": [
              {
                "custom_single_sign_on": true,
                "enterprise": true,
                "gallery": false,
                "hide": false
              }
            ],
            "features": [
              {
                "custom_single_sign_on_app": true,
                "enterprise_application": true,
                "gallery_application": false,
                "visible_to_users": true
              }
            ],
            "homepage_url": "",
            "id": "5788ad34-24e0-4200-941b-e2ec2010cf4c",
            "login_url": "https://github.com/orgs/zuora-zcloud/sso",
            "logout_url": "",
            "notes": "",
            "notification_email_addresses": [],
            "oauth2_permission_scope_ids": {},
            "oauth2_permission_scopes": [],
            "object_id": "5788ad34-24e0-4200-941b-e2ec2010cf4c",
            "owners": [
              "ab3c797a-43d8-474a-805e-be614452b71b"
            ],
            "preferred_single_sign_on_mode": "saml",
            "redirect_uris": [
              "https://github.com/orgs/zuora-zcloud/saml/consume"
            ],
            "saml_metadata_url": "",
            "saml_single_sign_on": [
              {
                "relay_state": ""
              }
            ],
            "service_principal_names": [
              "https://github.com/orgs/zuora-zcloud"
            ],
            "sign_in_audience": "AzureADMyOrg",
            "tags": [
              "WindowsAzureActiveDirectoryCustomSingleSignOnApplication",
              "WindowsAzureActiveDirectoryIntegratedApp"
            ],
            "timeouts": null,
            "type": "Application",
            "use_existing": true
          },
          "sensitive_attributes": [],
          "private": "eyJlMmJmYjczMC1lY2FhLTExZTYtOGY4OC0zNDM2M2JjN2M0YzAiOnsiY3JlYXRlIjo2MDAwMDAwMDAwMDAsImRlbGV0ZSI6MzAwMDAwMDAwMDAwLCJyZWFkIjozMDAwMDAwMDAwMDAsInVwZGF0ZSI6NjAwMDAwMDAwMDAwfX0=",
          "dependencies": [
            "module.app5.azuread_application.spa_application",
            "module.app5.data.azuread_application_template.this",
            "module.app5.data.azuread_client_config.current",
            "module.app5.random_uuid.spa_admin_roled_id",
            "module.app5.random_uuid.spa_user_roled_id"
          ]
        }
      ]
    },
    {
      "module": "module.app5",
      "mode": "managed",
      "type": "random_uuid",
      "name": "spa_admin_roled_id",
      "provider": "provider[\"registry.terraform.io/hashicorp/random\"]",
      "instances": [
        {
          "schema_version": 0,
          "attributes": {
            "id": "f3af2390-5f5e-b6fb-07b8-6fc81f248e17",
            "keepers": null,
            "result": "f3af2390-5f5e-b6fb-07b8-6fc81f248e17"
          },
          "sensitive_attributes": []
        }
      ]
    },
    {
      "module": "module.app5",
      "mode": "managed",
      "type": "random_uuid",
      "name": "spa_user_roled_id",
      "provider": "provider[\"registry.terraform.io/hashicorp/random\"]",
      "instances": [
        {
          "schema_version": 0,
          "attributes": {
            "id": "9d679201-d2e3-b343-163b-ba8c99fcf261",
            "keepers": null,
            "result": "9d679201-d2e3-b343-163b-ba8c99fcf261"
          },
          "sensitive_attributes": []
        }
      ]
    }
  ]
}
